{"format_version":"0.1","terraform_version":"0.13.5","planned_values":{"root_module":{"resources":[{"address":"aws_acm_certificate.sayu_cert","mode":"managed","type":"aws_acm_certificate","name":"sayu_cert","provider_name":"registry.terraform.io/hashicorp/aws","schema_version":0,"values":{"certificate_authority_arn":null,"certificate_body":null,"certificate_chain":null,"domain_name":"*.misayu.cl","domain_validation_options":[{"domain_name":"*.misayu.cl"},{"domain_name":"misayu.cl"}],"options":[],"private_key":null,"subject_alternative_names":["misayu.cl"],"tags":{"Environment":"default","Name":"app_name-aws-acm-certificate-sayu-cert-default"},"validation_method":"DNS"}},{"address":"aws_acm_certificate_validation.sayu_cert_validation","mode":"managed","type":"aws_acm_certificate_validation","name":"sayu_cert_validation","provider_name":"registry.terraform.io/hashicorp/aws","schema_version":0,"values":{"timeouts":null}},{"address":"aws_route53_record.domains_alias[0]","mode":"managed","type":"aws_route53_record","name":"domains_alias","index":0,"provider_name":"registry.terraform.io/hashicorp/aws","schema_version":2,"values":{"alias":[{"evaluate_target_health":true,"name":"aws_alb_dns_name","zone_id":"aws_alb_zone_id"}],"failover_routing_policy":[],"geolocation_routing_policy":[],"health_check_id":null,"latency_routing_policy":[],"multivalue_answer_routing_policy":null,"name":"www.misayu.cl","records":null,"set_identifier":null,"ttl":null,"type":"A","weighted_routing_policy":[]}},{"address":"aws_route53_record.domains_alias[1]","mode":"managed","type":"aws_route53_record","name":"domains_alias","index":1,"provider_name":"registry.terraform.io/hashicorp/aws","schema_version":2,"values":{"alias":[{"evaluate_target_health":true,"name":"aws_alb_dns_name","zone_id":"aws_alb_zone_id"}],"failover_routing_policy":[],"geolocation_routing_policy":[],"health_check_id":null,"latency_routing_policy":[],"multivalue_answer_routing_policy":null,"name":"misayu.cl","records":null,"set_identifier":null,"ttl":null,"type":"A","weighted_routing_policy":[]}},{"address":"aws_route53_record.sayu_cert_validation_record[0]","mode":"managed","type":"aws_route53_record","name":"sayu_cert_validation_record","index":0,"provider_name":"registry.terraform.io/hashicorp/aws","schema_version":2,"values":{"alias":[],"allow_overwrite":true,"failover_routing_policy":[],"geolocation_routing_policy":[],"health_check_id":null,"latency_routing_policy":[],"multivalue_answer_routing_policy":null,"set_identifier":null,"ttl":60,"weighted_routing_policy":[]}},{"address":"aws_route53_zone.public","mode":"managed","type":"aws_route53_zone","name":"public","provider_name":"registry.terraform.io/hashicorp/aws","schema_version":0,"values":{"comment":"Managed by Terraform","delegation_set_id":null,"force_destroy":false,"name":"misayu.cl","tags":{"Environment":"default","Name":"app-name-aws-route53-zone-public-default"},"vpc":[]}}]}},"resource_changes":[{"address":"aws_acm_certificate.sayu_cert","mode":"managed","type":"aws_acm_certificate","name":"sayu_cert","provider_name":"registry.terraform.io/hashicorp/aws","change":{"actions":["create"],"before":null,"after":{"certificate_authority_arn":null,"certificate_body":null,"certificate_chain":null,"domain_name":"*.misayu.cl","domain_validation_options":[{"domain_name":"*.misayu.cl"},{"domain_name":"misayu.cl"}],"options":[],"private_key":null,"subject_alternative_names":["misayu.cl"],"tags":{"Environment":"default","Name":"app_name-aws-acm-certificate-sayu-cert-default"},"validation_method":"DNS"},"after_unknown":{"arn":true,"domain_validation_options":[{"resource_record_name":true,"resource_record_type":true,"resource_record_value":true},{"resource_record_name":true,"resource_record_type":true,"resource_record_value":true}],"id":true,"options":[],"status":true,"subject_alternative_names":[false],"tags":{},"validation_emails":true}}},{"address":"aws_acm_certificate_validation.sayu_cert_validation","mode":"managed","type":"aws_acm_certificate_validation","name":"sayu_cert_validation","provider_name":"registry.terraform.io/hashicorp/aws","change":{"actions":["create"],"before":null,"after":{"timeouts":null},"after_unknown":{"certificate_arn":true,"id":true,"validation_record_fqdns":true}}},{"address":"aws_route53_record.domains_alias[0]","mode":"managed","type":"aws_route53_record","name":"domains_alias","index":0,"provider_name":"registry.terraform.io/hashicorp/aws","change":{"actions":["create"],"before":null,"after":{"alias":[{"evaluate_target_health":true,"name":"aws_alb_dns_name","zone_id":"aws_alb_zone_id"}],"failover_routing_policy":[],"geolocation_routing_policy":[],"health_check_id":null,"latency_routing_policy":[],"multivalue_answer_routing_policy":null,"name":"www.misayu.cl","records":null,"set_identifier":null,"ttl":null,"type":"A","weighted_routing_policy":[]},"after_unknown":{"alias":[{}],"allow_overwrite":true,"failover_routing_policy":[],"fqdn":true,"geolocation_routing_policy":[],"id":true,"latency_routing_policy":[],"weighted_routing_policy":[],"zone_id":true}}},{"address":"aws_route53_record.domains_alias[1]","mode":"managed","type":"aws_route53_record","name":"domains_alias","index":1,"provider_name":"registry.terraform.io/hashicorp/aws","change":{"actions":["create"],"before":null,"after":{"alias":[{"evaluate_target_health":true,"name":"aws_alb_dns_name","zone_id":"aws_alb_zone_id"}],"failover_routing_policy":[],"geolocation_routing_policy":[],"health_check_id":null,"latency_routing_policy":[],"multivalue_answer_routing_policy":null,"name":"misayu.cl","records":null,"set_identifier":null,"ttl":null,"type":"A","weighted_routing_policy":[]},"after_unknown":{"alias":[{}],"allow_overwrite":true,"failover_routing_policy":[],"fqdn":true,"geolocation_routing_policy":[],"id":true,"latency_routing_policy":[],"weighted_routing_policy":[],"zone_id":true}}},{"address":"aws_route53_record.sayu_cert_validation_record[0]","mode":"managed","type":"aws_route53_record","name":"sayu_cert_validation_record","index":0,"provider_name":"registry.terraform.io/hashicorp/aws","change":{"actions":["create"],"before":null,"after":{"alias":[],"allow_overwrite":true,"failover_routing_policy":[],"geolocation_routing_policy":[],"health_check_id":null,"latency_routing_policy":[],"multivalue_answer_routing_policy":null,"set_identifier":null,"ttl":60,"weighted_routing_policy":[]},"after_unknown":{"alias":[],"failover_routing_policy":[],"fqdn":true,"geolocation_routing_policy":[],"id":true,"latency_routing_policy":[],"name":true,"records":true,"type":true,"weighted_routing_policy":[],"zone_id":true}}},{"address":"aws_route53_zone.public","mode":"managed","type":"aws_route53_zone","name":"public","provider_name":"registry.terraform.io/hashicorp/aws","change":{"actions":["create"],"before":null,"after":{"comment":"Managed by Terraform","delegation_set_id":null,"force_destroy":false,"name":"misayu.cl","tags":{"Environment":"default","Name":"app-name-aws-route53-zone-public-default"},"vpc":[]},"after_unknown":{"id":true,"name_servers":true,"tags":{},"vpc":[],"zone_id":true}}}],"configuration":{"provider_config":{"aws":{"name":"aws","version_constraint":"~\u003e 3.4.0","expressions":{"region":{"constant_value":"us-west-1"}}}},"root_module":{"resources":[{"address":"aws_acm_certificate.sayu_cert","mode":"managed","type":"aws_acm_certificate","name":"sayu_cert","provider_config_key":"aws","expressions":{"domain_name":{"constant_value":"*.misayu.cl"},"subject_alternative_names":{"constant_value":["misayu.cl"]},"tags":{"references":["terraform.workspace","terraform.workspace"]},"validation_method":{"constant_value":"DNS"}},"schema_version":0},{"address":"aws_acm_certificate_validation.sayu_cert_validation","mode":"managed","type":"aws_acm_certificate_validation","name":"sayu_cert_validation","provider_config_key":"aws","expressions":{"certificate_arn":{"references":["aws_acm_certificate.sayu_cert"]},"validation_record_fqdns":{"references":["aws_route53_record.sayu_cert_validation_record"]}},"schema_version":0,"depends_on":["aws_acm_certificate.sayu_cert","aws_route53_record.sayu_cert_validation_record"]},{"address":"aws_route53_record.domains_alias","mode":"managed","type":"aws_route53_record","name":"domains_alias","provider_config_key":"aws","expressions":{"alias":[{"evaluate_target_health":{"constant_value":true},"name":{"constant_value":"aws_alb_dns_name"},"zone_id":{"constant_value":"aws_alb_zone_id"}}],"name":{"references":["local.domains","count.index"]},"type":{"constant_value":"A"},"zone_id":{"references":["aws_route53_zone.public"]}},"schema_version":2,"count_expression":{"references":["local.domains"]}},{"address":"aws_route53_record.sayu_cert_validation_record","mode":"managed","type":"aws_route53_record","name":"sayu_cert_validation_record","provider_config_key":"aws","expressions":{"allow_overwrite":{"constant_value":true},"name":{"references":["aws_acm_certificate.sayu_cert"]},"records":{"references":["aws_acm_certificate.sayu_cert"]},"ttl":{"constant_value":60},"type":{"references":["aws_acm_certificate.sayu_cert"]},"zone_id":{"references":["aws_route53_zone.public"]}},"schema_version":2,"count_expression":{"constant_value":1}},{"address":"aws_route53_zone.public","mode":"managed","type":"aws_route53_zone","name":"public","provider_config_key":"aws","expressions":{"name":{"constant_value":"misayu.cl"},"tags":{"references":["terraform.workspace","terraform.workspace"]}},"schema_version":0}]}}}
