{"format_version":"0.1","terraform_version":"0.12.12","planned_values":{"root_module":{"resources":[{"address":"aws_security_group.allow_tls_ingress_inline","mode":"managed","type":"aws_security_group","name":"allow_tls_ingress_inline","provider_name":"aws","schema_version":1,"values":{"description":"Managed by Terraform","ingress":[{"cidr_blocks":["0.0.0.0/0"],"description":"","from_port":53,"ipv6_cidr_blocks":[],"prefix_list_ids":[],"protocol":"tcp","security_groups":[],"self":false,"to_port":53},{"cidr_blocks":["0.0.0.0/0"],"description":"","from_port":80,"ipv6_cidr_blocks":[],"prefix_list_ids":[],"protocol":"tcp","security_groups":[],"self":false,"to_port":80}],"name":"allow_tls_ingress_inline","name_prefix":null,"revoke_rules_on_delete":false,"tags":null,"timeouts":null}}]}},"resource_changes":[{"address":"aws_security_group.allow_tls_ingress_inline","mode":"managed","type":"aws_security_group","name":"allow_tls_ingress_inline","provider_name":"aws","change":{"actions":["create"],"before":null,"after":{"description":"Managed by Terraform","ingress":[{"cidr_blocks":["0.0.0.0/0"],"description":"","from_port":53,"ipv6_cidr_blocks":[],"prefix_list_ids":[],"protocol":"tcp","security_groups":[],"self":false,"to_port":53},{"cidr_blocks":["0.0.0.0/0"],"description":"","from_port":80,"ipv6_cidr_blocks":[],"prefix_list_ids":[],"protocol":"tcp","security_groups":[],"self":false,"to_port":80}],"name":"allow_tls_ingress_inline","name_prefix":null,"revoke_rules_on_delete":false,"tags":null,"timeouts":null},"after_unknown":{"arn":true,"egress":true,"id":true,"ingress":[{"cidr_blocks":[false],"ipv6_cidr_blocks":[],"prefix_list_ids":[],"security_groups":[]},{"cidr_blocks":[false],"ipv6_cidr_blocks":[],"prefix_list_ids":[],"security_groups":[]}],"owner_id":true,"vpc_id":true}}}],"configuration":{"root_module":{"resources":[{"address":"aws_security_group.allow_tls_ingress_inline","mode":"managed","type":"aws_security_group","name":"allow_tls_ingress_inline","provider_config_key":"aws","expressions":{"name":{"constant_value":"allow_tls_ingress_inline"}},"schema_version":1}]}}}
