{"format_version":"0.1","terraform_version":"0.12.18","planned_values":{"root_module":{"resources":[{"address":"aws_security_group.allow_tls_ingress_inline","mode":"managed","type":"aws_security_group","name":"allow_tls_ingress_inline","provider_name":"aws","schema_version":1,"values":{"description":"Managed by Terraform","ingress":[{"cidr_blocks":["0.0.0.0/0"],"description":"","from_port":53,"ipv6_cidr_blocks":[],"prefix_list_ids":[],"protocol":"tcp","security_groups":[],"self":false,"to_port":53},{"cidr_blocks":["0.0.0.0/0"],"description":"","from_port":80,"ipv6_cidr_blocks":[],"prefix_list_ids":[],"protocol":"tcp","security_groups":[],"self":false,"to_port":80}],"name":"allow_tls_ingress_inline","name_prefix":null,"revoke_rules_on_delete":false,"tags":null,"timeouts":null}},{"address":"aws_security_group.something_else","mode":"managed","type":"aws_security_group","name":"something_else","provider_name":"aws","schema_version":1,"values":{"description":"Managed by Terraform","name":"Some_other_sg","name_prefix":null,"revoke_rules_on_delete":false,"tags":null,"timeouts":null}},{"address":"aws_security_group_rule.port_53","mode":"managed","type":"aws_security_group_rule","name":"port_53","provider_name":"aws","schema_version":2,"values":{"cidr_blocks":["0.0.0.0/0"],"description":null,"from_port":53,"ipv6_cidr_blocks":null,"prefix_list_ids":null,"protocol":"tcp","self":false,"to_port":53,"type":"ingress"}},{"address":"aws_security_group_rule.port_80","mode":"managed","type":"aws_security_group_rule","name":"port_80","provider_name":"aws","schema_version":2,"values":{"cidr_blocks":["0.0.0.0/0"],"description":null,"from_port":80,"ipv6_cidr_blocks":null,"prefix_list_ids":null,"protocol":"tcp","self":false,"to_port":80,"type":"ingress"}}]}},"resource_changes":[{"address":"aws_security_group.allow_tls_ingress_inline","mode":"managed","type":"aws_security_group","name":"allow_tls_ingress_inline","provider_name":"aws","change":{"actions":["create"],"before":null,"after":{"description":"Managed by Terraform","ingress":[{"cidr_blocks":["0.0.0.0/0"],"description":"","from_port":53,"ipv6_cidr_blocks":[],"prefix_list_ids":[],"protocol":"tcp","security_groups":[],"self":false,"to_port":53},{"cidr_blocks":["0.0.0.0/0"],"description":"","from_port":80,"ipv6_cidr_blocks":[],"prefix_list_ids":[],"protocol":"tcp","security_groups":[],"self":false,"to_port":80}],"name":"allow_tls_ingress_inline","name_prefix":null,"revoke_rules_on_delete":false,"tags":null,"timeouts":null},"after_unknown":{"arn":true,"egress":true,"id":true,"ingress":[{"cidr_blocks":[false],"ipv6_cidr_blocks":[],"prefix_list_ids":[],"security_groups":[]},{"cidr_blocks":[false],"ipv6_cidr_blocks":[],"prefix_list_ids":[],"security_groups":[]}],"owner_id":true,"vpc_id":true}}},{"address":"aws_security_group.something_else","mode":"managed","type":"aws_security_group","name":"something_else","provider_name":"aws","change":{"actions":["create"],"before":null,"after":{"description":"Managed by Terraform","name":"Some_other_sg","name_prefix":null,"revoke_rules_on_delete":false,"tags":null,"timeouts":null},"after_unknown":{"arn":true,"egress":true,"id":true,"ingress":true,"owner_id":true,"vpc_id":true}}},{"address":"aws_security_group_rule.port_53","mode":"managed","type":"aws_security_group_rule","name":"port_53","provider_name":"aws","change":{"actions":["create"],"before":null,"after":{"cidr_blocks":["0.0.0.0/0"],"description":null,"from_port":53,"ipv6_cidr_blocks":null,"prefix_list_ids":null,"protocol":"tcp","self":false,"to_port":53,"type":"ingress"},"after_unknown":{"cidr_blocks":[false],"id":true,"security_group_id":true,"source_security_group_id":true}}},{"address":"aws_security_group_rule.port_80","mode":"managed","type":"aws_security_group_rule","name":"port_80","provider_name":"aws","change":{"actions":["create"],"before":null,"after":{"cidr_blocks":["0.0.0.0/0"],"description":null,"from_port":80,"ipv6_cidr_blocks":null,"prefix_list_ids":null,"protocol":"tcp","self":false,"to_port":80,"type":"ingress"},"after_unknown":{"cidr_blocks":[false],"id":true,"security_group_id":true,"source_security_group_id":true}}}],"configuration":{"root_module":{"resources":[{"address":"aws_security_group.allow_tls_ingress_inline","mode":"managed","type":"aws_security_group","name":"allow_tls_ingress_inline","provider_config_key":"aws","expressions":{"name":{"constant_value":"allow_tls_ingress_inline"}},"schema_version":1},{"address":"aws_security_group.something_else","mode":"managed","type":"aws_security_group","name":"something_else","provider_config_key":"aws","expressions":{"name":{"constant_value":"Some_other_sg"}},"schema_version":1},{"address":"aws_security_group_rule.port_53","mode":"managed","type":"aws_security_group_rule","name":"port_53","provider_config_key":"aws","expressions":{"cidr_blocks":{"constant_value":["0.0.0.0/0"]},"from_port":{"constant_value":53},"protocol":{"constant_value":"tcp"},"security_group_id":{"references":["aws_security_group.something_else"]},"to_port":{"constant_value":53},"type":{"constant_value":"ingress"}},"schema_version":2},{"address":"aws_security_group_rule.port_80","mode":"managed","type":"aws_security_group_rule","name":"port_80","provider_config_key":"aws","expressions":{"cidr_blocks":{"constant_value":["0.0.0.0/0"]},"from_port":{"constant_value":80},"protocol":{"constant_value":"tcp"},"security_group_id":{"references":["aws_security_group.something_else"]},"to_port":{"constant_value":80},"type":{"constant_value":"ingress"}},"schema_version":2}]}}}
