{"format_version":"0.1","terraform_version":"0.12.24","variables":{"bucket_name":{"value":"test"}},"planned_values":{"root_module":{"resources":[{"address":"aws_autoscaling_group.failure_1","mode":"managed","type":"aws_autoscaling_group","name":"failure_1","provider_name":"aws","schema_version":0,"values":{"enabled_metrics":null,"force_delete":false,"health_check_grace_period":300,"initial_lifecycle_hook":[],"launch_configuration":null,"launch_template":[],"max_instance_lifetime":null,"max_size":1,"metrics_granularity":"1Minute","min_elb_capacity":null,"min_size":1,"mixed_instances_policy":[],"name":"test_1","name_prefix":null,"placement_group":null,"protect_from_scale_in":false,"suspended_processes":null,"tag":[{"key":"environment","propagate_at_launch":true,"value":"live"}],"tags":null,"termination_policies":null,"timeouts":null,"wait_for_capacity_timeout":"10m","wait_for_elb_capacity":null}},{"address":"aws_autoscaling_group.failure_2","mode":"managed","type":"aws_autoscaling_group","name":"failure_2","provider_name":"aws","schema_version":0,"values":{"enabled_metrics":null,"force_delete":false,"health_check_grace_period":300,"initial_lifecycle_hook":[],"launch_configuration":null,"launch_template":[],"max_instance_lifetime":null,"max_size":1,"metrics_granularity":"1Minute","min_elb_capacity":null,"min_size":1,"mixed_instances_policy":[],"name":"test_2","name_prefix":null,"placement_group":null,"protect_from_scale_in":false,"suspended_processes":null,"tag":[{"key":"environment","propagate_at_launch":true,"value":"live"},{"key":"service","propagate_at_launch":true,"value":""}],"tags":null,"termination_policies":null,"timeouts":null,"wait_for_capacity_timeout":"10m","wait_for_elb_capacity":null}},{"address":"aws_autoscaling_group.skipped","mode":"managed","type":"aws_autoscaling_group","name":"skipped","provider_name":"aws","schema_version":0,"values":{"enabled_metrics":null,"force_delete":false,"health_check_grace_period":300,"initial_lifecycle_hook":[],"launch_configuration":null,"launch_template":[],"max_instance_lifetime":null,"max_size":1,"metrics_granularity":"1Minute","min_elb_capacity":null,"min_size":1,"mixed_instances_policy":[],"name":"test","name_prefix":null,"placement_group":null,"protect_from_scale_in":false,"suspended_processes":null,"tag":[{"key":"environment","propagate_at_launch":true,"value":"dead"},{"key":"service","propagate_at_launch":true,"value":"some_service"}],"tags":null,"termination_policies":null,"timeouts":null,"wait_for_capacity_timeout":"10m","wait_for_elb_capacity":null}},{"address":"aws_autoscaling_group.success","mode":"managed","type":"aws_autoscaling_group","name":"success","provider_name":"aws","schema_version":0,"values":{"enabled_metrics":null,"force_delete":false,"health_check_grace_period":300,"initial_lifecycle_hook":[],"launch_configuration":null,"launch_template":[],"max_instance_lifetime":null,"max_size":1,"metrics_granularity":"1Minute","min_elb_capacity":null,"min_size":1,"mixed_instances_policy":[],"name":"test","name_prefix":null,"placement_group":null,"protect_from_scale_in":false,"suspended_processes":null,"tag":[{"key":"environment","propagate_at_launch":true,"value":"live"},{"key":"service","propagate_at_launch":true,"value":"some_service"}],"tags":null,"termination_policies":null,"timeouts":null,"wait_for_capacity_timeout":"10m","wait_for_elb_capacity":null}},{"address":"aws_s3_bucket.another_failure","mode":"managed","type":"aws_s3_bucket","name":"another_failure","provider_name":"aws","schema_version":0,"values":{"acl":"private","bucket":"test","bucket_prefix":null,"cors_rule":[],"force_destroy":false,"grant":[],"lifecycle_rule":[],"logging":[],"object_lock_configuration":[],"policy":null,"replication_configuration":[],"server_side_encryption_configuration":[],"tags":{"environment":"live","service":""},"website":[]}},{"address":"aws_s3_bucket.another_skip","mode":"managed","type":"aws_s3_bucket","name":"another_skip","provider_name":"aws","schema_version":0,"values":{"acl":"private","bucket":"skipped-bucket-2","bucket_prefix":null,"cors_rule":[],"force_destroy":false,"grant":[],"lifecycle_rule":[],"logging":[],"object_lock_configuration":[],"policy":null,"replication_configuration":[],"server_side_encryption_configuration":[],"tags":{"environment":"dead","something":"something else"},"website":[]}},{"address":"aws_s3_bucket.failure","mode":"managed","type":"aws_s3_bucket","name":"failure","provider_name":"aws","schema_version":0,"values":{"acl":"private","bucket":"failed-bucket","bucket_prefix":null,"cors_rule":[],"force_destroy":false,"grant":[],"lifecycle_rule":[],"logging":[],"object_lock_configuration":[],"policy":null,"replication_configuration":[],"server_side_encryption_configuration":[],"tags":{"environment":"live","some_other_tag":"something"},"website":[]}},{"address":"aws_s3_bucket.skip","mode":"managed","type":"aws_s3_bucket","name":"skip","provider_name":"aws","schema_version":0,"values":{"acl":"private","bucket":"skipped-bucket","bucket_prefix":null,"cors_rule":[],"force_destroy":false,"grant":[],"lifecycle_rule":[],"logging":[],"object_lock_configuration":[],"policy":null,"replication_configuration":[],"server_side_encryption_configuration":[],"tags":{"something":"something else"},"website":[]}},{"address":"aws_s3_bucket.success","mode":"managed","type":"aws_s3_bucket","name":"success","provider_name":"aws","schema_version":0,"values":{"acl":"private","bucket":"succeeded-bucket","bucket_prefix":null,"cors_rule":[],"force_destroy":false,"grant":[],"lifecycle_rule":[],"logging":[],"object_lock_configuration":[],"policy":null,"replication_configuration":[],"server_side_encryption_configuration":[],"tags":{"environment":"live","service":"some service"},"website":[]}}]}},"resource_changes":[{"address":"aws_autoscaling_group.failure_1","mode":"managed","type":"aws_autoscaling_group","name":"failure_1","provider_name":"aws","change":{"actions":["create"],"before":null,"after":{"enabled_metrics":null,"force_delete":false,"health_check_grace_period":300,"initial_lifecycle_hook":[],"launch_configuration":null,"launch_template":[],"max_instance_lifetime":null,"max_size":1,"metrics_granularity":"1Minute","min_elb_capacity":null,"min_size":1,"mixed_instances_policy":[],"name":"test_1","name_prefix":null,"placement_group":null,"protect_from_scale_in":false,"suspended_processes":null,"tag":[{"key":"environment","propagate_at_launch":true,"value":"live"}],"tags":null,"termination_policies":null,"timeouts":null,"wait_for_capacity_timeout":"10m","wait_for_elb_capacity":null},"after_unknown":{"arn":true,"availability_zones":true,"default_cooldown":true,"desired_capacity":true,"health_check_type":true,"id":true,"initial_lifecycle_hook":[],"launch_template":[],"load_balancers":true,"mixed_instances_policy":[],"service_linked_role_arn":true,"tag":[{}],"target_group_arns":true,"vpc_zone_identifier":true}}},{"address":"aws_autoscaling_group.failure_2","mode":"managed","type":"aws_autoscaling_group","name":"failure_2","provider_name":"aws","change":{"actions":["create"],"before":null,"after":{"enabled_metrics":null,"force_delete":false,"health_check_grace_period":300,"initial_lifecycle_hook":[],"launch_configuration":null,"launch_template":[],"max_instance_lifetime":null,"max_size":1,"metrics_granularity":"1Minute","min_elb_capacity":null,"min_size":1,"mixed_instances_policy":[],"name":"test_2","name_prefix":null,"placement_group":null,"protect_from_scale_in":false,"suspended_processes":null,"tag":[{"key":"environment","propagate_at_launch":true,"value":"live"},{"key":"service","propagate_at_launch":true,"value":""}],"tags":null,"termination_policies":null,"timeouts":null,"wait_for_capacity_timeout":"10m","wait_for_elb_capacity":null},"after_unknown":{"arn":true,"availability_zones":true,"default_cooldown":true,"desired_capacity":true,"health_check_type":true,"id":true,"initial_lifecycle_hook":[],"launch_template":[],"load_balancers":true,"mixed_instances_policy":[],"service_linked_role_arn":true,"tag":[{},{}],"target_group_arns":true,"vpc_zone_identifier":true}}},{"address":"aws_autoscaling_group.skipped","mode":"managed","type":"aws_autoscaling_group","name":"skipped","provider_name":"aws","change":{"actions":["create"],"before":null,"after":{"enabled_metrics":null,"force_delete":false,"health_check_grace_period":300,"initial_lifecycle_hook":[],"launch_configuration":null,"launch_template":[],"max_instance_lifetime":null,"max_size":1,"metrics_granularity":"1Minute","min_elb_capacity":null,"min_size":1,"mixed_instances_policy":[],"name":"test","name_prefix":null,"placement_group":null,"protect_from_scale_in":false,"suspended_processes":null,"tag":[{"key":"environment","propagate_at_launch":true,"value":"dead"},{"key":"service","propagate_at_launch":true,"value":"some_service"}],"tags":null,"termination_policies":null,"timeouts":null,"wait_for_capacity_timeout":"10m","wait_for_elb_capacity":null},"after_unknown":{"arn":true,"availability_zones":true,"default_cooldown":true,"desired_capacity":true,"health_check_type":true,"id":true,"initial_lifecycle_hook":[],"launch_template":[],"load_balancers":true,"mixed_instances_policy":[],"service_linked_role_arn":true,"tag":[{},{}],"target_group_arns":true,"vpc_zone_identifier":true}}},{"address":"aws_autoscaling_group.success","mode":"managed","type":"aws_autoscaling_group","name":"success","provider_name":"aws","change":{"actions":["create"],"before":null,"after":{"enabled_metrics":null,"force_delete":false,"health_check_grace_period":300,"initial_lifecycle_hook":[],"launch_configuration":null,"launch_template":[],"max_instance_lifetime":null,"max_size":1,"metrics_granularity":"1Minute","min_elb_capacity":null,"min_size":1,"mixed_instances_policy":[],"name":"test","name_prefix":null,"placement_group":null,"protect_from_scale_in":false,"suspended_processes":null,"tag":[{"key":"environment","propagate_at_launch":true,"value":"live"},{"key":"service","propagate_at_launch":true,"value":"some_service"}],"tags":null,"termination_policies":null,"timeouts":null,"wait_for_capacity_timeout":"10m","wait_for_elb_capacity":null},"after_unknown":{"arn":true,"availability_zones":true,"default_cooldown":true,"desired_capacity":true,"health_check_type":true,"id":true,"initial_lifecycle_hook":[],"launch_template":[],"load_balancers":true,"mixed_instances_policy":[],"service_linked_role_arn":true,"tag":[{},{}],"target_group_arns":true,"vpc_zone_identifier":true}}},{"address":"aws_s3_bucket.another_failure","mode":"managed","type":"aws_s3_bucket","name":"another_failure","provider_name":"aws","change":{"actions":["create"],"before":null,"after":{"acl":"private","bucket":"test","bucket_prefix":null,"cors_rule":[],"force_destroy":false,"grant":[],"lifecycle_rule":[],"logging":[],"object_lock_configuration":[],"policy":null,"replication_configuration":[],"server_side_encryption_configuration":[],"tags":{"environment":"live","service":""},"website":[]},"after_unknown":{"acceleration_status":true,"arn":true,"bucket_domain_name":true,"bucket_regional_domain_name":true,"cors_rule":[],"grant":[],"hosted_zone_id":true,"id":true,"lifecycle_rule":[],"logging":[],"object_lock_configuration":[],"region":true,"replication_configuration":[],"request_payer":true,"server_side_encryption_configuration":[],"tags":{},"versioning":true,"website":[],"website_domain":true,"website_endpoint":true}}},{"address":"aws_s3_bucket.another_skip","mode":"managed","type":"aws_s3_bucket","name":"another_skip","provider_name":"aws","change":{"actions":["create"],"before":null,"after":{"acl":"private","bucket":"skipped-bucket-2","bucket_prefix":null,"cors_rule":[],"force_destroy":false,"grant":[],"lifecycle_rule":[],"logging":[],"object_lock_configuration":[],"policy":null,"replication_configuration":[],"server_side_encryption_configuration":[],"tags":{"environment":"dead","something":"something else"},"website":[]},"after_unknown":{"acceleration_status":true,"arn":true,"bucket_domain_name":true,"bucket_regional_domain_name":true,"cors_rule":[],"grant":[],"hosted_zone_id":true,"id":true,"lifecycle_rule":[],"logging":[],"object_lock_configuration":[],"region":true,"replication_configuration":[],"request_payer":true,"server_side_encryption_configuration":[],"tags":{},"versioning":true,"website":[],"website_domain":true,"website_endpoint":true}}},{"address":"aws_s3_bucket.failure","mode":"managed","type":"aws_s3_bucket","name":"failure","provider_name":"aws","change":{"actions":["create"],"before":null,"after":{"acl":"private","bucket":"failed-bucket","bucket_prefix":null,"cors_rule":[],"force_destroy":false,"grant":[],"lifecycle_rule":[],"logging":[],"object_lock_configuration":[],"policy":null,"replication_configuration":[],"server_side_encryption_configuration":[],"tags":{"environment":"live","some_other_tag":"something"},"website":[]},"after_unknown":{"acceleration_status":true,"arn":true,"bucket_domain_name":true,"bucket_regional_domain_name":true,"cors_rule":[],"grant":[],"hosted_zone_id":true,"id":true,"lifecycle_rule":[],"logging":[],"object_lock_configuration":[],"region":true,"replication_configuration":[],"request_payer":true,"server_side_encryption_configuration":[],"tags":{},"versioning":true,"website":[],"website_domain":true,"website_endpoint":true}}},{"address":"aws_s3_bucket.skip","mode":"managed","type":"aws_s3_bucket","name":"skip","provider_name":"aws","change":{"actions":["create"],"before":null,"after":{"acl":"private","bucket":"skipped-bucket","bucket_prefix":null,"cors_rule":[],"force_destroy":false,"grant":[],"lifecycle_rule":[],"logging":[],"object_lock_configuration":[],"policy":null,"replication_configuration":[],"server_side_encryption_configuration":[],"tags":{"something":"something else"},"website":[]},"after_unknown":{"acceleration_status":true,"arn":true,"bucket_domain_name":true,"bucket_regional_domain_name":true,"cors_rule":[],"grant":[],"hosted_zone_id":true,"id":true,"lifecycle_rule":[],"logging":[],"object_lock_configuration":[],"region":true,"replication_configuration":[],"request_payer":true,"server_side_encryption_configuration":[],"tags":{},"versioning":true,"website":[],"website_domain":true,"website_endpoint":true}}},{"address":"aws_s3_bucket.success","mode":"managed","type":"aws_s3_bucket","name":"success","provider_name":"aws","change":{"actions":["create"],"before":null,"after":{"acl":"private","bucket":"succeeded-bucket","bucket_prefix":null,"cors_rule":[],"force_destroy":false,"grant":[],"lifecycle_rule":[],"logging":[],"object_lock_configuration":[],"policy":null,"replication_configuration":[],"server_side_encryption_configuration":[],"tags":{"environment":"live","service":"some service"},"website":[]},"after_unknown":{"acceleration_status":true,"arn":true,"bucket_domain_name":true,"bucket_regional_domain_name":true,"cors_rule":[],"grant":[],"hosted_zone_id":true,"id":true,"lifecycle_rule":[],"logging":[],"object_lock_configuration":[],"region":true,"replication_configuration":[],"request_payer":true,"server_side_encryption_configuration":[],"tags":{},"versioning":true,"website":[],"website_domain":true,"website_endpoint":true}}}],"configuration":{"root_module":{"resources":[{"address":"aws_autoscaling_group.failure_1","mode":"managed","type":"aws_autoscaling_group","name":"failure_1","provider_config_key":"aws","expressions":{"max_size":{"constant_value":1},"min_size":{"constant_value":1},"name":{"constant_value":"test_1"},"tag":[{"key":{"constant_value":"environment"},"propagate_at_launch":{"constant_value":true},"value":{"constant_value":"live"}}]},"schema_version":0},{"address":"aws_autoscaling_group.failure_2","mode":"managed","type":"aws_autoscaling_group","name":"failure_2","provider_config_key":"aws","expressions":{"max_size":{"constant_value":1},"min_size":{"constant_value":1},"name":{"constant_value":"test_2"},"tag":[{"key":{"constant_value":"environment"},"propagate_at_launch":{"constant_value":true},"value":{"constant_value":"live"}},{"key":{"constant_value":"service"},"propagate_at_launch":{"constant_value":true},"value":{"constant_value":""}}]},"schema_version":0},{"address":"aws_autoscaling_group.skipped","mode":"managed","type":"aws_autoscaling_group","name":"skipped","provider_config_key":"aws","expressions":{"max_size":{"constant_value":1},"min_size":{"constant_value":1},"name":{"constant_value":"test"},"tag":[{"key":{"constant_value":"environment"},"propagate_at_launch":{"constant_value":true},"value":{"constant_value":"dead"}},{"key":{"constant_value":"service"},"propagate_at_launch":{"constant_value":true},"value":{"constant_value":"some_service"}}]},"schema_version":0},{"address":"aws_autoscaling_group.success","mode":"managed","type":"aws_autoscaling_group","name":"success","provider_config_key":"aws","expressions":{"max_size":{"constant_value":1},"min_size":{"constant_value":1},"name":{"constant_value":"test"},"tag":[{"key":{"constant_value":"environment"},"propagate_at_launch":{"constant_value":true},"value":{"constant_value":"live"}},{"key":{"constant_value":"service"},"propagate_at_launch":{"constant_value":true},"value":{"constant_value":"some_service"}}]},"schema_version":0},{"address":"aws_s3_bucket.another_failure","mode":"managed","type":"aws_s3_bucket","name":"another_failure","provider_config_key":"aws","expressions":{"bucket":{"references":["var.bucket_name"]},"tags":{"constant_value":{"environment":"live","service":""}}},"schema_version":0},{"address":"aws_s3_bucket.another_skip","mode":"managed","type":"aws_s3_bucket","name":"another_skip","provider_config_key":"aws","expressions":{"bucket":{"constant_value":"skipped-bucket-2"},"tags":{"constant_value":{"environment":"dead","something":"something else"}}},"schema_version":0},{"address":"aws_s3_bucket.failure","mode":"managed","type":"aws_s3_bucket","name":"failure","provider_config_key":"aws","expressions":{"bucket":{"constant_value":"failed-bucket"},"tags":{"constant_value":{"environment":"live","some_other_tag":"something"}}},"schema_version":0},{"address":"aws_s3_bucket.skip","mode":"managed","type":"aws_s3_bucket","name":"skip","provider_config_key":"aws","expressions":{"bucket":{"constant_value":"skipped-bucket"},"tags":{"constant_value":{"something":"something else"}}},"schema_version":0},{"address":"aws_s3_bucket.success","mode":"managed","type":"aws_s3_bucket","name":"success","provider_config_key":"aws","expressions":{"bucket":{"constant_value":"succeeded-bucket"},"tags":{"constant_value":{"environment":"live","service":"some service"}}},"schema_version":0}],"variables":{"bucket_name":{"default":"test"}}}}}
