{"format_version":"0.2","terraform_version":"1.0.4","planned_values":{"root_module":{"resources":[{"address":"aws_autoscaling_group.valid","mode":"managed","type":"aws_autoscaling_group","name":"valid","provider_name":"registry.terraform.io/hashicorp/aws","schema_version":0,"values":{"capacity_rebalance":null,"desired_capacity":4,"enabled_metrics":null,"force_delete":true,"force_delete_warm_pool":false,"health_check_grace_period":300,"health_check_type":"ELB","initial_lifecycle_hook":[{"default_result":"CONTINUE","heartbeat_timeout":2000,"lifecycle_transition":"autoscaling:EC2_INSTANCE_LAUNCHING","name":"foobar","notification_metadata":"{\n  \"foo\": \"bar\"\n}\n","notification_target_arn":"arn:aws:sqs:us-east-1:444455556666:queue1*","role_arn":"arn:aws:iam::123456789012:role/S3Access"}],"instance_refresh":[],"launch_template":[],"load_balancers":null,"max_instance_lifetime":null,"max_size":5,"metrics_granularity":"1Minute","min_elb_capacity":null,"min_size":2,"mixed_instances_policy":[],"name":"loadbalancer-terraform-test","placement_group":null,"protect_from_scale_in":false,"suspended_processes":null,"tag":[{"key":"Tier","propagate_at_launch":false,"value":"apptier"},{"key":"foo","propagate_at_launch":true,"value":"bar"}],"tags":null,"target_group_arns":null,"termination_policies":null,"timeouts":{"delete":"15m"},"vpc_zone_identifier":["vpc-12345678"],"wait_for_capacity_timeout":"10m","wait_for_elb_capacity":null,"warm_pool":[]},"sensitive_values":{"availability_zones":[],"initial_lifecycle_hook":[{}],"instance_refresh":[],"launch_template":[],"mixed_instances_policy":[],"tag":[{},{}],"timeouts":{},"vpc_zone_identifier":[false],"warm_pool":[]}},{"address":"aws_launch_configuration.valid","mode":"managed","type":"aws_launch_configuration","name":"valid","provider_name":"registry.terraform.io/hashicorp/aws","schema_version":0,"values":{"associate_public_ip_address":false,"enable_monitoring":true,"ephemeral_block_device":[],"iam_instance_profile":"webtier-test","image_id":"ami-9999ffff5555ffff1","instance_type":"t2.micro","name_prefix":"terraform-lc-example","placement_tenancy":null,"spot_price":null,"user_data":null,"user_data_base64":null,"vpc_classic_link_id":null,"vpc_classic_link_security_groups":null},"sensitive_values":{"ebs_block_device":[],"ephemeral_block_device":[],"metadata_options":[],"root_block_device":[],"security_groups":[]}},{"address":"aws_security_group.valid","mode":"managed","type":"aws_security_group","name":"valid","provider_name":"registry.terraform.io/hashicorp/aws","schema_version":1,"values":{"description":"Allow TLS inbound traffic","egress":[{"cidr_blocks":["10.1.1.0/24"],"description":"","from_port":0,"ipv6_cidr_blocks":[],"prefix_list_ids":[],"protocol":"-1","security_groups":[],"self":false,"to_port":0}],"ingress":[{"cidr_blocks":["10.1.1.0/24"],"description":"TLS from VPC","from_port":443,"ipv6_cidr_blocks":[],"prefix_list_ids":[],"protocol":"tcp","security_groups":[],"self":false,"to_port":443}],"name":"AppTier-app-sg","revoke_rules_on_delete":false,"tags":{"Name":"valid-sg","Tier":"apptier"},"tags_all":{"Name":"valid-sg","Tier":"apptier"},"timeouts":null,"vpc_id":"vpc-12345678"},"sensitive_values":{"egress":[{"cidr_blocks":[false],"ipv6_cidr_blocks":[],"prefix_list_ids":[],"security_groups":[]}],"ingress":[{"cidr_blocks":[false],"ipv6_cidr_blocks":[],"prefix_list_ids":[],"security_groups":[]}],"tags":{},"tags_all":{}}}]}},"resource_changes":[{"address":"aws_autoscaling_group.valid","mode":"managed","type":"aws_autoscaling_group","name":"valid","provider_name":"registry.terraform.io/hashicorp/aws","change":{"actions":["create"],"before":null,"after":{"capacity_rebalance":null,"desired_capacity":4,"enabled_metrics":null,"force_delete":true,"force_delete_warm_pool":false,"health_check_grace_period":300,"health_check_type":"ELB","initial_lifecycle_hook":[{"default_result":"CONTINUE","heartbeat_timeout":2000,"lifecycle_transition":"autoscaling:EC2_INSTANCE_LAUNCHING","name":"foobar","notification_metadata":"{\n  \"foo\": \"bar\"\n}\n","notification_target_arn":"arn:aws:sqs:us-east-1:444455556666:queue1*","role_arn":"arn:aws:iam::123456789012:role/S3Access"}],"instance_refresh":[],"launch_template":[],"load_balancers":null,"max_instance_lifetime":null,"max_size":5,"metrics_granularity":"1Minute","min_elb_capacity":null,"min_size":2,"mixed_instances_policy":[],"name":"loadbalancer-terraform-test","placement_group":null,"protect_from_scale_in":false,"suspended_processes":null,"tag":[{"key":"Tier","propagate_at_launch":false,"value":"apptier"},{"key":"foo","propagate_at_launch":true,"value":"bar"}],"tags":null,"target_group_arns":null,"termination_policies":null,"timeouts":{"delete":"15m"},"vpc_zone_identifier":["vpc-12345678"],"wait_for_capacity_timeout":"10m","wait_for_elb_capacity":null,"warm_pool":[]},"after_unknown":{"arn":true,"availability_zones":true,"default_cooldown":true,"id":true,"initial_lifecycle_hook":[{}],"instance_refresh":[],"launch_configuration":true,"launch_template":[],"mixed_instances_policy":[],"name_prefix":true,"service_linked_role_arn":true,"tag":[{},{}],"timeouts":{},"vpc_zone_identifier":[false],"warm_pool":[]},"before_sensitive":false,"after_sensitive":{"availability_zones":[],"initial_lifecycle_hook":[{}],"instance_refresh":[],"launch_template":[],"mixed_instances_policy":[],"tag":[{},{}],"timeouts":{},"vpc_zone_identifier":[false],"warm_pool":[]}}},{"address":"aws_launch_configuration.valid","mode":"managed","type":"aws_launch_configuration","name":"valid","provider_name":"registry.terraform.io/hashicorp/aws","change":{"actions":["create"],"before":null,"after":{"associate_public_ip_address":false,"enable_monitoring":true,"ephemeral_block_device":[],"iam_instance_profile":"webtier-test","image_id":"ami-9999ffff5555ffff1","instance_type":"t2.micro","name_prefix":"terraform-lc-example","placement_tenancy":null,"spot_price":null,"user_data":null,"user_data_base64":null,"vpc_classic_link_id":null,"vpc_classic_link_security_groups":null},"after_unknown":{"arn":true,"ebs_block_device":true,"ebs_optimized":true,"ephemeral_block_device":[],"id":true,"key_name":true,"metadata_options":true,"name":true,"root_block_device":true,"security_groups":true},"before_sensitive":false,"after_sensitive":{"ebs_block_device":[],"ephemeral_block_device":[],"metadata_options":[],"root_block_device":[],"security_groups":[]}}},{"address":"aws_security_group.valid","mode":"managed","type":"aws_security_group","name":"valid","provider_name":"registry.terraform.io/hashicorp/aws","change":{"actions":["create"],"before":null,"after":{"description":"Allow TLS inbound traffic","egress":[{"cidr_blocks":["10.1.1.0/24"],"description":"","from_port":0,"ipv6_cidr_blocks":[],"prefix_list_ids":[],"protocol":"-1","security_groups":[],"self":false,"to_port":0}],"ingress":[{"cidr_blocks":["10.1.1.0/24"],"description":"TLS from VPC","from_port":443,"ipv6_cidr_blocks":[],"prefix_list_ids":[],"protocol":"tcp","security_groups":[],"self":false,"to_port":443}],"name":"AppTier-app-sg","revoke_rules_on_delete":false,"tags":{"Name":"valid-sg","Tier":"apptier"},"tags_all":{"Name":"valid-sg","Tier":"apptier"},"timeouts":null,"vpc_id":"vpc-12345678"},"after_unknown":{"arn":true,"egress":[{"cidr_blocks":[false],"ipv6_cidr_blocks":[],"prefix_list_ids":[],"security_groups":[]}],"id":true,"ingress":[{"cidr_blocks":[false],"ipv6_cidr_blocks":[],"prefix_list_ids":[],"security_groups":[]}],"name_prefix":true,"owner_id":true,"tags":{},"tags_all":{}},"before_sensitive":false,"after_sensitive":{"egress":[{"cidr_blocks":[false],"ipv6_cidr_blocks":[],"prefix_list_ids":[],"security_groups":[]}],"ingress":[{"cidr_blocks":[false],"ipv6_cidr_blocks":[],"prefix_list_ids":[],"security_groups":[]}],"tags":{},"tags_all":{}}}}],"configuration":{"provider_config":{"aws":{"name":"aws","expressions":{"region":{"constant_value":"us-east-1"}}}},"root_module":{"resources":[{"address":"aws_autoscaling_group.valid","mode":"managed","type":"aws_autoscaling_group","name":"valid","provider_config_key":"aws","expressions":{"desired_capacity":{"constant_value":4},"force_delete":{"constant_value":true},"health_check_grace_period":{"constant_value":300},"health_check_type":{"constant_value":"ELB"},"initial_lifecycle_hook":[{"default_result":{"constant_value":"CONTINUE"},"heartbeat_timeout":{"constant_value":2000},"lifecycle_transition":{"constant_value":"autoscaling:EC2_INSTANCE_LAUNCHING"},"name":{"constant_value":"foobar"},"notification_metadata":{"constant_value":"{\n  \"foo\": \"bar\"\n}\n"},"notification_target_arn":{"constant_value":"arn:aws:sqs:us-east-1:444455556666:queue1*"},"role_arn":{"constant_value":"arn:aws:iam::123456789012:role/S3Access"}}],"launch_configuration":{"references":["aws_launch_configuration.valid.name","aws_launch_configuration.valid"]},"max_size":{"constant_value":5},"min_size":{"constant_value":2},"name":{"constant_value":"loadbalancer-terraform-test"},"tag":[{"key":{"constant_value":"foo"},"propagate_at_launch":{"constant_value":true},"value":{"constant_value":"bar"}},{"key":{"constant_value":"Tier"},"propagate_at_launch":{"constant_value":false},"value":{"constant_value":"apptier"}}],"timeouts":{"delete":{"constant_value":"15m"}},"vpc_zone_identifier":{"constant_value":["vpc-12345678"]}},"schema_version":0},{"address":"aws_launch_configuration.valid","mode":"managed","type":"aws_launch_configuration","name":"valid","provider_config_key":"aws","expressions":{"iam_instance_profile":{"constant_value":"webtier-test"},"image_id":{"constant_value":"ami-9999ffff5555ffff1"},"instance_type":{"constant_value":"t2.micro"},"name_prefix":{"constant_value":"terraform-lc-example"},"security_groups":{"references":["aws_security_group.valid.id","aws_security_group.valid"]}},"schema_version":0},{"address":"aws_security_group.valid","mode":"managed","type":"aws_security_group","name":"valid","provider_config_key":"aws","expressions":{"description":{"constant_value":"Allow TLS inbound traffic"},"name":{"constant_value":"AppTier-app-sg"},"tags":{"constant_value":{"Name":"valid-sg","Tier":"apptier"}},"vpc_id":{"constant_value":"vpc-12345678"}},"schema_version":1}]}}}
