{"format_version":"0.1","terraform_version":"0.13.1","planned_values":{"root_module":{"resources":[{"address":"aws_security_group.allow_ping","mode":"managed","type":"aws_security_group","name":"allow_ping","provider_name":"registry.terraform.io/hashicorp/aws","schema_version":1,"values":{"description":"Managed by Terraform","ingress":[{"cidr_blocks":["0.0.0.0/0"],"description":"","from_port":8,"ipv6_cidr_blocks":[],"prefix_list_ids":[],"protocol":"icmp","security_groups":[],"self":false,"to_port":0}],"name":"allow_ping","name_prefix":null,"revoke_rules_on_delete":false,"tags":null,"timeouts":null,"vpc_id":"vpc-12345678"}}]}},"resource_changes":[{"address":"aws_security_group.allow_ping","mode":"managed","type":"aws_security_group","name":"allow_ping","provider_name":"registry.terraform.io/hashicorp/aws","change":{"actions":["create"],"before":null,"after":{"description":"Managed by Terraform","ingress":[{"cidr_blocks":["0.0.0.0/0"],"description":"","from_port":8,"ipv6_cidr_blocks":[],"prefix_list_ids":[],"protocol":"icmp","security_groups":[],"self":false,"to_port":0}],"name":"allow_ping","name_prefix":null,"revoke_rules_on_delete":false,"tags":null,"timeouts":null,"vpc_id":"vpc-12345678"},"after_unknown":{"arn":true,"egress":true,"id":true,"ingress":[{"cidr_blocks":[false],"ipv6_cidr_blocks":[],"prefix_list_ids":[],"security_groups":[]}],"owner_id":true}}}],"configuration":{"root_module":{"resources":[{"address":"aws_security_group.allow_ping","mode":"managed","type":"aws_security_group","name":"allow_ping","provider_config_key":"aws","expressions":{"name":{"constant_value":"allow_ping"},"vpc_id":{"constant_value":"vpc-12345678"}},"schema_version":1}]}}}
