{"format_version":"0.1","terraform_version":"0.15.5","planned_values":{"root_module":{"resources":[{"address":"aws_kms_key.should_pass","mode":"managed","type":"aws_kms_key","name":"should_pass","provider_name":"registry.terraform.io/hashicorp/aws","schema_version":0,"values":{"bypass_policy_lockout_safety_check":false,"customer_master_key_spec":"SYMMETRIC_DEFAULT","deletion_window_in_days":null,"description":"should pass","enable_key_rotation":false,"is_enabled":true,"key_usage":"ENCRYPT_DECRYPT","tags":null}}],"child_modules":[{"resources":[{"address":"module.module_with_var.aws_sns_topic.this","mode":"managed","type":"aws_sns_topic","name":"this","provider_name":"registry.terraform.io/hashicorp/aws","schema_version":0,"values":{"application_failure_feedback_role_arn":null,"application_success_feedback_role_arn":null,"application_success_feedback_sample_rate":null,"content_based_deduplication":false,"delivery_policy":null,"display_name":null,"fifo_topic":false,"firehose_failure_feedback_role_arn":null,"firehose_success_feedback_role_arn":null,"firehose_success_feedback_sample_rate":null,"http_failure_feedback_role_arn":null,"http_success_feedback_role_arn":null,"http_success_feedback_sample_rate":null,"lambda_failure_feedback_role_arn":null,"lambda_success_feedback_role_arn":null,"lambda_success_feedback_sample_rate":null,"sqs_failure_feedback_role_arn":null,"sqs_success_feedback_role_arn":null,"sqs_success_feedback_sample_rate":null,"tags":null}}],"address":"module.module_with_var"}]}},"resource_changes":[{"address":"aws_kms_key.should_pass","mode":"managed","type":"aws_kms_key","name":"should_pass","provider_name":"registry.terraform.io/hashicorp/aws","change":{"actions":["create"],"before":null,"after":{"bypass_policy_lockout_safety_check":false,"customer_master_key_spec":"SYMMETRIC_DEFAULT","deletion_window_in_days":null,"description":"should pass","enable_key_rotation":false,"is_enabled":true,"key_usage":"ENCRYPT_DECRYPT","tags":null},"after_unknown":{"arn":true,"id":true,"key_id":true,"policy":true,"tags_all":true},"before_sensitive":false,"after_sensitive":{"tags_all":{}}}},{"address":"module.module_with_var.aws_sns_topic.this","module_address":"module.module_with_var","mode":"managed","type":"aws_sns_topic","name":"this","provider_name":"registry.terraform.io/hashicorp/aws","change":{"actions":["create"],"before":null,"after":{"application_failure_feedback_role_arn":null,"application_success_feedback_role_arn":null,"application_success_feedback_sample_rate":null,"content_based_deduplication":false,"delivery_policy":null,"display_name":null,"fifo_topic":false,"firehose_failure_feedback_role_arn":null,"firehose_success_feedback_role_arn":null,"firehose_success_feedback_sample_rate":null,"http_failure_feedback_role_arn":null,"http_success_feedback_role_arn":null,"http_success_feedback_sample_rate":null,"lambda_failure_feedback_role_arn":null,"lambda_success_feedback_role_arn":null,"lambda_success_feedback_sample_rate":null,"sqs_failure_feedback_role_arn":null,"sqs_success_feedback_role_arn":null,"sqs_success_feedback_sample_rate":null,"tags":null},"after_unknown":{"arn":true,"id":true,"kms_master_key_id":true,"name":true,"name_prefix":true,"owner":true,"policy":true,"tags_all":true},"before_sensitive":false,"after_sensitive":{"tags_all":{}}}}],"configuration":{"root_module":{"resources":[{"address":"aws_kms_key.should_pass","mode":"managed","type":"aws_kms_key","name":"should_pass","provider_config_key":"aws","expressions":{"description":{"constant_value":"should pass"}},"schema_version":0}],"module_calls":{"module_with_var":{"source":"./module_with_var","expressions":{"kms_key_id":{"references":["aws_kms_key.should_pass"]}},"module":{"resources":[{"address":"aws_sns_topic.this","mode":"managed","type":"aws_sns_topic","name":"this","provider_config_key":"module_with_var:aws","expressions":{"kms_master_key_id":{"references":["var.kms_key_id"]}},"schema_version":0}],"variables":{"kms_key_id":{}}}}}}}}
