{"format_version":"0.1","terraform_version":"0.12.20","planned_values":{"root_module":{"resources":[{"address":"aws_security_group.efs","mode":"managed","type":"aws_security_group","name":"efs","provider_name":"aws","schema_version":1,"values":{"description":"Test EFS Security Group","name":"test-efs","name_prefix":null,"revoke_rules_on_delete":false,"tags":null,"timeouts":null,"vpc_id":"vpc-cc963da9"}},{"address":"aws_security_group_rule.efs_access","mode":"managed","type":"aws_security_group_rule","name":"efs_access","provider_name":"aws","schema_version":2,"values":{"cidr_blocks":null,"description":"access to EFS","from_port":2049,"ipv6_cidr_blocks":null,"prefix_list_ids":null,"protocol":"tcp","self":false,"source_security_group_id":"sg-0143f76c834026ebd","to_port":2049,"type":"ingress"}},{"address":"aws_security_group_rule.efs_allow_all_outbound","mode":"managed","type":"aws_security_group_rule","name":"efs_allow_all_outbound","provider_name":"aws","schema_version":2,"values":{"cidr_blocks":["0.0.0.0/0"],"description":null,"from_port":0,"ipv6_cidr_blocks":null,"prefix_list_ids":null,"protocol":"-1","self":false,"to_port":0,"type":"egress"}}]}},"resource_changes":[{"address":"aws_security_group.efs","mode":"managed","type":"aws_security_group","name":"efs","provider_name":"aws","change":{"actions":["create"],"before":null,"after":{"description":"Test EFS Security Group","name":"test-efs","name_prefix":null,"revoke_rules_on_delete":false,"tags":null,"timeouts":null,"vpc_id":"vpc-cc963da9"},"after_unknown":{"arn":true,"egress":true,"id":true,"ingress":true,"owner_id":true}}},{"address":"aws_security_group_rule.efs_access","mode":"managed","type":"aws_security_group_rule","name":"efs_access","provider_name":"aws","change":{"actions":["create"],"before":null,"after":{"cidr_blocks":null,"description":"access to EFS","from_port":2049,"ipv6_cidr_blocks":null,"prefix_list_ids":null,"protocol":"tcp","self":false,"source_security_group_id":"sg-0143f76c834026ebd","to_port":2049,"type":"ingress"},"after_unknown":{"id":true,"security_group_id":true}}},{"address":"aws_security_group_rule.efs_allow_all_outbound","mode":"managed","type":"aws_security_group_rule","name":"efs_allow_all_outbound","provider_name":"aws","change":{"actions":["create"],"before":null,"after":{"cidr_blocks":["0.0.0.0/0"],"description":null,"from_port":0,"ipv6_cidr_blocks":null,"prefix_list_ids":null,"protocol":"-1","self":false,"to_port":0,"type":"egress"},"after_unknown":{"cidr_blocks":[false],"id":true,"security_group_id":true,"source_security_group_id":true}}}],"configuration":{"root_module":{"resources":[{"address":"aws_security_group.efs","mode":"managed","type":"aws_security_group","name":"efs","provider_config_key":"aws","expressions":{"description":{"constant_value":"Test EFS Security Group"},"name":{"constant_value":"test-efs"},"vpc_id":{"constant_value":"vpc-cc963da9"}},"schema_version":1},{"address":"aws_security_group_rule.efs_access","mode":"managed","type":"aws_security_group_rule","name":"efs_access","provider_config_key":"aws","expressions":{"description":{"constant_value":"access to EFS"},"from_port":{"constant_value":2049},"protocol":{"constant_value":"tcp"},"security_group_id":{"references":["aws_security_group.efs"]},"source_security_group_id":{"constant_value":"sg-0143f76c834026ebd"},"to_port":{"constant_value":2049},"type":{"constant_value":"ingress"}},"schema_version":2},{"address":"aws_security_group_rule.efs_allow_all_outbound","mode":"managed","type":"aws_security_group_rule","name":"efs_allow_all_outbound","provider_config_key":"aws","expressions":{"cidr_blocks":{"constant_value":["0.0.0.0/0"]},"from_port":{"constant_value":0},"protocol":{"constant_value":"-1"},"security_group_id":{"references":["aws_security_group.efs"]},"to_port":{"constant_value":0},"type":{"constant_value":"egress"}},"schema_version":2}]}}}
