{"format_version":"0.1","terraform_version":"0.12.13","planned_values":{"root_module":{"resources":[{"address":"aws_security_group.security_group","mode":"managed","type":"aws_security_group","name":"security_group","provider_name":"aws","schema_version":1,"values":{"description":"Test Security Group","name":"security_group","name_prefix":null,"revoke_rules_on_delete":false,"tags":null,"timeouts":null,"vpc_id":"vpc-123456"}},{"address":"aws_security_group_rule.ingress_rule","mode":"managed","type":"aws_security_group_rule","name":"ingress_rule","provider_name":"aws","schema_version":2,"values":{"cidr_blocks":["10.123.0.0/16"],"description":null,"from_port":443,"ipv6_cidr_blocks":null,"prefix_list_ids":null,"protocol":"tcp","self":false,"to_port":443,"type":"ingress"}}]}},"resource_changes":[{"address":"aws_security_group.security_group","mode":"managed","type":"aws_security_group","name":"security_group","provider_name":"aws","change":{"actions":["create"],"before":null,"after":{"description":"Test Security Group","name":"security_group","name_prefix":null,"revoke_rules_on_delete":false,"tags":null,"timeouts":null,"vpc_id":"vpc-123456"},"after_unknown":{"arn":true,"egress":true,"id":true,"ingress":true,"owner_id":true}}},{"address":"aws_security_group_rule.ingress_rule","mode":"managed","type":"aws_security_group_rule","name":"ingress_rule","provider_name":"aws","change":{"actions":["create"],"before":null,"after":{"cidr_blocks":["10.123.0.0/16"],"description":null,"from_port":443,"ipv6_cidr_blocks":null,"prefix_list_ids":null,"protocol":"tcp","self":false,"to_port":443,"type":"ingress"},"after_unknown":{"cidr_blocks":[false],"id":true,"security_group_id":true,"source_security_group_id":true}}}],"configuration":{"provider_config":{"aws":{"name":"aws","version_constraint":"\u003e= 2.58","expressions":{"max_retries":{"constant_value":"20"},"profile":{"constant_value":"lab"},"region":{"constant_value":"us-east-1"},"skip_credentials_validation":{"constant_value":true},"skip_get_ec2_platforms":{"constant_value":true},"skip_metadata_api_check":{"constant_value":true},"skip_region_validation":{"constant_value":true},"skip_requesting_account_id":{"constant_value":true}}},"flywheel":{"name":"flywheel","version_constraint":"\u003e= 0.1.8"}},"root_module":{"resources":[{"address":"aws_security_group.security_group","mode":"managed","type":"aws_security_group","name":"security_group","provider_config_key":"aws","expressions":{"description":{"constant_value":"Test Security Group"},"name":{"constant_value":"security_group"},"vpc_id":{"constant_value":"vpc-123456"}},"schema_version":1},{"address":"aws_security_group_rule.ingress_rule","mode":"managed","type":"aws_security_group_rule","name":"ingress_rule","provider_config_key":"aws","expressions":{"cidr_blocks":{"references":["module.cidrtest.cidr"]},"from_port":{"constant_value":"443"},"protocol":{"constant_value":"tcp"},"security_group_id":{"references":["aws_security_group.security_group"]},"to_port":{"constant_value":"443"},"type":{"constant_value":"ingress"}},"schema_version":2}],"module_calls":{"cidrtest":{"source":"../../module-test","module":{"outputs":{"cidr":{"expression":{"constant_value":["10.123.0.0/16"]},"description":"List of cidr(s)"}}}}}}}}
