{"format_version":"0.1","terraform_version":"0.12.10","planned_values":{"root_module":{"resources":[{"address":"aws_subnet.test","mode":"managed","type":"aws_subnet","name":"test","provider_name":"aws","schema_version":1,"values":{"assign_ipv6_address_on_creation":false,"cidr_block":"10.103.1.0/24","map_public_ip_on_launch":false,"tags":null,"timeouts":null}},{"address":"aws_vpc.test","mode":"managed","type":"aws_vpc","name":"test","provider_name":"aws","schema_version":1,"values":{"assign_generated_ipv6_cidr_block":false,"cidr_block":"10.103.0.0/16","enable_dns_support":true,"instance_tenancy":"default","tags":{"Environment":"Sandbox","Name":"mcrilly-sandbox"}}}]}},"resource_changes":[{"address":"aws_subnet.test","mode":"managed","type":"aws_subnet","name":"test","provider_name":"aws","change":{"actions":["create"],"before":null,"after":{"assign_ipv6_address_on_creation":false,"cidr_block":"10.103.1.0/24","map_public_ip_on_launch":false,"tags":null,"timeouts":null},"after_unknown":{"arn":true,"availability_zone":true,"availability_zone_id":true,"id":true,"ipv6_cidr_block":true,"ipv6_cidr_block_association_id":true,"owner_id":true,"vpc_id":true}}},{"address":"aws_vpc.test","mode":"managed","type":"aws_vpc","name":"test","provider_name":"aws","change":{"actions":["create"],"before":null,"after":{"assign_generated_ipv6_cidr_block":false,"cidr_block":"10.103.0.0/16","enable_dns_support":true,"instance_tenancy":"default","tags":{"Environment":"Sandbox","Name":"mcrilly-sandbox"}},"after_unknown":{"arn":true,"default_network_acl_id":true,"default_route_table_id":true,"default_security_group_id":true,"dhcp_options_id":true,"enable_classiclink":true,"enable_classiclink_dns_support":true,"enable_dns_hostnames":true,"id":true,"ipv6_association_id":true,"ipv6_cidr_block":true,"main_route_table_id":true,"owner_id":true,"tags":{}}}}],"configuration":{"root_module":{"resources":[{"address":"aws_subnet.test","mode":"managed","type":"aws_subnet","name":"test","provider_config_key":"aws","expressions":{"cidr_block":{"constant_value":"10.103.1.0/24"},"vpc_id":{"references":["aws_vpc.test"]}},"schema_version":1},{"address":"aws_vpc.test","mode":"managed","type":"aws_vpc","name":"test","provider_config_key":"aws","expressions":{"cidr_block":{"constant_value":"10.103.0.0/16"},"tags":{"constant_value":{"Environment":"Sandbox","Name":"mcrilly-sandbox"}}},"schema_version":1}]}}}
