{"format_version":"0.1","terraform_version":"0.12.25","planned_values":{"root_module":{"resources":[{"address":"azurerm_postgresql_configuration.example","mode":"managed","type":"azurerm_postgresql_configuration","name":"example","provider_name":"azurerm","schema_version":0,"values":{"name":"log_checkpoints","resource_group_name":"testingtfc-rg","server_name":"tfcpostgresql1111","timeouts":null,"value":"on"}},{"address":"azurerm_postgresql_server.example","mode":"managed","type":"azurerm_postgresql_server","name":"example","provider_name":"azurerm","schema_version":0,"values":{"administrator_login":"psqladminun","administrator_login_password":"H@Sh1CoR3!","auto_grow_enabled":true,"backup_retention_days":7,"create_mode":"Default","creation_source_server_id":null,"geo_redundant_backup_enabled":false,"infrastructure_encryption_enabled":null,"location":"northeurope","name":"tfcpostgresql1111","public_network_access_enabled":true,"resource_group_name":"testingtfc-rg","restore_point_in_time":null,"sku_name":"B_Gen5_2","ssl_enforcement_enabled":true,"ssl_minimal_tls_version_enforced":"TLSEnforcementDisabled","storage_mb":5120,"tags":null,"threat_detection_policy":[],"timeouts":null,"version":"9.5"}},{"address":"azurerm_resource_group.example","mode":"managed","type":"azurerm_resource_group","name":"example","provider_name":"azurerm","schema_version":0,"values":{"location":"northeurope","name":"testingtfc-rg","tags":null,"timeouts":null}}]}},"resource_changes":[{"address":"azurerm_postgresql_configuration.example","mode":"managed","type":"azurerm_postgresql_configuration","name":"example","provider_name":"azurerm","change":{"actions":["create"],"before":null,"after":{"name":"log_checkpoints","resource_group_name":"testingtfc-rg","server_name":"tfcpostgresql1111","timeouts":null,"value":"on"},"after_unknown":{"id":true}}},{"address":"azurerm_postgresql_server.example","mode":"managed","type":"azurerm_postgresql_server","name":"example","provider_name":"azurerm","change":{"actions":["create"],"before":null,"after":{"administrator_login":"psqladminun","administrator_login_password":"H@Sh1CoR3!","auto_grow_enabled":true,"backup_retention_days":7,"create_mode":"Default","creation_source_server_id":null,"geo_redundant_backup_enabled":false,"infrastructure_encryption_enabled":null,"location":"northeurope","name":"tfcpostgresql1111","public_network_access_enabled":true,"resource_group_name":"testingtfc-rg","restore_point_in_time":null,"sku_name":"B_Gen5_2","ssl_enforcement_enabled":true,"ssl_minimal_tls_version_enforced":"TLSEnforcementDisabled","storage_mb":5120,"tags":null,"threat_detection_policy":[],"timeouts":null,"version":"9.5"},"after_unknown":{"fqdn":true,"id":true,"ssl_enforcement":true,"storage_profile":true,"threat_detection_policy":[]}}},{"address":"azurerm_resource_group.example","mode":"managed","type":"azurerm_resource_group","name":"example","provider_name":"azurerm","change":{"actions":["create"],"before":null,"after":{"location":"northeurope","name":"testingtfc-rg","tags":null,"timeouts":null},"after_unknown":{"id":true}}}],"configuration":{"provider_config":{"azurerm":{"name":"azurerm","expressions":{"features":[{}]}}},"root_module":{"resources":[{"address":"azurerm_postgresql_configuration.example","mode":"managed","type":"azurerm_postgresql_configuration","name":"example","provider_config_key":"azurerm","expressions":{"name":{"constant_value":"log_checkpoints"},"resource_group_name":{"references":["azurerm_resource_group.example"]},"server_name":{"references":["azurerm_postgresql_server.example"]},"value":{"constant_value":"on"}},"schema_version":0},{"address":"azurerm_postgresql_server.example","mode":"managed","type":"azurerm_postgresql_server","name":"example","provider_config_key":"azurerm","expressions":{"administrator_login":{"constant_value":"psqladminun"},"administrator_login_password":{"constant_value":"H@Sh1CoR3!"},"auto_grow_enabled":{"constant_value":true},"backup_retention_days":{"constant_value":7},"geo_redundant_backup_enabled":{"constant_value":false},"location":{"references":["azurerm_resource_group.example"]},"name":{"constant_value":"tfcpostgresql1111"},"resource_group_name":{"references":["azurerm_resource_group.example"]},"sku_name":{"constant_value":"B_Gen5_2"},"ssl_enforcement_enabled":{"constant_value":true},"storage_mb":{"constant_value":5120},"version":{"constant_value":"9.5"}},"schema_version":0},{"address":"azurerm_resource_group.example","mode":"managed","type":"azurerm_resource_group","name":"example","provider_config_key":"azurerm","expressions":{"location":{"constant_value":"northeurope"},"name":{"constant_value":"testingtfc-rg"}},"schema_version":0}]}}}
