{"format_version":"0.1","terraform_version":"0.12.18","planned_values":{"root_module":{"resources":[{"address":"aws_instance.test_instance","mode":"managed","type":"aws_instance","name":"test_instance","provider_name":"aws","schema_version":1,"values":{"ami":"ami-005af4c3162f495fa","credit_specification":[],"disable_api_termination":null,"ebs_optimized":null,"get_password_data":false,"iam_instance_profile":null,"instance_initiated_shutdown_behavior":null,"instance_type":"t2.micro","monitoring":null,"source_dest_check":true,"tags":null,"timeouts":null,"user_data":null,"user_data_base64":null}},{"address":"aws_security_group.test_sg","mode":"managed","type":"aws_security_group","name":"test_sg","provider_name":"aws","schema_version":1,"values":{"description":"Allow TLS inbound traffic","egress":[{"cidr_blocks":["0.0.0.0/0"],"description":"","from_port":0,"ipv6_cidr_blocks":[],"prefix_list_ids":["pl-12c4e678"],"protocol":"-1","security_groups":[],"self":false,"to_port":0}],"ingress":[{"cidr_blocks":["0.0.0.0/0"],"description":"","from_port":443,"ipv6_cidr_blocks":[],"prefix_list_ids":[],"protocol":"tcp","security_groups":[],"self":false,"to_port":443}],"name":"allow_tls","name_prefix":null,"revoke_rules_on_delete":false,"tags":null,"timeouts":null}}]}},"resource_changes":[{"address":"aws_instance.test_instance","mode":"managed","type":"aws_instance","name":"test_instance","provider_name":"aws","change":{"actions":["create"],"before":null,"after":{"ami":"ami-005af4c3162f495fa","credit_specification":[],"disable_api_termination":null,"ebs_optimized":null,"get_password_data":false,"iam_instance_profile":null,"instance_initiated_shutdown_behavior":null,"instance_type":"t2.micro","monitoring":null,"source_dest_check":true,"tags":null,"timeouts":null,"user_data":null,"user_data_base64":null},"after_unknown":{"arn":true,"associate_public_ip_address":true,"availability_zone":true,"cpu_core_count":true,"cpu_threads_per_core":true,"credit_specification":[],"ebs_block_device":true,"ephemeral_block_device":true,"host_id":true,"id":true,"instance_state":true,"ipv6_address_count":true,"ipv6_addresses":true,"key_name":true,"network_interface":true,"network_interface_id":true,"password_data":true,"placement_group":true,"primary_network_interface_id":true,"private_dns":true,"private_ip":true,"public_dns":true,"public_ip":true,"root_block_device":true,"security_groups":true,"subnet_id":true,"tenancy":true,"volume_tags":true,"vpc_security_group_ids":true}}},{"address":"aws_security_group.test_sg","mode":"managed","type":"aws_security_group","name":"test_sg","provider_name":"aws","change":{"actions":["create"],"before":null,"after":{"description":"Allow TLS inbound traffic","egress":[{"cidr_blocks":["0.0.0.0/0"],"description":"","from_port":0,"ipv6_cidr_blocks":[],"prefix_list_ids":["pl-12c4e678"],"protocol":"-1","security_groups":[],"self":false,"to_port":0}],"ingress":[{"cidr_blocks":["0.0.0.0/0"],"description":"","from_port":443,"ipv6_cidr_blocks":[],"prefix_list_ids":[],"protocol":"tcp","security_groups":[],"self":false,"to_port":443}],"name":"allow_tls","name_prefix":null,"revoke_rules_on_delete":false,"tags":null,"timeouts":null},"after_unknown":{"arn":true,"egress":[{"cidr_blocks":[false],"ipv6_cidr_blocks":[],"prefix_list_ids":[false],"security_groups":[]}],"id":true,"ingress":[{"cidr_blocks":[false],"ipv6_cidr_blocks":[],"prefix_list_ids":[],"security_groups":[]}],"owner_id":true,"vpc_id":true}}}],"prior_state":{"format_version":"0.1","terraform_version":"0.12.18","values":{"root_module":{"resources":[{"address":"data.aws_ami.ubuntu","mode":"data","type":"aws_ami","name":"ubuntu","provider_name":"aws","schema_version":0,"values":{"architecture":"x86_64","block_device_mappings":[{"device_name":"/dev/sda1","ebs":{"delete_on_termination":"true","encrypted":"false","iops":"0","snapshot_id":"snap-0aa939e1d633aeeb1","volume_size":"8","volume_type":"gp2"},"no_device":"","virtual_name":""},{"device_name":"/dev/sdb","ebs":{},"no_device":"","virtual_name":"ephemeral0"},{"device_name":"/dev/sdc","ebs":{},"no_device":"","virtual_name":"ephemeral1"}],"creation_date":"2019-11-11T13:12:38.000Z","description":"Canonical, Ubuntu, 14.04 LTS, amd64 trusty image build on 2019-11-07","executable_users":null,"filter":[{"name":"name","values":["ubuntu/images/hvm-ssd/ubuntu-trusty-14.04-amd64-server-*"]},{"name":"virtualization-type","values":["hvm"]}],"hypervisor":"xen","id":"ami-005af4c3162f495fa","image_id":"ami-005af4c3162f495fa","image_location":"099720109477/ubuntu/images/hvm-ssd/ubuntu-trusty-14.04-amd64-server-20191107","image_owner_alias":null,"image_type":"machine","kernel_id":null,"most_recent":true,"name":"ubuntu/images/hvm-ssd/ubuntu-trusty-14.04-amd64-server-20191107","name_regex":null,"owner_id":"099720109477","owners":["099720109477"],"platform":null,"product_codes":[],"public":true,"ramdisk_id":null,"root_device_name":"/dev/sda1","root_device_type":"ebs","root_snapshot_id":"snap-0aa939e1d633aeeb1","sriov_net_support":"simple","state":"available","state_reason":{"code":"UNSET","message":"UNSET"},"tags":{},"virtualization_type":"hvm"}}]}}},"configuration":{"root_module":{"resources":[{"address":"aws_instance.test_instance","mode":"managed","type":"aws_instance","name":"test_instance","provider_config_key":"aws","expressions":{"ami":{"references":["data.aws_ami.ubuntu"]},"instance_type":{"constant_value":"t2.micro"},"vpc_security_group_ids":{"references":["aws_security_group.test_sg"]}},"schema_version":1},{"address":"aws_security_group.test_sg","mode":"managed","type":"aws_security_group","name":"test_sg","provider_config_key":"aws","expressions":{"description":{"constant_value":"Allow TLS inbound traffic"},"name":{"constant_value":"allow_tls"}},"schema_version":1},{"address":"data.aws_ami.ubuntu","mode":"data","type":"aws_ami","name":"ubuntu","provider_config_key":"aws","expressions":{"filter":[{"name":{"constant_value":"name"},"values":{"constant_value":["ubuntu/images/hvm-ssd/ubuntu-trusty-14.04-amd64-server-*"]}},{"name":{"constant_value":"virtualization-type"},"values":{"constant_value":["hvm"]}}],"most_recent":{"constant_value":true},"owners":{"constant_value":["099720109477"]}},"schema_version":0}]}}}
