{"format_version":"0.1","terraform_version":"0.13.5","planned_values":{"root_module":{"resources":[{"address":"azurerm_storage_account.example","mode":"managed","type":"azurerm_storage_account","name":"example","provider_name":"registry.terraform.io/hashicorp/azurerm","schema_version":2,"values":{"account_kind":"StorageV2","account_replication_type":"LRS","account_tier":"Standard","allow_blob_public_access":true,"custom_domain":[],"enable_https_traffic_only":true,"is_hns_enabled":false,"location":"eastus","min_tls_version":"TLS1_0","name":"mystorageacct","resource_group_name":"example","static_website":[],"tags":null,"timeouts":null}},{"address":"azurerm_storage_account.private","mode":"managed","type":"azurerm_storage_account","name":"private","provider_name":"registry.terraform.io/hashicorp/azurerm","schema_version":2,"values":{"account_kind":"StorageV2","account_replication_type":"LRS","account_tier":"Standard","allow_blob_public_access":false,"custom_domain":[],"enable_https_traffic_only":true,"is_hns_enabled":false,"location":"eastus","min_tls_version":"TLS1_0","name":"myprivatestorageacct","resource_group_name":"example","static_website":[],"tags":null,"timeouts":null}}]}},"resource_changes":[{"address":"azurerm_storage_account.example","mode":"managed","type":"azurerm_storage_account","name":"example","provider_name":"registry.terraform.io/hashicorp/azurerm","change":{"actions":["create"],"before":null,"after":{"account_kind":"StorageV2","account_replication_type":"LRS","account_tier":"Standard","allow_blob_public_access":true,"custom_domain":[],"enable_https_traffic_only":true,"is_hns_enabled":false,"location":"eastus","min_tls_version":"TLS1_0","name":"mystorageacct","resource_group_name":"example","static_website":[],"tags":null,"timeouts":null},"after_unknown":{"access_tier":true,"blob_properties":true,"custom_domain":[],"id":true,"identity":true,"large_file_share_enabled":true,"network_rules":true,"primary_access_key":true,"primary_blob_connection_string":true,"primary_blob_endpoint":true,"primary_blob_host":true,"primary_connection_string":true,"primary_dfs_endpoint":true,"primary_dfs_host":true,"primary_file_endpoint":true,"primary_file_host":true,"primary_location":true,"primary_queue_endpoint":true,"primary_queue_host":true,"primary_table_endpoint":true,"primary_table_host":true,"primary_web_endpoint":true,"primary_web_host":true,"queue_properties":true,"secondary_access_key":true,"secondary_blob_connection_string":true,"secondary_blob_endpoint":true,"secondary_blob_host":true,"secondary_connection_string":true,"secondary_dfs_endpoint":true,"secondary_dfs_host":true,"secondary_file_endpoint":true,"secondary_file_host":true,"secondary_location":true,"secondary_queue_endpoint":true,"secondary_queue_host":true,"secondary_table_endpoint":true,"secondary_table_host":true,"secondary_web_endpoint":true,"secondary_web_host":true,"static_website":[]}}},{"address":"azurerm_storage_account.private","mode":"managed","type":"azurerm_storage_account","name":"private","provider_name":"registry.terraform.io/hashicorp/azurerm","change":{"actions":["create"],"before":null,"after":{"account_kind":"StorageV2","account_replication_type":"LRS","account_tier":"Standard","allow_blob_public_access":false,"custom_domain":[],"enable_https_traffic_only":true,"is_hns_enabled":false,"location":"eastus","min_tls_version":"TLS1_0","name":"myprivatestorageacct","resource_group_name":"example","static_website":[],"tags":null,"timeouts":null},"after_unknown":{"access_tier":true,"blob_properties":true,"custom_domain":[],"id":true,"identity":true,"large_file_share_enabled":true,"network_rules":true,"primary_access_key":true,"primary_blob_connection_string":true,"primary_blob_endpoint":true,"primary_blob_host":true,"primary_connection_string":true,"primary_dfs_endpoint":true,"primary_dfs_host":true,"primary_file_endpoint":true,"primary_file_host":true,"primary_location":true,"primary_queue_endpoint":true,"primary_queue_host":true,"primary_table_endpoint":true,"primary_table_host":true,"primary_web_endpoint":true,"primary_web_host":true,"queue_properties":true,"secondary_access_key":true,"secondary_blob_connection_string":true,"secondary_blob_endpoint":true,"secondary_blob_host":true,"secondary_connection_string":true,"secondary_dfs_endpoint":true,"secondary_dfs_host":true,"secondary_file_endpoint":true,"secondary_file_host":true,"secondary_location":true,"secondary_queue_endpoint":true,"secondary_queue_host":true,"secondary_table_endpoint":true,"secondary_table_host":true,"secondary_web_endpoint":true,"secondary_web_host":true,"static_website":[]}}}],"configuration":{"provider_config":{"azurerm":{"name":"azurerm","expressions":{"features":[{}]}}},"root_module":{"resources":[{"address":"azurerm_storage_account.example","mode":"managed","type":"azurerm_storage_account","name":"example","provider_config_key":"azurerm","expressions":{"account_replication_type":{"constant_value":"LRS"},"account_tier":{"constant_value":"Standard"},"allow_blob_public_access":{"constant_value":true},"location":{"constant_value":"East US"},"name":{"constant_value":"mystorageacct"},"resource_group_name":{"constant_value":"example"}},"schema_version":2},{"address":"azurerm_storage_account.private","mode":"managed","type":"azurerm_storage_account","name":"private","provider_config_key":"azurerm","expressions":{"account_replication_type":{"constant_value":"LRS"},"account_tier":{"constant_value":"Standard"},"allow_blob_public_access":{"constant_value":false},"location":{"constant_value":"East US"},"name":{"constant_value":"myprivatestorageacct"},"resource_group_name":{"constant_value":"example"}},"schema_version":2}]}}}
