{"format_version":"0.1","terraform_version":"0.12.15","planned_values":{"root_module":{"resources":[{"address":"aws_s3_bucket.should_not_exist","mode":"managed","type":"aws_s3_bucket","name":"should_not_exist","provider_name":"aws","schema_version":0,"values":{"acl":"private","bucket":"something-else","bucket_prefix":null,"cors_rule":[],"force_destroy":false,"lifecycle_rule":[],"logging":[],"object_lock_configuration":[],"policy":null,"replication_configuration":[],"server_side_encryption_configuration":[],"tags":null,"website":[]}},{"address":"aws_ssm_parameter.should_exist","mode":"managed","type":"aws_ssm_parameter","name":"should_exist","provider_name":"aws","schema_version":0,"values":{"allowed_pattern":null,"description":null,"name":"something","overwrite":null,"tags":null,"tier":"Standard","type":"String","value":"something"}}]}},"resource_changes":[{"address":"aws_s3_bucket.should_not_exist","mode":"managed","type":"aws_s3_bucket","name":"should_not_exist","provider_name":"aws","change":{"actions":["create"],"before":null,"after":{"acl":"private","bucket":"something-else","bucket_prefix":null,"cors_rule":[],"force_destroy":false,"lifecycle_rule":[],"logging":[],"object_lock_configuration":[],"policy":null,"replication_configuration":[],"server_side_encryption_configuration":[],"tags":null,"website":[]},"after_unknown":{"acceleration_status":true,"arn":true,"bucket_domain_name":true,"bucket_regional_domain_name":true,"cors_rule":[],"hosted_zone_id":true,"id":true,"lifecycle_rule":[],"logging":[],"object_lock_configuration":[],"region":true,"replication_configuration":[],"request_payer":true,"server_side_encryption_configuration":[],"versioning":true,"website":[],"website_domain":true,"website_endpoint":true}}},{"address":"aws_ssm_parameter.should_exist","mode":"managed","type":"aws_ssm_parameter","name":"should_exist","provider_name":"aws","change":{"actions":["create"],"before":null,"after":{"allowed_pattern":null,"description":null,"name":"something","overwrite":null,"tags":null,"tier":"Standard","type":"String","value":"something"},"after_unknown":{"arn":true,"id":true,"key_id":true,"version":true}}}],"configuration":{"root_module":{"resources":[{"address":"aws_s3_bucket.should_not_exist","mode":"managed","type":"aws_s3_bucket","name":"should_not_exist","provider_config_key":"aws","expressions":{"bucket":{"constant_value":"something-else"}},"schema_version":0},{"address":"aws_ssm_parameter.should_exist","mode":"managed","type":"aws_ssm_parameter","name":"should_exist","provider_config_key":"aws","expressions":{"name":{"constant_value":"something"},"type":{"constant_value":"String"},"value":{"constant_value":"something"}},"schema_version":0}]}}}
