{"format_version":"0.1","terraform_version":"0.12.3","planned_values":{"root_module":{"resources":[{"address":"aws_elb.bar","mode":"managed","type":"aws_elb","name":"bar","provider_name":"aws","schema_version":0,"values":{"access_logs":[{"bucket":"foo","bucket_prefix":"bar","enabled":true,"interval":60}],"availability_zones":["us-west-2a","us-west-2b","us-west-2c"],"connection_draining":true,"connection_draining_timeout":400,"cross_zone_load_balancing":true,"health_check":[{"healthy_threshold":2,"interval":30,"target":"HTTP:8000/","timeout":3,"unhealthy_threshold":2}],"idle_timeout":400,"instances":["some_id"],"listener":[{"instance_port":8000,"instance_protocol":"http","lb_port":443,"lb_protocol":"https","ssl_certificate_id":"arn:aws:iam::123456789012:server-certificate/certName"},{"instance_port":8000,"instance_protocol":"http","lb_port":80,"lb_protocol":"http","ssl_certificate_id":""}],"name":"foobar-terraform-elb","name_prefix":null,"tags":{"Name":"foobar-terraform-elb"}}}]}},"resource_changes":[{"address":"aws_elb.bar","mode":"managed","type":"aws_elb","name":"bar","provider_name":"aws","change":{"actions":["create"],"before":null,"after":{"access_logs":[{"bucket":"foo","bucket_prefix":"bar","enabled":true,"interval":60}],"availability_zones":["us-west-2a","us-west-2b","us-west-2c"],"connection_draining":true,"connection_draining_timeout":400,"cross_zone_load_balancing":true,"health_check":[{"healthy_threshold":2,"interval":30,"target":"HTTP:8000/","timeout":3,"unhealthy_threshold":2}],"idle_timeout":400,"instances":["some_id"],"listener":[{"instance_port":8000,"instance_protocol":"http","lb_port":443,"lb_protocol":"https","ssl_certificate_id":"arn:aws:iam::123456789012:server-certificate/certName"},{"instance_port":8000,"instance_protocol":"http","lb_port":80,"lb_protocol":"http","ssl_certificate_id":""}],"name":"foobar-terraform-elb","name_prefix":null,"tags":{"Name":"foobar-terraform-elb"}},"after_unknown":{"access_logs":[{}],"arn":true,"availability_zones":[false,false,false],"dns_name":true,"health_check":[{}],"id":true,"instances":[false],"internal":true,"listener":[{},{}],"security_groups":true,"source_security_group":true,"source_security_group_id":true,"subnets":true,"tags":{},"zone_id":true}}}],"configuration":{"root_module":{"resources":[{"address":"aws_elb.bar","mode":"managed","type":"aws_elb","name":"bar","provider_config_key":"aws","expressions":{"access_logs":[{"bucket":{"constant_value":"foo"},"bucket_prefix":{"constant_value":"bar"},"interval":{"constant_value":60}}],"availability_zones":{"constant_value":["us-west-2a","us-west-2b","us-west-2c"]},"connection_draining":{"constant_value":true},"connection_draining_timeout":{"constant_value":400},"cross_zone_load_balancing":{"constant_value":true},"health_check":[{"healthy_threshold":{"constant_value":2},"interval":{"constant_value":30},"target":{"constant_value":"HTTP:8000/"},"timeout":{"constant_value":3},"unhealthy_threshold":{"constant_value":2}}],"idle_timeout":{"constant_value":400},"instances":{"constant_value":["some_id"]},"listener":[{"instance_port":{"constant_value":8000},"instance_protocol":{"constant_value":"http"},"lb_port":{"constant_value":80},"lb_protocol":{"constant_value":"http"}},{"instance_port":{"constant_value":8000},"instance_protocol":{"constant_value":"http"},"lb_port":{"constant_value":443},"lb_protocol":{"constant_value":"https"},"ssl_certificate_id":{"constant_value":"arn:aws:iam::123456789012:server-certificate/certName"}}],"name":{"constant_value":"foobar-terraform-elb"},"tags":{"constant_value":{"Name":"foobar-terraform-elb"}}},"schema_version":0}]}}}
