{"format_version":"0.1","terraform_version":"0.12.8","planned_values":{"root_module":{"resources":[{"address":"aws_ebs_volume.fail","mode":"managed","type":"aws_ebs_volume","name":"fail","provider_name":"aws","schema_version":0,"values":{"availability_zone":"eu-west-1","size":50,"tags":null}},{"address":"aws_ebs_volume.success","mode":"managed","type":"aws_ebs_volume","name":"success","provider_name":"aws","schema_version":0,"values":{"availability_zone":"eu-west-1","size":40,"tags":null}}]}},"resource_changes":[{"address":"aws_ebs_volume.fail","mode":"managed","type":"aws_ebs_volume","name":"fail","provider_name":"aws","change":{"actions":["create"],"before":null,"after":{"availability_zone":"eu-west-1","size":50,"tags":null},"after_unknown":{"arn":true,"encrypted":true,"id":true,"iops":true,"kms_key_id":true,"snapshot_id":true,"type":true}}},{"address":"aws_ebs_volume.success","mode":"managed","type":"aws_ebs_volume","name":"success","provider_name":"aws","change":{"actions":["create"],"before":null,"after":{"availability_zone":"eu-west-1","size":40,"tags":null},"after_unknown":{"arn":true,"encrypted":true,"id":true,"iops":true,"kms_key_id":true,"snapshot_id":true,"type":true}}}],"configuration":{"root_module":{"resources":[{"address":"aws_ebs_volume.fail","mode":"managed","type":"aws_ebs_volume","name":"fail","provider_config_key":"aws","expressions":{"availability_zone":{"constant_value":"eu-west-1"},"size":{"constant_value":50}},"schema_version":0},{"address":"aws_ebs_volume.success","mode":"managed","type":"aws_ebs_volume","name":"success","provider_config_key":"aws","expressions":{"availability_zone":{"constant_value":"eu-west-1"},"size":{"constant_value":40}},"schema_version":0}]}}}
