{"format_version":"0.1","terraform_version":"0.12.18","planned_values":{"root_module":{"resources":[{"address":"aws_security_group.elb","mode":"managed","type":"aws_security_group","name":"elb","provider_name":"aws","schema_version":1,"values":{"description":"Managed by Terraform","egress":[{"cidr_blocks":["0.0.0.0/0"],"description":"","from_port":0,"ipv6_cidr_blocks":[],"prefix_list_ids":[],"protocol":"-1","security_groups":[],"self":false,"to_port":0}],"ingress":[{"cidr_blocks":["10.0.0.0/8"],"description":"","from_port":80,"ipv6_cidr_blocks":[],"prefix_list_ids":[],"protocol":"tcp","security_groups":[],"self":false,"to_port":80}],"name":"Terraform-example-elb","name_prefix":null,"revoke_rules_on_delete":false,"tags":{"BusinessUnit":"IT","Name":"allow_all","role":"sgrole"},"timeouts":null}},{"address":"aws_security_group_rule.elb-ingress-ssh","mode":"managed","type":"aws_security_group_rule","name":"elb-ingress-ssh","provider_name":"aws","schema_version":2,"values":{"cidr_blocks":["0.0.0.0/0"],"description":null,"from_port":22,"ipv6_cidr_blocks":null,"prefix_list_ids":null,"protocol":"tcp","self":false,"to_port":22,"type":"ingress"}}],"child_modules":[{"resources":[{"address":"module.mysg.aws_security_group.alb","mode":"managed","type":"aws_security_group","name":"alb","provider_name":"aws","schema_version":1,"values":{"description":"Managed by Terraform","ingress":[{"cidr_blocks":["10.0.0.0/8"],"description":"","from_port":80,"ipv6_cidr_blocks":[],"prefix_list_ids":[],"protocol":"tcp","security_groups":[],"self":false,"to_port":80}],"name":"submodule-sg","name_prefix":null,"revoke_rules_on_delete":false,"tags":null,"timeouts":null,"vpc_id":"vpc-12345"}}],"address":"module.mysg"}]}},"resource_changes":[{"address":"aws_security_group.elb","mode":"managed","type":"aws_security_group","name":"elb","provider_name":"aws","change":{"actions":["create"],"before":null,"after":{"description":"Managed by Terraform","egress":[{"cidr_blocks":["0.0.0.0/0"],"description":"","from_port":0,"ipv6_cidr_blocks":[],"prefix_list_ids":[],"protocol":"-1","security_groups":[],"self":false,"to_port":0}],"ingress":[{"cidr_blocks":["10.0.0.0/8"],"description":"","from_port":80,"ipv6_cidr_blocks":[],"prefix_list_ids":[],"protocol":"tcp","security_groups":[],"self":false,"to_port":80}],"name":"Terraform-example-elb","name_prefix":null,"revoke_rules_on_delete":false,"tags":{"BusinessUnit":"IT","Name":"allow_all","role":"sgrole"},"timeouts":null},"after_unknown":{"arn":true,"egress":[{"cidr_blocks":[false],"ipv6_cidr_blocks":[],"prefix_list_ids":[],"security_groups":[]}],"id":true,"ingress":[{"cidr_blocks":[false],"ipv6_cidr_blocks":[],"prefix_list_ids":[],"security_groups":[]}],"owner_id":true,"tags":{},"vpc_id":true}}},{"address":"aws_security_group_rule.elb-ingress-ssh","mode":"managed","type":"aws_security_group_rule","name":"elb-ingress-ssh","provider_name":"aws","change":{"actions":["create"],"before":null,"after":{"cidr_blocks":["0.0.0.0/0"],"description":null,"from_port":22,"ipv6_cidr_blocks":null,"prefix_list_ids":null,"protocol":"tcp","self":false,"to_port":22,"type":"ingress"},"after_unknown":{"cidr_blocks":[false],"id":true,"security_group_id":true,"source_security_group_id":true}}},{"address":"module.mysg.aws_security_group.alb","module_address":"module.mysg","mode":"managed","type":"aws_security_group","name":"alb","provider_name":"aws","change":{"actions":["create"],"before":null,"after":{"description":"Managed by Terraform","ingress":[{"cidr_blocks":["10.0.0.0/8"],"description":"","from_port":80,"ipv6_cidr_blocks":[],"prefix_list_ids":[],"protocol":"tcp","security_groups":[],"self":false,"to_port":80}],"name":"submodule-sg","name_prefix":null,"revoke_rules_on_delete":false,"tags":null,"timeouts":null,"vpc_id":"vpc-12345"},"after_unknown":{"arn":true,"egress":true,"id":true,"ingress":[{"cidr_blocks":[false],"ipv6_cidr_blocks":[],"prefix_list_ids":[],"security_groups":[]}],"owner_id":true}}}],"configuration":{"provider_config":{"aws":{"name":"aws","expressions":{"region":{"constant_value":"us-east-1"}}}},"root_module":{"resources":[{"address":"aws_security_group.elb","mode":"managed","type":"aws_security_group","name":"elb","provider_config_key":"aws","expressions":{"name":{"constant_value":"Terraform-example-elb"},"tags":{"constant_value":{"BusinessUnit":"IT","Name":"allow_all","role":"sgrole"}}},"schema_version":1},{"address":"aws_security_group_rule.elb-ingress-ssh","mode":"managed","type":"aws_security_group_rule","name":"elb-ingress-ssh","provider_config_key":"aws","expressions":{"cidr_blocks":{"constant_value":["0.0.0.0/0"]},"from_port":{"constant_value":22},"protocol":{"constant_value":"tcp"},"security_group_id":{"references":["module.mysg.sg_id"]},"to_port":{"constant_value":22},"type":{"constant_value":"ingress"}},"schema_version":2}],"module_calls":{"mysg":{"source":"./modules/secgroup","module":{"outputs":{"sg_id":{"expression":{"references":["aws_security_group.alb"]}}},"resources":[{"address":"aws_security_group.alb","mode":"managed","type":"aws_security_group","name":"alb","provider_config_key":"mysg:aws","expressions":{"name":{"constant_value":"submodule-sg"},"vpc_id":{"constant_value":"vpc-12345"}},"schema_version":1}]}}}}}}
