{"format_version":"0.1","terraform_version":"0.12.25","planned_values":{"root_module":{"resources":[{"address":"aws_cloudwatch_log_group.example1","mode":"managed","type":"aws_cloudwatch_log_group","name":"example1","provider_name":"aws","schema_version":0,"values":{"kms_key_id":null,"name":"/aws/lambda/lambda_function_name1","name_prefix":null,"retention_in_days":90,"tags":null}},{"address":"aws_cloudwatch_log_group.example2","mode":"managed","type":"aws_cloudwatch_log_group","name":"example2","provider_name":"aws","schema_version":0,"values":{"kms_key_id":null,"name":"/aws/lambda/lambda_function_name2","name_prefix":null,"retention_in_days":90,"tags":null}},{"address":"aws_cloudwatch_log_group.example3","mode":"managed","type":"aws_cloudwatch_log_group","name":"example3","provider_name":"aws","schema_version":0,"values":{"kms_key_id":null,"name":"/aws/lambda/lambda_function_name3","name_prefix":null,"retention_in_days":90,"tags":null}},{"address":"aws_cloudwatch_log_group.example4","mode":"managed","type":"aws_cloudwatch_log_group","name":"example4","provider_name":"aws","schema_version":0,"values":{"kms_key_id":null,"name":"/aws/lambda/lambda_function_name4","name_prefix":null,"retention_in_days":90,"tags":null}},{"address":"aws_iam_role.iam_for_lambda1","mode":"managed","type":"aws_iam_role","name":"iam_for_lambda1","provider_name":"aws","schema_version":0,"values":{"assume_role_policy":"{\n  \"Version\": \"2012-10-17\",\n  \"Statement\": [\n    {\n      \"Action\": \"sts:AssumeRole\",\n      \"Principal\": {\n        \"Service\": \"lambda.amazonaws.com\"\n      },\n      \"Effect\": \"Allow\",\n      \"Sid\": \"\"\n    }\n  ]\n}\n","description":null,"force_detach_policies":false,"max_session_duration":3600,"name":"iam_for_lambda","name_prefix":null,"path":"/","permissions_boundary":null,"tags":null}},{"address":"aws_iam_role.iam_for_lambda2","mode":"managed","type":"aws_iam_role","name":"iam_for_lambda2","provider_name":"aws","schema_version":0,"values":{"assume_role_policy":"{\n  \"Version\": \"2012-10-17\",\n  \"Statement\": [\n    {\n      \"Action\": \"sts:AssumeRole\",\n      \"Principal\": {\n        \"Service\": \"lambda.amazonaws.com\"\n      },\n      \"Effect\": \"Allow\",\n      \"Sid\": \"\"\n    }\n  ]\n}\n","description":null,"force_detach_policies":false,"max_session_duration":3600,"name":"iam_for_lambda","name_prefix":null,"path":"/","permissions_boundary":null,"tags":null}},{"address":"aws_iam_role.iam_for_lambda3","mode":"managed","type":"aws_iam_role","name":"iam_for_lambda3","provider_name":"aws","schema_version":0,"values":{"assume_role_policy":"{\n  \"Version\": \"2012-10-17\",\n  \"Statement\": [\n    {\n      \"Action\": \"sts:AssumeRole\",\n      \"Principal\": {\n        \"Service\": \"lambda.amazonaws.com\"\n      },\n      \"Effect\": \"Allow\",\n      \"Sid\": \"\"\n    }\n  ]\n}\n","description":null,"force_detach_policies":false,"max_session_duration":3600,"name":"iam_for_lambda","name_prefix":null,"path":"/","permissions_boundary":null,"tags":null}},{"address":"aws_iam_role.iam_for_lambda4","mode":"managed","type":"aws_iam_role","name":"iam_for_lambda4","provider_name":"aws","schema_version":0,"values":{"assume_role_policy":"{\n  \"Version\": \"2012-10-17\",\n  \"Statement\": [\n    {\n      \"Action\": \"sts:AssumeRole\",\n      \"Principal\": {\n        \"Service\": \"lambda.amazonaws.com\"\n      },\n      \"Effect\": \"Allow\",\n      \"Sid\": \"\"\n    }\n  ]\n}\n","description":null,"force_detach_policies":false,"max_session_duration":3600,"name":"iam_for_lambda","name_prefix":null,"path":"/","permissions_boundary":null,"tags":null}},{"address":"aws_lambda_function.test_lambda1","mode":"managed","type":"aws_lambda_function","name":"test_lambda1","provider_name":"aws","schema_version":0,"values":{"dead_letter_config":[],"description":null,"environment":[],"file_system_config":[],"filename":null,"function_name":"lambda_function_name1","handler":"exports.test","kms_key_arn":null,"layers":null,"memory_size":128,"publish":false,"reserved_concurrent_executions":-1,"role":"aws_iam_role.iam_for_lambda.arn","runtime":"nodejs12.x","s3_bucket":null,"s3_key":null,"s3_object_version":null,"tags":null,"timeout":3,"timeouts":null,"vpc_config":[]}},{"address":"aws_lambda_function.test_lambda2","mode":"managed","type":"aws_lambda_function","name":"test_lambda2","provider_name":"aws","schema_version":0,"values":{"dead_letter_config":[],"description":null,"environment":[],"file_system_config":[],"filename":null,"function_name":"lambda_function_name2","handler":"exports.test","kms_key_arn":null,"layers":null,"memory_size":128,"publish":false,"reserved_concurrent_executions":-1,"role":"aws_iam_role.iam_for_lambda.arn","runtime":"nodejs12.x","s3_bucket":null,"s3_key":null,"s3_object_version":null,"tags":null,"timeout":3,"timeouts":null,"vpc_config":[]}},{"address":"aws_lambda_function.test_lambda3","mode":"managed","type":"aws_lambda_function","name":"test_lambda3","provider_name":"aws","schema_version":0,"values":{"dead_letter_config":[],"description":null,"environment":[],"file_system_config":[],"filename":null,"function_name":"lambda_function_name3","handler":"exports.test","kms_key_arn":null,"layers":null,"memory_size":128,"publish":false,"reserved_concurrent_executions":-1,"role":"aws_iam_role.iam_for_lambda.arn","runtime":"nodejs12.x","s3_bucket":null,"s3_key":null,"s3_object_version":null,"tags":null,"timeout":3,"timeouts":null,"vpc_config":[]}},{"address":"aws_lambda_function.test_lambda4","mode":"managed","type":"aws_lambda_function","name":"test_lambda4","provider_name":"aws","schema_version":0,"values":{"dead_letter_config":[],"description":null,"environment":[],"file_system_config":[],"filename":null,"function_name":"lambda_function_name4","handler":"exports.test","kms_key_arn":null,"layers":null,"memory_size":128,"publish":false,"reserved_concurrent_executions":-1,"role":"aws_iam_role.iam_for_lambda.arn","runtime":"nodejs12.x","s3_bucket":null,"s3_key":null,"s3_object_version":null,"tags":null,"timeout":3,"timeouts":null,"vpc_config":[]}}]}},"resource_changes":[{"address":"aws_cloudwatch_log_group.example1","mode":"managed","type":"aws_cloudwatch_log_group","name":"example1","provider_name":"aws","change":{"actions":["create"],"before":null,"after":{"kms_key_id":null,"name":"/aws/lambda/lambda_function_name1","name_prefix":null,"retention_in_days":90,"tags":null},"after_unknown":{"arn":true,"id":true}}},{"address":"aws_cloudwatch_log_group.example2","mode":"managed","type":"aws_cloudwatch_log_group","name":"example2","provider_name":"aws","change":{"actions":["create"],"before":null,"after":{"kms_key_id":null,"name":"/aws/lambda/lambda_function_name2","name_prefix":null,"retention_in_days":90,"tags":null},"after_unknown":{"arn":true,"id":true}}},{"address":"aws_cloudwatch_log_group.example3","mode":"managed","type":"aws_cloudwatch_log_group","name":"example3","provider_name":"aws","change":{"actions":["create"],"before":null,"after":{"kms_key_id":null,"name":"/aws/lambda/lambda_function_name3","name_prefix":null,"retention_in_days":90,"tags":null},"after_unknown":{"arn":true,"id":true}}},{"address":"aws_cloudwatch_log_group.example4","mode":"managed","type":"aws_cloudwatch_log_group","name":"example4","provider_name":"aws","change":{"actions":["create"],"before":null,"after":{"kms_key_id":null,"name":"/aws/lambda/lambda_function_name4","name_prefix":null,"retention_in_days":90,"tags":null},"after_unknown":{"arn":true,"id":true}}},{"address":"aws_iam_role.iam_for_lambda1","mode":"managed","type":"aws_iam_role","name":"iam_for_lambda1","provider_name":"aws","change":{"actions":["create"],"before":null,"after":{"assume_role_policy":"{\n  \"Version\": \"2012-10-17\",\n  \"Statement\": [\n    {\n      \"Action\": \"sts:AssumeRole\",\n      \"Principal\": {\n        \"Service\": \"lambda.amazonaws.com\"\n      },\n      \"Effect\": \"Allow\",\n      \"Sid\": \"\"\n    }\n  ]\n}\n","description":null,"force_detach_policies":false,"max_session_duration":3600,"name":"iam_for_lambda","name_prefix":null,"path":"/","permissions_boundary":null,"tags":null},"after_unknown":{"arn":true,"create_date":true,"id":true,"unique_id":true}}},{"address":"aws_iam_role.iam_for_lambda2","mode":"managed","type":"aws_iam_role","name":"iam_for_lambda2","provider_name":"aws","change":{"actions":["create"],"before":null,"after":{"assume_role_policy":"{\n  \"Version\": \"2012-10-17\",\n  \"Statement\": [\n    {\n      \"Action\": \"sts:AssumeRole\",\n      \"Principal\": {\n        \"Service\": \"lambda.amazonaws.com\"\n      },\n      \"Effect\": \"Allow\",\n      \"Sid\": \"\"\n    }\n  ]\n}\n","description":null,"force_detach_policies":false,"max_session_duration":3600,"name":"iam_for_lambda","name_prefix":null,"path":"/","permissions_boundary":null,"tags":null},"after_unknown":{"arn":true,"create_date":true,"id":true,"unique_id":true}}},{"address":"aws_iam_role.iam_for_lambda3","mode":"managed","type":"aws_iam_role","name":"iam_for_lambda3","provider_name":"aws","change":{"actions":["create"],"before":null,"after":{"assume_role_policy":"{\n  \"Version\": \"2012-10-17\",\n  \"Statement\": [\n    {\n      \"Action\": \"sts:AssumeRole\",\n      \"Principal\": {\n        \"Service\": \"lambda.amazonaws.com\"\n      },\n      \"Effect\": \"Allow\",\n      \"Sid\": \"\"\n    }\n  ]\n}\n","description":null,"force_detach_policies":false,"max_session_duration":3600,"name":"iam_for_lambda","name_prefix":null,"path":"/","permissions_boundary":null,"tags":null},"after_unknown":{"arn":true,"create_date":true,"id":true,"unique_id":true}}},{"address":"aws_iam_role.iam_for_lambda4","mode":"managed","type":"aws_iam_role","name":"iam_for_lambda4","provider_name":"aws","change":{"actions":["create"],"before":null,"after":{"assume_role_policy":"{\n  \"Version\": \"2012-10-17\",\n  \"Statement\": [\n    {\n      \"Action\": \"sts:AssumeRole\",\n      \"Principal\": {\n        \"Service\": \"lambda.amazonaws.com\"\n      },\n      \"Effect\": \"Allow\",\n      \"Sid\": \"\"\n    }\n  ]\n}\n","description":null,"force_detach_policies":false,"max_session_duration":3600,"name":"iam_for_lambda","name_prefix":null,"path":"/","permissions_boundary":null,"tags":null},"after_unknown":{"arn":true,"create_date":true,"id":true,"unique_id":true}}},{"address":"aws_lambda_function.test_lambda1","mode":"managed","type":"aws_lambda_function","name":"test_lambda1","provider_name":"aws","change":{"actions":["create"],"before":null,"after":{"dead_letter_config":[],"description":null,"environment":[],"file_system_config":[],"filename":null,"function_name":"lambda_function_name1","handler":"exports.test","kms_key_arn":null,"layers":null,"memory_size":128,"publish":false,"reserved_concurrent_executions":-1,"role":"aws_iam_role.iam_for_lambda.arn","runtime":"nodejs12.x","s3_bucket":null,"s3_key":null,"s3_object_version":null,"tags":null,"timeout":3,"timeouts":null,"vpc_config":[]},"after_unknown":{"arn":true,"dead_letter_config":[],"environment":[],"file_system_config":[],"id":true,"invoke_arn":true,"last_modified":true,"qualified_arn":true,"source_code_hash":true,"source_code_size":true,"tracing_config":true,"version":true,"vpc_config":[]}}},{"address":"aws_lambda_function.test_lambda2","mode":"managed","type":"aws_lambda_function","name":"test_lambda2","provider_name":"aws","change":{"actions":["create"],"before":null,"after":{"dead_letter_config":[],"description":null,"environment":[],"file_system_config":[],"filename":null,"function_name":"lambda_function_name2","handler":"exports.test","kms_key_arn":null,"layers":null,"memory_size":128,"publish":false,"reserved_concurrent_executions":-1,"role":"aws_iam_role.iam_for_lambda.arn","runtime":"nodejs12.x","s3_bucket":null,"s3_key":null,"s3_object_version":null,"tags":null,"timeout":3,"timeouts":null,"vpc_config":[]},"after_unknown":{"arn":true,"dead_letter_config":[],"environment":[],"file_system_config":[],"id":true,"invoke_arn":true,"last_modified":true,"qualified_arn":true,"source_code_hash":true,"source_code_size":true,"tracing_config":true,"version":true,"vpc_config":[]}}},{"address":"aws_lambda_function.test_lambda3","mode":"managed","type":"aws_lambda_function","name":"test_lambda3","provider_name":"aws","change":{"actions":["create"],"before":null,"after":{"dead_letter_config":[],"description":null,"environment":[],"file_system_config":[],"filename":null,"function_name":"lambda_function_name3","handler":"exports.test","kms_key_arn":null,"layers":null,"memory_size":128,"publish":false,"reserved_concurrent_executions":-1,"role":"aws_iam_role.iam_for_lambda.arn","runtime":"nodejs12.x","s3_bucket":null,"s3_key":null,"s3_object_version":null,"tags":null,"timeout":3,"timeouts":null,"vpc_config":[]},"after_unknown":{"arn":true,"dead_letter_config":[],"environment":[],"file_system_config":[],"id":true,"invoke_arn":true,"last_modified":true,"qualified_arn":true,"source_code_hash":true,"source_code_size":true,"tracing_config":true,"version":true,"vpc_config":[]}}},{"address":"aws_lambda_function.test_lambda4","mode":"managed","type":"aws_lambda_function","name":"test_lambda4","provider_name":"aws","change":{"actions":["create"],"before":null,"after":{"dead_letter_config":[],"description":null,"environment":[],"file_system_config":[],"filename":null,"function_name":"lambda_function_name4","handler":"exports.test","kms_key_arn":null,"layers":null,"memory_size":128,"publish":false,"reserved_concurrent_executions":-1,"role":"aws_iam_role.iam_for_lambda.arn","runtime":"nodejs12.x","s3_bucket":null,"s3_key":null,"s3_object_version":null,"tags":null,"timeout":3,"timeouts":null,"vpc_config":[]},"after_unknown":{"arn":true,"dead_letter_config":[],"environment":[],"file_system_config":[],"id":true,"invoke_arn":true,"last_modified":true,"qualified_arn":true,"source_code_hash":true,"source_code_size":true,"tracing_config":true,"version":true,"vpc_config":[]}}}],"configuration":{"root_module":{"resources":[{"address":"aws_cloudwatch_log_group.example1","mode":"managed","type":"aws_cloudwatch_log_group","name":"example1","provider_config_key":"aws","expressions":{"name":{"constant_value":"/aws/lambda/lambda_function_name1"},"retention_in_days":{"constant_value":90}},"schema_version":0},{"address":"aws_cloudwatch_log_group.example2","mode":"managed","type":"aws_cloudwatch_log_group","name":"example2","provider_config_key":"aws","expressions":{"name":{"constant_value":"/aws/lambda/lambda_function_name2"},"retention_in_days":{"constant_value":90}},"schema_version":0},{"address":"aws_cloudwatch_log_group.example3","mode":"managed","type":"aws_cloudwatch_log_group","name":"example3","provider_config_key":"aws","expressions":{"name":{"constant_value":"/aws/lambda/lambda_function_name3"},"retention_in_days":{"constant_value":90}},"schema_version":0},{"address":"aws_cloudwatch_log_group.example4","mode":"managed","type":"aws_cloudwatch_log_group","name":"example4","provider_config_key":"aws","expressions":{"name":{"constant_value":"/aws/lambda/lambda_function_name4"},"retention_in_days":{"constant_value":90}},"schema_version":0},{"address":"aws_iam_role.iam_for_lambda1","mode":"managed","type":"aws_iam_role","name":"iam_for_lambda1","provider_config_key":"aws","expressions":{"assume_role_policy":{"constant_value":"{\n  \"Version\": \"2012-10-17\",\n  \"Statement\": [\n    {\n      \"Action\": \"sts:AssumeRole\",\n      \"Principal\": {\n        \"Service\": \"lambda.amazonaws.com\"\n      },\n      \"Effect\": \"Allow\",\n      \"Sid\": \"\"\n    }\n  ]\n}\n"},"name":{"constant_value":"iam_for_lambda"}},"schema_version":0},{"address":"aws_iam_role.iam_for_lambda2","mode":"managed","type":"aws_iam_role","name":"iam_for_lambda2","provider_config_key":"aws","expressions":{"assume_role_policy":{"constant_value":"{\n  \"Version\": \"2012-10-17\",\n  \"Statement\": [\n    {\n      \"Action\": \"sts:AssumeRole\",\n      \"Principal\": {\n        \"Service\": \"lambda.amazonaws.com\"\n      },\n      \"Effect\": \"Allow\",\n      \"Sid\": \"\"\n    }\n  ]\n}\n"},"name":{"constant_value":"iam_for_lambda"}},"schema_version":0},{"address":"aws_iam_role.iam_for_lambda3","mode":"managed","type":"aws_iam_role","name":"iam_for_lambda3","provider_config_key":"aws","expressions":{"assume_role_policy":{"constant_value":"{\n  \"Version\": \"2012-10-17\",\n  \"Statement\": [\n    {\n      \"Action\": \"sts:AssumeRole\",\n      \"Principal\": {\n        \"Service\": \"lambda.amazonaws.com\"\n      },\n      \"Effect\": \"Allow\",\n      \"Sid\": \"\"\n    }\n  ]\n}\n"},"name":{"constant_value":"iam_for_lambda"}},"schema_version":0},{"address":"aws_iam_role.iam_for_lambda4","mode":"managed","type":"aws_iam_role","name":"iam_for_lambda4","provider_config_key":"aws","expressions":{"assume_role_policy":{"constant_value":"{\n  \"Version\": \"2012-10-17\",\n  \"Statement\": [\n    {\n      \"Action\": \"sts:AssumeRole\",\n      \"Principal\": {\n        \"Service\": \"lambda.amazonaws.com\"\n      },\n      \"Effect\": \"Allow\",\n      \"Sid\": \"\"\n    }\n  ]\n}\n"},"name":{"constant_value":"iam_for_lambda"}},"schema_version":0},{"address":"aws_lambda_function.test_lambda1","mode":"managed","type":"aws_lambda_function","name":"test_lambda1","provider_config_key":"aws","expressions":{"function_name":{"constant_value":"lambda_function_name1"},"handler":{"constant_value":"exports.test"},"role":{"constant_value":"aws_iam_role.iam_for_lambda.arn"},"runtime":{"constant_value":"nodejs12.x"}},"schema_version":0,"depends_on":["aws_cloudwatch_log_group.example1"]},{"address":"aws_lambda_function.test_lambda2","mode":"managed","type":"aws_lambda_function","name":"test_lambda2","provider_config_key":"aws","expressions":{"function_name":{"constant_value":"lambda_function_name2"},"handler":{"constant_value":"exports.test"},"role":{"constant_value":"aws_iam_role.iam_for_lambda.arn"},"runtime":{"constant_value":"nodejs12.x"}},"schema_version":0,"depends_on":["aws_cloudwatch_log_group.example2"]},{"address":"aws_lambda_function.test_lambda3","mode":"managed","type":"aws_lambda_function","name":"test_lambda3","provider_config_key":"aws","expressions":{"function_name":{"constant_value":"lambda_function_name3"},"handler":{"constant_value":"exports.test"},"role":{"constant_value":"aws_iam_role.iam_for_lambda.arn"},"runtime":{"constant_value":"nodejs12.x"}},"schema_version":0,"depends_on":["aws_cloudwatch_log_group.example3"]},{"address":"aws_lambda_function.test_lambda4","mode":"managed","type":"aws_lambda_function","name":"test_lambda4","provider_config_key":"aws","expressions":{"function_name":{"constant_value":"lambda_function_name4"},"handler":{"constant_value":"exports.test"},"role":{"constant_value":"aws_iam_role.iam_for_lambda.arn"},"runtime":{"constant_value":"nodejs12.x"}},"schema_version":0,"depends_on":["aws_cloudwatch_log_group.example4"]}]}}}
