{"format_version":"0.1","terraform_version":"0.13.5","planned_values":{"root_module":{"resources":[{"address":"aws_rds_cluster.db_cluster","mode":"managed","type":"aws_rds_cluster","name":"db_cluster","provider_name":"registry.terraform.io/hashicorp/aws","schema_version":0,"values":{"allow_major_version_upgrade":null,"backtrack_window":null,"backup_retention_period":1,"cluster_identifier":"aurora-cluster-demo","copy_tags_to_snapshot":false,"database_name":"mydb","deletion_protection":null,"enable_http_endpoint":false,"enabled_cloudwatch_logs_exports":null,"engine":"aurora-postgresql","engine_mode":"provisioned","final_snapshot_identifier":null,"global_cluster_identifier":null,"iam_database_authentication_enabled":null,"iam_roles":null,"master_password":"nothing","master_username":"postgres","replication_source_identifier":null,"restore_to_point_in_time":[],"s3_import":[],"scaling_configuration":[],"skip_final_snapshot":false,"snapshot_identifier":null,"source_region":null,"tags":null,"timeouts":null}}]}},"resource_changes":[{"address":"aws_rds_cluster.db_cluster","mode":"managed","type":"aws_rds_cluster","name":"db_cluster","provider_name":"registry.terraform.io/hashicorp/aws","change":{"actions":["create"],"before":null,"after":{"allow_major_version_upgrade":null,"backtrack_window":null,"backup_retention_period":1,"cluster_identifier":"aurora-cluster-demo","copy_tags_to_snapshot":false,"database_name":"mydb","deletion_protection":null,"enable_http_endpoint":false,"enabled_cloudwatch_logs_exports":null,"engine":"aurora-postgresql","engine_mode":"provisioned","final_snapshot_identifier":null,"global_cluster_identifier":null,"iam_database_authentication_enabled":null,"iam_roles":null,"master_password":"nothing","master_username":"postgres","replication_source_identifier":null,"restore_to_point_in_time":[],"s3_import":[],"scaling_configuration":[],"skip_final_snapshot":false,"snapshot_identifier":null,"source_region":null,"tags":null,"timeouts":null},"after_unknown":{"apply_immediately":true,"arn":true,"availability_zones":true,"cluster_identifier_prefix":true,"cluster_members":true,"cluster_resource_id":true,"db_cluster_parameter_group_name":true,"db_subnet_group_name":true,"endpoint":true,"engine_version":true,"hosted_zone_id":true,"id":true,"kms_key_id":true,"port":true,"preferred_backup_window":true,"preferred_maintenance_window":true,"reader_endpoint":true,"restore_to_point_in_time":[],"s3_import":[],"scaling_configuration":[],"storage_encrypted":true,"vpc_security_group_ids":true}}}],"configuration":{"provider_config":{"aws":{"name":"aws","expressions":{"region":{"constant_value":"us-east-1"}}}},"root_module":{"resources":[{"address":"aws_rds_cluster.db_cluster","mode":"managed","type":"aws_rds_cluster","name":"db_cluster","provider_config_key":"aws","expressions":{"cluster_identifier":{"constant_value":"aurora-cluster-demo"},"database_name":{"constant_value":"mydb"},"engine":{"constant_value":"aurora-postgresql"},"kms_key_id":{"constant_value":null},"master_password":{"constant_value":"nothing"},"master_username":{"constant_value":"postgres"}},"schema_version":0}]}}}
