{"format_version":"0.1","terraform_version":"0.15.4","planned_values":{"root_module":{"child_modules":[{"address":"module.first_layer","child_modules":[{"address":"module.first_layer.module.second_layer","child_modules":[{"resources":[{"address":"module.first_layer.module.second_layer.module.third_layer.aws_s3_bucket.test","mode":"managed","type":"aws_s3_bucket","name":"test","provider_name":"registry.terraform.io/hashicorp/aws","schema_version":0,"values":{"acl":"private","bucket":"some-test-bucket-name","bucket_prefix":null,"cors_rule":[],"force_destroy":false,"grant":[],"lifecycle_rule":[],"logging":[],"object_lock_configuration":[],"policy":null,"replication_configuration":[],"server_side_encryption_configuration":[],"tags":null,"website":[]}},{"address":"module.first_layer.module.second_layer.module.third_layer.aws_s3_bucket_public_access_block.test","mode":"managed","type":"aws_s3_bucket_public_access_block","name":"test","provider_name":"registry.terraform.io/hashicorp/aws","schema_version":0,"values":{"block_public_acls":true,"block_public_policy":true,"bucket":"some-test-bucket-name","ignore_public_acls":true,"restrict_public_buckets":true}}],"address":"module.first_layer.module.second_layer.module.third_layer"}]}]}]}},"resource_changes":[{"address":"module.first_layer.module.second_layer.module.third_layer.aws_s3_bucket.test","module_address":"module.first_layer.module.second_layer.module.third_layer","mode":"managed","type":"aws_s3_bucket","name":"test","provider_name":"registry.terraform.io/hashicorp/aws","change":{"actions":["create"],"before":null,"after":{"acl":"private","bucket":"some-test-bucket-name","bucket_prefix":null,"cors_rule":[],"force_destroy":false,"grant":[],"lifecycle_rule":[],"logging":[],"object_lock_configuration":[],"policy":null,"replication_configuration":[],"server_side_encryption_configuration":[],"tags":null,"website":[]},"after_unknown":{"acceleration_status":true,"arn":true,"bucket_domain_name":true,"bucket_regional_domain_name":true,"cors_rule":[],"grant":[],"hosted_zone_id":true,"id":true,"lifecycle_rule":[],"logging":[],"object_lock_configuration":[],"region":true,"replication_configuration":[],"request_payer":true,"server_side_encryption_configuration":[],"tags_all":true,"versioning":true,"website":[],"website_domain":true,"website_endpoint":true},"before_sensitive":false,"after_sensitive":{"cors_rule":[],"grant":[],"lifecycle_rule":[],"logging":[],"object_lock_configuration":[],"replication_configuration":[],"server_side_encryption_configuration":[],"tags_all":{},"versioning":[],"website":[]}}},{"address":"module.first_layer.module.second_layer.module.third_layer.aws_s3_bucket_public_access_block.test","module_address":"module.first_layer.module.second_layer.module.third_layer","mode":"managed","type":"aws_s3_bucket_public_access_block","name":"test","provider_name":"registry.terraform.io/hashicorp/aws","change":{"actions":["create"],"before":null,"after":{"block_public_acls":true,"block_public_policy":true,"bucket":"some-test-bucket-name","ignore_public_acls":true,"restrict_public_buckets":true},"after_unknown":{"id":true},"before_sensitive":false,"after_sensitive":{}}}],"configuration":{"provider_config":{"aws":{"name":"aws","expressions":{"region":{"constant_value":"eu-west-1"}}}},"root_module":{"module_calls":{"first_layer":{"source":"./module1","module":{"module_calls":{"second_layer":{"source":"./module2","module":{"module_calls":{"third_layer":{"source":"./module3","module":{"resources":[{"address":"aws_s3_bucket.test","mode":"managed","type":"aws_s3_bucket","name":"test","provider_config_key":"third_layer:aws","expressions":{"bucket":{"constant_value":"some-test-bucket-name"}},"schema_version":0},{"address":"aws_s3_bucket_public_access_block.test","mode":"managed","type":"aws_s3_bucket_public_access_block","name":"test","provider_config_key":"third_layer:aws","expressions":{"block_public_acls":{"constant_value":true},"block_public_policy":{"constant_value":true},"bucket":{"references":["aws_s3_bucket.test"]},"ignore_public_acls":{"constant_value":true},"restrict_public_buckets":{"constant_value":true}},"schema_version":0}]}}}}}}}}}}}}
