{"format_version":"0.1","terraform_version":"0.15.5","planned_values":{"root_module":{"child_modules":[{"resources":[{"address":"module.test2.aws_s3_bucket.test[\"a\"]","mode":"managed","type":"aws_s3_bucket","name":"test","index":"a","provider_name":"registry.terraform.io/hashicorp/aws","schema_version":0,"values":{"acl":"private","bucket":"test-bucket","bucket_prefix":null,"cors_rule":[],"force_destroy":false,"grant":[],"lifecycle_rule":[],"logging":[],"object_lock_configuration":[],"policy":null,"replication_configuration":[],"server_side_encryption_configuration":[],"tags":null,"website":[]}},{"address":"module.test2.aws_s3_bucket_public_access_block.test[\"a\"]","mode":"managed","type":"aws_s3_bucket_public_access_block","name":"test","index":"a","provider_name":"registry.terraform.io/hashicorp/aws","schema_version":0,"values":{"block_public_acls":true,"block_public_policy":false,"ignore_public_acls":true,"restrict_public_buckets":true}}],"address":"module.test2"},{"resources":[{"address":"module.test[\"a\"].aws_s3_bucket.test[\"a\"]","mode":"managed","type":"aws_s3_bucket","name":"test","index":"a","provider_name":"registry.terraform.io/hashicorp/aws","schema_version":0,"values":{"acl":"private","bucket":"test-bucket","bucket_prefix":null,"cors_rule":[],"force_destroy":false,"grant":[],"lifecycle_rule":[],"logging":[],"object_lock_configuration":[],"policy":null,"replication_configuration":[],"server_side_encryption_configuration":[],"tags":null,"website":[]}},{"address":"module.test[\"a\"].aws_s3_bucket_public_access_block.test[\"a\"]","mode":"managed","type":"aws_s3_bucket_public_access_block","name":"test","index":"a","provider_name":"registry.terraform.io/hashicorp/aws","schema_version":0,"values":{"block_public_acls":true,"block_public_policy":true,"ignore_public_acls":true,"restrict_public_buckets":true}}],"address":"module.test[\"a\"]"},{"resources":[{"address":"module.test[\"b\"].aws_s3_bucket.test[\"a\"]","mode":"managed","type":"aws_s3_bucket","name":"test","index":"a","provider_name":"registry.terraform.io/hashicorp/aws","schema_version":0,"values":{"acl":"private","bucket":"test-bucket","bucket_prefix":null,"cors_rule":[],"force_destroy":false,"grant":[],"lifecycle_rule":[],"logging":[],"object_lock_configuration":[],"policy":null,"replication_configuration":[],"server_side_encryption_configuration":[],"tags":null,"website":[]}},{"address":"module.test[\"b\"].aws_s3_bucket_public_access_block.test[\"a\"]","mode":"managed","type":"aws_s3_bucket_public_access_block","name":"test","index":"a","provider_name":"registry.terraform.io/hashicorp/aws","schema_version":0,"values":{"block_public_acls":true,"block_public_policy":true,"ignore_public_acls":true,"restrict_public_buckets":true}}],"address":"module.test[\"b\"]"}]}},"resource_changes":[{"address":"module.test2.aws_s3_bucket.test[\"a\"]","module_address":"module.test2","mode":"managed","type":"aws_s3_bucket","name":"test","index":"a","provider_name":"registry.terraform.io/hashicorp/aws","change":{"actions":["create"],"before":null,"after":{"acl":"private","bucket":"test-bucket","bucket_prefix":null,"cors_rule":[],"force_destroy":false,"grant":[],"lifecycle_rule":[],"logging":[],"object_lock_configuration":[],"policy":null,"replication_configuration":[],"server_side_encryption_configuration":[],"tags":null,"website":[]},"after_unknown":{"acceleration_status":true,"arn":true,"bucket_domain_name":true,"bucket_regional_domain_name":true,"cors_rule":[],"grant":[],"hosted_zone_id":true,"id":true,"lifecycle_rule":[],"logging":[],"object_lock_configuration":[],"region":true,"replication_configuration":[],"request_payer":true,"server_side_encryption_configuration":[],"tags_all":true,"versioning":true,"website":[],"website_domain":true,"website_endpoint":true},"before_sensitive":false,"after_sensitive":{"cors_rule":[],"grant":[],"lifecycle_rule":[],"logging":[],"object_lock_configuration":[],"replication_configuration":[],"server_side_encryption_configuration":[],"tags_all":{},"versioning":[],"website":[]}}},{"address":"module.test2.aws_s3_bucket_public_access_block.test[\"a\"]","module_address":"module.test2","mode":"managed","type":"aws_s3_bucket_public_access_block","name":"test","index":"a","provider_name":"registry.terraform.io/hashicorp/aws","change":{"actions":["create"],"before":null,"after":{"block_public_acls":true,"block_public_policy":false,"ignore_public_acls":true,"restrict_public_buckets":true},"after_unknown":{"bucket":true,"id":true},"before_sensitive":false,"after_sensitive":{}}},{"address":"module.test[\"a\"].aws_s3_bucket.test[\"a\"]","module_address":"module.test[\"a\"]","mode":"managed","type":"aws_s3_bucket","name":"test","index":"a","provider_name":"registry.terraform.io/hashicorp/aws","change":{"actions":["create"],"before":null,"after":{"acl":"private","bucket":"test-bucket","bucket_prefix":null,"cors_rule":[],"force_destroy":false,"grant":[],"lifecycle_rule":[],"logging":[],"object_lock_configuration":[],"policy":null,"replication_configuration":[],"server_side_encryption_configuration":[],"tags":null,"website":[]},"after_unknown":{"acceleration_status":true,"arn":true,"bucket_domain_name":true,"bucket_regional_domain_name":true,"cors_rule":[],"grant":[],"hosted_zone_id":true,"id":true,"lifecycle_rule":[],"logging":[],"object_lock_configuration":[],"region":true,"replication_configuration":[],"request_payer":true,"server_side_encryption_configuration":[],"tags_all":true,"versioning":true,"website":[],"website_domain":true,"website_endpoint":true},"before_sensitive":false,"after_sensitive":{"cors_rule":[],"grant":[],"lifecycle_rule":[],"logging":[],"object_lock_configuration":[],"replication_configuration":[],"server_side_encryption_configuration":[],"tags_all":{},"versioning":[],"website":[]}}},{"address":"module.test[\"a\"].aws_s3_bucket_public_access_block.test[\"a\"]","module_address":"module.test[\"a\"]","mode":"managed","type":"aws_s3_bucket_public_access_block","name":"test","index":"a","provider_name":"registry.terraform.io/hashicorp/aws","change":{"actions":["create"],"before":null,"after":{"block_public_acls":true,"block_public_policy":true,"ignore_public_acls":true,"restrict_public_buckets":true},"after_unknown":{"bucket":true,"id":true},"before_sensitive":false,"after_sensitive":{}}},{"address":"module.test[\"b\"].aws_s3_bucket.test[\"a\"]","module_address":"module.test[\"b\"]","mode":"managed","type":"aws_s3_bucket","name":"test","index":"a","provider_name":"registry.terraform.io/hashicorp/aws","change":{"actions":["create"],"before":null,"after":{"acl":"private","bucket":"test-bucket","bucket_prefix":null,"cors_rule":[],"force_destroy":false,"grant":[],"lifecycle_rule":[],"logging":[],"object_lock_configuration":[],"policy":null,"replication_configuration":[],"server_side_encryption_configuration":[],"tags":null,"website":[]},"after_unknown":{"acceleration_status":true,"arn":true,"bucket_domain_name":true,"bucket_regional_domain_name":true,"cors_rule":[],"grant":[],"hosted_zone_id":true,"id":true,"lifecycle_rule":[],"logging":[],"object_lock_configuration":[],"region":true,"replication_configuration":[],"request_payer":true,"server_side_encryption_configuration":[],"tags_all":true,"versioning":true,"website":[],"website_domain":true,"website_endpoint":true},"before_sensitive":false,"after_sensitive":{"cors_rule":[],"grant":[],"lifecycle_rule":[],"logging":[],"object_lock_configuration":[],"replication_configuration":[],"server_side_encryption_configuration":[],"tags_all":{},"versioning":[],"website":[]}}},{"address":"module.test[\"b\"].aws_s3_bucket_public_access_block.test[\"a\"]","module_address":"module.test[\"b\"]","mode":"managed","type":"aws_s3_bucket_public_access_block","name":"test","index":"a","provider_name":"registry.terraform.io/hashicorp/aws","change":{"actions":["create"],"before":null,"after":{"block_public_acls":true,"block_public_policy":true,"ignore_public_acls":true,"restrict_public_buckets":true},"after_unknown":{"bucket":true,"id":true},"before_sensitive":false,"after_sensitive":{}}}],"configuration":{"root_module":{"module_calls":{"test":{"source":"./test_module","module":{"resources":[{"address":"aws_s3_bucket.test","mode":"managed","type":"aws_s3_bucket","name":"test","provider_config_key":"test:aws","expressions":{"bucket":{"constant_value":"test-bucket"}},"schema_version":0},{"address":"aws_s3_bucket_public_access_block.test","mode":"managed","type":"aws_s3_bucket_public_access_block","name":"test","provider_config_key":"test:aws","expressions":{"block_public_acls":{"constant_value":true},"block_public_policy":{"constant_value":true},"bucket":{"references":["aws_s3_bucket.test[\"a\"]"]},"ignore_public_acls":{"constant_value":true},"restrict_public_buckets":{"constant_value":true}},"schema_version":0}]}},"test2":{"source":"./test_module_2","module":{"resources":[{"address":"aws_s3_bucket.test","mode":"managed","type":"aws_s3_bucket","name":"test","provider_config_key":"test2:aws","expressions":{"bucket":{"constant_value":"test-bucket"}},"schema_version":0},{"address":"aws_s3_bucket_public_access_block.test","mode":"managed","type":"aws_s3_bucket_public_access_block","name":"test","provider_config_key":"test2:aws","expressions":{"block_public_acls":{"constant_value":true},"block_public_policy":{"constant_value":false},"bucket":{"references":["aws_s3_bucket.test[\"a\"]"]},"ignore_public_acls":{"constant_value":true},"restrict_public_buckets":{"constant_value":true}},"schema_version":0}]}}}}}}
