{"format_version":"0.1","terraform_version":"0.12.3","planned_values":{"root_module":{"resources":[{"address":"aws_rds_cluster.default","mode":"managed","type":"aws_rds_cluster","name":"default","provider_name":"aws","schema_version":0,"values":{"availability_zones":["us-west-2a","us-west-2b","us-west-2c"],"backtrack_window":null,"backup_retention_period":5,"cluster_identifier":"aurora-cluster-demo","copy_tags_to_snapshot":false,"database_name":"mydb","deletion_protection":null,"enabled_cloudwatch_logs_exports":null,"engine":"aurora-mysql","engine_mode":"provisioned","engine_version":"5.7.mysql_aurora.2.03.2","final_snapshot_identifier":null,"global_cluster_identifier":null,"iam_database_authentication_enabled":null,"iam_roles":null,"master_password":"bar","master_username":"foo","preferred_backup_window":"07:00-09:00","replication_source_identifier":null,"s3_import":[],"scaling_configuration":[],"skip_final_snapshot":false,"snapshot_identifier":null,"source_region":null,"storage_encrypted":null,"tags":null,"timeouts":null}}]}},"resource_changes":[{"address":"aws_rds_cluster.default","mode":"managed","type":"aws_rds_cluster","name":"default","provider_name":"aws","change":{"actions":["create"],"before":null,"after":{"availability_zones":["us-west-2a","us-west-2b","us-west-2c"],"backtrack_window":null,"backup_retention_period":5,"cluster_identifier":"aurora-cluster-demo","copy_tags_to_snapshot":false,"database_name":"mydb","deletion_protection":null,"enabled_cloudwatch_logs_exports":null,"engine":"aurora-mysql","engine_mode":"provisioned","engine_version":"5.7.mysql_aurora.2.03.2","final_snapshot_identifier":null,"global_cluster_identifier":null,"iam_database_authentication_enabled":null,"iam_roles":null,"master_password":"bar","master_username":"foo","preferred_backup_window":"07:00-09:00","replication_source_identifier":null,"s3_import":[],"scaling_configuration":[],"skip_final_snapshot":false,"snapshot_identifier":null,"source_region":null,"storage_encrypted":null,"tags":null,"timeouts":null},"after_unknown":{"apply_immediately":true,"arn":true,"availability_zones":[false,false,false],"cluster_identifier_prefix":true,"cluster_members":true,"cluster_resource_id":true,"db_cluster_parameter_group_name":true,"db_subnet_group_name":true,"endpoint":true,"hosted_zone_id":true,"id":true,"kms_key_id":true,"port":true,"preferred_maintenance_window":true,"reader_endpoint":true,"s3_import":[],"scaling_configuration":[],"vpc_security_group_ids":true}}}],"configuration":{"root_module":{"resources":[{"address":"aws_rds_cluster.default","mode":"managed","type":"aws_rds_cluster","name":"default","provider_config_key":"aws","expressions":{"availability_zones":{"constant_value":["us-west-2a","us-west-2b","us-west-2c"]},"backup_retention_period":{"constant_value":5},"cluster_identifier":{"constant_value":"aurora-cluster-demo"},"database_name":{"constant_value":"mydb"},"engine":{"constant_value":"aurora-mysql"},"engine_version":{"constant_value":"5.7.mysql_aurora.2.03.2"},"master_password":{"constant_value":"bar"},"master_username":{"constant_value":"foo"},"preferred_backup_window":{"constant_value":"07:00-09:00"}},"schema_version":0}]}}}
