{"format_version":"0.1","terraform_version":"0.12.24","planned_values":{"root_module":{"resources":[{"address":"aws_s3_bucket.fail","mode":"managed","type":"aws_s3_bucket","name":"fail","provider_name":"aws","schema_version":0,"values":{"acl":"public","bucket":"this-must-fail","bucket_prefix":null,"cors_rule":[],"force_destroy":false,"grant":[],"lifecycle_rule":[],"logging":[],"object_lock_configuration":[],"policy":null,"replication_configuration":[],"server_side_encryption_configuration":[],"tags":null,"website":[]}},{"address":"aws_s3_bucket.success","mode":"managed","type":"aws_s3_bucket","name":"success","provider_name":"aws","schema_version":0,"values":{"acl":"private","bucket":"this-must-fail","bucket_prefix":null,"cors_rule":[],"force_destroy":false,"grant":[],"lifecycle_rule":[],"logging":[],"object_lock_configuration":[],"policy":null,"replication_configuration":[],"server_side_encryption_configuration":[],"tags":null,"website":[{"error_document":"error.html","index_document":"index.html","redirect_all_requests_to":null,"routing_rules":null}]}}]}},"resource_changes":[{"address":"aws_s3_bucket.fail","mode":"managed","type":"aws_s3_bucket","name":"fail","provider_name":"aws","change":{"actions":["create"],"before":null,"after":{"acl":"public","bucket":"this-must-fail","bucket_prefix":null,"cors_rule":[],"force_destroy":false,"grant":[],"lifecycle_rule":[],"logging":[],"object_lock_configuration":[],"policy":null,"replication_configuration":[],"server_side_encryption_configuration":[],"tags":null,"website":[]},"after_unknown":{"acceleration_status":true,"arn":true,"bucket_domain_name":true,"bucket_regional_domain_name":true,"cors_rule":[],"grant":[],"hosted_zone_id":true,"id":true,"lifecycle_rule":[],"logging":[],"object_lock_configuration":[],"region":true,"replication_configuration":[],"request_payer":true,"server_side_encryption_configuration":[],"versioning":true,"website":[],"website_domain":true,"website_endpoint":true}}},{"address":"aws_s3_bucket.success","mode":"managed","type":"aws_s3_bucket","name":"success","provider_name":"aws","change":{"actions":["create"],"before":null,"after":{"acl":"private","bucket":"this-must-fail","bucket_prefix":null,"cors_rule":[],"force_destroy":false,"grant":[],"lifecycle_rule":[],"logging":[],"object_lock_configuration":[],"policy":null,"replication_configuration":[],"server_side_encryption_configuration":[],"tags":null,"website":[{"error_document":"error.html","index_document":"index.html","redirect_all_requests_to":null,"routing_rules":null}]},"after_unknown":{"acceleration_status":true,"arn":true,"bucket_domain_name":true,"bucket_regional_domain_name":true,"cors_rule":[],"grant":[],"hosted_zone_id":true,"id":true,"lifecycle_rule":[],"logging":[],"object_lock_configuration":[],"region":true,"replication_configuration":[],"request_payer":true,"server_side_encryption_configuration":[],"versioning":true,"website":[{}],"website_domain":true,"website_endpoint":true}}}],"configuration":{"root_module":{"resources":[{"address":"aws_s3_bucket.fail","mode":"managed","type":"aws_s3_bucket","name":"fail","provider_config_key":"aws","expressions":{"acl":{"constant_value":"public"},"bucket":{"constant_value":"this-must-fail"}},"schema_version":0},{"address":"aws_s3_bucket.success","mode":"managed","type":"aws_s3_bucket","name":"success","provider_config_key":"aws","expressions":{"acl":{"constant_value":"private"},"bucket":{"constant_value":"this-must-fail"},"website":[{"error_document":{"constant_value":"error.html"},"index_document":{"constant_value":"index.html"}}]},"schema_version":0}]}}}
