{"format_version":"0.1","terraform_version":"0.12.25","planned_values":{"root_module":{"resources":[{"address":"aws_autoscaling_group.bar","mode":"managed","type":"aws_autoscaling_group","name":"bar","provider_name":"aws","schema_version":0,"values":{"availability_zones":["us-east-1a"],"desired_capacity":1,"enabled_metrics":null,"force_delete":false,"health_check_grace_period":300,"initial_lifecycle_hook":[],"launch_configuration":null,"launch_template":[{"version":"$Latest"}],"max_instance_lifetime":null,"max_size":1,"metrics_granularity":"1Minute","min_elb_capacity":null,"min_size":1,"mixed_instances_policy":[],"name_prefix":null,"placement_group":null,"protect_from_scale_in":false,"suspended_processes":null,"tag":[],"tags":null,"termination_policies":null,"timeouts":null,"wait_for_capacity_timeout":"10m","wait_for_elb_capacity":null}},{"address":"aws_launch_template.foobar","mode":"managed","type":"aws_launch_template","name":"foobar","provider_name":"aws","schema_version":0,"values":{"block_device_mappings":[],"capacity_reservation_specification":[],"cpu_options":[],"credit_specification":[],"description":null,"disable_api_termination":null,"ebs_optimized":null,"elastic_gpu_specifications":[],"elastic_inference_accelerator":[],"hibernation_options":[],"iam_instance_profile":[],"image_id":"ami-1a2b3c","instance_initiated_shutdown_behavior":null,"instance_market_options":[],"instance_type":"t2.micro","kernel_id":null,"key_name":null,"license_specification":[],"monitoring":[],"name_prefix":"foobar","network_interfaces":[],"placement":[],"ram_disk_id":null,"security_group_names":null,"tag_specifications":[],"tags":null,"user_data":null,"vpc_security_group_ids":null}}]}},"resource_changes":[{"address":"aws_autoscaling_group.bar","mode":"managed","type":"aws_autoscaling_group","name":"bar","provider_name":"aws","change":{"actions":["create"],"before":null,"after":{"availability_zones":["us-east-1a"],"desired_capacity":1,"enabled_metrics":null,"force_delete":false,"health_check_grace_period":300,"initial_lifecycle_hook":[],"launch_configuration":null,"launch_template":[{"version":"$Latest"}],"max_instance_lifetime":null,"max_size":1,"metrics_granularity":"1Minute","min_elb_capacity":null,"min_size":1,"mixed_instances_policy":[],"name_prefix":null,"placement_group":null,"protect_from_scale_in":false,"suspended_processes":null,"tag":[],"tags":null,"termination_policies":null,"timeouts":null,"wait_for_capacity_timeout":"10m","wait_for_elb_capacity":null},"after_unknown":{"arn":true,"availability_zones":[false],"default_cooldown":true,"health_check_type":true,"id":true,"initial_lifecycle_hook":[],"launch_template":[{"id":true,"name":true}],"load_balancers":true,"mixed_instances_policy":[],"name":true,"service_linked_role_arn":true,"tag":[],"target_group_arns":true,"vpc_zone_identifier":true}}},{"address":"aws_launch_template.foobar","mode":"managed","type":"aws_launch_template","name":"foobar","provider_name":"aws","change":{"actions":["create"],"before":null,"after":{"block_device_mappings":[],"capacity_reservation_specification":[],"cpu_options":[],"credit_specification":[],"description":null,"disable_api_termination":null,"ebs_optimized":null,"elastic_gpu_specifications":[],"elastic_inference_accelerator":[],"hibernation_options":[],"iam_instance_profile":[],"image_id":"ami-1a2b3c","instance_initiated_shutdown_behavior":null,"instance_market_options":[],"instance_type":"t2.micro","kernel_id":null,"key_name":null,"license_specification":[],"monitoring":[],"name_prefix":"foobar","network_interfaces":[],"placement":[],"ram_disk_id":null,"security_group_names":null,"tag_specifications":[],"tags":null,"user_data":null,"vpc_security_group_ids":null},"after_unknown":{"arn":true,"block_device_mappings":[],"capacity_reservation_specification":[],"cpu_options":[],"credit_specification":[],"default_version":true,"elastic_gpu_specifications":[],"elastic_inference_accelerator":[],"hibernation_options":[],"iam_instance_profile":[],"id":true,"instance_market_options":[],"latest_version":true,"license_specification":[],"metadata_options":true,"monitoring":[],"name":true,"network_interfaces":[],"placement":[],"tag_specifications":[]}}}],"configuration":{"root_module":{"resources":[{"address":"aws_autoscaling_group.bar","mode":"managed","type":"aws_autoscaling_group","name":"bar","provider_config_key":"aws","expressions":{"availability_zones":{"constant_value":["us-east-1a"]},"desired_capacity":{"constant_value":1},"launch_template":[{"id":{"references":["aws_launch_template.foobar"]},"version":{"constant_value":"$Latest"}}],"max_size":{"constant_value":1},"min_size":{"constant_value":1}},"schema_version":0},{"address":"aws_launch_template.foobar","mode":"managed","type":"aws_launch_template","name":"foobar","provider_config_key":"aws","expressions":{"image_id":{"constant_value":"ami-1a2b3c"},"instance_type":{"constant_value":"t2.micro"},"name_prefix":{"constant_value":"foobar"}},"schema_version":0}]}}}
