{"format_version":"0.1","terraform_version":"0.12.20","planned_values":{"root_module":{"resources":[{"address":"aws_autoscaling_group.thing","mode":"managed","type":"aws_autoscaling_group","name":"thing","provider_name":"aws","schema_version":0,"values":{"desired_capacity":3,"enabled_metrics":null,"force_delete":true,"health_check_grace_period":300,"health_check_type":"EC2","initial_lifecycle_hook":[],"launch_configuration":"someconfig","launch_template":[],"max_instance_lifetime":null,"max_size":3,"metrics_granularity":"1Minute","min_elb_capacity":null,"min_size":1,"mixed_instances_policy":[],"name_prefix":"thing","placement_group":"somegroup","protect_from_scale_in":false,"suspended_processes":null,"tag":[],"tags":[{"key":"Name","propagate_at_launch":"true","value":"thing"},{"key":"Environment","propagate_at_launch":"true","value":"dev"},{"key":"Capability","propagate_at_launch":"true","value":"thing"}],"termination_policies":null,"timeouts":{"delete":"15m"},"vpc_zone_identifier":["somesubnetid"],"wait_for_capacity_timeout":"10m","wait_for_elb_capacity":null}}]}},"resource_changes":[{"address":"aws_autoscaling_group.thing","mode":"managed","type":"aws_autoscaling_group","name":"thing","provider_name":"aws","change":{"actions":["create"],"before":null,"after":{"desired_capacity":3,"enabled_metrics":null,"force_delete":true,"health_check_grace_period":300,"health_check_type":"EC2","initial_lifecycle_hook":[],"launch_configuration":"someconfig","launch_template":[],"max_instance_lifetime":null,"max_size":3,"metrics_granularity":"1Minute","min_elb_capacity":null,"min_size":1,"mixed_instances_policy":[],"name_prefix":"thing","placement_group":"somegroup","protect_from_scale_in":false,"suspended_processes":null,"tag":[],"tags":[{"key":"Name","propagate_at_launch":"true","value":"thing"},{"key":"Environment","propagate_at_launch":"true","value":"dev"},{"key":"Capability","propagate_at_launch":"true","value":"thing"}],"termination_policies":null,"timeouts":{"delete":"15m"},"vpc_zone_identifier":["somesubnetid"],"wait_for_capacity_timeout":"10m","wait_for_elb_capacity":null},"after_unknown":{"arn":true,"availability_zones":true,"default_cooldown":true,"id":true,"initial_lifecycle_hook":[],"launch_template":[],"load_balancers":true,"mixed_instances_policy":[],"name":true,"service_linked_role_arn":true,"tag":[],"tags":[{},{},{}],"target_group_arns":true,"timeouts":{},"vpc_zone_identifier":[false]}}}],"configuration":{"root_module":{"resources":[{"address":"aws_autoscaling_group.thing","mode":"managed","type":"aws_autoscaling_group","name":"thing","provider_config_key":"aws","expressions":{"desired_capacity":{"constant_value":3},"force_delete":{"constant_value":true},"health_check_grace_period":{"constant_value":300},"health_check_type":{"constant_value":"EC2"},"launch_configuration":{"constant_value":"someconfig"},"max_size":{"constant_value":3},"min_size":{"constant_value":1},"name_prefix":{"constant_value":"thing"},"placement_group":{"constant_value":"somegroup"},"tags":{"constant_value":[{"key":"Name","propagate_at_launch":true,"value":"thing"},{"key":"Environment","propagate_at_launch":true,"value":"dev"},{"key":"Capability","propagate_at_launch":true,"value":"thing"}]},"timeouts":{"delete":{"constant_value":"15m"}},"vpc_zone_identifier":{"constant_value":["somesubnetid"]}},"schema_version":0}]}}}
