{"format_version":"0.1","terraform_version":"0.12.12","planned_values":{"root_module":{"resources":[{"address":"aws_kms_key.test-key","mode":"managed","type":"aws_kms_key","name":"test-key","provider_name":"aws","schema_version":0,"values":{"deletion_window_in_days":7,"description":"KMS Key for test","enable_key_rotation":true,"is_enabled":true,"tags":null}}]}},"resource_changes":[{"address":"aws_kms_key.test-key","mode":"managed","type":"aws_kms_key","name":"test-key","provider_name":"aws","change":{"actions":["create"],"before":null,"after":{"deletion_window_in_days":7,"description":"KMS Key for test","enable_key_rotation":true,"is_enabled":true,"tags":null},"after_unknown":{"arn":true,"id":true,"key_id":true,"key_usage":true,"policy":true}}}],"configuration":{"root_module":{"resources":[{"address":"aws_kms_key.test-key","mode":"managed","type":"aws_kms_key","name":"test-key","provider_config_key":"aws","expressions":{"deletion_window_in_days":{"constant_value":7},"description":{"constant_value":"KMS Key for test"},"enable_key_rotation":{"constant_value":true}},"schema_version":0}]}}}
