{"format_version":"0.1","terraform_version":"0.12.25","planned_values":{"root_module":{"resources":[{"address":"aws_elb.bar","mode":"managed","type":"aws_elb","name":"bar","provider_name":"aws","schema_version":0,"values":{"access_logs":[{"bucket":"foo","bucket_prefix":"bar","enabled":true,"interval":60}],"availability_zones":["us-west-2a","us-west-2b","us-west-2c"],"connection_draining":true,"connection_draining_timeout":400,"cross_zone_load_balancing":true,"health_check":[{"healthy_threshold":2,"interval":30,"target":"HTTP:8000/","timeout":3,"unhealthy_threshold":2}],"idle_timeout":400,"listener":[{"instance_port":8000,"instance_protocol":"http","lb_port":443,"lb_protocol":"https","ssl_certificate_id":"arn:aws:iam::123456789012:server-certificate/certName"},{"instance_port":8000,"instance_protocol":"http","lb_port":80,"lb_protocol":"http","ssl_certificate_id":""}],"name":"foobar-terraform-elb","name_prefix":null,"tags":{"Name":"foobar-terraform-elb"}}},{"address":"aws_s3_bucket.bucket","mode":"managed","type":"aws_s3_bucket","name":"bucket","provider_name":"aws","schema_version":0,"values":{"acl":"private","bucket":"mybucket","bucket_prefix":null,"cors_rule":[],"force_destroy":false,"grant":[{"id":"","permissions":["READ","WRITE"],"type":"Group","uri":"http://acs.amazonaws.com/groups/s3/LogDelivery"},{"id":"current_user_id","permissions":["FULL_CONTROL"],"type":"CanonicalUser","uri":""}],"lifecycle_rule":[],"logging":[],"object_lock_configuration":[],"policy":null,"replication_configuration":[],"server_side_encryption_configuration":[],"tags":null,"website":[]}}]}},"resource_changes":[{"address":"aws_elb.bar","mode":"managed","type":"aws_elb","name":"bar","provider_name":"aws","change":{"actions":["create"],"before":null,"after":{"access_logs":[{"bucket":"foo","bucket_prefix":"bar","enabled":true,"interval":60}],"availability_zones":["us-west-2a","us-west-2b","us-west-2c"],"connection_draining":true,"connection_draining_timeout":400,"cross_zone_load_balancing":true,"health_check":[{"healthy_threshold":2,"interval":30,"target":"HTTP:8000/","timeout":3,"unhealthy_threshold":2}],"idle_timeout":400,"listener":[{"instance_port":8000,"instance_protocol":"http","lb_port":443,"lb_protocol":"https","ssl_certificate_id":"arn:aws:iam::123456789012:server-certificate/certName"},{"instance_port":8000,"instance_protocol":"http","lb_port":80,"lb_protocol":"http","ssl_certificate_id":""}],"name":"foobar-terraform-elb","name_prefix":null,"tags":{"Name":"foobar-terraform-elb"}},"after_unknown":{"access_logs":[{}],"arn":true,"availability_zones":[false,false,false],"dns_name":true,"health_check":[{}],"id":true,"instances":true,"internal":true,"listener":[{},{}],"security_groups":true,"source_security_group":true,"source_security_group_id":true,"subnets":true,"tags":{},"zone_id":true}}},{"address":"aws_s3_bucket.bucket","mode":"managed","type":"aws_s3_bucket","name":"bucket","provider_name":"aws","change":{"actions":["create"],"before":null,"after":{"acl":"private","bucket":"mybucket","bucket_prefix":null,"cors_rule":[],"force_destroy":false,"grant":[{"id":"","permissions":["READ","WRITE"],"type":"Group","uri":"http://acs.amazonaws.com/groups/s3/LogDelivery"},{"id":"current_user_id","permissions":["FULL_CONTROL"],"type":"CanonicalUser","uri":""}],"lifecycle_rule":[],"logging":[],"object_lock_configuration":[],"policy":null,"replication_configuration":[],"server_side_encryption_configuration":[],"tags":null,"website":[]},"after_unknown":{"acceleration_status":true,"arn":true,"bucket_domain_name":true,"bucket_regional_domain_name":true,"cors_rule":[],"grant":[{"permissions":[false,false]},{"permissions":[false]}],"hosted_zone_id":true,"id":true,"lifecycle_rule":[],"logging":[],"object_lock_configuration":[],"region":true,"replication_configuration":[],"request_payer":true,"server_side_encryption_configuration":[],"versioning":true,"website":[],"website_domain":true,"website_endpoint":true}}}],"configuration":{"root_module":{"resources":[{"address":"aws_elb.bar","mode":"managed","type":"aws_elb","name":"bar","provider_config_key":"aws","expressions":{"access_logs":[{"bucket":{"constant_value":"foo"},"bucket_prefix":{"constant_value":"bar"},"interval":{"constant_value":60}}],"availability_zones":{"constant_value":["us-west-2a","us-west-2b","us-west-2c"]},"connection_draining":{"constant_value":true},"connection_draining_timeout":{"constant_value":400},"cross_zone_load_balancing":{"constant_value":true},"health_check":[{"healthy_threshold":{"constant_value":2},"interval":{"constant_value":30},"target":{"constant_value":"HTTP:8000/"},"timeout":{"constant_value":3},"unhealthy_threshold":{"constant_value":2}}],"idle_timeout":{"constant_value":400},"listener":[{"instance_port":{"constant_value":8000},"instance_protocol":{"constant_value":"http"},"lb_port":{"constant_value":80},"lb_protocol":{"constant_value":"http"}},{"instance_port":{"constant_value":8000},"instance_protocol":{"constant_value":"http"},"lb_port":{"constant_value":443},"lb_protocol":{"constant_value":"https"},"ssl_certificate_id":{"constant_value":"arn:aws:iam::123456789012:server-certificate/certName"}}],"name":{"constant_value":"foobar-terraform-elb"},"tags":{"constant_value":{"Name":"foobar-terraform-elb"}}},"schema_version":0},{"address":"aws_s3_bucket.bucket","mode":"managed","type":"aws_s3_bucket","name":"bucket","provider_config_key":"aws","expressions":{"bucket":{"constant_value":"mybucket"},"grant":[{"id":{"constant_value":"current_user_id"},"permissions":{"constant_value":["FULL_CONTROL"]},"type":{"constant_value":"CanonicalUser"}},{"permissions":{"constant_value":["READ","WRITE"]},"type":{"constant_value":"Group"},"uri":{"constant_value":"http://acs.amazonaws.com/groups/s3/LogDelivery"}}]},"schema_version":0}]}}}
