{"format_version":"0.1","terraform_version":"0.12.18","variables":{"servicebus_queue_list":{"value":["something","somethingelse","somethingdifferent"]}},"planned_values":{"root_module":{"resources":[{"address":"azurerm_servicebus_queue.sb[\"something\"]","mode":"managed","type":"azurerm_servicebus_queue","name":"sb","index":"something","provider_name":"azurerm","schema_version":0,"values":{"dead_lettering_on_message_expiration":true,"default_message_ttl":"P14D","enable_batched_operations":null,"enable_express":false,"enable_partitioning":true,"location":null,"max_delivery_count":10,"name":"something","namespace_name":"testnamespace","requires_duplicate_detection":false,"requires_session":false,"resource_group_name":"testgroup","support_ordering":null}},{"address":"azurerm_servicebus_queue.sb[\"somethingdifferent\"]","mode":"managed","type":"azurerm_servicebus_queue","name":"sb","index":"somethingdifferent","provider_name":"azurerm","schema_version":0,"values":{"dead_lettering_on_message_expiration":true,"default_message_ttl":"P14D","enable_batched_operations":null,"enable_express":false,"enable_partitioning":true,"location":null,"max_delivery_count":10,"name":"somethingdifferent","namespace_name":"testnamespace","requires_duplicate_detection":false,"requires_session":false,"resource_group_name":"testgroup","support_ordering":null}},{"address":"azurerm_servicebus_queue.sb[\"somethingelse\"]","mode":"managed","type":"azurerm_servicebus_queue","name":"sb","index":"somethingelse","provider_name":"azurerm","schema_version":0,"values":{"dead_lettering_on_message_expiration":true,"default_message_ttl":"P14D","enable_batched_operations":null,"enable_express":false,"enable_partitioning":true,"location":null,"max_delivery_count":10,"name":"somethingelse","namespace_name":"testnamespace","requires_duplicate_detection":false,"requires_session":false,"resource_group_name":"testgroup","support_ordering":null}}]}},"resource_changes":[{"address":"azurerm_servicebus_queue.sb[\"something\"]","mode":"managed","type":"azurerm_servicebus_queue","name":"sb","index":"something","provider_name":"azurerm","change":{"actions":["create"],"before":null,"after":{"dead_lettering_on_message_expiration":true,"default_message_ttl":"P14D","enable_batched_operations":null,"enable_express":false,"enable_partitioning":true,"location":null,"max_delivery_count":10,"name":"something","namespace_name":"testnamespace","requires_duplicate_detection":false,"requires_session":false,"resource_group_name":"testgroup","support_ordering":null},"after_unknown":{"auto_delete_on_idle":true,"duplicate_detection_history_time_window":true,"id":true,"lock_duration":true,"max_size_in_megabytes":true}}},{"address":"azurerm_servicebus_queue.sb[\"somethingdifferent\"]","mode":"managed","type":"azurerm_servicebus_queue","name":"sb","index":"somethingdifferent","provider_name":"azurerm","change":{"actions":["create"],"before":null,"after":{"dead_lettering_on_message_expiration":true,"default_message_ttl":"P14D","enable_batched_operations":null,"enable_express":false,"enable_partitioning":true,"location":null,"max_delivery_count":10,"name":"somethingdifferent","namespace_name":"testnamespace","requires_duplicate_detection":false,"requires_session":false,"resource_group_name":"testgroup","support_ordering":null},"after_unknown":{"auto_delete_on_idle":true,"duplicate_detection_history_time_window":true,"id":true,"lock_duration":true,"max_size_in_megabytes":true}}},{"address":"azurerm_servicebus_queue.sb[\"somethingelse\"]","mode":"managed","type":"azurerm_servicebus_queue","name":"sb","index":"somethingelse","provider_name":"azurerm","change":{"actions":["create"],"before":null,"after":{"dead_lettering_on_message_expiration":true,"default_message_ttl":"P14D","enable_batched_operations":null,"enable_express":false,"enable_partitioning":true,"location":null,"max_delivery_count":10,"name":"somethingelse","namespace_name":"testnamespace","requires_duplicate_detection":false,"requires_session":false,"resource_group_name":"testgroup","support_ordering":null},"after_unknown":{"auto_delete_on_idle":true,"duplicate_detection_history_time_window":true,"id":true,"lock_duration":true,"max_size_in_megabytes":true}}}],"configuration":{"root_module":{"resources":[{"address":"azurerm_servicebus_queue.sb","mode":"managed","type":"azurerm_servicebus_queue","name":"sb","provider_config_key":"azurerm","expressions":{"dead_lettering_on_message_expiration":{"constant_value":true},"default_message_ttl":{"constant_value":"P14D"},"enable_partitioning":{"constant_value":true},"name":{"references":["each.value"]},"namespace_name":{"constant_value":"testnamespace"},"resource_group_name":{"constant_value":"testgroup"}},"schema_version":0,"for_each_expression":{"references":["var.servicebus_queue_list"]}}],"variables":{"servicebus_queue_list":{"default":["something","somethingelse","somethingdifferent"]}}}}}
