{"format_version":"0.1","terraform_version":"0.12.18","planned_values":{"root_module":{"resources":[{"address":"aws_security_group.another_failure","mode":"managed","type":"aws_security_group","name":"another_failure","provider_name":"aws","schema_version":1,"values":{"description":"Managed by Terraform","name":"Another-Failure_SG","name_prefix":null,"revoke_rules_on_delete":false,"tags":null,"timeouts":null}},{"address":"aws_security_group.failure","mode":"managed","type":"aws_security_group","name":"failure","provider_name":"aws","schema_version":1,"values":{"description":"Managed by Terraform","egress":[{"cidr_blocks":["0.0.0.0/0"],"description":"","from_port":0,"ipv6_cidr_blocks":[],"prefix_list_ids":[],"protocol":"-1","security_groups":[],"self":false,"to_port":0}],"ingress":[{"cidr_blocks":["0.0.0.0/0"],"description":"","from_port":80,"ipv6_cidr_blocks":[],"prefix_list_ids":[],"protocol":"tcp","security_groups":[],"self":false,"to_port":80}],"name":"Failure_SG","name_prefix":null,"revoke_rules_on_delete":false,"tags":null,"timeouts":null}},{"address":"aws_security_group_rule.another_failure","mode":"managed","type":"aws_security_group_rule","name":"another_failure","provider_name":"aws","schema_version":2,"values":{"cidr_blocks":["0.0.0.0/0"],"description":null,"from_port":80,"ipv6_cidr_blocks":null,"prefix_list_ids":null,"protocol":"tcp","self":false,"to_port":80,"type":"ingress"}}]}},"resource_changes":[{"address":"aws_security_group.another_failure","mode":"managed","type":"aws_security_group","name":"another_failure","provider_name":"aws","change":{"actions":["create"],"before":null,"after":{"description":"Managed by Terraform","name":"Another-Failure_SG","name_prefix":null,"revoke_rules_on_delete":false,"tags":null,"timeouts":null},"after_unknown":{"arn":true,"egress":true,"id":true,"ingress":true,"owner_id":true,"vpc_id":true}}},{"address":"aws_security_group.failure","mode":"managed","type":"aws_security_group","name":"failure","provider_name":"aws","change":{"actions":["create"],"before":null,"after":{"description":"Managed by Terraform","egress":[{"cidr_blocks":["0.0.0.0/0"],"description":"","from_port":0,"ipv6_cidr_blocks":[],"prefix_list_ids":[],"protocol":"-1","security_groups":[],"self":false,"to_port":0}],"ingress":[{"cidr_blocks":["0.0.0.0/0"],"description":"","from_port":80,"ipv6_cidr_blocks":[],"prefix_list_ids":[],"protocol":"tcp","security_groups":[],"self":false,"to_port":80}],"name":"Failure_SG","name_prefix":null,"revoke_rules_on_delete":false,"tags":null,"timeouts":null},"after_unknown":{"arn":true,"egress":[{"cidr_blocks":[false],"ipv6_cidr_blocks":[],"prefix_list_ids":[],"security_groups":[]}],"id":true,"ingress":[{"cidr_blocks":[false],"ipv6_cidr_blocks":[],"prefix_list_ids":[],"security_groups":[]}],"owner_id":true,"vpc_id":true}}},{"address":"aws_security_group_rule.another_failure","mode":"managed","type":"aws_security_group_rule","name":"another_failure","provider_name":"aws","change":{"actions":["create"],"before":null,"after":{"cidr_blocks":["0.0.0.0/0"],"description":null,"from_port":80,"ipv6_cidr_blocks":null,"prefix_list_ids":null,"protocol":"tcp","self":false,"to_port":80,"type":"ingress"},"after_unknown":{"cidr_blocks":[false],"id":true,"security_group_id":true,"source_security_group_id":true}}}],"configuration":{"provider_config":{"aws":{"name":"aws","expressions":{"region":{"constant_value":"us-east-1"}}}},"root_module":{"resources":[{"address":"aws_security_group.another_failure","mode":"managed","type":"aws_security_group","name":"another_failure","provider_config_key":"aws","expressions":{"name":{"constant_value":"Another-Failure_SG"}},"schema_version":1},{"address":"aws_security_group.failure","mode":"managed","type":"aws_security_group","name":"failure","provider_config_key":"aws","expressions":{"name":{"constant_value":"Failure_SG"}},"schema_version":1},{"address":"aws_security_group_rule.another_failure","mode":"managed","type":"aws_security_group_rule","name":"another_failure","provider_config_key":"aws","expressions":{"cidr_blocks":{"constant_value":["0.0.0.0/0"]},"from_port":{"constant_value":80},"protocol":{"constant_value":"tcp"},"security_group_id":{"references":["aws_security_group.another_failure"]},"to_port":{"constant_value":80},"type":{"constant_value":"ingress"}},"schema_version":2}]}}}
