{"format_version":"0.1","terraform_version":"0.12.21","variables":{"vpc_id":{"value":"test_vpc"}},"planned_values":{"root_module":{"resources":[{"address":"aws_security_group.alb","mode":"managed","type":"aws_security_group","name":"alb","provider_name":"aws","schema_version":1,"values":{"description":"Act as identifier of this ALB to be used as source security group in other rules. Allows outbound traffic back to origin network","name":"alb-sg","name_prefix":null,"revoke_rules_on_delete":false,"tags":null,"timeouts":null,"vpc_id":"test_vpc"}},{"address":"aws_security_group.alb_ecs","mode":"managed","type":"aws_security_group","name":"alb_ecs","provider_name":"aws","schema_version":1,"values":{"description":"Allow ALB access to ECS task(s)","name":"alb-ecs-access","name_prefix":null,"revoke_rules_on_delete":false,"tags":null,"timeouts":null,"vpc_id":"test_vpc"}},{"address":"aws_security_group_rule.alb_ecs_ingress","mode":"managed","type":"aws_security_group_rule","name":"alb_ecs_ingress","provider_name":"aws","schema_version":2,"values":{"cidr_blocks":null,"description":"Allow ALB to communicate with ECS tasks on port 8080","from_port":8080,"ipv6_cidr_blocks":null,"prefix_list_ids":null,"protocol":"tcp","self":false,"to_port":8080,"type":"ingress"}},{"address":"aws_security_group_rule.alb_egress_self","mode":"managed","type":"aws_security_group_rule","name":"alb_egress_self","provider_name":"aws","schema_version":2,"values":{"cidr_blocks":null,"description":"Allow ALB to communicate with itself (egress)","from_port":0,"ipv6_cidr_blocks":null,"prefix_list_ids":null,"protocol":"tcp","self":true,"to_port":65535,"type":"egress"}},{"address":"aws_security_group_rule.alb_ingress_self","mode":"managed","type":"aws_security_group_rule","name":"alb_ingress_self","provider_name":"aws","schema_version":2,"values":{"cidr_blocks":null,"description":"Allow ALB to communicate with itself (ingress)","from_port":0,"ipv6_cidr_blocks":null,"prefix_list_ids":null,"protocol":"tcp","self":true,"to_port":65535,"type":"ingress"}}]}},"resource_changes":[{"address":"aws_security_group.alb","mode":"managed","type":"aws_security_group","name":"alb","provider_name":"aws","change":{"actions":["create"],"before":null,"after":{"description":"Act as identifier of this ALB to be used as source security group in other rules. Allows outbound traffic back to origin network","name":"alb-sg","name_prefix":null,"revoke_rules_on_delete":false,"tags":null,"timeouts":null,"vpc_id":"test_vpc"},"after_unknown":{"arn":true,"egress":true,"id":true,"ingress":true,"owner_id":true}}},{"address":"aws_security_group.alb_ecs","mode":"managed","type":"aws_security_group","name":"alb_ecs","provider_name":"aws","change":{"actions":["create"],"before":null,"after":{"description":"Allow ALB access to ECS task(s)","name":"alb-ecs-access","name_prefix":null,"revoke_rules_on_delete":false,"tags":null,"timeouts":null,"vpc_id":"test_vpc"},"after_unknown":{"arn":true,"egress":true,"id":true,"ingress":true,"owner_id":true}}},{"address":"aws_security_group_rule.alb_ecs_ingress","mode":"managed","type":"aws_security_group_rule","name":"alb_ecs_ingress","provider_name":"aws","change":{"actions":["create"],"before":null,"after":{"cidr_blocks":null,"description":"Allow ALB to communicate with ECS tasks on port 8080","from_port":8080,"ipv6_cidr_blocks":null,"prefix_list_ids":null,"protocol":"tcp","self":false,"to_port":8080,"type":"ingress"},"after_unknown":{"id":true,"security_group_id":true,"source_security_group_id":true}}},{"address":"aws_security_group_rule.alb_egress_self","mode":"managed","type":"aws_security_group_rule","name":"alb_egress_self","provider_name":"aws","change":{"actions":["create"],"before":null,"after":{"cidr_blocks":null,"description":"Allow ALB to communicate with itself (egress)","from_port":0,"ipv6_cidr_blocks":null,"prefix_list_ids":null,"protocol":"tcp","self":true,"to_port":65535,"type":"egress"},"after_unknown":{"id":true,"security_group_id":true,"source_security_group_id":true}}},{"address":"aws_security_group_rule.alb_ingress_self","mode":"managed","type":"aws_security_group_rule","name":"alb_ingress_self","provider_name":"aws","change":{"actions":["create"],"before":null,"after":{"cidr_blocks":null,"description":"Allow ALB to communicate with itself (ingress)","from_port":0,"ipv6_cidr_blocks":null,"prefix_list_ids":null,"protocol":"tcp","self":true,"to_port":65535,"type":"ingress"},"after_unknown":{"id":true,"security_group_id":true,"source_security_group_id":true}}}],"configuration":{"root_module":{"resources":[{"address":"aws_security_group.alb","mode":"managed","type":"aws_security_group","name":"alb","provider_config_key":"aws","expressions":{"description":{"constant_value":"Act as identifier of this ALB to be used as source security group in other rules. Allows outbound traffic back to origin network"},"name":{"constant_value":"alb-sg"},"vpc_id":{"references":["var.vpc_id"]}},"schema_version":1},{"address":"aws_security_group.alb_ecs","mode":"managed","type":"aws_security_group","name":"alb_ecs","provider_config_key":"aws","expressions":{"description":{"constant_value":"Allow ALB access to ECS task(s)"},"name":{"constant_value":"alb-ecs-access"},"vpc_id":{"references":["var.vpc_id"]}},"schema_version":1},{"address":"aws_security_group_rule.alb_ecs_ingress","mode":"managed","type":"aws_security_group_rule","name":"alb_ecs_ingress","provider_config_key":"aws","expressions":{"description":{"constant_value":"Allow ALB to communicate with ECS tasks on port 8080"},"from_port":{"constant_value":8080},"protocol":{"constant_value":"tcp"},"security_group_id":{"references":["aws_security_group.alb_ecs"]},"source_security_group_id":{"references":["aws_security_group.alb"]},"to_port":{"constant_value":8080},"type":{"constant_value":"ingress"}},"schema_version":2},{"address":"aws_security_group_rule.alb_egress_self","mode":"managed","type":"aws_security_group_rule","name":"alb_egress_self","provider_config_key":"aws","expressions":{"description":{"constant_value":"Allow ALB to communicate with itself (egress)"},"from_port":{"constant_value":0},"protocol":{"constant_value":"tcp"},"security_group_id":{"references":["aws_security_group.alb"]},"self":{"constant_value":true},"to_port":{"constant_value":65535},"type":{"constant_value":"egress"}},"schema_version":2},{"address":"aws_security_group_rule.alb_ingress_self","mode":"managed","type":"aws_security_group_rule","name":"alb_ingress_self","provider_config_key":"aws","expressions":{"description":{"constant_value":"Allow ALB to communicate with itself (ingress)"},"from_port":{"constant_value":0},"protocol":{"constant_value":"tcp"},"security_group_id":{"references":["aws_security_group.alb"]},"self":{"constant_value":true},"to_port":{"constant_value":65535},"type":{"constant_value":"ingress"}},"schema_version":2}],"variables":{"vpc_id":{"default":"test_vpc"}}}}}
