{"format_version":"0.2","terraform_version":"1.0.7","planned_values":{"root_module":{"resources":[{"address":"aws_cloudwatch_log_group.example1","mode":"managed","type":"aws_cloudwatch_log_group","name":"example1","provider_name":"registry.terraform.io/hashicorp/aws","schema_version":0,"values":{"kms_key_id":null,"name":"lambda_function_name1","name_prefix":null,"retention_in_days":90,"tags":null},"sensitive_values":{"tags_all":{}}},{"address":"aws_cloudwatch_log_group.example2","mode":"managed","type":"aws_cloudwatch_log_group","name":"example2","provider_name":"registry.terraform.io/hashicorp/aws","schema_version":0,"values":{"kms_key_id":null,"name":"lambda_function_name2","name_prefix":null,"retention_in_days":90,"tags":null},"sensitive_values":{"tags_all":{}}},{"address":"aws_cloudwatch_log_group.example3","mode":"managed","type":"aws_cloudwatch_log_group","name":"example3","provider_name":"registry.terraform.io/hashicorp/aws","schema_version":0,"values":{"kms_key_id":null,"name":"lambda_function_name3","name_prefix":null,"retention_in_days":90,"tags":null},"sensitive_values":{"tags_all":{}}},{"address":"aws_iam_role.iam_for_lambda1","mode":"managed","type":"aws_iam_role","name":"iam_for_lambda1","provider_name":"registry.terraform.io/hashicorp/aws","schema_version":0,"values":{"assume_role_policy":"{\n  \"Version\": \"2012-10-17\",\n  \"Statement\": [\n    {\n      \"Action\": \"sts:AssumeRole\",\n      \"Principal\": {\n        \"Service\": \"lambda.amazonaws.com\"\n      },\n      \"Effect\": \"Allow\",\n      \"Sid\": \"\"\n    }\n  ]\n}\n","description":null,"force_detach_policies":false,"max_session_duration":3600,"name":"iam_for_lambda","path":"/","permissions_boundary":null,"tags":null},"sensitive_values":{"inline_policy":[],"managed_policy_arns":[],"tags_all":{}}},{"address":"aws_iam_role.iam_for_lambda2","mode":"managed","type":"aws_iam_role","name":"iam_for_lambda2","provider_name":"registry.terraform.io/hashicorp/aws","schema_version":0,"values":{"assume_role_policy":"{\n  \"Version\": \"2012-10-17\",\n  \"Statement\": [\n    {\n      \"Action\": \"sts:AssumeRole\",\n      \"Principal\": {\n        \"Service\": \"lambda.amazonaws.com\"\n      },\n      \"Effect\": \"Allow\",\n      \"Sid\": \"\"\n    }\n  ]\n}\n","description":null,"force_detach_policies":false,"max_session_duration":3600,"name":"iam_for_lambda","path":"/","permissions_boundary":null,"tags":null},"sensitive_values":{"inline_policy":[],"managed_policy_arns":[],"tags_all":{}}},{"address":"aws_iam_role.iam_for_lambda3","mode":"managed","type":"aws_iam_role","name":"iam_for_lambda3","provider_name":"registry.terraform.io/hashicorp/aws","schema_version":0,"values":{"assume_role_policy":"{\n  \"Version\": \"2012-10-17\",\n  \"Statement\": [\n    {\n      \"Action\": \"sts:AssumeRole\",\n      \"Principal\": {\n        \"Service\": \"lambda.amazonaws.com\"\n      },\n      \"Effect\": \"Allow\",\n      \"Sid\": \"\"\n    }\n  ]\n}\n","description":null,"force_detach_policies":false,"max_session_duration":3600,"name":"iam_for_lambda","path":"/","permissions_boundary":null,"tags":null},"sensitive_values":{"inline_policy":[],"managed_policy_arns":[],"tags_all":{}}},{"address":"aws_lambda_function.test_lambda1","mode":"managed","type":"aws_lambda_function","name":"test_lambda1","provider_name":"registry.terraform.io/hashicorp/aws","schema_version":0,"values":{"code_signing_config_arn":null,"dead_letter_config":[],"description":null,"environment":[],"file_system_config":[],"filename":null,"function_name":"lambda_function_name_a","handler":"exports.test","image_config":[],"image_uri":null,"kms_key_arn":null,"layers":null,"memory_size":128,"package_type":"Zip","publish":false,"reserved_concurrent_executions":-1,"role":"aws_iam_role.iam_for_lambda.arn","runtime":"nodejs12.x","s3_bucket":null,"s3_key":null,"s3_object_version":null,"tags":null,"timeout":3,"timeouts":null,"vpc_config":[]},"sensitive_values":{"dead_letter_config":[],"environment":[],"file_system_config":[],"image_config":[],"tags_all":{},"tracing_config":[],"vpc_config":[]}},{"address":"aws_lambda_function.test_lambda2","mode":"managed","type":"aws_lambda_function","name":"test_lambda2","provider_name":"registry.terraform.io/hashicorp/aws","schema_version":0,"values":{"code_signing_config_arn":null,"dead_letter_config":[],"description":null,"environment":[],"file_system_config":[],"filename":null,"function_name":"lambda_function_name_b","handler":"exports.test","image_config":[],"image_uri":null,"kms_key_arn":null,"layers":null,"memory_size":128,"package_type":"Zip","publish":false,"reserved_concurrent_executions":-1,"role":"aws_iam_role.iam_for_lambda.arn","runtime":"nodejs12.x","s3_bucket":null,"s3_key":null,"s3_object_version":null,"tags":null,"timeout":3,"timeouts":null,"vpc_config":[]},"sensitive_values":{"dead_letter_config":[],"environment":[],"file_system_config":[],"image_config":[],"tags_all":{},"tracing_config":[],"vpc_config":[]}},{"address":"aws_lambda_function.test_lambda3","mode":"managed","type":"aws_lambda_function","name":"test_lambda3","provider_name":"registry.terraform.io/hashicorp/aws","schema_version":0,"values":{"code_signing_config_arn":null,"dead_letter_config":[],"description":null,"environment":[],"file_system_config":[],"filename":null,"function_name":"lambda_function_name_c","handler":"exports.test","image_config":[],"image_uri":null,"kms_key_arn":null,"layers":null,"memory_size":128,"package_type":"Zip","publish":false,"reserved_concurrent_executions":-1,"role":"aws_iam_role.iam_for_lambda.arn","runtime":"nodejs12.x","s3_bucket":null,"s3_key":null,"s3_object_version":null,"tags":null,"timeout":3,"timeouts":null,"vpc_config":[]},"sensitive_values":{"dead_letter_config":[],"environment":[],"file_system_config":[],"image_config":[],"tags_all":{},"tracing_config":[],"vpc_config":[]}},{"address":"aws_lambda_function.test_lambda4","mode":"managed","type":"aws_lambda_function","name":"test_lambda4","provider_name":"registry.terraform.io/hashicorp/aws","schema_version":0,"values":{"code_signing_config_arn":null,"dead_letter_config":[],"description":null,"environment":[],"file_system_config":[],"filename":null,"function_name":"lambda_function_name_d","handler":"exports.test","image_config":[],"image_uri":null,"kms_key_arn":null,"layers":null,"memory_size":128,"package_type":"Zip","publish":false,"reserved_concurrent_executions":-1,"role":"aws_iam_role.iam_for_lambda.arn","runtime":"nodejs12.x","s3_bucket":null,"s3_key":null,"s3_object_version":null,"tags":null,"timeout":3,"timeouts":null,"vpc_config":[]},"sensitive_values":{"dead_letter_config":[],"environment":[],"file_system_config":[],"image_config":[],"tags_all":{},"tracing_config":[],"vpc_config":[]}}]}},"resource_changes":[{"address":"aws_cloudwatch_log_group.example1","mode":"managed","type":"aws_cloudwatch_log_group","name":"example1","provider_name":"registry.terraform.io/hashicorp/aws","change":{"actions":["create"],"before":null,"after":{"kms_key_id":null,"name":"lambda_function_name1","name_prefix":null,"retention_in_days":90,"tags":null},"after_unknown":{"arn":true,"id":true,"tags_all":true},"before_sensitive":false,"after_sensitive":{"tags_all":{}}}},{"address":"aws_cloudwatch_log_group.example2","mode":"managed","type":"aws_cloudwatch_log_group","name":"example2","provider_name":"registry.terraform.io/hashicorp/aws","change":{"actions":["create"],"before":null,"after":{"kms_key_id":null,"name":"lambda_function_name2","name_prefix":null,"retention_in_days":90,"tags":null},"after_unknown":{"arn":true,"id":true,"tags_all":true},"before_sensitive":false,"after_sensitive":{"tags_all":{}}}},{"address":"aws_cloudwatch_log_group.example3","mode":"managed","type":"aws_cloudwatch_log_group","name":"example3","provider_name":"registry.terraform.io/hashicorp/aws","change":{"actions":["create"],"before":null,"after":{"kms_key_id":null,"name":"lambda_function_name3","name_prefix":null,"retention_in_days":90,"tags":null},"after_unknown":{"arn":true,"id":true,"tags_all":true},"before_sensitive":false,"after_sensitive":{"tags_all":{}}}},{"address":"aws_iam_role.iam_for_lambda1","mode":"managed","type":"aws_iam_role","name":"iam_for_lambda1","provider_name":"registry.terraform.io/hashicorp/aws","change":{"actions":["create"],"before":null,"after":{"assume_role_policy":"{\n  \"Version\": \"2012-10-17\",\n  \"Statement\": [\n    {\n      \"Action\": \"sts:AssumeRole\",\n      \"Principal\": {\n        \"Service\": \"lambda.amazonaws.com\"\n      },\n      \"Effect\": \"Allow\",\n      \"Sid\": \"\"\n    }\n  ]\n}\n","description":null,"force_detach_policies":false,"max_session_duration":3600,"name":"iam_for_lambda","path":"/","permissions_boundary":null,"tags":null},"after_unknown":{"arn":true,"create_date":true,"id":true,"inline_policy":true,"managed_policy_arns":true,"name_prefix":true,"tags_all":true,"unique_id":true},"before_sensitive":false,"after_sensitive":{"inline_policy":[],"managed_policy_arns":[],"tags_all":{}}}},{"address":"aws_iam_role.iam_for_lambda2","mode":"managed","type":"aws_iam_role","name":"iam_for_lambda2","provider_name":"registry.terraform.io/hashicorp/aws","change":{"actions":["create"],"before":null,"after":{"assume_role_policy":"{\n  \"Version\": \"2012-10-17\",\n  \"Statement\": [\n    {\n      \"Action\": \"sts:AssumeRole\",\n      \"Principal\": {\n        \"Service\": \"lambda.amazonaws.com\"\n      },\n      \"Effect\": \"Allow\",\n      \"Sid\": \"\"\n    }\n  ]\n}\n","description":null,"force_detach_policies":false,"max_session_duration":3600,"name":"iam_for_lambda","path":"/","permissions_boundary":null,"tags":null},"after_unknown":{"arn":true,"create_date":true,"id":true,"inline_policy":true,"managed_policy_arns":true,"name_prefix":true,"tags_all":true,"unique_id":true},"before_sensitive":false,"after_sensitive":{"inline_policy":[],"managed_policy_arns":[],"tags_all":{}}}},{"address":"aws_iam_role.iam_for_lambda3","mode":"managed","type":"aws_iam_role","name":"iam_for_lambda3","provider_name":"registry.terraform.io/hashicorp/aws","change":{"actions":["create"],"before":null,"after":{"assume_role_policy":"{\n  \"Version\": \"2012-10-17\",\n  \"Statement\": [\n    {\n      \"Action\": \"sts:AssumeRole\",\n      \"Principal\": {\n        \"Service\": \"lambda.amazonaws.com\"\n      },\n      \"Effect\": \"Allow\",\n      \"Sid\": \"\"\n    }\n  ]\n}\n","description":null,"force_detach_policies":false,"max_session_duration":3600,"name":"iam_for_lambda","path":"/","permissions_boundary":null,"tags":null},"after_unknown":{"arn":true,"create_date":true,"id":true,"inline_policy":true,"managed_policy_arns":true,"name_prefix":true,"tags_all":true,"unique_id":true},"before_sensitive":false,"after_sensitive":{"inline_policy":[],"managed_policy_arns":[],"tags_all":{}}}},{"address":"aws_lambda_function.test_lambda1","mode":"managed","type":"aws_lambda_function","name":"test_lambda1","provider_name":"registry.terraform.io/hashicorp/aws","change":{"actions":["create"],"before":null,"after":{"code_signing_config_arn":null,"dead_letter_config":[],"description":null,"environment":[],"file_system_config":[],"filename":null,"function_name":"lambda_function_name_a","handler":"exports.test","image_config":[],"image_uri":null,"kms_key_arn":null,"layers":null,"memory_size":128,"package_type":"Zip","publish":false,"reserved_concurrent_executions":-1,"role":"aws_iam_role.iam_for_lambda.arn","runtime":"nodejs12.x","s3_bucket":null,"s3_key":null,"s3_object_version":null,"tags":null,"timeout":3,"timeouts":null,"vpc_config":[]},"after_unknown":{"arn":true,"dead_letter_config":[],"environment":[],"file_system_config":[],"id":true,"image_config":[],"invoke_arn":true,"last_modified":true,"qualified_arn":true,"signing_job_arn":true,"signing_profile_version_arn":true,"source_code_hash":true,"source_code_size":true,"tags_all":true,"tracing_config":true,"version":true,"vpc_config":[]},"before_sensitive":false,"after_sensitive":{"dead_letter_config":[],"environment":[],"file_system_config":[],"image_config":[],"tags_all":{},"tracing_config":[],"vpc_config":[]}}},{"address":"aws_lambda_function.test_lambda2","mode":"managed","type":"aws_lambda_function","name":"test_lambda2","provider_name":"registry.terraform.io/hashicorp/aws","change":{"actions":["create"],"before":null,"after":{"code_signing_config_arn":null,"dead_letter_config":[],"description":null,"environment":[],"file_system_config":[],"filename":null,"function_name":"lambda_function_name_b","handler":"exports.test","image_config":[],"image_uri":null,"kms_key_arn":null,"layers":null,"memory_size":128,"package_type":"Zip","publish":false,"reserved_concurrent_executions":-1,"role":"aws_iam_role.iam_for_lambda.arn","runtime":"nodejs12.x","s3_bucket":null,"s3_key":null,"s3_object_version":null,"tags":null,"timeout":3,"timeouts":null,"vpc_config":[]},"after_unknown":{"arn":true,"dead_letter_config":[],"environment":[],"file_system_config":[],"id":true,"image_config":[],"invoke_arn":true,"last_modified":true,"qualified_arn":true,"signing_job_arn":true,"signing_profile_version_arn":true,"source_code_hash":true,"source_code_size":true,"tags_all":true,"tracing_config":true,"version":true,"vpc_config":[]},"before_sensitive":false,"after_sensitive":{"dead_letter_config":[],"environment":[],"file_system_config":[],"image_config":[],"tags_all":{},"tracing_config":[],"vpc_config":[]}}},{"address":"aws_lambda_function.test_lambda3","mode":"managed","type":"aws_lambda_function","name":"test_lambda3","provider_name":"registry.terraform.io/hashicorp/aws","change":{"actions":["create"],"before":null,"after":{"code_signing_config_arn":null,"dead_letter_config":[],"description":null,"environment":[],"file_system_config":[],"filename":null,"function_name":"lambda_function_name_c","handler":"exports.test","image_config":[],"image_uri":null,"kms_key_arn":null,"layers":null,"memory_size":128,"package_type":"Zip","publish":false,"reserved_concurrent_executions":-1,"role":"aws_iam_role.iam_for_lambda.arn","runtime":"nodejs12.x","s3_bucket":null,"s3_key":null,"s3_object_version":null,"tags":null,"timeout":3,"timeouts":null,"vpc_config":[]},"after_unknown":{"arn":true,"dead_letter_config":[],"environment":[],"file_system_config":[],"id":true,"image_config":[],"invoke_arn":true,"last_modified":true,"qualified_arn":true,"signing_job_arn":true,"signing_profile_version_arn":true,"source_code_hash":true,"source_code_size":true,"tags_all":true,"tracing_config":true,"version":true,"vpc_config":[]},"before_sensitive":false,"after_sensitive":{"dead_letter_config":[],"environment":[],"file_system_config":[],"image_config":[],"tags_all":{},"tracing_config":[],"vpc_config":[]}}},{"address":"aws_lambda_function.test_lambda4","mode":"managed","type":"aws_lambda_function","name":"test_lambda4","provider_name":"registry.terraform.io/hashicorp/aws","change":{"actions":["create"],"before":null,"after":{"code_signing_config_arn":null,"dead_letter_config":[],"description":null,"environment":[],"file_system_config":[],"filename":null,"function_name":"lambda_function_name_d","handler":"exports.test","image_config":[],"image_uri":null,"kms_key_arn":null,"layers":null,"memory_size":128,"package_type":"Zip","publish":false,"reserved_concurrent_executions":-1,"role":"aws_iam_role.iam_for_lambda.arn","runtime":"nodejs12.x","s3_bucket":null,"s3_key":null,"s3_object_version":null,"tags":null,"timeout":3,"timeouts":null,"vpc_config":[]},"after_unknown":{"arn":true,"dead_letter_config":[],"environment":[],"file_system_config":[],"id":true,"image_config":[],"invoke_arn":true,"last_modified":true,"qualified_arn":true,"signing_job_arn":true,"signing_profile_version_arn":true,"source_code_hash":true,"source_code_size":true,"tags_all":true,"tracing_config":true,"version":true,"vpc_config":[]},"before_sensitive":false,"after_sensitive":{"dead_letter_config":[],"environment":[],"file_system_config":[],"image_config":[],"tags_all":{},"tracing_config":[],"vpc_config":[]}}}],"configuration":{"provider_config":{"aws":{"name":"aws","expressions":{"region":{"constant_value":"us-west-2"}}}},"root_module":{"resources":[{"address":"aws_cloudwatch_log_group.example1","mode":"managed","type":"aws_cloudwatch_log_group","name":"example1","provider_config_key":"aws","expressions":{"name":{"constant_value":"lambda_function_name1"},"retention_in_days":{"constant_value":90}},"schema_version":0},{"address":"aws_cloudwatch_log_group.example2","mode":"managed","type":"aws_cloudwatch_log_group","name":"example2","provider_config_key":"aws","expressions":{"name":{"constant_value":"lambda_function_name2"},"retention_in_days":{"constant_value":90}},"schema_version":0},{"address":"aws_cloudwatch_log_group.example3","mode":"managed","type":"aws_cloudwatch_log_group","name":"example3","provider_config_key":"aws","expressions":{"name":{"constant_value":"lambda_function_name3"},"retention_in_days":{"constant_value":90}},"schema_version":0},{"address":"aws_iam_role.iam_for_lambda1","mode":"managed","type":"aws_iam_role","name":"iam_for_lambda1","provider_config_key":"aws","expressions":{"assume_role_policy":{"constant_value":"{\n  \"Version\": \"2012-10-17\",\n  \"Statement\": [\n    {\n      \"Action\": \"sts:AssumeRole\",\n      \"Principal\": {\n        \"Service\": \"lambda.amazonaws.com\"\n      },\n      \"Effect\": \"Allow\",\n      \"Sid\": \"\"\n    }\n  ]\n}\n"},"name":{"constant_value":"iam_for_lambda"}},"schema_version":0},{"address":"aws_iam_role.iam_for_lambda2","mode":"managed","type":"aws_iam_role","name":"iam_for_lambda2","provider_config_key":"aws","expressions":{"assume_role_policy":{"constant_value":"{\n  \"Version\": \"2012-10-17\",\n  \"Statement\": [\n    {\n      \"Action\": \"sts:AssumeRole\",\n      \"Principal\": {\n        \"Service\": \"lambda.amazonaws.com\"\n      },\n      \"Effect\": \"Allow\",\n      \"Sid\": \"\"\n    }\n  ]\n}\n"},"name":{"constant_value":"iam_for_lambda"}},"schema_version":0},{"address":"aws_iam_role.iam_for_lambda3","mode":"managed","type":"aws_iam_role","name":"iam_for_lambda3","provider_config_key":"aws","expressions":{"assume_role_policy":{"constant_value":"{\n  \"Version\": \"2012-10-17\",\n  \"Statement\": [\n    {\n      \"Action\": \"sts:AssumeRole\",\n      \"Principal\": {\n        \"Service\": \"lambda.amazonaws.com\"\n      },\n      \"Effect\": \"Allow\",\n      \"Sid\": \"\"\n    }\n  ]\n}\n"},"name":{"constant_value":"iam_for_lambda"}},"schema_version":0},{"address":"aws_lambda_function.test_lambda1","mode":"managed","type":"aws_lambda_function","name":"test_lambda1","provider_config_key":"aws","expressions":{"function_name":{"constant_value":"lambda_function_name_a"},"handler":{"constant_value":"exports.test"},"role":{"constant_value":"aws_iam_role.iam_for_lambda.arn"},"runtime":{"constant_value":"nodejs12.x"}},"schema_version":0,"depends_on":["aws_cloudwatch_log_group.example1"]},{"address":"aws_lambda_function.test_lambda2","mode":"managed","type":"aws_lambda_function","name":"test_lambda2","provider_config_key":"aws","expressions":{"function_name":{"constant_value":"lambda_function_name_b"},"handler":{"constant_value":"exports.test"},"role":{"constant_value":"aws_iam_role.iam_for_lambda.arn"},"runtime":{"constant_value":"nodejs12.x"}},"schema_version":0,"depends_on":["aws_cloudwatch_log_group.example2"]},{"address":"aws_lambda_function.test_lambda3","mode":"managed","type":"aws_lambda_function","name":"test_lambda3","provider_config_key":"aws","expressions":{"function_name":{"constant_value":"lambda_function_name_c"},"handler":{"constant_value":"exports.test"},"role":{"constant_value":"aws_iam_role.iam_for_lambda.arn"},"runtime":{"constant_value":"nodejs12.x"}},"schema_version":0,"depends_on":["aws_cloudwatch_log_group.example3"]},{"address":"aws_lambda_function.test_lambda4","mode":"managed","type":"aws_lambda_function","name":"test_lambda4","provider_config_key":"aws","expressions":{"function_name":{"constant_value":"lambda_function_name_d"},"handler":{"constant_value":"exports.test"},"role":{"constant_value":"aws_iam_role.iam_for_lambda.arn"},"runtime":{"constant_value":"nodejs12.x"}},"schema_version":0}]}}}
