{"format_version":"0.1","terraform_version":"0.12.25","planned_values":{"root_module":{"resources":[{"address":"aws_s3_bucket.a","mode":"managed","type":"aws_s3_bucket","name":"a","provider_name":"aws","schema_version":0,"values":{"acl":"private","bucket":"my-tf-test-bucket","bucket_prefix":null,"cors_rule":[],"force_destroy":false,"grant":[],"lifecycle_rule":[],"logging":[],"object_lock_configuration":[],"policy":null,"replication_configuration":[],"server_side_encryption_configuration":[],"tags":{"MyBuggyTag":"none","MyOkTag":"ok"},"website":[]}},{"address":"aws_s3_bucket.b","mode":"managed","type":"aws_s3_bucket","name":"b","provider_name":"aws","schema_version":0,"values":{"acl":"private","bucket":"my-tf-test-bucket","bucket_prefix":null,"cors_rule":[],"force_destroy":false,"grant":[],"lifecycle_rule":[],"logging":[],"object_lock_configuration":[],"policy":null,"replication_configuration":[],"server_side_encryption_configuration":[],"tags":{"MyBuggyTag":"","MyOkTag":""},"website":[]}},{"address":"aws_s3_bucket.c","mode":"managed","type":"aws_s3_bucket","name":"c","provider_name":"aws","schema_version":0,"values":{"acl":"private","bucket":"my-tf-test-bucket","bucket_prefix":null,"cors_rule":[],"force_destroy":false,"grant":[],"lifecycle_rule":[],"logging":[],"object_lock_configuration":[],"policy":null,"replication_configuration":[],"server_side_encryption_configuration":[],"tags":null,"website":[]}}]}},"resource_changes":[{"address":"aws_s3_bucket.a","mode":"managed","type":"aws_s3_bucket","name":"a","provider_name":"aws","change":{"actions":["create"],"before":null,"after":{"acl":"private","bucket":"my-tf-test-bucket","bucket_prefix":null,"cors_rule":[],"force_destroy":false,"grant":[],"lifecycle_rule":[],"logging":[],"object_lock_configuration":[],"policy":null,"replication_configuration":[],"server_side_encryption_configuration":[],"tags":{"MyBuggyTag":"none","MyOkTag":"ok"},"website":[]},"after_unknown":{"acceleration_status":true,"arn":true,"bucket_domain_name":true,"bucket_regional_domain_name":true,"cors_rule":[],"grant":[],"hosted_zone_id":true,"id":true,"lifecycle_rule":[],"logging":[],"object_lock_configuration":[],"region":true,"replication_configuration":[],"request_payer":true,"server_side_encryption_configuration":[],"tags":{},"versioning":true,"website":[],"website_domain":true,"website_endpoint":true}}},{"address":"aws_s3_bucket.b","mode":"managed","type":"aws_s3_bucket","name":"b","provider_name":"aws","change":{"actions":["create"],"before":null,"after":{"acl":"private","bucket":"my-tf-test-bucket","bucket_prefix":null,"cors_rule":[],"force_destroy":false,"grant":[],"lifecycle_rule":[],"logging":[],"object_lock_configuration":[],"policy":null,"replication_configuration":[],"server_side_encryption_configuration":[],"tags":{"MyBuggyTag":"","MyOkTag":""},"website":[]},"after_unknown":{"acceleration_status":true,"arn":true,"bucket_domain_name":true,"bucket_regional_domain_name":true,"cors_rule":[],"grant":[],"hosted_zone_id":true,"id":true,"lifecycle_rule":[],"logging":[],"object_lock_configuration":[],"region":true,"replication_configuration":[],"request_payer":true,"server_side_encryption_configuration":[],"tags":{},"versioning":true,"website":[],"website_domain":true,"website_endpoint":true}}},{"address":"aws_s3_bucket.c","mode":"managed","type":"aws_s3_bucket","name":"c","provider_name":"aws","change":{"actions":["create"],"before":null,"after":{"acl":"private","bucket":"my-tf-test-bucket","bucket_prefix":null,"cors_rule":[],"force_destroy":false,"grant":[],"lifecycle_rule":[],"logging":[],"object_lock_configuration":[],"policy":null,"replication_configuration":[],"server_side_encryption_configuration":[],"tags":null,"website":[]},"after_unknown":{"acceleration_status":true,"arn":true,"bucket_domain_name":true,"bucket_regional_domain_name":true,"cors_rule":[],"grant":[],"hosted_zone_id":true,"id":true,"lifecycle_rule":[],"logging":[],"object_lock_configuration":[],"region":true,"replication_configuration":[],"request_payer":true,"server_side_encryption_configuration":[],"versioning":true,"website":[],"website_domain":true,"website_endpoint":true}}}],"configuration":{"root_module":{"resources":[{"address":"aws_s3_bucket.a","mode":"managed","type":"aws_s3_bucket","name":"a","provider_config_key":"aws","expressions":{"bucket":{"constant_value":"my-tf-test-bucket"},"tags":{"constant_value":{"MyBuggyTag":"none","MyOkTag":"ok"}}},"schema_version":0},{"address":"aws_s3_bucket.b","mode":"managed","type":"aws_s3_bucket","name":"b","provider_config_key":"aws","expressions":{"bucket":{"constant_value":"my-tf-test-bucket"},"tags":{"constant_value":{"MyBuggyTag":"","MyOkTag":""}}},"schema_version":0},{"address":"aws_s3_bucket.c","mode":"managed","type":"aws_s3_bucket","name":"c","provider_config_key":"aws","expressions":{"bucket":{"constant_value":"my-tf-test-bucket"}},"schema_version":0}]}}}
