{"format_version":"0.1","terraform_version":"0.12.21","planned_values":{"root_module":{"child_modules":[{"resources":[{"address":"module.appmesh_existing.aws_appmesh_virtual_node.vn[\"ui\"]","mode":"managed","type":"aws_appmesh_virtual_node","name":"vn","index":"ui","provider_name":"aws","schema_version":1,"values":{"mesh_name":"demo2","name":"ui-vn","spec":[{"backend":[{"virtual_service":[{"virtual_service_name":"servicea.simpleapp.local"}]}],"listener":[{"health_check":[],"port_mapping":[{"port":80,"protocol":"http"}]}],"logging":[],"service_discovery":[{"aws_cloud_map":[],"dns":[{"hostname":"serviceb.simpleapp.local"}]}]}],"tags":null}}],"address":"module.appmesh_existing"}]}},"resource_changes":[{"address":"module.appmesh_existing.aws_appmesh_virtual_node.vn[\"ui\"]","module_address":"module.appmesh_existing","mode":"managed","type":"aws_appmesh_virtual_node","name":"vn","index":"ui","provider_name":"aws","change":{"actions":["create"],"before":null,"after":{"mesh_name":"demo2","name":"ui-vn","spec":[{"backend":[{"virtual_service":[{"virtual_service_name":"servicea.simpleapp.local"}]}],"listener":[{"health_check":[],"port_mapping":[{"port":80,"protocol":"http"}]}],"logging":[],"service_discovery":[{"aws_cloud_map":[],"dns":[{"hostname":"serviceb.simpleapp.local"}]}]}],"tags":null},"after_unknown":{"arn":true,"created_date":true,"id":true,"last_updated_date":true,"spec":[{"backend":[{"virtual_service":[{}]}],"backends":true,"listener":[{"health_check":[],"port_mapping":[{}]}],"logging":[],"service_discovery":[{"aws_cloud_map":[],"dns":[{"service_name":true}]}]}]}}}],"configuration":{"provider_config":{"aws":{"name":"aws","expressions":{"region":{"constant_value":"eu-west-1"}}}},"root_module":{"module_calls":{"appmesh_existing":{"source":"./appmesh","module":{"resources":[{"address":"aws_appmesh_virtual_node.vn","mode":"managed","type":"aws_appmesh_virtual_node","name":"vn","provider_config_key":"appmesh_existing:aws","expressions":{"mesh_name":{"references":["each.value"]},"name":{"references":["each.key"]},"spec":[{"backend":[{"virtual_service":[{"virtual_service_name":{"constant_value":"servicea.simpleapp.local"}}]}],"listener":[{"port_mapping":[{"port":{"constant_value":80},"protocol":{"constant_value":"http"}}]}],"service_discovery":[{"dns":[{"hostname":{"constant_value":"serviceb.simpleapp.local"}}]}]}]},"schema_version":1,"for_each_expression":{"constant_value":{"ui":"demo2"}}}]}}}}}}
