{"format_version":"0.1","terraform_version":"0.13.5","planned_values":{"root_module":{"resources":[{"address":"aws_instance.changed","mode":"managed","type":"aws_instance","name":"changed","provider_name":"registry.terraform.io/hashicorp/aws","schema_version":1,"values":{"ami":"ami-034bf895b736be04a","arn":"arn:aws:ec2:us-west-1:704778554736:instance/i-0d6a689453a806e50","associate_public_ip_address":true,"availability_zone":"us-west-1c","cpu_core_count":1,"cpu_threads_per_core":2,"credit_specification":[{"cpu_credits":"unlimited"}],"disable_api_termination":false,"ebs_block_device":[],"ebs_optimized":false,"enclave_options":[{"enabled":false}],"ephemeral_block_device":[],"get_password_data":false,"hibernation":false,"host_id":null,"iam_instance_profile":"","id":"i-0d6a689453a806e50","instance_initiated_shutdown_behavior":null,"instance_state":"running","instance_type":"t3.micro","ipv6_address_count":0,"ipv6_addresses":[],"key_name":"","metadata_options":[{"http_endpoint":"enabled","http_put_response_hop_limit":1,"http_tokens":"optional"}],"monitoring":false,"network_interface":[],"outpost_arn":"","password_data":"","placement_group":"","primary_network_interface_id":"eni-038b5221cfc6366ab","private_dns":"ip-172-31-3-98.us-west-1.compute.internal","private_ip":"172.31.3.98","public_dns":"ec2-54-183-197-40.us-west-1.compute.amazonaws.com","public_ip":"54.183.197.40","root_block_device":[{"delete_on_termination":true,"device_name":"/dev/sda1","encrypted":false,"iops":100,"kms_key_id":"","throughput":0,"volume_id":"vol-0368a72493beded82","volume_size":8,"volume_type":"gp2"}],"secondary_private_ips":[],"security_groups":["default"],"source_dest_check":true,"subnet_id":"subnet-30ee136a","tags":{"Name":"HelloWorldChange"},"tenancy":"default","timeouts":null,"user_data":null,"user_data_base64":null,"volume_tags":{},"vpc_security_group_ids":["sg-0d081f7e"]}},{"address":"aws_instance.unchanged","mode":"managed","type":"aws_instance","name":"unchanged","provider_name":"registry.terraform.io/hashicorp/aws","schema_version":1,"values":{"ami":"ami-034bf895b736be04a","arn":"arn:aws:ec2:us-west-1:704778554736:instance/i-0d06898043b4dcb31","associate_public_ip_address":true,"availability_zone":"us-west-1c","cpu_core_count":1,"cpu_threads_per_core":2,"credit_specification":[{"cpu_credits":"unlimited"}],"disable_api_termination":false,"ebs_block_device":[],"ebs_optimized":false,"enclave_options":[{"enabled":false}],"ephemeral_block_device":[],"get_password_data":false,"hibernation":false,"host_id":null,"iam_instance_profile":"","id":"i-0d06898043b4dcb31","instance_initiated_shutdown_behavior":null,"instance_state":"running","instance_type":"t3.micro","ipv6_address_count":0,"ipv6_addresses":[],"key_name":"","metadata_options":[{"http_endpoint":"enabled","http_put_response_hop_limit":1,"http_tokens":"optional"}],"monitoring":false,"network_interface":[],"outpost_arn":"","password_data":"","placement_group":"","primary_network_interface_id":"eni-02f77ab29e8b2352e","private_dns":"ip-172-31-2-154.us-west-1.compute.internal","private_ip":"172.31.2.154","public_dns":"ec2-54-241-114-98.us-west-1.compute.amazonaws.com","public_ip":"54.241.114.98","root_block_device":[{"delete_on_termination":true,"device_name":"/dev/sda1","encrypted":false,"iops":100,"kms_key_id":"","throughput":0,"volume_id":"vol-0a6d96c2f8f241a9d","volume_size":8,"volume_type":"gp2"}],"secondary_private_ips":[],"security_groups":["default"],"source_dest_check":true,"subnet_id":"subnet-30ee136a","tags":{"Name":"HelloWorld"},"tenancy":"default","timeouts":null,"user_data":null,"user_data_base64":null,"volume_tags":{},"vpc_security_group_ids":["sg-0d081f7e"]}},{"address":"aws_s3_bucket.newly_created","mode":"managed","type":"aws_s3_bucket","name":"newly_created","provider_name":"registry.terraform.io/hashicorp/aws","schema_version":0,"values":{"acl":"private","bucket":"my-tf-test-bucket","bucket_prefix":null,"cors_rule":[],"force_destroy":false,"grant":[],"lifecycle_rule":[],"logging":[],"object_lock_configuration":[],"policy":null,"replication_configuration":[],"server_side_encryption_configuration":[],"tags":{"Environment":"Dev","Name":"My bucket"},"website":[]}}]}},"resource_changes":[{"address":"aws_instance.changed","mode":"managed","type":"aws_instance","name":"changed","provider_name":"registry.terraform.io/hashicorp/aws","change":{"actions":["update"],"before":{"ami":"ami-034bf895b736be04a","arn":"arn:aws:ec2:us-west-1:704778554736:instance/i-0d6a689453a806e50","associate_public_ip_address":true,"availability_zone":"us-west-1c","cpu_core_count":1,"cpu_threads_per_core":2,"credit_specification":[{"cpu_credits":"unlimited"}],"disable_api_termination":false,"ebs_block_device":[],"ebs_optimized":false,"enclave_options":[{"enabled":false}],"ephemeral_block_device":[],"get_password_data":false,"hibernation":false,"host_id":null,"iam_instance_profile":"","id":"i-0d6a689453a806e50","instance_initiated_shutdown_behavior":null,"instance_state":"running","instance_type":"t3.micro","ipv6_address_count":0,"ipv6_addresses":[],"key_name":"","metadata_options":[{"http_endpoint":"enabled","http_put_response_hop_limit":1,"http_tokens":"optional"}],"monitoring":false,"network_interface":[],"outpost_arn":"","password_data":"","placement_group":"","primary_network_interface_id":"eni-038b5221cfc6366ab","private_dns":"ip-172-31-3-98.us-west-1.compute.internal","private_ip":"172.31.3.98","public_dns":"ec2-54-183-197-40.us-west-1.compute.amazonaws.com","public_ip":"54.183.197.40","root_block_device":[{"delete_on_termination":true,"device_name":"/dev/sda1","encrypted":false,"iops":100,"kms_key_id":"","throughput":0,"volume_id":"vol-0368a72493beded82","volume_size":8,"volume_type":"gp2"}],"secondary_private_ips":[],"security_groups":["default"],"source_dest_check":true,"subnet_id":"subnet-30ee136a","tags":{"Name":"HelloWorld"},"tenancy":"default","timeouts":null,"user_data":null,"user_data_base64":null,"volume_tags":{},"vpc_security_group_ids":["sg-0d081f7e"]},"after":{"ami":"ami-034bf895b736be04a","arn":"arn:aws:ec2:us-west-1:704778554736:instance/i-0d6a689453a806e50","associate_public_ip_address":true,"availability_zone":"us-west-1c","cpu_core_count":1,"cpu_threads_per_core":2,"credit_specification":[{"cpu_credits":"unlimited"}],"disable_api_termination":false,"ebs_block_device":[],"ebs_optimized":false,"enclave_options":[{"enabled":false}],"ephemeral_block_device":[],"get_password_data":false,"hibernation":false,"host_id":null,"iam_instance_profile":"","id":"i-0d6a689453a806e50","instance_initiated_shutdown_behavior":null,"instance_state":"running","instance_type":"t3.micro","ipv6_address_count":0,"ipv6_addresses":[],"key_name":"","metadata_options":[{"http_endpoint":"enabled","http_put_response_hop_limit":1,"http_tokens":"optional"}],"monitoring":false,"network_interface":[],"outpost_arn":"","password_data":"","placement_group":"","primary_network_interface_id":"eni-038b5221cfc6366ab","private_dns":"ip-172-31-3-98.us-west-1.compute.internal","private_ip":"172.31.3.98","public_dns":"ec2-54-183-197-40.us-west-1.compute.amazonaws.com","public_ip":"54.183.197.40","root_block_device":[{"delete_on_termination":true,"device_name":"/dev/sda1","encrypted":false,"iops":100,"kms_key_id":"","throughput":0,"volume_id":"vol-0368a72493beded82","volume_size":8,"volume_type":"gp2"}],"secondary_private_ips":[],"security_groups":["default"],"source_dest_check":true,"subnet_id":"subnet-30ee136a","tags":{"Name":"HelloWorldChange"},"tenancy":"default","timeouts":null,"user_data":null,"user_data_base64":null,"volume_tags":{},"vpc_security_group_ids":["sg-0d081f7e"]},"after_unknown":{}}},{"address":"aws_instance.unchanged","mode":"managed","type":"aws_instance","name":"unchanged","provider_name":"registry.terraform.io/hashicorp/aws","change":{"actions":["no-op"],"before":{"ami":"ami-034bf895b736be04a","arn":"arn:aws:ec2:us-west-1:704778554736:instance/i-0d06898043b4dcb31","associate_public_ip_address":true,"availability_zone":"us-west-1c","cpu_core_count":1,"cpu_threads_per_core":2,"credit_specification":[{"cpu_credits":"unlimited"}],"disable_api_termination":false,"ebs_block_device":[],"ebs_optimized":false,"enclave_options":[{"enabled":false}],"ephemeral_block_device":[],"get_password_data":false,"hibernation":false,"host_id":null,"iam_instance_profile":"","id":"i-0d06898043b4dcb31","instance_initiated_shutdown_behavior":null,"instance_state":"running","instance_type":"t3.micro","ipv6_address_count":0,"ipv6_addresses":[],"key_name":"","metadata_options":[{"http_endpoint":"enabled","http_put_response_hop_limit":1,"http_tokens":"optional"}],"monitoring":false,"network_interface":[],"outpost_arn":"","password_data":"","placement_group":"","primary_network_interface_id":"eni-02f77ab29e8b2352e","private_dns":"ip-172-31-2-154.us-west-1.compute.internal","private_ip":"172.31.2.154","public_dns":"ec2-54-241-114-98.us-west-1.compute.amazonaws.com","public_ip":"54.241.114.98","root_block_device":[{"delete_on_termination":true,"device_name":"/dev/sda1","encrypted":false,"iops":100,"kms_key_id":"","throughput":0,"volume_id":"vol-0a6d96c2f8f241a9d","volume_size":8,"volume_type":"gp2"}],"secondary_private_ips":[],"security_groups":["default"],"source_dest_check":true,"subnet_id":"subnet-30ee136a","tags":{"Name":"HelloWorld"},"tenancy":"default","timeouts":null,"user_data":null,"user_data_base64":null,"volume_tags":{},"vpc_security_group_ids":["sg-0d081f7e"]},"after":{"ami":"ami-034bf895b736be04a","arn":"arn:aws:ec2:us-west-1:704778554736:instance/i-0d06898043b4dcb31","associate_public_ip_address":true,"availability_zone":"us-west-1c","cpu_core_count":1,"cpu_threads_per_core":2,"credit_specification":[{"cpu_credits":"unlimited"}],"disable_api_termination":false,"ebs_block_device":[],"ebs_optimized":false,"enclave_options":[{"enabled":false}],"ephemeral_block_device":[],"get_password_data":false,"hibernation":false,"host_id":null,"iam_instance_profile":"","id":"i-0d06898043b4dcb31","instance_initiated_shutdown_behavior":null,"instance_state":"running","instance_type":"t3.micro","ipv6_address_count":0,"ipv6_addresses":[],"key_name":"","metadata_options":[{"http_endpoint":"enabled","http_put_response_hop_limit":1,"http_tokens":"optional"}],"monitoring":false,"network_interface":[],"outpost_arn":"","password_data":"","placement_group":"","primary_network_interface_id":"eni-02f77ab29e8b2352e","private_dns":"ip-172-31-2-154.us-west-1.compute.internal","private_ip":"172.31.2.154","public_dns":"ec2-54-241-114-98.us-west-1.compute.amazonaws.com","public_ip":"54.241.114.98","root_block_device":[{"delete_on_termination":true,"device_name":"/dev/sda1","encrypted":false,"iops":100,"kms_key_id":"","throughput":0,"volume_id":"vol-0a6d96c2f8f241a9d","volume_size":8,"volume_type":"gp2"}],"secondary_private_ips":[],"security_groups":["default"],"source_dest_check":true,"subnet_id":"subnet-30ee136a","tags":{"Name":"HelloWorld"},"tenancy":"default","timeouts":null,"user_data":null,"user_data_base64":null,"volume_tags":{},"vpc_security_group_ids":["sg-0d081f7e"]},"after_unknown":{}}},{"address":"aws_s3_bucket.newly_created","mode":"managed","type":"aws_s3_bucket","name":"newly_created","provider_name":"registry.terraform.io/hashicorp/aws","change":{"actions":["create"],"before":null,"after":{"acl":"private","bucket":"my-tf-test-bucket","bucket_prefix":null,"cors_rule":[],"force_destroy":false,"grant":[],"lifecycle_rule":[],"logging":[],"object_lock_configuration":[],"policy":null,"replication_configuration":[],"server_side_encryption_configuration":[],"tags":{"Environment":"Dev","Name":"My bucket"},"website":[]},"after_unknown":{"acceleration_status":true,"arn":true,"bucket_domain_name":true,"bucket_regional_domain_name":true,"cors_rule":[],"grant":[],"hosted_zone_id":true,"id":true,"lifecycle_rule":[],"logging":[],"object_lock_configuration":[],"region":true,"replication_configuration":[],"request_payer":true,"server_side_encryption_configuration":[],"tags":{},"versioning":true,"website":[],"website_domain":true,"website_endpoint":true}}}],"prior_state":{"format_version":"0.1","terraform_version":"0.13.5","values":{"root_module":{"resources":[{"address":"aws_instance.changed","mode":"managed","type":"aws_instance","name":"changed","provider_name":"registry.terraform.io/hashicorp/aws","schema_version":1,"values":{"ami":"ami-034bf895b736be04a","arn":"arn:aws:ec2:us-west-1:704778554736:instance/i-0d6a689453a806e50","associate_public_ip_address":true,"availability_zone":"us-west-1c","cpu_core_count":1,"cpu_threads_per_core":2,"credit_specification":[{"cpu_credits":"unlimited"}],"disable_api_termination":false,"ebs_block_device":[],"ebs_optimized":false,"enclave_options":[{"enabled":false}],"ephemeral_block_device":[],"get_password_data":false,"hibernation":false,"host_id":null,"iam_instance_profile":"","id":"i-0d6a689453a806e50","instance_initiated_shutdown_behavior":null,"instance_state":"running","instance_type":"t3.micro","ipv6_address_count":0,"ipv6_addresses":[],"key_name":"","metadata_options":[{"http_endpoint":"enabled","http_put_response_hop_limit":1,"http_tokens":"optional"}],"monitoring":false,"network_interface":[],"outpost_arn":"","password_data":"","placement_group":"","primary_network_interface_id":"eni-038b5221cfc6366ab","private_dns":"ip-172-31-3-98.us-west-1.compute.internal","private_ip":"172.31.3.98","public_dns":"ec2-54-183-197-40.us-west-1.compute.amazonaws.com","public_ip":"54.183.197.40","root_block_device":[{"delete_on_termination":true,"device_name":"/dev/sda1","encrypted":false,"iops":100,"kms_key_id":"","throughput":0,"volume_id":"vol-0368a72493beded82","volume_size":8,"volume_type":"gp2"}],"secondary_private_ips":[],"security_groups":["default"],"source_dest_check":true,"subnet_id":"subnet-30ee136a","tags":{"Name":"HelloWorld"},"tenancy":"default","timeouts":null,"user_data":null,"user_data_base64":null,"volume_tags":{},"vpc_security_group_ids":["sg-0d081f7e"]},"depends_on":["data.aws_ami.ubuntu"]},{"address":"aws_instance.unchanged","mode":"managed","type":"aws_instance","name":"unchanged","provider_name":"registry.terraform.io/hashicorp/aws","schema_version":1,"values":{"ami":"ami-034bf895b736be04a","arn":"arn:aws:ec2:us-west-1:704778554736:instance/i-0d06898043b4dcb31","associate_public_ip_address":true,"availability_zone":"us-west-1c","cpu_core_count":1,"cpu_threads_per_core":2,"credit_specification":[{"cpu_credits":"unlimited"}],"disable_api_termination":false,"ebs_block_device":[],"ebs_optimized":false,"enclave_options":[{"enabled":false}],"ephemeral_block_device":[],"get_password_data":false,"hibernation":false,"host_id":null,"iam_instance_profile":"","id":"i-0d06898043b4dcb31","instance_initiated_shutdown_behavior":null,"instance_state":"running","instance_type":"t3.micro","ipv6_address_count":0,"ipv6_addresses":[],"key_name":"","metadata_options":[{"http_endpoint":"enabled","http_put_response_hop_limit":1,"http_tokens":"optional"}],"monitoring":false,"network_interface":[],"outpost_arn":"","password_data":"","placement_group":"","primary_network_interface_id":"eni-02f77ab29e8b2352e","private_dns":"ip-172-31-2-154.us-west-1.compute.internal","private_ip":"172.31.2.154","public_dns":"ec2-54-241-114-98.us-west-1.compute.amazonaws.com","public_ip":"54.241.114.98","root_block_device":[{"delete_on_termination":true,"device_name":"/dev/sda1","encrypted":false,"iops":100,"kms_key_id":"","throughput":0,"volume_id":"vol-0a6d96c2f8f241a9d","volume_size":8,"volume_type":"gp2"}],"secondary_private_ips":[],"security_groups":["default"],"source_dest_check":true,"subnet_id":"subnet-30ee136a","tags":{"Name":"HelloWorld"},"tenancy":"default","timeouts":null,"user_data":null,"user_data_base64":null,"volume_tags":{},"vpc_security_group_ids":["sg-0d081f7e"]},"depends_on":["data.aws_ami.ubuntu"]},{"address":"data.aws_ami.ubuntu","mode":"data","type":"aws_ami","name":"ubuntu","provider_name":"registry.terraform.io/hashicorp/aws","schema_version":0,"values":{"architecture":"x86_64","arn":"arn:aws:ec2:us-west-1::image/ami-034bf895b736be04a","block_device_mappings":[{"device_name":"/dev/sda1","ebs":{"delete_on_termination":"true","encrypted":"false","iops":"0","snapshot_id":"snap-071154d47d9e5bbd0","volume_size":"8","volume_type":"gp2"},"no_device":"","virtual_name":""},{"device_name":"/dev/sdb","ebs":{},"no_device":"","virtual_name":"ephemeral0"},{"device_name":"/dev/sdc","ebs":{},"no_device":"","virtual_name":"ephemeral1"}],"creation_date":"2021-01-09T01:45:28.000Z","description":"Canonical, Ubuntu, 20.04 LTS, amd64 focal image build on 2021-01-08","executable_users":null,"filter":[{"name":"name","values":["ubuntu/images/hvm-ssd/ubuntu-focal-20.04-amd64-server-*"]},{"name":"virtualization-type","values":["hvm"]}],"hypervisor":"xen","id":"ami-034bf895b736be04a","image_id":"ami-034bf895b736be04a","image_location":"099720109477/ubuntu/images/hvm-ssd/ubuntu-focal-20.04-amd64-server-20210108","image_owner_alias":null,"image_type":"machine","kernel_id":null,"most_recent":true,"name":"ubuntu/images/hvm-ssd/ubuntu-focal-20.04-amd64-server-20210108","name_regex":null,"owner_id":"099720109477","owners":["099720109477"],"platform":null,"product_codes":[],"public":true,"ramdisk_id":null,"root_device_name":"/dev/sda1","root_device_type":"ebs","root_snapshot_id":"snap-071154d47d9e5bbd0","sriov_net_support":"simple","state":"available","state_reason":{"code":"UNSET","message":"UNSET"},"tags":{},"virtualization_type":"hvm"}}]}}},"configuration":{"provider_config":{"aws":{"name":"aws","expressions":{"region":{"constant_value":"us-west-1"}}}},"root_module":{"resources":[{"address":"aws_instance.changed","mode":"managed","type":"aws_instance","name":"changed","provider_config_key":"aws","expressions":{"ami":{"references":["data.aws_ami.ubuntu"]},"instance_type":{"constant_value":"t3.micro"},"tags":{"constant_value":{"Name":"HelloWorldChange"}}},"schema_version":1},{"address":"aws_instance.unchanged","mode":"managed","type":"aws_instance","name":"unchanged","provider_config_key":"aws","expressions":{"ami":{"references":["data.aws_ami.ubuntu"]},"instance_type":{"constant_value":"t3.micro"},"tags":{"constant_value":{"Name":"HelloWorld"}}},"schema_version":1},{"address":"aws_s3_bucket.newly_created","mode":"managed","type":"aws_s3_bucket","name":"newly_created","provider_config_key":"aws","expressions":{"acl":{"constant_value":"private"},"bucket":{"constant_value":"my-tf-test-bucket"},"tags":{"constant_value":{"Environment":"Dev","Name":"My bucket"}}},"schema_version":0},{"address":"data.aws_ami.ubuntu","mode":"data","type":"aws_ami","name":"ubuntu","provider_config_key":"aws","expressions":{"filter":[{"name":{"constant_value":"name"},"values":{"constant_value":["ubuntu/images/hvm-ssd/ubuntu-focal-20.04-amd64-server-*"]}},{"name":{"constant_value":"virtualization-type"},"values":{"constant_value":["hvm"]}}],"most_recent":{"constant_value":true},"owners":{"constant_value":["099720109477"]}},"schema_version":0}]}}}
