{"format_version":"0.1","terraform_version":"0.13.5","variables":{"ecr_repositories":{"value":{"repository_1":{"image_tag_mutability":"MUTABLE","name":"bar","scan_on_push":true}}},"repo_name":{"value":"repository_1"},"scan_on_push_val":{"value":true}},"planned_values":{"root_module":{"resources":[{"address":"aws_iam_role.test_iam_role","mode":"managed","type":"aws_iam_role","name":"test_iam_role","provider_name":"registry.terraform.io/hashicorp/aws","schema_version":0,"values":{"assume_role_policy":"{\n  \"Version\": \"2012-10-17\",\n  \"Statement\": [\n    {\n      \"Action\": \"sts:AssumeRole\",\n      \"Principal\": {\n        \"Service\": \"ec2.amazonaws.com\"\n      },\n      \"Effect\": \"Allow\",\n      \"Sid\": \"\"\n    }\n  ]\n}\n","description":null,"force_detach_policies":false,"max_session_duration":3600,"name_prefix":null,"path":"/","permissions_boundary":null,"tags":null}}],"child_modules":[{"resources":[{"address":"module.ecr_repository.aws_ecr_repository.ecr_repository","mode":"managed","type":"aws_ecr_repository","name":"ecr_repository","provider_name":"registry.terraform.io/hashicorp/aws","schema_version":0,"values":{"encryption_configuration":[],"image_scanning_configuration":[{"scan_on_push":true}],"image_tag_mutability":"IMMUTABLE","name":"repository_1","tags":null,"timeouts":null}},{"address":"module.ecr_repository.aws_instance.ecr_repository","mode":"managed","type":"aws_instance","name":"ecr_repository","provider_name":"registry.terraform.io/hashicorp/aws","schema_version":1,"values":{"ami":"ami-0745d55d209ff6afd","credit_specification":[],"disable_api_termination":null,"ebs_optimized":null,"get_password_data":false,"hibernation":null,"iam_instance_profile":null,"instance_initiated_shutdown_behavior":null,"instance_type":"t3.micro","monitoring":null,"source_dest_check":true,"tags":{"Name":"HelloWorld"},"timeouts":null,"user_data":null,"user_data_base64":null}}],"address":"module.ecr_repository"}]}},"resource_changes":[{"address":"aws_iam_role.test_iam_role","mode":"managed","type":"aws_iam_role","name":"test_iam_role","provider_name":"registry.terraform.io/hashicorp/aws","change":{"actions":["create"],"before":null,"after":{"assume_role_policy":"{\n  \"Version\": \"2012-10-17\",\n  \"Statement\": [\n    {\n      \"Action\": \"sts:AssumeRole\",\n      \"Principal\": {\n        \"Service\": \"ec2.amazonaws.com\"\n      },\n      \"Effect\": \"Allow\",\n      \"Sid\": \"\"\n    }\n  ]\n}\n","description":null,"force_detach_policies":false,"max_session_duration":3600,"name_prefix":null,"path":"/","permissions_boundary":null,"tags":null},"after_unknown":{"arn":true,"create_date":true,"id":true,"name":true,"unique_id":true}}},{"address":"module.ecr_repository.aws_ecr_repository.ecr_repository","module_address":"module.ecr_repository","mode":"managed","type":"aws_ecr_repository","name":"ecr_repository","provider_name":"registry.terraform.io/hashicorp/aws","change":{"actions":["create"],"before":null,"after":{"encryption_configuration":[],"image_scanning_configuration":[{"scan_on_push":true}],"image_tag_mutability":"IMMUTABLE","name":"repository_1","tags":null,"timeouts":null},"after_unknown":{"arn":true,"encryption_configuration":[],"id":true,"image_scanning_configuration":[{}],"registry_id":true,"repository_url":true}}},{"address":"module.ecr_repository.aws_instance.ecr_repository","module_address":"module.ecr_repository","mode":"managed","type":"aws_instance","name":"ecr_repository","provider_name":"registry.terraform.io/hashicorp/aws","change":{"actions":["create"],"before":null,"after":{"ami":"ami-0745d55d209ff6afd","credit_specification":[],"disable_api_termination":null,"ebs_optimized":null,"get_password_data":false,"hibernation":null,"iam_instance_profile":null,"instance_initiated_shutdown_behavior":null,"instance_type":"t3.micro","monitoring":null,"source_dest_check":true,"tags":{"Name":"HelloWorld"},"timeouts":null,"user_data":null,"user_data_base64":null},"after_unknown":{"arn":true,"associate_public_ip_address":true,"availability_zone":true,"cpu_core_count":true,"cpu_threads_per_core":true,"credit_specification":[],"ebs_block_device":true,"enclave_options":true,"ephemeral_block_device":true,"host_id":true,"id":true,"instance_state":true,"ipv6_address_count":true,"ipv6_addresses":true,"key_name":true,"metadata_options":true,"network_interface":true,"outpost_arn":true,"password_data":true,"placement_group":true,"primary_network_interface_id":true,"private_dns":true,"private_ip":true,"public_dns":true,"public_ip":true,"root_block_device":true,"secondary_private_ips":true,"security_groups":true,"subnet_id":true,"tags":{},"tenancy":true,"volume_tags":true,"vpc_security_group_ids":true}}}],"prior_state":{"format_version":"0.1","terraform_version":"0.13.5","values":{"root_module":{"child_modules":[{"resources":[{"address":"module.ecr_repository.data.aws_ami.ubuntu","mode":"data","type":"aws_ami","name":"ubuntu","provider_name":"registry.terraform.io/hashicorp/aws","schema_version":0,"values":{"architecture":"x86_64","arn":"arn:aws:ec2:us-east-1::image/ami-0745d55d209ff6afd","block_device_mappings":[{"device_name":"/dev/sda1","ebs":{"delete_on_termination":"true","encrypted":"false","iops":"0","snapshot_id":"snap-02e56c03bdc93275c","volume_size":"8","volume_type":"gp2"},"no_device":"","virtual_name":""},{"device_name":"/dev/sdb","ebs":{},"no_device":"","virtual_name":"ephemeral0"},{"device_name":"/dev/sdc","ebs":{},"no_device":"","virtual_name":"ephemeral1"}],"creation_date":"2021-01-06T01:25:41.000Z","description":"Canonical, Ubuntu, 20.04 LTS, amd64 focal image build on 2021-01-05","executable_users":null,"filter":[{"name":"name","values":["ubuntu/images/hvm-ssd/ubuntu-focal-20.04-amd64-server-*"]},{"name":"virtualization-type","values":["hvm"]}],"hypervisor":"xen","id":"ami-0745d55d209ff6afd","image_id":"ami-0745d55d209ff6afd","image_location":"099720109477/ubuntu/images/hvm-ssd/ubuntu-focal-20.04-amd64-server-20210105","image_owner_alias":null,"image_type":"machine","kernel_id":null,"most_recent":true,"name":"ubuntu/images/hvm-ssd/ubuntu-focal-20.04-amd64-server-20210105","name_regex":null,"owner_id":"099720109477","owners":["099720109477"],"platform":null,"product_codes":[],"public":true,"ramdisk_id":null,"root_device_name":"/dev/sda1","root_device_type":"ebs","root_snapshot_id":"snap-02e56c03bdc93275c","sriov_net_support":"simple","state":"available","state_reason":{"code":"UNSET","message":"UNSET"},"tags":{},"virtualization_type":"hvm"}}],"address":"module.ecr_repository"}]}}},"configuration":{"provider_config":{"aws":{"name":"aws","expressions":{"region":{"constant_value":"us-east-1"}}}},"root_module":{"resources":[{"address":"aws_iam_role.test_iam_role","mode":"managed","type":"aws_iam_role","name":"test_iam_role","provider_config_key":"aws","expressions":{"assume_role_policy":{"constant_value":"{\n  \"Version\": \"2012-10-17\",\n  \"Statement\": [\n    {\n      \"Action\": \"sts:AssumeRole\",\n      \"Principal\": {\n        \"Service\": \"ec2.amazonaws.com\"\n      },\n      \"Effect\": \"Allow\",\n      \"Sid\": \"\"\n    }\n  ]\n}\n"},"name":{"references":["module.ecr_repository.ecr_name"]}},"schema_version":0}],"module_calls":{"ecr_repository":{"source":"./modules/ecr_module","expressions":{"name":{"references":["var.repo_name"]},"scan_on_push":{"references":["var.scan_on_push_val"]}},"module":{"outputs":{"ecr_name":{"expression":{"references":["aws_ecr_repository.ecr_repository"]}}},"resources":[{"address":"aws_ecr_repository.ecr_repository","mode":"managed","type":"aws_ecr_repository","name":"ecr_repository","provider_config_key":"ecr_repository:aws","expressions":{"image_scanning_configuration":[{"scan_on_push":{"references":["var.scan_on_push"]}}],"image_tag_mutability":{"constant_value":"IMMUTABLE"},"name":{"references":["var.name"]}},"schema_version":0},{"address":"aws_instance.ecr_repository","mode":"managed","type":"aws_instance","name":"ecr_repository","provider_config_key":"ecr_repository:aws","expressions":{"ami":{"references":["data.aws_ami.ubuntu"]},"instance_type":{"constant_value":"t3.micro"},"tags":{"constant_value":{"Name":"HelloWorld"}}},"schema_version":1},{"address":"data.aws_ami.ubuntu","mode":"data","type":"aws_ami","name":"ubuntu","provider_config_key":"ecr_repository:aws","expressions":{"filter":[{"name":{"constant_value":"name"},"values":{"constant_value":["ubuntu/images/hvm-ssd/ubuntu-focal-20.04-amd64-server-*"]}},{"name":{"constant_value":"virtualization-type"},"values":{"constant_value":["hvm"]}}],"most_recent":{"constant_value":true},"owners":{"constant_value":["099720109477"]}},"schema_version":0}],"variables":{"name":{},"scan_on_push":{"default":"true"}}}}},"variables":{"ecr_repositories":{"default":{"repository_1":{"image_tag_mutability":"MUTABLE","name":"bar","scan_on_push":true}}},"repo_name":{"default":"repository_1"},"scan_on_push_val":{"default":true}}}}}
