{"format_version":"0.1","terraform_version":"0.12.28","variables":{"tags":{"value":{"Business Unit":"Customers","ComplianceException":"IGW_Approved","Cost Centre":"1234","Creator":"test","Environment":"Dev-Test","Major Function":"test","Name":"Test","Service":"test","Service Level":"Bronze","Work Order":"test"}}},"planned_values":{"root_module":{"resources":[{"address":"aws_customer_gateway.main","mode":"managed","type":"aws_customer_gateway","name":"main","provider_name":"aws","schema_version":0,"values":{"bgp_asn":65000,"ip_address":"172.83.124.10","tags":{"ComplianceException":"CGW_Approved"},"type":"ipsec.1"}},{"address":"aws_internet_gateway.gw","mode":"managed","type":"aws_internet_gateway","name":"gw","provider_name":"aws","schema_version":0,"values":{"tags":{"Business Unit":"Customers","ComplianceException":"IGW_Approved","Cost Centre":"1234","Creator":"test","Environment":"Dev-Test","Major Function":"test","Name":"Test","Service":"test","Service Level":"Bronze","Work Order":"test"}}},{"address":"aws_nat_gateway.gw","mode":"managed","type":"aws_nat_gateway","name":"gw","provider_name":"aws","schema_version":0,"values":{"tags":{"ComplianceException":"NGW_Approved"}}},{"address":"aws_security_group.allow_all_egress","mode":"managed","type":"aws_security_group","name":"allow_all_egress","provider_name":"aws","schema_version":1,"values":{"description":"Allow all outbound traffic","egress":[{"cidr_blocks":["0.0.0.0/0"],"description":"","from_port":443,"ipv6_cidr_blocks":[],"prefix_list_ids":[],"protocol":"tcp","security_groups":[],"self":false,"to_port":443}],"name":"allow_all","name_prefix":null,"revoke_rules_on_delete":false,"tags":{"Business Unit":"Customers","ComplianceException":"IGW_Approved","Cost Centre":"1234","Creator":"test","Environment":"Dev-Test","Major Function":"test","Name":"Test","Service":"test","Service Level":"Bronze","Work Order":"test"},"timeouts":null}},{"address":"aws_security_group.allow_tls","mode":"managed","type":"aws_security_group","name":"allow_tls","provider_name":"aws","schema_version":1,"values":{"description":"Allow TLS inbound traffic","ingress":[{"cidr_blocks":["10.0.0.0/8"],"description":"","from_port":443,"ipv6_cidr_blocks":[],"prefix_list_ids":[],"protocol":"tcp","security_groups":[],"self":false,"to_port":443}],"name":"allow_tls","name_prefix":null,"revoke_rules_on_delete":false,"tags":{"Business Unit":"Customers","ComplianceException":"IGW_Approved","Cost Centre":"1234","Creator":"test","Environment":"Dev-Test","Major Function":"test","Name":"Test","Service":"test","Service Level":"Bronze","Work Order":"test"},"timeouts":null}},{"address":"aws_security_group_rule.allow_all","mode":"managed","type":"aws_security_group_rule","name":"allow_all","provider_name":"aws","schema_version":2,"values":{"cidr_blocks":["10.0.0.0/8"],"description":null,"from_port":0,"ipv6_cidr_blocks":null,"prefix_list_ids":null,"protocol":"tcp","security_group_id":"sg-123456","self":false,"to_port":65535,"type":"ingress"}},{"address":"aws_subnet.test","mode":"managed","type":"aws_subnet","name":"test","provider_name":"aws","schema_version":1,"values":{"assign_ipv6_address_on_creation":false,"cidr_block":"10.0.1.0/24","map_public_ip_on_launch":false,"tags":null,"timeouts":null}},{"address":"aws_vpc.pass","mode":"managed","type":"aws_vpc","name":"pass","provider_name":"aws","schema_version":1,"values":{"assign_generated_ipv6_cidr_block":false,"cidr_block":"10.0.0.0/16","enable_dns_support":true,"instance_tenancy":"default","tags":{"Business Unit":"Customers","ComplianceException":"IGW_Approved","Cost Centre":"1234","Creator":"test","Environment":"Dev-Test","Major Function":"test","Name":"Test","Service":"test","Service Level":"Bronze","Work Order":"test"}}},{"address":"aws_vpn_gateway.main","mode":"managed","type":"aws_vpn_gateway","name":"main","provider_name":"aws","schema_version":0,"values":{"availability_zone":null,"tags":{"ComplianceException":"VGW_Approved"}}}]}},"resource_changes":[{"address":"aws_customer_gateway.main","mode":"managed","type":"aws_customer_gateway","name":"main","provider_name":"aws","change":{"actions":["create"],"before":null,"after":{"bgp_asn":65000,"ip_address":"172.83.124.10","tags":{"ComplianceException":"CGW_Approved"},"type":"ipsec.1"},"after_unknown":{"id":true,"tags":{}}}},{"address":"aws_internet_gateway.gw","mode":"managed","type":"aws_internet_gateway","name":"gw","provider_name":"aws","change":{"actions":["create"],"before":null,"after":{"tags":{"Business Unit":"Customers","ComplianceException":"IGW_Approved","Cost Centre":"1234","Creator":"test","Environment":"Dev-Test","Major Function":"test","Name":"Test","Service":"test","Service Level":"Bronze","Work Order":"test"}},"after_unknown":{"id":true,"owner_id":true,"tags":{},"vpc_id":true}}},{"address":"aws_nat_gateway.gw","mode":"managed","type":"aws_nat_gateway","name":"gw","provider_name":"aws","change":{"actions":["create"],"before":null,"after":{"tags":{"ComplianceException":"NGW_Approved"}},"after_unknown":{"allocation_id":true,"id":true,"network_interface_id":true,"private_ip":true,"public_ip":true,"subnet_id":true,"tags":{}}}},{"address":"aws_security_group.allow_all_egress","mode":"managed","type":"aws_security_group","name":"allow_all_egress","provider_name":"aws","change":{"actions":["create"],"before":null,"after":{"description":"Allow all outbound traffic","egress":[{"cidr_blocks":["0.0.0.0/0"],"description":"","from_port":443,"ipv6_cidr_blocks":[],"prefix_list_ids":[],"protocol":"tcp","security_groups":[],"self":false,"to_port":443}],"name":"allow_all","name_prefix":null,"revoke_rules_on_delete":false,"tags":{"Business Unit":"Customers","ComplianceException":"IGW_Approved","Cost Centre":"1234","Creator":"test","Environment":"Dev-Test","Major Function":"test","Name":"Test","Service":"test","Service Level":"Bronze","Work Order":"test"},"timeouts":null},"after_unknown":{"arn":true,"egress":[{"cidr_blocks":[false],"ipv6_cidr_blocks":[],"prefix_list_ids":[],"security_groups":[]}],"id":true,"ingress":true,"owner_id":true,"tags":{},"vpc_id":true}}},{"address":"aws_security_group.allow_tls","mode":"managed","type":"aws_security_group","name":"allow_tls","provider_name":"aws","change":{"actions":["create"],"before":null,"after":{"description":"Allow TLS inbound traffic","ingress":[{"cidr_blocks":["10.0.0.0/8"],"description":"","from_port":443,"ipv6_cidr_blocks":[],"prefix_list_ids":[],"protocol":"tcp","security_groups":[],"self":false,"to_port":443}],"name":"allow_tls","name_prefix":null,"revoke_rules_on_delete":false,"tags":{"Business Unit":"Customers","ComplianceException":"IGW_Approved","Cost Centre":"1234","Creator":"test","Environment":"Dev-Test","Major Function":"test","Name":"Test","Service":"test","Service Level":"Bronze","Work Order":"test"},"timeouts":null},"after_unknown":{"arn":true,"egress":true,"id":true,"ingress":[{"cidr_blocks":[false],"ipv6_cidr_blocks":[],"prefix_list_ids":[],"security_groups":[]}],"owner_id":true,"tags":{},"vpc_id":true}}},{"address":"aws_security_group_rule.allow_all","mode":"managed","type":"aws_security_group_rule","name":"allow_all","provider_name":"aws","change":{"actions":["create"],"before":null,"after":{"cidr_blocks":["10.0.0.0/8"],"description":null,"from_port":0,"ipv6_cidr_blocks":null,"prefix_list_ids":null,"protocol":"tcp","security_group_id":"sg-123456","self":false,"to_port":65535,"type":"ingress"},"after_unknown":{"cidr_blocks":[false],"id":true,"source_security_group_id":true}}},{"address":"aws_subnet.test","mode":"managed","type":"aws_subnet","name":"test","provider_name":"aws","change":{"actions":["create"],"before":null,"after":{"assign_ipv6_address_on_creation":false,"cidr_block":"10.0.1.0/24","map_public_ip_on_launch":false,"tags":null,"timeouts":null},"after_unknown":{"arn":true,"availability_zone":true,"availability_zone_id":true,"id":true,"ipv6_cidr_block":true,"ipv6_cidr_block_association_id":true,"owner_id":true,"vpc_id":true}}},{"address":"aws_vpc.pass","mode":"managed","type":"aws_vpc","name":"pass","provider_name":"aws","change":{"actions":["create"],"before":null,"after":{"assign_generated_ipv6_cidr_block":false,"cidr_block":"10.0.0.0/16","enable_dns_support":true,"instance_tenancy":"default","tags":{"Business Unit":"Customers","ComplianceException":"IGW_Approved","Cost Centre":"1234","Creator":"test","Environment":"Dev-Test","Major Function":"test","Name":"Test","Service":"test","Service Level":"Bronze","Work Order":"test"}},"after_unknown":{"arn":true,"default_network_acl_id":true,"default_route_table_id":true,"default_security_group_id":true,"dhcp_options_id":true,"enable_classiclink":true,"enable_classiclink_dns_support":true,"enable_dns_hostnames":true,"id":true,"ipv6_association_id":true,"ipv6_cidr_block":true,"main_route_table_id":true,"owner_id":true,"tags":{}}}},{"address":"aws_vpn_gateway.main","mode":"managed","type":"aws_vpn_gateway","name":"main","provider_name":"aws","change":{"actions":["create"],"before":null,"after":{"availability_zone":null,"tags":{"ComplianceException":"VGW_Approved"}},"after_unknown":{"amazon_side_asn":true,"id":true,"tags":{},"vpc_id":true}}}],"configuration":{"root_module":{"resources":[{"address":"aws_customer_gateway.main","mode":"managed","type":"aws_customer_gateway","name":"main","provider_config_key":"aws","expressions":{"bgp_asn":{"constant_value":65000},"ip_address":{"constant_value":"172.83.124.10"},"tags":{"constant_value":{"ComplianceException":"CGW_Approved"}},"type":{"constant_value":"ipsec.1"}},"schema_version":0},{"address":"aws_internet_gateway.gw","mode":"managed","type":"aws_internet_gateway","name":"gw","provider_config_key":"aws","expressions":{"tags":{"references":["var.tags"]},"vpc_id":{"references":["aws_vpc.pass"]}},"schema_version":0},{"address":"aws_nat_gateway.gw","mode":"managed","type":"aws_nat_gateway","name":"gw","provider_config_key":"aws","expressions":{"allocation_id":{"references":["aws_vpc.pass"]},"subnet_id":{"references":["aws_subnet.test"]},"tags":{"constant_value":{"ComplianceException":"NGW_Approved"}}},"schema_version":0},{"address":"aws_security_group.allow_all_egress","mode":"managed","type":"aws_security_group","name":"allow_all_egress","provider_config_key":"aws","expressions":{"description":{"constant_value":"Allow all outbound traffic"},"name":{"constant_value":"allow_all"},"tags":{"references":["var.tags"]},"vpc_id":{"references":["aws_vpc.pass"]}},"schema_version":1},{"address":"aws_security_group.allow_tls","mode":"managed","type":"aws_security_group","name":"allow_tls","provider_config_key":"aws","expressions":{"description":{"constant_value":"Allow TLS inbound traffic"},"name":{"constant_value":"allow_tls"},"tags":{"references":["var.tags"]},"vpc_id":{"references":["aws_vpc.pass"]}},"schema_version":1},{"address":"aws_security_group_rule.allow_all","mode":"managed","type":"aws_security_group_rule","name":"allow_all","provider_config_key":"aws","expressions":{"cidr_blocks":{"constant_value":["10.0.0.0/8"]},"from_port":{"constant_value":0},"protocol":{"constant_value":"tcp"},"security_group_id":{"constant_value":"sg-123456"},"to_port":{"constant_value":65535},"type":{"constant_value":"ingress"}},"schema_version":2},{"address":"aws_subnet.test","mode":"managed","type":"aws_subnet","name":"test","provider_config_key":"aws","expressions":{"cidr_block":{"constant_value":"10.0.1.0/24"},"vpc_id":{"references":["aws_vpc.pass"]}},"schema_version":1},{"address":"aws_vpc.pass","mode":"managed","type":"aws_vpc","name":"pass","provider_config_key":"aws","expressions":{"cidr_block":{"constant_value":"10.0.0.0/16"},"tags":{"references":["var.tags"]}},"schema_version":1},{"address":"aws_vpn_gateway.main","mode":"managed","type":"aws_vpn_gateway","name":"main","provider_config_key":"aws","expressions":{"tags":{"constant_value":{"ComplianceException":"VGW_Approved"}},"vpc_id":{"references":["aws_vpc.pass"]}},"schema_version":0}],"variables":{"tags":{"default":{"Business Unit":"Customers","ComplianceException":"IGW_Approved","Cost Centre":"1234","Creator":"test","Environment":"Dev-Test","Major Function":"test","Name":"Test","Service":"test","Service Level":"Bronze","Work Order":"test"}}}}}}
