{"format_version":"0.1","terraform_version":"0.12.24","planned_values":{"root_module":{"resources":[{"address":"aws_sns_topic.fail","mode":"managed","type":"aws_sns_topic","name":"fail","provider_name":"aws","schema_version":0,"values":{"application_failure_feedback_role_arn":null,"application_success_feedback_role_arn":null,"application_success_feedback_sample_rate":null,"delivery_policy":null,"display_name":null,"http_failure_feedback_role_arn":null,"http_success_feedback_role_arn":null,"http_success_feedback_sample_rate":null,"kms_master_key_id":null,"lambda_failure_feedback_role_arn":null,"lambda_success_feedback_role_arn":null,"lambda_success_feedback_sample_rate":null,"name":"user-updates-topic","name_prefix":null,"sqs_failure_feedback_role_arn":null,"sqs_success_feedback_role_arn":null,"sqs_success_feedback_sample_rate":null,"tags":null}}]}},"resource_changes":[{"address":"aws_sns_topic.fail","mode":"managed","type":"aws_sns_topic","name":"fail","provider_name":"aws","change":{"actions":["create"],"before":null,"after":{"application_failure_feedback_role_arn":null,"application_success_feedback_role_arn":null,"application_success_feedback_sample_rate":null,"delivery_policy":null,"display_name":null,"http_failure_feedback_role_arn":null,"http_success_feedback_role_arn":null,"http_success_feedback_sample_rate":null,"kms_master_key_id":null,"lambda_failure_feedback_role_arn":null,"lambda_success_feedback_role_arn":null,"lambda_success_feedback_sample_rate":null,"name":"user-updates-topic","name_prefix":null,"sqs_failure_feedback_role_arn":null,"sqs_success_feedback_role_arn":null,"sqs_success_feedback_sample_rate":null,"tags":null},"after_unknown":{"arn":true,"id":true,"policy":true}}}],"configuration":{"root_module":{"resources":[{"address":"aws_sns_topic.fail","mode":"managed","type":"aws_sns_topic","name":"fail","provider_config_key":"aws","expressions":{"name":{"constant_value":"user-updates-topic"}},"schema_version":0}]}}}
