{"format_version":"0.1","terraform_version":"0.12.21","planned_values":{"root_module":{"resources":[{"address":"aws_lb.internal","mode":"managed","type":"aws_lb","name":"internal","provider_name":"aws","schema_version":0,"values":{"access_logs":[],"enable_cross_zone_load_balancing":null,"enable_deletion_protection":false,"enable_http2":true,"idle_timeout":60,"internal":true,"load_balancer_type":"application","name":"test-alb","name_prefix":null,"subnets":["test"],"tags":null,"timeouts":null}}]}},"resource_changes":[{"address":"aws_lb.internal","mode":"managed","type":"aws_lb","name":"internal","provider_name":"aws","change":{"actions":["create"],"before":null,"after":{"access_logs":[],"enable_cross_zone_load_balancing":null,"enable_deletion_protection":false,"enable_http2":true,"idle_timeout":60,"internal":true,"load_balancer_type":"application","name":"test-alb","name_prefix":null,"subnets":["test"],"tags":null,"timeouts":null},"after_unknown":{"access_logs":[],"arn":true,"arn_suffix":true,"dns_name":true,"id":true,"ip_address_type":true,"security_groups":true,"subnet_mapping":true,"subnets":[false],"vpc_id":true,"zone_id":true}}}],"configuration":{"root_module":{"resources":[{"address":"aws_lb.internal","mode":"managed","type":"aws_lb","name":"internal","provider_config_key":"aws","expressions":{"enable_cross_zone_load_balancing":{"constant_value":true},"internal":{"constant_value":true},"load_balancer_type":{"constant_value":"application"},"name":{"constant_value":"test-alb"},"subnets":{"constant_value":["test"]}},"schema_version":0}]}}}
