{"format_version":"0.1","terraform_version":"0.12.24","planned_values":{"root_module":{"resources":[{"address":"aws_s3_bucket.b","mode":"managed","type":"aws_s3_bucket","name":"b","provider_name":"aws","schema_version":0,"values":{"acl":"private","bucket":"my_tf_test_bucket","bucket_prefix":null,"cors_rule":[],"force_destroy":false,"grant":[],"lifecycle_rule":[],"logging":[],"object_lock_configuration":[],"policy":null,"replication_configuration":[],"server_side_encryption_configuration":[],"tags":null,"website":[]}},{"address":"aws_s3_bucket_policy.b","mode":"managed","type":"aws_s3_bucket_policy","name":"b","provider_name":"aws","schema_version":0,"values":{"policy":"{\n  \"Version\": \"2012-10-17\",\n  \"Id\": \"MYBUCKETPOLICY\",\n  \"Statement\": [\n    {\n      \"Effect\": \"Allow\",\n      \"Action\": \"s3:*\",\n      \"Resource\": \"*\"\n    }\n  ]\n}\n"}}]}},"resource_changes":[{"address":"aws_s3_bucket.b","mode":"managed","type":"aws_s3_bucket","name":"b","provider_name":"aws","change":{"actions":["create"],"before":null,"after":{"acl":"private","bucket":"my_tf_test_bucket","bucket_prefix":null,"cors_rule":[],"force_destroy":false,"grant":[],"lifecycle_rule":[],"logging":[],"object_lock_configuration":[],"policy":null,"replication_configuration":[],"server_side_encryption_configuration":[],"tags":null,"website":[]},"after_unknown":{"acceleration_status":true,"arn":true,"bucket_domain_name":true,"bucket_regional_domain_name":true,"cors_rule":[],"grant":[],"hosted_zone_id":true,"id":true,"lifecycle_rule":[],"logging":[],"object_lock_configuration":[],"region":true,"replication_configuration":[],"request_payer":true,"server_side_encryption_configuration":[],"versioning":true,"website":[],"website_domain":true,"website_endpoint":true}}},{"address":"aws_s3_bucket_policy.b","mode":"managed","type":"aws_s3_bucket_policy","name":"b","provider_name":"aws","change":{"actions":["create"],"before":null,"after":{"policy":"{\n  \"Version\": \"2012-10-17\",\n  \"Id\": \"MYBUCKETPOLICY\",\n  \"Statement\": [\n    {\n      \"Effect\": \"Allow\",\n      \"Action\": \"s3:*\",\n      \"Resource\": \"*\"\n    }\n  ]\n}\n"},"after_unknown":{"bucket":true,"id":true}}}],"configuration":{"root_module":{"resources":[{"address":"aws_s3_bucket.b","mode":"managed","type":"aws_s3_bucket","name":"b","provider_config_key":"aws","expressions":{"bucket":{"constant_value":"my_tf_test_bucket"}},"schema_version":0},{"address":"aws_s3_bucket_policy.b","mode":"managed","type":"aws_s3_bucket_policy","name":"b","provider_config_key":"aws","expressions":{"bucket":{"references":["aws_s3_bucket.b"]},"policy":{"constant_value":"{\n  \"Version\": \"2012-10-17\",\n  \"Id\": \"MYBUCKETPOLICY\",\n  \"Statement\": [\n    {\n      \"Effect\": \"Allow\",\n      \"Action\": \"s3:*\",\n      \"Resource\": \"*\"\n    }\n  ]\n}\n"}},"schema_version":0}]}}}
