{"format_version":"0.1","terraform_version":"0.12.25","planned_values":{"root_module":{"resources":[{"address":"azurerm_resource_group.example","mode":"managed","type":"azurerm_resource_group","name":"example","provider_name":"azurerm","schema_version":0,"values":{"location":"westeurope","name":"example-resources","tags":null,"timeouts":null}},{"address":"azurerm_storage_account.example","mode":"managed","type":"azurerm_storage_account","name":"example","provider_name":"azurerm","schema_version":2,"values":{"account_kind":"StorageV2","account_replication_type":"GRS","account_tier":"Standard","custom_domain":[],"enable_https_traffic_only":true,"is_hns_enabled":false,"location":"westeurope","name":"storageaccountname","network_rules":[{"bypass":["AzureServices","Logging","Metrics"],"default_action":"Deny","ip_rules":["100.1.1.123/32"]}],"resource_group_name":"example-resources","static_website":[],"tags":{"environment":"staging"},"timeouts":null}}]}},"resource_changes":[{"address":"azurerm_resource_group.example","mode":"managed","type":"azurerm_resource_group","name":"example","provider_name":"azurerm","change":{"actions":["create"],"before":null,"after":{"location":"westeurope","name":"example-resources","tags":null,"timeouts":null},"after_unknown":{"id":true}}},{"address":"azurerm_storage_account.example","mode":"managed","type":"azurerm_storage_account","name":"example","provider_name":"azurerm","change":{"actions":["create"],"before":null,"after":{"account_kind":"StorageV2","account_replication_type":"GRS","account_tier":"Standard","custom_domain":[],"enable_https_traffic_only":true,"is_hns_enabled":false,"location":"westeurope","name":"storageaccountname","network_rules":[{"bypass":["AzureServices","Logging","Metrics"],"default_action":"Deny","ip_rules":["100.1.1.123/32"]}],"resource_group_name":"example-resources","static_website":[],"tags":{"environment":"staging"},"timeouts":null},"after_unknown":{"access_tier":true,"blob_properties":true,"custom_domain":[],"id":true,"identity":true,"network_rules":[{"bypass":[false,false,false],"ip_rules":[false],"virtual_network_subnet_ids":true}],"primary_access_key":true,"primary_blob_connection_string":true,"primary_blob_endpoint":true,"primary_blob_host":true,"primary_connection_string":true,"primary_dfs_endpoint":true,"primary_dfs_host":true,"primary_file_endpoint":true,"primary_file_host":true,"primary_location":true,"primary_queue_endpoint":true,"primary_queue_host":true,"primary_table_endpoint":true,"primary_table_host":true,"primary_web_endpoint":true,"primary_web_host":true,"queue_properties":true,"secondary_access_key":true,"secondary_blob_connection_string":true,"secondary_blob_endpoint":true,"secondary_blob_host":true,"secondary_connection_string":true,"secondary_dfs_endpoint":true,"secondary_dfs_host":true,"secondary_file_endpoint":true,"secondary_file_host":true,"secondary_location":true,"secondary_queue_endpoint":true,"secondary_queue_host":true,"secondary_table_endpoint":true,"secondary_table_host":true,"secondary_web_endpoint":true,"secondary_web_host":true,"static_website":[],"tags":{}}}}],"configuration":{"provider_config":{"azurerm":{"name":"azurerm","expressions":{"features":[{}]}}},"root_module":{"resources":[{"address":"azurerm_resource_group.example","mode":"managed","type":"azurerm_resource_group","name":"example","provider_config_key":"azurerm","expressions":{"location":{"constant_value":"West Europe"},"name":{"constant_value":"example-resources"}},"schema_version":0},{"address":"azurerm_storage_account.example","mode":"managed","type":"azurerm_storage_account","name":"example","provider_config_key":"azurerm","expressions":{"account_replication_type":{"constant_value":"GRS"},"account_tier":{"constant_value":"Standard"},"location":{"references":["azurerm_resource_group.example"]},"name":{"constant_value":"storageaccountname"},"network_rules":[{"bypass":{"constant_value":["AzureServices","Logging","Metrics"]},"default_action":{"constant_value":"Deny"},"ip_rules":{"constant_value":["100.1.1.123/32"]}}],"resource_group_name":{"references":["azurerm_resource_group.example"]},"tags":{"constant_value":{"environment":"staging"}}},"schema_version":2}]}}}
