{"format_version":"0.1","terraform_version":"0.14.0","planned_values":{"root_module":{"resources":[{"address":"aws_instance.ebs_encrypted_not_present","mode":"managed","type":"aws_instance","name":"ebs_encrypted_not_present","provider_name":"registry.terraform.io/hashicorp/aws","schema_version":1,"values":{"ami":"ami-003634241a8fcdec0","credit_specification":[],"disable_api_termination":null,"ebs_block_device":[{"delete_on_termination":true,"device_name":"/dev/sdg","volume_size":50,"volume_type":"gp2"}],"ebs_optimized":null,"get_password_data":false,"hibernation":null,"iam_instance_profile":null,"instance_initiated_shutdown_behavior":null,"instance_type":"t2.medium","key_name":"tfcompliance_inf","monitoring":null,"root_block_device":[{"delete_on_termination":true,"encrypted":true,"volume_size":200,"volume_type":"gp2"}],"source_dest_check":true,"tags":{"budget-area":"security","group":"Cybersecurity"},"timeouts":null,"user_data":null,"user_data_base64":null}}]}},"resource_changes":[{"address":"aws_instance.ebs_encrypted_not_present","mode":"managed","type":"aws_instance","name":"ebs_encrypted_not_present","provider_name":"registry.terraform.io/hashicorp/aws","change":{"actions":["create"],"before":null,"after":{"ami":"ami-003634241a8fcdec0","credit_specification":[],"disable_api_termination":null,"ebs_block_device":[{"delete_on_termination":true,"device_name":"/dev/sdg","volume_size":50,"volume_type":"gp2"}],"ebs_optimized":null,"get_password_data":false,"hibernation":null,"iam_instance_profile":null,"instance_initiated_shutdown_behavior":null,"instance_type":"t2.medium","key_name":"tfcompliance_inf","monitoring":null,"root_block_device":[{"delete_on_termination":true,"encrypted":true,"volume_size":200,"volume_type":"gp2"}],"source_dest_check":true,"tags":{"budget-area":"security","group":"Cybersecurity"},"timeouts":null,"user_data":null,"user_data_base64":null},"after_unknown":{"arn":true,"associate_public_ip_address":true,"availability_zone":true,"cpu_core_count":true,"cpu_threads_per_core":true,"credit_specification":[],"ebs_block_device":[{"encrypted":true,"iops":true,"kms_key_id":true,"snapshot_id":true,"volume_id":true}],"ephemeral_block_device":true,"host_id":true,"id":true,"instance_state":true,"ipv6_address_count":true,"ipv6_addresses":true,"metadata_options":true,"network_interface":true,"outpost_arn":true,"password_data":true,"placement_group":true,"primary_network_interface_id":true,"private_dns":true,"private_ip":true,"public_dns":true,"public_ip":true,"root_block_device":[{"device_name":true,"iops":true,"kms_key_id":true,"volume_id":true}],"secondary_private_ips":true,"security_groups":true,"subnet_id":true,"tags":{},"tenancy":true,"volume_tags":true,"vpc_security_group_ids":true}}}],"configuration":{"root_module":{"resources":[{"address":"aws_instance.ebs_encrypted_not_present","mode":"managed","type":"aws_instance","name":"ebs_encrypted_not_present","provider_config_key":"aws","expressions":{"ami":{"constant_value":"ami-003634241a8fcdec0"},"ebs_block_device":[{"delete_on_termination":{"constant_value":true},"device_name":{"constant_value":"/dev/sdg"},"volume_size":{"constant_value":50},"volume_type":{"constant_value":"gp2"}}],"instance_type":{"constant_value":"t2.medium"},"key_name":{"constant_value":"tfcompliance_inf"},"root_block_device":[{"encrypted":{"constant_value":true},"volume_size":{"constant_value":200},"volume_type":{"constant_value":"gp2"}}],"security_groups":{"constant_value":[]},"tags":{"constant_value":{"budget-area":"security","group":"Cybersecurity"}}},"schema_version":1}]}}}
