{"format_version":"0.1","terraform_version":"0.12.26","planned_values":{"root_module":{"resources":[{"address":"aws_sns_topic.test","mode":"managed","type":"aws_sns_topic","name":"test","provider_name":"aws","schema_version":0,"values":{"application_failure_feedback_role_arn":null,"application_success_feedback_role_arn":null,"application_success_feedback_sample_rate":null,"delivery_policy":null,"display_name":null,"http_failure_feedback_role_arn":null,"http_success_feedback_role_arn":null,"http_success_feedback_sample_rate":null,"kms_master_key_id":null,"lambda_failure_feedback_role_arn":null,"lambda_success_feedback_role_arn":null,"lambda_success_feedback_sample_rate":null,"name":"my-topic-with-policy","name_prefix":null,"sqs_failure_feedback_role_arn":null,"sqs_success_feedback_role_arn":null,"sqs_success_feedback_sample_rate":null,"tags":null}},{"address":"aws_sns_topic_policy.default","mode":"managed","type":"aws_sns_topic_policy","name":"default","provider_name":"aws","schema_version":0,"values":{"policy":"  \r\n  {\r\n  \"Statement\": [{\r\n    \"Sid\": \"Statement1\",\r\n    \"Effect\": \"Allow\",\r\n    \"Principal\": {\r\n      \"AWS\": \"111122223333\"\r\n    },\r\n    \"Action\": [\"sns:Subscribe\"],\r\n    \"Resource\": \"arn:aws:sns:us-east-2:444455556666:MyTopic\",\r\n    \"Condition\": {\r\n      \"StringEquals\": {\r\n        \"sns:Protocol\": \"https\"\r\n      }\r\n    }\r\n  }]\r\n}\r\n"}}]}},"resource_changes":[{"address":"aws_sns_topic.test","mode":"managed","type":"aws_sns_topic","name":"test","provider_name":"aws","change":{"actions":["create"],"before":null,"after":{"application_failure_feedback_role_arn":null,"application_success_feedback_role_arn":null,"application_success_feedback_sample_rate":null,"delivery_policy":null,"display_name":null,"http_failure_feedback_role_arn":null,"http_success_feedback_role_arn":null,"http_success_feedback_sample_rate":null,"kms_master_key_id":null,"lambda_failure_feedback_role_arn":null,"lambda_success_feedback_role_arn":null,"lambda_success_feedback_sample_rate":null,"name":"my-topic-with-policy","name_prefix":null,"sqs_failure_feedback_role_arn":null,"sqs_success_feedback_role_arn":null,"sqs_success_feedback_sample_rate":null,"tags":null},"after_unknown":{"arn":true,"id":true,"policy":true}}},{"address":"aws_sns_topic_policy.default","mode":"managed","type":"aws_sns_topic_policy","name":"default","provider_name":"aws","change":{"actions":["create"],"before":null,"after":{"policy":"  \r\n  {\r\n  \"Statement\": [{\r\n    \"Sid\": \"Statement1\",\r\n    \"Effect\": \"Allow\",\r\n    \"Principal\": {\r\n      \"AWS\": \"111122223333\"\r\n    },\r\n    \"Action\": [\"sns:Subscribe\"],\r\n    \"Resource\": \"arn:aws:sns:us-east-2:444455556666:MyTopic\",\r\n    \"Condition\": {\r\n      \"StringEquals\": {\r\n        \"sns:Protocol\": \"https\"\r\n      }\r\n    }\r\n  }]\r\n}\r\n"},"after_unknown":{"arn":true,"id":true}}}],"configuration":{"provider_config":{"aws":{"name":"aws","expressions":{"region":{"constant_value":"us-east-1"},"skip_credentials_validation":{"constant_value":true},"skip_requesting_account_id":{"constant_value":true}}}},"root_module":{"resources":[{"address":"aws_sns_topic.test","mode":"managed","type":"aws_sns_topic","name":"test","provider_config_key":"aws","expressions":{"name":{"constant_value":"my-topic-with-policy"}},"schema_version":0},{"address":"aws_sns_topic_policy.default","mode":"managed","type":"aws_sns_topic_policy","name":"default","provider_config_key":"aws","expressions":{"arn":{"references":["aws_sns_topic.test"]},"policy":{"constant_value":"  \r\n  {\r\n  \"Statement\": [{\r\n    \"Sid\": \"Statement1\",\r\n    \"Effect\": \"Allow\",\r\n    \"Principal\": {\r\n      \"AWS\": \"111122223333\"\r\n    },\r\n    \"Action\": [\"sns:Subscribe\"],\r\n    \"Resource\": \"arn:aws:sns:us-east-2:444455556666:MyTopic\",\r\n    \"Condition\": {\r\n      \"StringEquals\": {\r\n        \"sns:Protocol\": \"https\"\r\n      }\r\n    }\r\n  }]\r\n}\r\n"}},"schema_version":0}]}}}
