{"format_version":"0.1","terraform_version":"1.0.0","planned_values":{"root_module":{"child_modules":[{"resources":[{"address":"module.vpc_module.aws_network_acl.vpc_subnet_acl","mode":"managed","type":"aws_network_acl","name":"vpc_subnet_acl","provider_name":"registry.terraform.io/hashicorp/aws","schema_version":0,"values":{"tags":null}},{"address":"module.vpc_module.aws_subnet.vpc_subnet[0]","mode":"managed","type":"aws_subnet","name":"vpc_subnet","index":0,"provider_name":"registry.terraform.io/hashicorp/aws","schema_version":1,"values":{"assign_ipv6_address_on_creation":false,"cidr_block":"172.16.0.128/25","customer_owned_ipv4_pool":null,"ipv6_cidr_block":null,"map_customer_owned_ip_on_launch":null,"map_public_ip_on_launch":false,"outpost_arn":null,"tags":null,"timeouts":null}},{"address":"module.vpc_module.aws_subnet.vpc_subnet[1]","mode":"managed","type":"aws_subnet","name":"vpc_subnet","index":1,"provider_name":"registry.terraform.io/hashicorp/aws","schema_version":1,"values":{"assign_ipv6_address_on_creation":false,"cidr_block":"172.16.0.0/25","customer_owned_ipv4_pool":null,"ipv6_cidr_block":null,"map_customer_owned_ip_on_launch":null,"map_public_ip_on_launch":false,"outpost_arn":null,"tags":null,"timeouts":null}},{"address":"module.vpc_module.aws_vpc.vpc","mode":"managed","type":"aws_vpc","name":"vpc","provider_name":"registry.terraform.io/hashicorp/aws","schema_version":1,"values":{"assign_generated_ipv6_cidr_block":false,"cidr_block":"172.16.0.0/24","enable_dns_support":true,"instance_tenancy":"default","tags":null}}],"address":"module.vpc_module"}]}},"resource_changes":[{"address":"module.vpc_module.aws_network_acl.vpc_subnet_acl","module_address":"module.vpc_module","mode":"managed","type":"aws_network_acl","name":"vpc_subnet_acl","provider_name":"registry.terraform.io/hashicorp/aws","change":{"actions":["create"],"before":null,"after":{"tags":null},"after_unknown":{"arn":true,"egress":true,"id":true,"ingress":true,"owner_id":true,"subnet_ids":true,"tags_all":true,"vpc_id":true},"before_sensitive":false,"after_sensitive":{"egress":[],"ingress":[],"subnet_ids":[],"tags_all":{}}}},{"address":"module.vpc_module.aws_subnet.vpc_subnet[0]","module_address":"module.vpc_module","mode":"managed","type":"aws_subnet","name":"vpc_subnet","index":0,"provider_name":"registry.terraform.io/hashicorp/aws","change":{"actions":["create"],"before":null,"after":{"assign_ipv6_address_on_creation":false,"cidr_block":"172.16.0.128/25","customer_owned_ipv4_pool":null,"ipv6_cidr_block":null,"map_customer_owned_ip_on_launch":null,"map_public_ip_on_launch":false,"outpost_arn":null,"tags":null,"timeouts":null},"after_unknown":{"arn":true,"availability_zone":true,"availability_zone_id":true,"id":true,"ipv6_cidr_block_association_id":true,"owner_id":true,"tags_all":true,"vpc_id":true},"before_sensitive":false,"after_sensitive":{"tags_all":{}}}},{"address":"module.vpc_module.aws_subnet.vpc_subnet[1]","module_address":"module.vpc_module","mode":"managed","type":"aws_subnet","name":"vpc_subnet","index":1,"provider_name":"registry.terraform.io/hashicorp/aws","change":{"actions":["create"],"before":null,"after":{"assign_ipv6_address_on_creation":false,"cidr_block":"172.16.0.0/25","customer_owned_ipv4_pool":null,"ipv6_cidr_block":null,"map_customer_owned_ip_on_launch":null,"map_public_ip_on_launch":false,"outpost_arn":null,"tags":null,"timeouts":null},"after_unknown":{"arn":true,"availability_zone":true,"availability_zone_id":true,"id":true,"ipv6_cidr_block_association_id":true,"owner_id":true,"tags_all":true,"vpc_id":true},"before_sensitive":false,"after_sensitive":{"tags_all":{}}}},{"address":"module.vpc_module.aws_vpc.vpc","module_address":"module.vpc_module","mode":"managed","type":"aws_vpc","name":"vpc","provider_name":"registry.terraform.io/hashicorp/aws","change":{"actions":["create"],"before":null,"after":{"assign_generated_ipv6_cidr_block":false,"cidr_block":"172.16.0.0/24","enable_dns_support":true,"instance_tenancy":"default","tags":null},"after_unknown":{"arn":true,"default_network_acl_id":true,"default_route_table_id":true,"default_security_group_id":true,"dhcp_options_id":true,"enable_classiclink":true,"enable_classiclink_dns_support":true,"enable_dns_hostnames":true,"id":true,"ipv6_association_id":true,"ipv6_cidr_block":true,"main_route_table_id":true,"owner_id":true,"tags_all":true},"before_sensitive":false,"after_sensitive":{"tags_all":{}}}}],"configuration":{"provider_config":{"aws":{"name":"aws","expressions":{"region":{"constant_value":"us-east-1"}}}},"root_module":{"module_calls":{"vpc_module":{"source":"../vpc","module":{"resources":[{"address":"aws_network_acl.vpc_subnet_acl","mode":"managed","type":"aws_network_acl","name":"vpc_subnet_acl","provider_config_key":"vpc_module:aws","expressions":{"subnet_ids":{"references":["aws_subnet.vpc_subnet"]},"vpc_id":{"references":["aws_vpc.vpc"]}},"schema_version":0},{"address":"aws_subnet.vpc_subnet","mode":"managed","type":"aws_subnet","name":"vpc_subnet","provider_config_key":"vpc_module:aws","expressions":{"cidr_block":{"references":["count.index"]},"vpc_id":{"references":["aws_vpc.vpc"]}},"schema_version":1,"count_expression":{"constant_value":2}},{"address":"aws_vpc.vpc","mode":"managed","type":"aws_vpc","name":"vpc","provider_config_key":"vpc_module:aws","expressions":{"cidr_block":{"constant_value":"172.16.0.0/24"}},"schema_version":1}]}}}}}}
