{"format_version":"0.1","terraform_version":"0.12.10","planned_values":{"root_module":{"resources":[{"address":"aws_internet_gateway.test-igw","mode":"managed","type":"aws_internet_gateway","name":"test-igw","provider_name":"aws","schema_version":0,"values":{"tags":{"Name":"Test VPC IGW"}}},{"address":"aws_lb.nlb-noncompliant","mode":"managed","type":"aws_lb","name":"nlb-noncompliant","provider_name":"aws","schema_version":0,"values":{"access_logs":[],"enable_cross_zone_load_balancing":false,"enable_deletion_protection":false,"enable_http2":null,"idle_timeout":null,"internal":false,"load_balancer_type":"network","name":"nlb-noncompliant","name_prefix":null,"tags":null,"timeouts":null}},{"address":"aws_lb_listener.tcp-listener-noncompliant","mode":"managed","type":"aws_lb_listener","name":"tcp-listener-noncompliant","provider_name":"aws","schema_version":0,"values":{"certificate_arn":null,"default_action":[{"authenticate_cognito":[],"authenticate_oidc":[],"fixed_response":[{"content_type":"text/plain","message_body":"HEALTHY","status_code":"200"}],"redirect":[],"target_group_arn":null,"type":"fixed-response"}],"port":80,"protocol":"TCP","timeouts":null}},{"address":"aws_lb_listener.tcpudp-listener-noncompliant","mode":"managed","type":"aws_lb_listener","name":"tcpudp-listener-noncompliant","provider_name":"aws","schema_version":0,"values":{"certificate_arn":null,"default_action":[{"authenticate_cognito":[],"authenticate_oidc":[],"fixed_response":[{"content_type":"text/plain","message_body":"HEALTHY","status_code":"200"}],"redirect":[],"target_group_arn":null,"type":"fixed-response"}],"port":53,"protocol":"TCP","timeouts":null}},{"address":"aws_lb_listener.udp-listener-noncompliant","mode":"managed","type":"aws_lb_listener","name":"udp-listener-noncompliant","provider_name":"aws","schema_version":0,"values":{"certificate_arn":null,"default_action":[{"authenticate_cognito":[],"authenticate_oidc":[],"fixed_response":[{"content_type":"text/plain","message_body":"HEALTHY","status_code":"200"}],"redirect":[],"target_group_arn":null,"type":"fixed-response"}],"port":1443,"protocol":"UDP","timeouts":null}},{"address":"aws_route_table.test-pub-rtb","mode":"managed","type":"aws_route_table","name":"test-pub-rtb","provider_name":"aws","schema_version":0,"values":{"route":[{"cidr_block":"0.0.0.0/0","egress_only_gateway_id":"","instance_id":"","ipv6_cidr_block":"","nat_gateway_id":"","network_interface_id":"","transit_gateway_id":"","vpc_peering_connection_id":""}],"tags":{"Name":"Test VPC Public Route Table"}}},{"address":"aws_route_table_association.test-pubA-rtb-assoc","mode":"managed","type":"aws_route_table_association","name":"test-pubA-rtb-assoc","provider_name":"aws","schema_version":0},{"address":"aws_route_table_association.test-pubB-rtb-assoc","mode":"managed","type":"aws_route_table_association","name":"test-pubB-rtb-assoc","provider_name":"aws","schema_version":0},{"address":"aws_security_group.sg-loadBalancer-noncompliant","mode":"managed","type":"aws_security_group","name":"sg-loadBalancer-noncompliant","provider_name":"aws","schema_version":1,"values":{"description":"Allow HTTP/HTTPS inbound traffic","egress":[{"cidr_blocks":["0.0.0.0/0"],"description":"","from_port":0,"ipv6_cidr_blocks":[],"prefix_list_ids":[],"protocol":"-1","security_groups":[],"self":false,"to_port":0}],"ingress":[{"cidr_blocks":["0.0.0.0/0"],"description":"","from_port":443,"ipv6_cidr_blocks":[],"prefix_list_ids":[],"protocol":"tcp","security_groups":[],"self":false,"to_port":443},{"cidr_blocks":["0.0.0.0/0"],"description":"","from_port":80,"ipv6_cidr_blocks":[],"prefix_list_ids":[],"protocol":"tcp","security_groups":[],"self":false,"to_port":80}],"name":"sg-loadBalancer-noncompliant","name_prefix":null,"revoke_rules_on_delete":false,"tags":null,"timeouts":null}},{"address":"aws_subnet.test-subnet-privA","mode":"managed","type":"aws_subnet","name":"test-subnet-privA","provider_name":"aws","schema_version":1,"values":{"assign_ipv6_address_on_creation":false,"cidr_block":"10.0.10.0/24","map_public_ip_on_launch":false,"tags":{"Name":"Private Subnet A Subnet Compliant checks"},"timeouts":null}},{"address":"aws_subnet.test-subnet-privB","mode":"managed","type":"aws_subnet","name":"test-subnet-privB","provider_name":"aws","schema_version":1,"values":{"assign_ipv6_address_on_creation":false,"cidr_block":"10.0.11.0/24","map_public_ip_on_launch":false,"tags":{"Name":"Private Subnet B Compliant checks"},"timeouts":null}},{"address":"aws_subnet.test-subnet-pubA","mode":"managed","type":"aws_subnet","name":"test-subnet-pubA","provider_name":"aws","schema_version":1,"values":{"assign_ipv6_address_on_creation":false,"cidr_block":"10.0.0.0/24","map_public_ip_on_launch":false,"tags":{"Name":"Public Subnet A Compliant checks"},"timeouts":null}},{"address":"aws_subnet.test-subnet-pubB","mode":"managed","type":"aws_subnet","name":"test-subnet-pubB","provider_name":"aws","schema_version":1,"values":{"assign_ipv6_address_on_creation":false,"cidr_block":"10.0.1.0/24","map_public_ip_on_launch":false,"tags":{"Name":"Public Subnet B Subnet Compliant checks"},"timeouts":null}},{"address":"aws_vpc.test-vpc","mode":"managed","type":"aws_vpc","name":"test-vpc","provider_name":"aws","schema_version":1,"values":{"assign_generated_ipv6_cidr_block":false,"cidr_block":"10.0.0.0/16","enable_dns_support":true,"instance_tenancy":"default","tags":{"Name":"TestVPC Compliant checks"}}}]}},"resource_changes":[{"address":"aws_internet_gateway.test-igw","mode":"managed","type":"aws_internet_gateway","name":"test-igw","provider_name":"aws","change":{"actions":["create"],"before":null,"after":{"tags":{"Name":"Test VPC IGW"}},"after_unknown":{"id":true,"owner_id":true,"tags":{},"vpc_id":true}}},{"address":"aws_lb.nlb-noncompliant","mode":"managed","type":"aws_lb","name":"nlb-noncompliant","provider_name":"aws","change":{"actions":["create"],"before":null,"after":{"access_logs":[],"enable_cross_zone_load_balancing":false,"enable_deletion_protection":false,"enable_http2":null,"idle_timeout":null,"internal":false,"load_balancer_type":"network","name":"nlb-noncompliant","name_prefix":null,"tags":null,"timeouts":null},"after_unknown":{"access_logs":[],"arn":true,"arn_suffix":true,"dns_name":true,"id":true,"ip_address_type":true,"security_groups":true,"subnet_mapping":true,"subnets":true,"vpc_id":true,"zone_id":true}}},{"address":"aws_lb_listener.tcp-listener-noncompliant","mode":"managed","type":"aws_lb_listener","name":"tcp-listener-noncompliant","provider_name":"aws","change":{"actions":["create"],"before":null,"after":{"certificate_arn":null,"default_action":[{"authenticate_cognito":[],"authenticate_oidc":[],"fixed_response":[{"content_type":"text/plain","message_body":"HEALTHY","status_code":"200"}],"redirect":[],"target_group_arn":null,"type":"fixed-response"}],"port":80,"protocol":"TCP","timeouts":null},"after_unknown":{"arn":true,"default_action":[{"authenticate_cognito":[],"authenticate_oidc":[],"fixed_response":[{}],"order":true,"redirect":[]}],"id":true,"load_balancer_arn":true,"ssl_policy":true}}},{"address":"aws_lb_listener.tcpudp-listener-noncompliant","mode":"managed","type":"aws_lb_listener","name":"tcpudp-listener-noncompliant","provider_name":"aws","change":{"actions":["create"],"before":null,"after":{"certificate_arn":null,"default_action":[{"authenticate_cognito":[],"authenticate_oidc":[],"fixed_response":[{"content_type":"text/plain","message_body":"HEALTHY","status_code":"200"}],"redirect":[],"target_group_arn":null,"type":"fixed-response"}],"port":53,"protocol":"TCP","timeouts":null},"after_unknown":{"arn":true,"default_action":[{"authenticate_cognito":[],"authenticate_oidc":[],"fixed_response":[{}],"order":true,"redirect":[]}],"id":true,"load_balancer_arn":true,"ssl_policy":true}}},{"address":"aws_lb_listener.udp-listener-noncompliant","mode":"managed","type":"aws_lb_listener","name":"udp-listener-noncompliant","provider_name":"aws","change":{"actions":["create"],"before":null,"after":{"certificate_arn":null,"default_action":[{"authenticate_cognito":[],"authenticate_oidc":[],"fixed_response":[{"content_type":"text/plain","message_body":"HEALTHY","status_code":"200"}],"redirect":[],"target_group_arn":null,"type":"fixed-response"}],"port":1443,"protocol":"UDP","timeouts":null},"after_unknown":{"arn":true,"default_action":[{"authenticate_cognito":[],"authenticate_oidc":[],"fixed_response":[{}],"order":true,"redirect":[]}],"id":true,"load_balancer_arn":true,"ssl_policy":true}}},{"address":"aws_route_table.test-pub-rtb","mode":"managed","type":"aws_route_table","name":"test-pub-rtb","provider_name":"aws","change":{"actions":["create"],"before":null,"after":{"route":[{"cidr_block":"0.0.0.0/0","egress_only_gateway_id":"","instance_id":"","ipv6_cidr_block":"","nat_gateway_id":"","network_interface_id":"","transit_gateway_id":"","vpc_peering_connection_id":""}],"tags":{"Name":"Test VPC Public Route Table"}},"after_unknown":{"id":true,"owner_id":true,"propagating_vgws":true,"route":[{"gateway_id":true}],"tags":{},"vpc_id":true}}},{"address":"aws_route_table_association.test-pubA-rtb-assoc","mode":"managed","type":"aws_route_table_association","name":"test-pubA-rtb-assoc","provider_name":"aws","change":{"actions":["create"],"before":null,"after":{},"after_unknown":{"id":true,"route_table_id":true,"subnet_id":true}}},{"address":"aws_route_table_association.test-pubB-rtb-assoc","mode":"managed","type":"aws_route_table_association","name":"test-pubB-rtb-assoc","provider_name":"aws","change":{"actions":["create"],"before":null,"after":{},"after_unknown":{"id":true,"route_table_id":true,"subnet_id":true}}},{"address":"aws_security_group.sg-loadBalancer-noncompliant","mode":"managed","type":"aws_security_group","name":"sg-loadBalancer-noncompliant","provider_name":"aws","change":{"actions":["create"],"before":null,"after":{"description":"Allow HTTP/HTTPS inbound traffic","egress":[{"cidr_blocks":["0.0.0.0/0"],"description":"","from_port":0,"ipv6_cidr_blocks":[],"prefix_list_ids":[],"protocol":"-1","security_groups":[],"self":false,"to_port":0}],"ingress":[{"cidr_blocks":["0.0.0.0/0"],"description":"","from_port":443,"ipv6_cidr_blocks":[],"prefix_list_ids":[],"protocol":"tcp","security_groups":[],"self":false,"to_port":443},{"cidr_blocks":["0.0.0.0/0"],"description":"","from_port":80,"ipv6_cidr_blocks":[],"prefix_list_ids":[],"protocol":"tcp","security_groups":[],"self":false,"to_port":80}],"name":"sg-loadBalancer-noncompliant","name_prefix":null,"revoke_rules_on_delete":false,"tags":null,"timeouts":null},"after_unknown":{"arn":true,"egress":[{"cidr_blocks":[false],"ipv6_cidr_blocks":[],"prefix_list_ids":[],"security_groups":[]}],"id":true,"ingress":[{"cidr_blocks":[false],"ipv6_cidr_blocks":[],"prefix_list_ids":[],"security_groups":[]},{"cidr_blocks":[false],"ipv6_cidr_blocks":[],"prefix_list_ids":[],"security_groups":[]}],"owner_id":true,"vpc_id":true}}},{"address":"aws_subnet.test-subnet-privA","mode":"managed","type":"aws_subnet","name":"test-subnet-privA","provider_name":"aws","change":{"actions":["create"],"before":null,"after":{"assign_ipv6_address_on_creation":false,"cidr_block":"10.0.10.0/24","map_public_ip_on_launch":false,"tags":{"Name":"Private Subnet A Subnet Compliant checks"},"timeouts":null},"after_unknown":{"arn":true,"availability_zone":true,"availability_zone_id":true,"id":true,"ipv6_cidr_block":true,"ipv6_cidr_block_association_id":true,"owner_id":true,"tags":{},"vpc_id":true}}},{"address":"aws_subnet.test-subnet-privB","mode":"managed","type":"aws_subnet","name":"test-subnet-privB","provider_name":"aws","change":{"actions":["create"],"before":null,"after":{"assign_ipv6_address_on_creation":false,"cidr_block":"10.0.11.0/24","map_public_ip_on_launch":false,"tags":{"Name":"Private Subnet B Compliant checks"},"timeouts":null},"after_unknown":{"arn":true,"availability_zone":true,"availability_zone_id":true,"id":true,"ipv6_cidr_block":true,"ipv6_cidr_block_association_id":true,"owner_id":true,"tags":{},"vpc_id":true}}},{"address":"aws_subnet.test-subnet-pubA","mode":"managed","type":"aws_subnet","name":"test-subnet-pubA","provider_name":"aws","change":{"actions":["create"],"before":null,"after":{"assign_ipv6_address_on_creation":false,"cidr_block":"10.0.0.0/24","map_public_ip_on_launch":false,"tags":{"Name":"Public Subnet A Compliant checks"},"timeouts":null},"after_unknown":{"arn":true,"availability_zone":true,"availability_zone_id":true,"id":true,"ipv6_cidr_block":true,"ipv6_cidr_block_association_id":true,"owner_id":true,"tags":{},"vpc_id":true}}},{"address":"aws_subnet.test-subnet-pubB","mode":"managed","type":"aws_subnet","name":"test-subnet-pubB","provider_name":"aws","change":{"actions":["create"],"before":null,"after":{"assign_ipv6_address_on_creation":false,"cidr_block":"10.0.1.0/24","map_public_ip_on_launch":false,"tags":{"Name":"Public Subnet B Subnet Compliant checks"},"timeouts":null},"after_unknown":{"arn":true,"availability_zone":true,"availability_zone_id":true,"id":true,"ipv6_cidr_block":true,"ipv6_cidr_block_association_id":true,"owner_id":true,"tags":{},"vpc_id":true}}},{"address":"aws_vpc.test-vpc","mode":"managed","type":"aws_vpc","name":"test-vpc","provider_name":"aws","change":{"actions":["create"],"before":null,"after":{"assign_generated_ipv6_cidr_block":false,"cidr_block":"10.0.0.0/16","enable_dns_support":true,"instance_tenancy":"default","tags":{"Name":"TestVPC Compliant checks"}},"after_unknown":{"arn":true,"default_network_acl_id":true,"default_route_table_id":true,"default_security_group_id":true,"dhcp_options_id":true,"enable_classiclink":true,"enable_classiclink_dns_support":true,"enable_dns_hostnames":true,"id":true,"ipv6_association_id":true,"ipv6_cidr_block":true,"main_route_table_id":true,"owner_id":true,"tags":{}}}}],"configuration":{"provider_config":{"aws":{"name":"aws","expressions":{"region":{"constant_value":"eu-west-1"}}}},"root_module":{"resources":[{"address":"aws_internet_gateway.test-igw","mode":"managed","type":"aws_internet_gateway","name":"test-igw","provider_config_key":"aws","expressions":{"tags":{"constant_value":{"Name":"Test VPC IGW"}},"vpc_id":{"references":["aws_vpc.test-vpc"]}},"schema_version":0},{"address":"aws_lb.nlb-noncompliant","mode":"managed","type":"aws_lb","name":"nlb-noncompliant","provider_config_key":"aws","expressions":{"internal":{"constant_value":false},"load_balancer_type":{"constant_value":"network"},"name":{"constant_value":"nlb-noncompliant"},"security_groups":{"references":["aws_security_group.sg-loadBalancer-noncompliant"]},"subnets":{"references":["aws_subnet.test-subnet-pubA","aws_subnet.test-subnet-pubB"]}},"schema_version":0},{"address":"aws_lb_listener.tcp-listener-noncompliant","mode":"managed","type":"aws_lb_listener","name":"tcp-listener-noncompliant","provider_config_key":"aws","expressions":{"default_action":[{"fixed_response":[{"content_type":{"constant_value":"text/plain"},"message_body":{"constant_value":"HEALTHY"},"status_code":{"constant_value":"200"}}],"type":{"constant_value":"fixed-response"}}],"load_balancer_arn":{"references":["aws_lb.nlb-noncompliant"]},"port":{"constant_value":"80"},"protocol":{"constant_value":"TCP"}},"schema_version":0},{"address":"aws_lb_listener.tcpudp-listener-noncompliant","mode":"managed","type":"aws_lb_listener","name":"tcpudp-listener-noncompliant","provider_config_key":"aws","expressions":{"default_action":[{"fixed_response":[{"content_type":{"constant_value":"text/plain"},"message_body":{"constant_value":"HEALTHY"},"status_code":{"constant_value":"200"}}],"type":{"constant_value":"fixed-response"}}],"load_balancer_arn":{"references":["aws_lb.nlb-noncompliant"]},"port":{"constant_value":"53"},"protocol":{"constant_value":"TCP"}},"schema_version":0},{"address":"aws_lb_listener.udp-listener-noncompliant","mode":"managed","type":"aws_lb_listener","name":"udp-listener-noncompliant","provider_config_key":"aws","expressions":{"default_action":[{"fixed_response":[{"content_type":{"constant_value":"text/plain"},"message_body":{"constant_value":"HEALTHY"},"status_code":{"constant_value":"200"}}],"type":{"constant_value":"fixed-response"}}],"load_balancer_arn":{"references":["aws_lb.nlb-noncompliant"]},"port":{"constant_value":"1443"},"protocol":{"constant_value":"UDP"}},"schema_version":0},{"address":"aws_route_table.test-pub-rtb","mode":"managed","type":"aws_route_table","name":"test-pub-rtb","provider_config_key":"aws","expressions":{"tags":{"constant_value":{"Name":"Test VPC Public Route Table"}},"vpc_id":{"references":["aws_vpc.test-vpc"]}},"schema_version":0},{"address":"aws_route_table_association.test-pubA-rtb-assoc","mode":"managed","type":"aws_route_table_association","name":"test-pubA-rtb-assoc","provider_config_key":"aws","expressions":{"route_table_id":{"references":["aws_route_table.test-pub-rtb"]},"subnet_id":{"references":["aws_subnet.test-subnet-pubA"]}},"schema_version":0},{"address":"aws_route_table_association.test-pubB-rtb-assoc","mode":"managed","type":"aws_route_table_association","name":"test-pubB-rtb-assoc","provider_config_key":"aws","expressions":{"route_table_id":{"references":["aws_route_table.test-pub-rtb"]},"subnet_id":{"references":["aws_subnet.test-subnet-pubB"]}},"schema_version":0},{"address":"aws_security_group.sg-loadBalancer-noncompliant","mode":"managed","type":"aws_security_group","name":"sg-loadBalancer-noncompliant","provider_config_key":"aws","expressions":{"description":{"constant_value":"Allow HTTP/HTTPS inbound traffic"},"name":{"constant_value":"sg-loadBalancer-noncompliant"},"vpc_id":{"references":["aws_vpc.test-vpc"]}},"schema_version":1},{"address":"aws_subnet.test-subnet-privA","mode":"managed","type":"aws_subnet","name":"test-subnet-privA","provider_config_key":"aws","expressions":{"cidr_block":{"constant_value":"10.0.10.0/24"},"tags":{"constant_value":{"Name":"Private Subnet A Subnet Compliant checks"}},"vpc_id":{"references":["aws_vpc.test-vpc"]}},"schema_version":1},{"address":"aws_subnet.test-subnet-privB","mode":"managed","type":"aws_subnet","name":"test-subnet-privB","provider_config_key":"aws","expressions":{"cidr_block":{"constant_value":"10.0.11.0/24"},"tags":{"constant_value":{"Name":"Private Subnet B Compliant checks"}},"vpc_id":{"references":["aws_vpc.test-vpc"]}},"schema_version":1},{"address":"aws_subnet.test-subnet-pubA","mode":"managed","type":"aws_subnet","name":"test-subnet-pubA","provider_config_key":"aws","expressions":{"cidr_block":{"constant_value":"10.0.0.0/24"},"tags":{"constant_value":{"Name":"Public Subnet A Compliant checks"}},"vpc_id":{"references":["aws_vpc.test-vpc"]}},"schema_version":1},{"address":"aws_subnet.test-subnet-pubB","mode":"managed","type":"aws_subnet","name":"test-subnet-pubB","provider_config_key":"aws","expressions":{"cidr_block":{"constant_value":"10.0.1.0/24"},"tags":{"constant_value":{"Name":"Public Subnet B Subnet Compliant checks"}},"vpc_id":{"references":["aws_vpc.test-vpc"]}},"schema_version":1},{"address":"aws_vpc.test-vpc","mode":"managed","type":"aws_vpc","name":"test-vpc","provider_config_key":"aws","expressions":{"cidr_block":{"constant_value":"10.0.0.0/16"},"tags":{"constant_value":{"Name":"TestVPC Compliant checks"}}},"schema_version":1}]}}}
