{"format_version":"0.1","terraform_version":"0.12.24","variables":{"vpc_id":{"value":"vpc_1235678"}},"planned_values":{"root_module":{"resources":[{"address":"aws_security_group.ecs_task","mode":"managed","type":"aws_security_group","name":"ecs_task","provider_name":"aws","schema_version":1,"values":{"description":"Allow ECS Fargate tasks to communicate with each other","name":"ecs-tasks","name_prefix":null,"revoke_rules_on_delete":false,"tags":null,"timeouts":{"create":"5m","delete":"5m"},"vpc_id":"vpc_1235678"}},{"address":"aws_security_group_rule.ecs_task_egress_self","mode":"managed","type":"aws_security_group_rule","name":"ecs_task_egress_self","provider_name":"aws","schema_version":2,"values":{"cidr_blocks":null,"description":"Allow ECS task to communicate with itself (egress)","from_port":0,"ipv6_cidr_blocks":null,"prefix_list_ids":null,"protocol":"tcp","self":true,"to_port":65535,"type":"egress"}},{"address":"aws_security_group_rule.ecs_task_egress_to_internet_443","mode":"managed","type":"aws_security_group_rule","name":"ecs_task_egress_to_internet_443","provider_name":"aws","schema_version":2,"values":{"cidr_blocks":["0.0.0.0/0"],"description":"Allow ECS task to communicate with Internet on 443","from_port":443,"ipv6_cidr_blocks":null,"prefix_list_ids":null,"protocol":"tcp","self":false,"to_port":443,"type":"egress"}},{"address":"aws_security_group_rule.ecs_task_egress_to_mssql","mode":"managed","type":"aws_security_group_rule","name":"ecs_task_egress_to_mssql","provider_name":"aws","schema_version":2,"values":{"cidr_blocks":["10.0.0.0/16"],"description":"Allow ECS task to communicate with MSSQL","from_port":1433,"ipv6_cidr_blocks":null,"prefix_list_ids":null,"protocol":"tcp","self":false,"to_port":1433,"type":"egress"}},{"address":"aws_security_group_rule.ecs_task_ingress_self","mode":"managed","type":"aws_security_group_rule","name":"ecs_task_ingress_self","provider_name":"aws","schema_version":2,"values":{"cidr_blocks":null,"description":"Allow ECS task to communicate with itself (ingress)","from_port":0,"ipv6_cidr_blocks":null,"prefix_list_ids":null,"protocol":"tcp","self":true,"to_port":65535,"type":"ingress"}}]}},"resource_changes":[{"address":"aws_security_group.ecs_task","mode":"managed","type":"aws_security_group","name":"ecs_task","provider_name":"aws","change":{"actions":["create"],"before":null,"after":{"description":"Allow ECS Fargate tasks to communicate with each other","name":"ecs-tasks","name_prefix":null,"revoke_rules_on_delete":false,"tags":null,"timeouts":{"create":"5m","delete":"5m"},"vpc_id":"vpc_1235678"},"after_unknown":{"arn":true,"egress":true,"id":true,"ingress":true,"owner_id":true,"timeouts":{}}}},{"address":"aws_security_group_rule.ecs_task_egress_self","mode":"managed","type":"aws_security_group_rule","name":"ecs_task_egress_self","provider_name":"aws","change":{"actions":["create"],"before":null,"after":{"cidr_blocks":null,"description":"Allow ECS task to communicate with itself (egress)","from_port":0,"ipv6_cidr_blocks":null,"prefix_list_ids":null,"protocol":"tcp","self":true,"to_port":65535,"type":"egress"},"after_unknown":{"id":true,"security_group_id":true,"source_security_group_id":true}}},{"address":"aws_security_group_rule.ecs_task_egress_to_internet_443","mode":"managed","type":"aws_security_group_rule","name":"ecs_task_egress_to_internet_443","provider_name":"aws","change":{"actions":["create"],"before":null,"after":{"cidr_blocks":["0.0.0.0/0"],"description":"Allow ECS task to communicate with Internet on 443","from_port":443,"ipv6_cidr_blocks":null,"prefix_list_ids":null,"protocol":"tcp","self":false,"to_port":443,"type":"egress"},"after_unknown":{"cidr_blocks":[false],"id":true,"security_group_id":true,"source_security_group_id":true}}},{"address":"aws_security_group_rule.ecs_task_egress_to_mssql","mode":"managed","type":"aws_security_group_rule","name":"ecs_task_egress_to_mssql","provider_name":"aws","change":{"actions":["create"],"before":null,"after":{"cidr_blocks":["10.0.0.0/16"],"description":"Allow ECS task to communicate with MSSQL","from_port":1433,"ipv6_cidr_blocks":null,"prefix_list_ids":null,"protocol":"tcp","self":false,"to_port":1433,"type":"egress"},"after_unknown":{"cidr_blocks":[false],"id":true,"security_group_id":true,"source_security_group_id":true}}},{"address":"aws_security_group_rule.ecs_task_ingress_self","mode":"managed","type":"aws_security_group_rule","name":"ecs_task_ingress_self","provider_name":"aws","change":{"actions":["create"],"before":null,"after":{"cidr_blocks":null,"description":"Allow ECS task to communicate with itself (ingress)","from_port":0,"ipv6_cidr_blocks":null,"prefix_list_ids":null,"protocol":"tcp","self":true,"to_port":65535,"type":"ingress"},"after_unknown":{"id":true,"security_group_id":true,"source_security_group_id":true}}}],"configuration":{"root_module":{"resources":[{"address":"aws_security_group.ecs_task","mode":"managed","type":"aws_security_group","name":"ecs_task","provider_config_key":"aws","expressions":{"description":{"constant_value":"Allow ECS Fargate tasks to communicate with each other"},"name":{"constant_value":"ecs-tasks"},"timeouts":{"create":{"constant_value":"5m"},"delete":{"constant_value":"5m"}},"vpc_id":{"references":["var.vpc_id"]}},"schema_version":1},{"address":"aws_security_group_rule.ecs_task_egress_self","mode":"managed","type":"aws_security_group_rule","name":"ecs_task_egress_self","provider_config_key":"aws","expressions":{"description":{"constant_value":"Allow ECS task to communicate with itself (egress)"},"from_port":{"constant_value":0},"protocol":{"constant_value":"tcp"},"security_group_id":{"references":["aws_security_group.ecs_task"]},"self":{"constant_value":true},"to_port":{"constant_value":65535},"type":{"constant_value":"egress"}},"schema_version":2},{"address":"aws_security_group_rule.ecs_task_egress_to_internet_443","mode":"managed","type":"aws_security_group_rule","name":"ecs_task_egress_to_internet_443","provider_config_key":"aws","expressions":{"cidr_blocks":{"constant_value":["0.0.0.0/0"]},"description":{"constant_value":"Allow ECS task to communicate with Internet on 443"},"from_port":{"constant_value":443},"protocol":{"constant_value":"tcp"},"security_group_id":{"references":["aws_security_group.ecs_task"]},"to_port":{"constant_value":443},"type":{"constant_value":"egress"}},"schema_version":2},{"address":"aws_security_group_rule.ecs_task_egress_to_mssql","mode":"managed","type":"aws_security_group_rule","name":"ecs_task_egress_to_mssql","provider_config_key":"aws","expressions":{"cidr_blocks":{"constant_value":["10.0.0.0/16"]},"description":{"constant_value":"Allow ECS task to communicate with MSSQL"},"from_port":{"constant_value":1433},"protocol":{"constant_value":"tcp"},"security_group_id":{"references":["aws_security_group.ecs_task"]},"to_port":{"constant_value":1433},"type":{"constant_value":"egress"}},"schema_version":2},{"address":"aws_security_group_rule.ecs_task_ingress_self","mode":"managed","type":"aws_security_group_rule","name":"ecs_task_ingress_self","provider_config_key":"aws","expressions":{"description":{"constant_value":"Allow ECS task to communicate with itself (ingress)"},"from_port":{"constant_value":0},"protocol":{"constant_value":"tcp"},"security_group_id":{"references":["aws_security_group.ecs_task"]},"self":{"constant_value":true},"to_port":{"constant_value":65535},"type":{"constant_value":"ingress"}},"schema_version":2}],"variables":{"vpc_id":{"default":"vpc_1235678"}}}}}
