{"format_version":"0.1","terraform_version":"0.12.18","planned_values":{"outputs":{"list":{"sensitive":false,"value":["something","else"]},"map":{"sensitive":true,"value":{"something":"else"}},"resource_object_ref":{"sensitive":false},"resource_parameter_ref":{"sensitive":false},"string":{"sensitive":false,"value":"Something"}},"root_module":{"resources":[{"address":"aws_kms_key.test","mode":"managed","type":"aws_kms_key","name":"test","provider_name":"aws","schema_version":0,"values":{"deletion_window_in_days":null,"description":"Test","enable_key_rotation":false,"is_enabled":true,"tags":null}}]}},"resource_changes":[{"address":"aws_kms_key.test","mode":"managed","type":"aws_kms_key","name":"test","provider_name":"aws","change":{"actions":["create"],"before":null,"after":{"deletion_window_in_days":null,"description":"Test","enable_key_rotation":false,"is_enabled":true,"tags":null},"after_unknown":{"arn":true,"id":true,"key_id":true,"key_usage":true,"policy":true}}}],"output_changes":{"list":{"actions":["create"],"before":null,"after":["something","else"],"after_unknown":false},"map":{"actions":["create"],"before":null,"after":{"something":"else"},"after_unknown":false},"resource_object_ref":{"actions":["create"],"before":null,"after_unknown":true},"resource_parameter_ref":{"actions":["create"],"before":null,"after_unknown":true},"string":{"actions":["create"],"before":null,"after":"Something","after_unknown":false}},"prior_state":{"format_version":"0.1","terraform_version":"0.12.18","values":{"outputs":{"list":{"sensitive":false,"value":["something","else"]},"map":{"sensitive":true,"value":{"something":"else"}},"string":{"sensitive":false,"value":"Something"}},"root_module":{}}},"configuration":{"root_module":{"outputs":{"list":{"expression":{"constant_value":["something","else"]}},"map":{"sensitive":true,"expression":{"constant_value":{"something":"else"}}},"resource_object_ref":{"expression":{"references":["aws_kms_key.test"]}},"resource_parameter_ref":{"expression":{"references":["aws_kms_key.test"]}},"string":{"expression":{"constant_value":"Something"}}},"resources":[{"address":"aws_kms_key.test","mode":"managed","type":"aws_kms_key","name":"test","provider_config_key":"aws","expressions":{"description":{"constant_value":"Test"}},"schema_version":0}]}}}
