{"format_version":"0.1","terraform_version":"0.12.20","planned_values":{"root_module":{"resources":[{"address":"aws_iam_role.build_user_s3_dev","mode":"managed","type":"aws_iam_role","name":"build_user_s3_dev","provider_name":"aws","schema_version":0,"values":{"assume_role_policy":"{\n  \"Version\": \"2012-10-17\",\n  \"Statement\": [\n    {\n      \"Effect\": \"Allow\",\n      \"Principal\": {\n        \"AWS\": \"something\"\n      },\n      \"Action\": \"sts:AssumeRole\"\n    }\n  ]\n}\n","description":null,"force_detach_policies":false,"max_session_duration":3600,"name":"AWSBuildUserRole","name_prefix":null,"path":"/","permissions_boundary":null,"tags":null}}]}},"resource_changes":[{"address":"aws_iam_role.build_user_s3_dev","mode":"managed","type":"aws_iam_role","name":"build_user_s3_dev","provider_name":"aws","change":{"actions":["create"],"before":null,"after":{"assume_role_policy":"{\n  \"Version\": \"2012-10-17\",\n  \"Statement\": [\n    {\n      \"Effect\": \"Allow\",\n      \"Principal\": {\n        \"AWS\": \"something\"\n      },\n      \"Action\": \"sts:AssumeRole\"\n    }\n  ]\n}\n","description":null,"force_detach_policies":false,"max_session_duration":3600,"name":"AWSBuildUserRole","name_prefix":null,"path":"/","permissions_boundary":null,"tags":null},"after_unknown":{"arn":true,"create_date":true,"id":true,"unique_id":true}}}],"configuration":{"root_module":{"resources":[{"address":"aws_iam_role.build_user_s3_dev","mode":"managed","type":"aws_iam_role","name":"build_user_s3_dev","provider_config_key":"aws","expressions":{"assume_role_policy":{"constant_value":"{\n  \"Version\": \"2012-10-17\",\n  \"Statement\": [\n    {\n      \"Effect\": \"Allow\",\n      \"Principal\": {\n        \"AWS\": \"something\"\n      },\n      \"Action\": \"sts:AssumeRole\"\n    }\n  ]\n}\n"},"name":{"constant_value":"AWSBuildUserRole"}},"schema_version":0}]}}}
