{"format_version":"0.1","terraform_version":"0.13.5","variables":{"ecr_repositories":{"value":{"repository_1":{"image_tag_mutability":"MUTABLE","name":"bar3","scan_on_push":false},"repository_2":{"image_tag_mutability":"MUTABLE","name":"bar2","scan_on_push":true}}}},"planned_values":{"root_module":{"child_modules":[{"resources":[{"address":"module.ecr_repository[\"repository_1\"].aws_ecr_repository.ecr_repository","mode":"managed","type":"aws_ecr_repository","name":"ecr_repository","provider_name":"registry.terraform.io/hashicorp/aws","schema_version":0,"values":{"encryption_configuration":[],"image_scanning_configuration":[{"scan_on_push":false}],"image_tag_mutability":"IMMUTABLE","name":"repository_1","tags":null,"timeouts":null}}],"address":"module.ecr_repository[\"repository_1\"]"},{"resources":[{"address":"module.ecr_repository[\"repository_2\"].aws_ecr_repository.ecr_repository","mode":"managed","type":"aws_ecr_repository","name":"ecr_repository","provider_name":"registry.terraform.io/hashicorp/aws","schema_version":0,"values":{"encryption_configuration":[],"image_scanning_configuration":[{"scan_on_push":true}],"image_tag_mutability":"IMMUTABLE","name":"repository_2","tags":null,"timeouts":null}}],"address":"module.ecr_repository[\"repository_2\"]"}]}},"resource_changes":[{"address":"module.ecr_repository[\"repository_1\"].aws_ecr_repository.ecr_repository","module_address":"module.ecr_repository[\"repository_1\"]","mode":"managed","type":"aws_ecr_repository","name":"ecr_repository","provider_name":"registry.terraform.io/hashicorp/aws","change":{"actions":["create"],"before":null,"after":{"encryption_configuration":[],"image_scanning_configuration":[{"scan_on_push":false}],"image_tag_mutability":"IMMUTABLE","name":"repository_1","tags":null,"timeouts":null},"after_unknown":{"arn":true,"encryption_configuration":[],"id":true,"image_scanning_configuration":[{}],"registry_id":true,"repository_url":true}}},{"address":"module.ecr_repository[\"repository_2\"].aws_ecr_repository.ecr_repository","module_address":"module.ecr_repository[\"repository_2\"]","mode":"managed","type":"aws_ecr_repository","name":"ecr_repository","provider_name":"registry.terraform.io/hashicorp/aws","change":{"actions":["create"],"before":null,"after":{"encryption_configuration":[],"image_scanning_configuration":[{"scan_on_push":true}],"image_tag_mutability":"IMMUTABLE","name":"repository_2","tags":null,"timeouts":null},"after_unknown":{"arn":true,"encryption_configuration":[],"id":true,"image_scanning_configuration":[{}],"registry_id":true,"repository_url":true}}}],"configuration":{"provider_config":{"aws":{"name":"aws","expressions":{"region":{"constant_value":"us-west-1"}}}},"root_module":{"module_calls":{"ecr_repository":{"source":"./modules/ecr_module","expressions":{"name":{"references":["each.key"]},"scan_on_push":{"references":["each.value"]}},"for_each_expression":{"references":["var.ecr_repositories"]},"module":{"outputs":{"ecr_name":{"expression":{"references":["aws_ecr_repository.ecr_repository"]}}},"resources":[{"address":"aws_ecr_repository.ecr_repository","mode":"managed","type":"aws_ecr_repository","name":"ecr_repository","provider_config_key":"ecr_repository:aws","expressions":{"image_scanning_configuration":[{"scan_on_push":{"references":["var.scan_on_push"]}}],"image_tag_mutability":{"constant_value":"IMMUTABLE"},"name":{"references":["var.name"]}},"schema_version":0}],"variables":{"name":{},"scan_on_push":{"default":"true"}}}}},"variables":{"ecr_repositories":{"default":{"repository_1":{"image_tag_mutability":"MUTABLE","name":"bar3","scan_on_push":false},"repository_2":{"image_tag_mutability":"MUTABLE","name":"bar2","scan_on_push":true}}}}}}}
