{"format_version":"0.1","terraform_version":"0.12.15","planned_values":{"root_module":{"resources":[{"address":"aws_vpc.web_vpc","mode":"managed","type":"aws_vpc","name":"web_vpc","provider_name":"aws","schema_version":1,"values":{"assign_generated_ipv6_cidr_block":false,"cidr_block":"10.0.0.0/16","enable_dns_support":true,"instance_tenancy":"default","tags":{"Name":"vpc-testbla-13"}}}]}},"resource_changes":[{"address":"aws_vpc.web_vpc","mode":"managed","type":"aws_vpc","name":"web_vpc","provider_name":"aws","change":{"actions":["create"],"before":null,"after":{"assign_generated_ipv6_cidr_block":false,"cidr_block":"10.0.0.0/16","enable_dns_support":true,"instance_tenancy":"default","tags":{"Name":"vpc-testbla-13"}},"after_unknown":{"arn":true,"default_network_acl_id":true,"default_route_table_id":true,"default_security_group_id":true,"dhcp_options_id":true,"enable_classiclink":true,"enable_classiclink_dns_support":true,"enable_dns_hostnames":true,"id":true,"ipv6_association_id":true,"ipv6_cidr_block":true,"main_route_table_id":true,"owner_id":true,"tags":{}}}}],"configuration":{"root_module":{"resources":[{"address":"aws_vpc.web_vpc","mode":"managed","type":"aws_vpc","name":"web_vpc","provider_config_key":"aws","expressions":{"cidr_block":{"constant_value":"10.0.0.0/16"},"tags":{}},"schema_version":1}]}}}
