{"format_version":"0.1","terraform_version":"0.12.20","planned_values":{"root_module":{"resources":[{"address":"aws_instance.one","mode":"managed","type":"aws_instance","name":"one","provider_name":"aws","schema_version":1,"values":{"ami":"ami-6d1c2007","credit_specification":[],"disable_api_termination":null,"ebs_optimized":null,"get_password_data":false,"iam_instance_profile":null,"instance_initiated_shutdown_behavior":null,"instance_type":"t2.micro","monitoring":null,"network_interface":[{"delete_on_termination":false,"device_index":1,"network_interface_id":"eth0"}],"source_dest_check":null,"tags":null,"timeouts":null,"user_data":null,"user_data_base64":null}},{"address":"aws_instance.two","mode":"managed","type":"aws_instance","name":"two","provider_name":"aws","schema_version":1,"values":{"ami":"ami-6d1c2007","credit_specification":[],"disable_api_termination":null,"ebs_optimized":null,"get_password_data":false,"iam_instance_profile":null,"instance_initiated_shutdown_behavior":null,"instance_type":"t2.micro","monitoring":null,"network_interface":[{"delete_on_termination":false,"device_index":1,"network_interface_id":"eth0"},{"delete_on_termination":false,"device_index":2,"network_interface_id":"eth1"}],"source_dest_check":null,"tags":null,"timeouts":null,"user_data":null,"user_data_base64":null}}]}},"resource_changes":[{"address":"aws_instance.one","mode":"managed","type":"aws_instance","name":"one","provider_name":"aws","change":{"actions":["create"],"before":null,"after":{"ami":"ami-6d1c2007","credit_specification":[],"disable_api_termination":null,"ebs_optimized":null,"get_password_data":false,"iam_instance_profile":null,"instance_initiated_shutdown_behavior":null,"instance_type":"t2.micro","monitoring":null,"network_interface":[{"delete_on_termination":false,"device_index":1,"network_interface_id":"eth0"}],"source_dest_check":null,"tags":null,"timeouts":null,"user_data":null,"user_data_base64":null},"after_unknown":{"arn":true,"associate_public_ip_address":true,"availability_zone":true,"cpu_core_count":true,"cpu_threads_per_core":true,"credit_specification":[],"ebs_block_device":true,"ephemeral_block_device":true,"host_id":true,"id":true,"instance_state":true,"ipv6_address_count":true,"ipv6_addresses":true,"key_name":true,"network_interface":[{}],"network_interface_id":true,"password_data":true,"placement_group":true,"primary_network_interface_id":true,"private_dns":true,"private_ip":true,"public_dns":true,"public_ip":true,"root_block_device":true,"security_groups":true,"subnet_id":true,"tenancy":true,"volume_tags":true,"vpc_security_group_ids":true}}},{"address":"aws_instance.two","mode":"managed","type":"aws_instance","name":"two","provider_name":"aws","change":{"actions":["create"],"before":null,"after":{"ami":"ami-6d1c2007","credit_specification":[],"disable_api_termination":null,"ebs_optimized":null,"get_password_data":false,"iam_instance_profile":null,"instance_initiated_shutdown_behavior":null,"instance_type":"t2.micro","monitoring":null,"network_interface":[{"delete_on_termination":false,"device_index":1,"network_interface_id":"eth0"},{"delete_on_termination":false,"device_index":2,"network_interface_id":"eth1"}],"source_dest_check":null,"tags":null,"timeouts":null,"user_data":null,"user_data_base64":null},"after_unknown":{"arn":true,"associate_public_ip_address":true,"availability_zone":true,"cpu_core_count":true,"cpu_threads_per_core":true,"credit_specification":[],"ebs_block_device":true,"ephemeral_block_device":true,"host_id":true,"id":true,"instance_state":true,"ipv6_address_count":true,"ipv6_addresses":true,"key_name":true,"network_interface":[{},{}],"network_interface_id":true,"password_data":true,"placement_group":true,"primary_network_interface_id":true,"private_dns":true,"private_ip":true,"public_dns":true,"public_ip":true,"root_block_device":true,"security_groups":true,"subnet_id":true,"tenancy":true,"volume_tags":true,"vpc_security_group_ids":true}}}],"configuration":{"provider_config":{"aws":{"name":"aws","version_constraint":"~\u003e 2.43","expressions":{"region":{"constant_value":"us-west-2"}}}},"root_module":{"resources":[{"address":"aws_instance.one","mode":"managed","type":"aws_instance","name":"one","provider_config_key":"aws","expressions":{"ami":{"constant_value":"ami-6d1c2007"},"instance_type":{"constant_value":"t2.micro"},"network_interface":[{"device_index":{"constant_value":1},"network_interface_id":{"constant_value":"eth0"}}]},"schema_version":1},{"address":"aws_instance.two","mode":"managed","type":"aws_instance","name":"two","provider_config_key":"aws","expressions":{"ami":{"constant_value":"ami-6d1c2007"},"instance_type":{"constant_value":"t2.micro"},"network_interface":[{"device_index":{"constant_value":1},"network_interface_id":{"constant_value":"eth0"}},{"device_index":{"constant_value":2},"network_interface_id":{"constant_value":"eth1"}}]},"schema_version":1}]}}}
