{  "format_version": "0.1" ,  "terraform_version": "0.12.20" ,  "planned_values": {    "root_module": {      "child_modules": [        {          "resources": [            {              "address": "module.elasticSearch.azurerm_virtual_machine.elasticSearchVM" ,              "mode": "managed" ,              "type": "azurerm_virtual_machine" ,              "name": "elasticSearchVM" ,              "provider_name": "azurerm" ,              "schema_version": 0 ,              "values": {                "additional_capabilities": [ ] ,                "boot_diagnostics": [ ] ,                "delete_data_disks_on_termination": false ,                "delete_os_disk_on_termination": false ,                "location": "" ,                "name": "elasticSearchVM" ,                "network_interface_ids": [ ] ,                "os_profile": [ ] ,                "os_profile_linux_config": [                  {                    "disable_password_authentication": true ,                    "ssh_keys": [                      {                        "key_data": "ssh-rsa mykey" ,                        "path": "/home/es/.ssh/authorized_keys"                      }                    ]                  }                ] ,                "os_profile_secrets": [ ] ,                "os_profile_windows_config": [ ] ,                "plan": [ ] ,                "primary_network_interface_id": null ,                "proximity_placement_group_id": null ,                "resource_group_name": "test" ,                "storage_os_disk": [                  {                    "create_option": "" ,                    "image_uri": null ,                    "name": "" ,                    "vhd_uri": null ,                    "write_accelerator_enabled": false                  }                ] ,                "vm_size": "" ,                "zones": null              }            }          ] ,          "address": "module.elasticSearch"        }      ]    }  } ,  "resource_changes": [    {      "address": "module.elasticSearch.azurerm_virtual_machine.elasticSearchVM" ,      "module_address": "module.elasticSearch" ,      "mode": "managed" ,      "type": "azurerm_virtual_machine" ,      "name": "elasticSearchVM" ,      "provider_name": "azurerm" ,      "change": {        "actions": [          "create"        ] ,        "before": null ,        "after": {          "additional_capabilities": [ ] ,          "boot_diagnostics": [ ] ,          "delete_data_disks_on_termination": false ,          "delete_os_disk_on_termination": false ,          "location": "" ,          "name": "elasticSearchVM" ,          "network_interface_ids": [ ] ,          "os_profile": [ ] ,          "os_profile_linux_config": [            {              "disable_password_authentication": true ,              "ssh_keys": [                {                  "key_data": "ssh-rsa mykey" ,                  "path": "/home/es/.ssh/authorized_keys"                }              ]            }          ] ,          "os_profile_secrets": [ ] ,          "os_profile_windows_config": [ ] ,          "plan": [ ] ,          "primary_network_interface_id": null ,          "proximity_placement_group_id": null ,          "resource_group_name": "test" ,          "storage_os_disk": [            {              "create_option": "" ,              "image_uri": null ,              "name": "" ,              "vhd_uri": null ,              "write_accelerator_enabled": false            }          ] ,          "vm_size": "" ,          "zones": null        } ,        "after_unknown": {          "additional_capabilities": [ ] ,          "availability_set_id": true ,          "boot_diagnostics": [ ] ,          "id": true ,          "identity": true ,          "license_type": true ,          "network_interface_ids": [ ] ,          "os_profile": [ ] ,          "os_profile_linux_config": [            {              "ssh_keys": [                { }              ]            }          ] ,          "os_profile_secrets": [ ] ,          "os_profile_windows_config": [ ] ,          "plan": [ ] ,          "storage_data_disk": true ,          "storage_image_reference": true ,          "storage_os_disk": [            {              "caching": true ,              "disk_size_gb": true ,              "managed_disk_id": true ,              "managed_disk_type": true ,              "os_type": true            }          ] ,          "tags": true        }      }    }  ] ,  "configuration": {    "root_module": {      "module_calls": {        "elasticSearch": {          "source": "./module/" ,          "module": {            "resources": [              {                "address": "azurerm_virtual_machine.elasticSearchVM" ,                "mode": "managed" ,                "type": "azurerm_virtual_machine" ,                "name": "elasticSearchVM" ,                "provider_config_key": "elasticSearch:azurerm" ,                "expressions": {                  "location": {                    "constant_value": ""                  } ,                  "name": {                    "constant_value": "elasticSearchVM"                  } ,                  "network_interface_ids": {                    "constant_value": [ ]                  } ,                  "os_profile_linux_config": [                    {                      "disable_password_authentication": {                        "constant_value": true                      } ,                      "ssh_keys": [                        {                          "key_data": {                            "constant_value": "ssh-rsa mykey"                          } ,                          "path": {                            "constant_value": "/home/es/.ssh/authorized_keys"                          }                        }                      ]                    }                  ] ,                  "resource_group_name": {                    "constant_value": "test"                  } ,                  "storage_os_disk": [                    {                      "create_option": {                        "constant_value": ""                      } ,                      "name": {                        "constant_value": ""                      }                    }                  ] ,                  "vm_size": {                    "constant_value": ""                  }                } ,                "schema_version": 0              }            ]          }        }      }    }  }}