{"format_version":"0.1","terraform_version":"0.12.25","variables":{"prefix":{"value":"tfctagcheck"},"tags":{"value":{"foo":"bar"}}},"planned_values":{"root_module":{"resources":[{"address":"azurerm_resource_group.main","mode":"managed","type":"azurerm_resource_group","name":"main","provider_name":"azurerm","schema_version":0,"values":{"location":"northeurope","name":"tfctagcheck-rg","tags":null,"timeouts":null}},{"address":"azurerm_subnet.internal","mode":"managed","type":"azurerm_subnet","name":"internal","provider_name":"azurerm","schema_version":0,"values":{"address_prefixes":["10.0.2.0/24"],"delegation":[],"enforce_private_link_endpoint_network_policies":false,"enforce_private_link_service_network_policies":false,"name":"internal","resource_group_name":"tfctagcheck-rg","service_endpoints":null,"timeouts":null,"virtual_network_name":"tfctagcheck-network"}},{"address":"azurerm_virtual_network.main","mode":"managed","type":"azurerm_virtual_network","name":"main","provider_name":"azurerm","schema_version":0,"values":{"address_space":["10.0.0.0/16"],"ddos_protection_plan":[],"dns_servers":null,"location":"northeurope","name":"tfctagcheck-network","resource_group_name":"tfctagcheck-rg","tags":null,"timeouts":null}}],"child_modules":[{"resources":[{"address":"module.linuxservers-fail.azurerm_availability_set.vm","mode":"managed","type":"azurerm_availability_set","name":"vm","provider_name":"azurerm","schema_version":0,"values":{"managed":true,"name":"myvm-avset","platform_fault_domain_count":2,"platform_update_domain_count":2,"proximity_placement_group_id":null,"resource_group_name":"tfctagcheck-rg","tags":{"customer":"foo","environment":"dev","foo":"bar","project":"bar"},"timeouts":null}},{"address":"module.linuxservers-fail.azurerm_network_interface.vm[0]","mode":"managed","type":"azurerm_network_interface","name":"vm","index":0,"provider_name":"azurerm","schema_version":0,"values":{"enable_accelerated_networking":false,"enable_ip_forwarding":false,"ip_configuration":[{"name":"myvm-ip-0","private_ip_address_allocation":"dynamic","private_ip_address_version":"IPv4","public_ip_address_id":""}],"name":"myvm-nic-0","resource_group_name":"tfctagcheck-rg","tags":{"customer":"foo","environment":"dev","foo":"bar","project":"bar"},"timeouts":null}},{"address":"module.linuxservers-fail.azurerm_network_interface_security_group_association.test[0]","mode":"managed","type":"azurerm_network_interface_security_group_association","name":"test","index":0,"provider_name":"azurerm","schema_version":0,"values":{"timeouts":null}},{"address":"module.linuxservers-fail.azurerm_network_security_group.vm","mode":"managed","type":"azurerm_network_security_group","name":"vm","provider_name":"azurerm","schema_version":0,"values":{"name":"myvm-nsg","resource_group_name":"tfctagcheck-rg","tags":{"customer":"foo","environment":"dev","foo":"bar","project":"bar"},"timeouts":null}},{"address":"module.linuxservers-fail.azurerm_network_security_rule.vm","mode":"managed","type":"azurerm_network_security_rule","name":"vm","provider_name":"azurerm","schema_version":0,"values":{"access":"Allow","description":"Allow remote protocol in from all locations","destination_address_prefix":"*","destination_address_prefixes":null,"destination_application_security_group_ids":null,"destination_port_range":"22","destination_port_ranges":null,"direction":"Inbound","name":"allow_remote_22_in_all","network_security_group_name":"myvm-nsg","priority":100,"protocol":"Tcp","resource_group_name":"tfctagcheck-rg","source_address_prefix":"*","source_address_prefixes":null,"source_application_security_group_ids":null,"source_port_range":"*","source_port_ranges":null,"timeouts":null}},{"address":"module.linuxservers-fail.azurerm_virtual_machine.vm-linux[0]","mode":"managed","type":"azurerm_virtual_machine","name":"vm-linux","index":0,"provider_name":"azurerm","schema_version":0,"values":{"additional_capabilities":[],"boot_diagnostics":[{"enabled":false,"storage_uri":""}],"delete_data_disks_on_termination":false,"delete_os_disk_on_termination":false,"name":"myvm-vmLinux-0","os_profile":[{"admin_password":"","admin_username":"azureuser","computer_name":"myvm-0","custom_data":"da39a3ee5e6b4b0d3255bfef95601890afd80709"}],"os_profile_linux_config":[{"disable_password_authentication":true,"ssh_keys":[{"key_data":"ssh-rsa AAAAB3NzaC1yc2EAAAADAQABAAABAQDH5xa8JLAR0u1q1LMM0FIXw2uvWx3GG40ckEjjQxDI5tjJBjLsKdLJsqKdCxmtDo73J1cn+b90iRflPH+22VriHOIv1okCX792igg54JCaN92gDmRqYlPh8GboKVyu3Rb3nikqKfYphqBmobrhFQnPqQMxm8syIBdzeM1V+6LYWI9Avhfi30qz84ydgpWBE09ilWxDfzSJYH0C9s8jXL2/C2rgY9zjUSfC9PX5i7xA8Z1yEHnCn7J7QGsMJWjuJ1t1lPOo1+J6sIvObYWBm7Tx9pB+UAZUnWb/MyZfcj2WuRHe+2BHvvKmrXjulakgXzoRBc1C4ofNrJh14pGs2Wfx kaankatircioglu@Kaans-MacBook-Pro.local\n","path":"/home/azureuser/.ssh/authorized_keys"}]}],"os_profile_secrets":[],"os_profile_windows_config":[],"plan":[],"primary_network_interface_id":null,"proximity_placement_group_id":null,"resource_group_name":"tfctagcheck-rg","storage_image_reference":[{"id":"","offer":"UbuntuServer","publisher":"Canonical","sku":"16.04-LTS","version":"latest"}],"storage_os_disk":[{"caching":"ReadWrite","create_option":"FromImage","image_uri":null,"managed_disk_type":"Premium_LRS","name":"osdisk-myvm-0","vhd_uri":null,"write_accelerator_enabled":false}],"tags":{"customer":"foo","environment":"dev","foo":"bar","project":"bar"},"timeouts":null,"vm_size":"Standard_D2s_v3","zones":null}},{"address":"module.linuxservers-fail.data.azurerm_resource_group.vm","mode":"data","type":"azurerm_resource_group","name":"vm","provider_name":"azurerm","schema_version":0,"values":{"name":"tfctagcheck-rg"}},{"address":"module.linuxservers-fail.random_id.vm-sa","mode":"managed","type":"random_id","name":"vm-sa","provider_name":"random","schema_version":0,"values":{"byte_length":6,"keepers":{"vm_hostname":"myvm"},"prefix":null}}],"address":"module.linuxservers-fail"},{"resources":[{"address":"module.windowsservers-pass.azurerm_availability_set.vm","mode":"managed","type":"azurerm_availability_set","name":"vm","provider_name":"azurerm","schema_version":0,"values":{"managed":true,"name":"mywinvm-avset","platform_fault_domain_count":2,"platform_update_domain_count":2,"proximity_placement_group_id":null,"resource_group_name":"tfctagcheck-rg","tags":{"backmeup":"false","customer":"foo","environment":"dev","foo":"bar","project":"bar","terraform":"true"},"timeouts":null}},{"address":"module.windowsservers-pass.azurerm_network_interface.vm[0]","mode":"managed","type":"azurerm_network_interface","name":"vm","index":0,"provider_name":"azurerm","schema_version":0,"values":{"enable_accelerated_networking":false,"enable_ip_forwarding":false,"ip_configuration":[{"name":"mywinvm-ip-0","private_ip_address_allocation":"dynamic","private_ip_address_version":"IPv4"}],"name":"mywinvm-nic-0","resource_group_name":"tfctagcheck-rg","tags":{"backmeup":"false","customer":"foo","environment":"dev","foo":"bar","project":"bar","terraform":"true"},"timeouts":null}},{"address":"module.windowsservers-pass.azurerm_network_interface_security_group_association.test[0]","mode":"managed","type":"azurerm_network_interface_security_group_association","name":"test","index":0,"provider_name":"azurerm","schema_version":0,"values":{"timeouts":null}},{"address":"module.windowsservers-pass.azurerm_network_security_group.vm","mode":"managed","type":"azurerm_network_security_group","name":"vm","provider_name":"azurerm","schema_version":0,"values":{"name":"mywinvm-nsg","resource_group_name":"tfctagcheck-rg","tags":{"backmeup":"false","customer":"foo","environment":"dev","foo":"bar","project":"bar","terraform":"true"},"timeouts":null}},{"address":"module.windowsservers-pass.azurerm_network_security_rule.vm","mode":"managed","type":"azurerm_network_security_rule","name":"vm","provider_name":"azurerm","schema_version":0,"values":{"access":"Allow","description":"Allow remote protocol in from all locations","destination_address_prefix":"*","destination_address_prefixes":null,"destination_application_security_group_ids":null,"destination_port_range":"3389","destination_port_ranges":null,"direction":"Inbound","name":"allow_remote_3389_in_all","network_security_group_name":"mywinvm-nsg","priority":100,"protocol":"Tcp","resource_group_name":"tfctagcheck-rg","source_address_prefix":"*","source_address_prefixes":null,"source_application_security_group_ids":null,"source_port_range":"*","source_port_ranges":null,"timeouts":null}},{"address":"module.windowsservers-pass.azurerm_public_ip.vm[0]","mode":"managed","type":"azurerm_public_ip","name":"vm","index":0,"provider_name":"azurerm","schema_version":0,"values":{"allocation_method":"Dynamic","domain_name_label":"winsimplevmips","idle_timeout_in_minutes":4,"ip_version":"IPv4","name":"mywinvm-pip-0","public_ip_prefix_id":null,"resource_group_name":"tfctagcheck-rg","reverse_fqdn":null,"sku":"Basic","tags":{"backmeup":"false","customer":"foo","environment":"dev","foo":"bar","project":"bar","terraform":"true"},"timeouts":null,"zones":null}},{"address":"module.windowsservers-pass.azurerm_virtual_machine.vm-windows[0]","mode":"managed","type":"azurerm_virtual_machine","name":"vm-windows","index":0,"provider_name":"azurerm","schema_version":0,"values":{"additional_capabilities":[],"boot_diagnostics":[{"enabled":false,"storage_uri":""}],"delete_data_disks_on_termination":false,"delete_os_disk_on_termination":false,"name":"mywinvm-vmWindows-0","os_profile":[{"admin_password":"ComplxP@ssw0rd!","admin_username":"azureuser","computer_name":"mywinvm-0"}],"os_profile_linux_config":[],"os_profile_secrets":[],"os_profile_windows_config":[{"additional_unattend_config":[],"enable_automatic_upgrades":false,"provision_vm_agent":true,"timezone":"","winrm":[]}],"plan":[],"primary_network_interface_id":null,"proximity_placement_group_id":null,"resource_group_name":"tfctagcheck-rg","storage_image_reference":[{"id":"","offer":"WindowsServer","publisher":"MicrosoftWindowsServer","sku":"2016-Datacenter","version":"latest"}],"storage_os_disk":[{"caching":"ReadWrite","create_option":"FromImage","image_uri":null,"managed_disk_type":"Premium_LRS","name":"mywinvm-osdisk-0","vhd_uri":null,"write_accelerator_enabled":false}],"tags":{"backmeup":"false","customer":"foo","environment":"dev","foo":"bar","project":"bar","terraform":"true"},"timeouts":null,"vm_size":"Standard_D2s_v3","zones":null}},{"address":"module.windowsservers-pass.data.azurerm_resource_group.vm","mode":"data","type":"azurerm_resource_group","name":"vm","provider_name":"azurerm","schema_version":0,"values":{"name":"tfctagcheck-rg"}},{"address":"module.windowsservers-pass.random_id.vm-sa","mode":"managed","type":"random_id","name":"vm-sa","provider_name":"random","schema_version":0,"values":{"byte_length":6,"keepers":{"vm_hostname":"mywinvm"},"prefix":null}}],"address":"module.windowsservers-pass"}]}},"resource_changes":[{"address":"azurerm_resource_group.main","mode":"managed","type":"azurerm_resource_group","name":"main","provider_name":"azurerm","change":{"actions":["create"],"before":null,"after":{"location":"northeurope","name":"tfctagcheck-rg","tags":null,"timeouts":null},"after_unknown":{"id":true}}},{"address":"azurerm_subnet.internal","mode":"managed","type":"azurerm_subnet","name":"internal","provider_name":"azurerm","change":{"actions":["create"],"before":null,"after":{"address_prefixes":["10.0.2.0/24"],"delegation":[],"enforce_private_link_endpoint_network_policies":false,"enforce_private_link_service_network_policies":false,"name":"internal","resource_group_name":"tfctagcheck-rg","service_endpoints":null,"timeouts":null,"virtual_network_name":"tfctagcheck-network"},"after_unknown":{"address_prefix":true,"address_prefixes":[false],"delegation":[],"id":true}}},{"address":"azurerm_virtual_network.main","mode":"managed","type":"azurerm_virtual_network","name":"main","provider_name":"azurerm","change":{"actions":["create"],"before":null,"after":{"address_space":["10.0.0.0/16"],"ddos_protection_plan":[],"dns_servers":null,"location":"northeurope","name":"tfctagcheck-network","resource_group_name":"tfctagcheck-rg","tags":null,"timeouts":null},"after_unknown":{"address_space":[false],"ddos_protection_plan":[],"guid":true,"id":true,"subnet":true}}},{"address":"module.linuxservers-fail.azurerm_availability_set.vm","module_address":"module.linuxservers-fail","mode":"managed","type":"azurerm_availability_set","name":"vm","provider_name":"azurerm","change":{"actions":["create"],"before":null,"after":{"managed":true,"name":"myvm-avset","platform_fault_domain_count":2,"platform_update_domain_count":2,"proximity_placement_group_id":null,"resource_group_name":"tfctagcheck-rg","tags":{"customer":"foo","environment":"dev","foo":"bar","project":"bar"},"timeouts":null},"after_unknown":{"id":true,"location":true,"tags":{}}}},{"address":"module.linuxservers-fail.azurerm_network_interface.vm[0]","module_address":"module.linuxservers-fail","mode":"managed","type":"azurerm_network_interface","name":"vm","index":0,"provider_name":"azurerm","change":{"actions":["create"],"before":null,"after":{"enable_accelerated_networking":false,"enable_ip_forwarding":false,"ip_configuration":[{"name":"myvm-ip-0","private_ip_address_allocation":"dynamic","private_ip_address_version":"IPv4","public_ip_address_id":""}],"name":"myvm-nic-0","resource_group_name":"tfctagcheck-rg","tags":{"customer":"foo","environment":"dev","foo":"bar","project":"bar"},"timeouts":null},"after_unknown":{"applied_dns_servers":true,"dns_servers":true,"id":true,"internal_dns_name_label":true,"internal_domain_name_suffix":true,"ip_configuration":[{"primary":true,"private_ip_address":true,"subnet_id":true}],"location":true,"mac_address":true,"private_ip_address":true,"private_ip_addresses":true,"tags":{},"virtual_machine_id":true}}},{"address":"module.linuxservers-fail.azurerm_network_interface_security_group_association.test[0]","module_address":"module.linuxservers-fail","mode":"managed","type":"azurerm_network_interface_security_group_association","name":"test","index":0,"provider_name":"azurerm","change":{"actions":["create"],"before":null,"after":{"timeouts":null},"after_unknown":{"id":true,"network_interface_id":true,"network_security_group_id":true}}},{"address":"module.linuxservers-fail.azurerm_network_security_group.vm","module_address":"module.linuxservers-fail","mode":"managed","type":"azurerm_network_security_group","name":"vm","provider_name":"azurerm","change":{"actions":["create"],"before":null,"after":{"name":"myvm-nsg","resource_group_name":"tfctagcheck-rg","tags":{"customer":"foo","environment":"dev","foo":"bar","project":"bar"},"timeouts":null},"after_unknown":{"id":true,"location":true,"security_rule":true,"tags":{}}}},{"address":"module.linuxservers-fail.azurerm_network_security_rule.vm","module_address":"module.linuxservers-fail","mode":"managed","type":"azurerm_network_security_rule","name":"vm","provider_name":"azurerm","change":{"actions":["create"],"before":null,"after":{"access":"Allow","description":"Allow remote protocol in from all locations","destination_address_prefix":"*","destination_address_prefixes":null,"destination_application_security_group_ids":null,"destination_port_range":"22","destination_port_ranges":null,"direction":"Inbound","name":"allow_remote_22_in_all","network_security_group_name":"myvm-nsg","priority":100,"protocol":"Tcp","resource_group_name":"tfctagcheck-rg","source_address_prefix":"*","source_address_prefixes":null,"source_application_security_group_ids":null,"source_port_range":"*","source_port_ranges":null,"timeouts":null},"after_unknown":{"id":true}}},{"address":"module.linuxservers-fail.azurerm_virtual_machine.vm-linux[0]","module_address":"module.linuxservers-fail","mode":"managed","type":"azurerm_virtual_machine","name":"vm-linux","index":0,"provider_name":"azurerm","change":{"actions":["create"],"before":null,"after":{"additional_capabilities":[],"boot_diagnostics":[{"enabled":false,"storage_uri":""}],"delete_data_disks_on_termination":false,"delete_os_disk_on_termination":false,"name":"myvm-vmLinux-0","os_profile":[{"admin_password":"","admin_username":"azureuser","computer_name":"myvm-0","custom_data":"da39a3ee5e6b4b0d3255bfef95601890afd80709"}],"os_profile_linux_config":[{"disable_password_authentication":true,"ssh_keys":[{"key_data":"ssh-rsa AAAAB3NzaC1yc2EAAAADAQABAAABAQDH5xa8JLAR0u1q1LMM0FIXw2uvWx3GG40ckEjjQxDI5tjJBjLsKdLJsqKdCxmtDo73J1cn+b90iRflPH+22VriHOIv1okCX792igg54JCaN92gDmRqYlPh8GboKVyu3Rb3nikqKfYphqBmobrhFQnPqQMxm8syIBdzeM1V+6LYWI9Avhfi30qz84ydgpWBE09ilWxDfzSJYH0C9s8jXL2/C2rgY9zjUSfC9PX5i7xA8Z1yEHnCn7J7QGsMJWjuJ1t1lPOo1+J6sIvObYWBm7Tx9pB+UAZUnWb/MyZfcj2WuRHe+2BHvvKmrXjulakgXzoRBc1C4ofNrJh14pGs2Wfx kaankatircioglu@Kaans-MacBook-Pro.local\n","path":"/home/azureuser/.ssh/authorized_keys"}]}],"os_profile_secrets":[],"os_profile_windows_config":[],"plan":[],"primary_network_interface_id":null,"proximity_placement_group_id":null,"resource_group_name":"tfctagcheck-rg","storage_image_reference":[{"id":"","offer":"UbuntuServer","publisher":"Canonical","sku":"16.04-LTS","version":"latest"}],"storage_os_disk":[{"caching":"ReadWrite","create_option":"FromImage","image_uri":null,"managed_disk_type":"Premium_LRS","name":"osdisk-myvm-0","vhd_uri":null,"write_accelerator_enabled":false}],"tags":{"customer":"foo","environment":"dev","foo":"bar","project":"bar"},"timeouts":null,"vm_size":"Standard_D2s_v3","zones":null},"after_unknown":{"additional_capabilities":[],"availability_set_id":true,"boot_diagnostics":[{}],"id":true,"identity":true,"license_type":true,"location":true,"network_interface_ids":true,"os_profile":[{}],"os_profile_linux_config":[{"ssh_keys":[{}]}],"os_profile_secrets":[],"os_profile_windows_config":[],"plan":[],"storage_data_disk":true,"storage_image_reference":[{}],"storage_os_disk":[{"disk_size_gb":true,"managed_disk_id":true,"os_type":true}],"tags":{}}}},{"address":"module.linuxservers-fail.data.azurerm_resource_group.vm","module_address":"module.linuxservers-fail","mode":"data","type":"azurerm_resource_group","name":"vm","provider_name":"azurerm","change":{"actions":["read"],"before":null,"after":{"name":"tfctagcheck-rg"},"after_unknown":{"id":true,"location":true,"tags":true,"timeouts":true}}},{"address":"module.linuxservers-fail.random_id.vm-sa","module_address":"module.linuxservers-fail","mode":"managed","type":"random_id","name":"vm-sa","provider_name":"random","change":{"actions":["create"],"before":null,"after":{"byte_length":6,"keepers":{"vm_hostname":"myvm"},"prefix":null},"after_unknown":{"b64":true,"b64_std":true,"b64_url":true,"dec":true,"hex":true,"id":true,"keepers":{}}}},{"address":"module.windowsservers-pass.azurerm_availability_set.vm","module_address":"module.windowsservers-pass","mode":"managed","type":"azurerm_availability_set","name":"vm","provider_name":"azurerm","change":{"actions":["create"],"before":null,"after":{"managed":true,"name":"mywinvm-avset","platform_fault_domain_count":2,"platform_update_domain_count":2,"proximity_placement_group_id":null,"resource_group_name":"tfctagcheck-rg","tags":{"backmeup":"false","customer":"foo","environment":"dev","foo":"bar","project":"bar","terraform":"true"},"timeouts":null},"after_unknown":{"id":true,"location":true,"tags":{}}}},{"address":"module.windowsservers-pass.azurerm_network_interface.vm[0]","module_address":"module.windowsservers-pass","mode":"managed","type":"azurerm_network_interface","name":"vm","index":0,"provider_name":"azurerm","change":{"actions":["create"],"before":null,"after":{"enable_accelerated_networking":false,"enable_ip_forwarding":false,"ip_configuration":[{"name":"mywinvm-ip-0","private_ip_address_allocation":"dynamic","private_ip_address_version":"IPv4"}],"name":"mywinvm-nic-0","resource_group_name":"tfctagcheck-rg","tags":{"backmeup":"false","customer":"foo","environment":"dev","foo":"bar","project":"bar","terraform":"true"},"timeouts":null},"after_unknown":{"applied_dns_servers":true,"dns_servers":true,"id":true,"internal_dns_name_label":true,"internal_domain_name_suffix":true,"ip_configuration":[{"primary":true,"private_ip_address":true,"public_ip_address_id":true,"subnet_id":true}],"location":true,"mac_address":true,"private_ip_address":true,"private_ip_addresses":true,"tags":{},"virtual_machine_id":true}}},{"address":"module.windowsservers-pass.azurerm_network_interface_security_group_association.test[0]","module_address":"module.windowsservers-pass","mode":"managed","type":"azurerm_network_interface_security_group_association","name":"test","index":0,"provider_name":"azurerm","change":{"actions":["create"],"before":null,"after":{"timeouts":null},"after_unknown":{"id":true,"network_interface_id":true,"network_security_group_id":true}}},{"address":"module.windowsservers-pass.azurerm_network_security_group.vm","module_address":"module.windowsservers-pass","mode":"managed","type":"azurerm_network_security_group","name":"vm","provider_name":"azurerm","change":{"actions":["create"],"before":null,"after":{"name":"mywinvm-nsg","resource_group_name":"tfctagcheck-rg","tags":{"backmeup":"false","customer":"foo","environment":"dev","foo":"bar","project":"bar","terraform":"true"},"timeouts":null},"after_unknown":{"id":true,"location":true,"security_rule":true,"tags":{}}}},{"address":"module.windowsservers-pass.azurerm_network_security_rule.vm","module_address":"module.windowsservers-pass","mode":"managed","type":"azurerm_network_security_rule","name":"vm","provider_name":"azurerm","change":{"actions":["create"],"before":null,"after":{"access":"Allow","description":"Allow remote protocol in from all locations","destination_address_prefix":"*","destination_address_prefixes":null,"destination_application_security_group_ids":null,"destination_port_range":"3389","destination_port_ranges":null,"direction":"Inbound","name":"allow_remote_3389_in_all","network_security_group_name":"mywinvm-nsg","priority":100,"protocol":"Tcp","resource_group_name":"tfctagcheck-rg","source_address_prefix":"*","source_address_prefixes":null,"source_application_security_group_ids":null,"source_port_range":"*","source_port_ranges":null,"timeouts":null},"after_unknown":{"id":true}}},{"address":"module.windowsservers-pass.azurerm_public_ip.vm[0]","module_address":"module.windowsservers-pass","mode":"managed","type":"azurerm_public_ip","name":"vm","index":0,"provider_name":"azurerm","change":{"actions":["create"],"before":null,"after":{"allocation_method":"Dynamic","domain_name_label":"winsimplevmips","idle_timeout_in_minutes":4,"ip_version":"IPv4","name":"mywinvm-pip-0","public_ip_prefix_id":null,"resource_group_name":"tfctagcheck-rg","reverse_fqdn":null,"sku":"Basic","tags":{"backmeup":"false","customer":"foo","environment":"dev","foo":"bar","project":"bar","terraform":"true"},"timeouts":null,"zones":null},"after_unknown":{"fqdn":true,"id":true,"ip_address":true,"location":true,"tags":{}}}},{"address":"module.windowsservers-pass.azurerm_virtual_machine.vm-windows[0]","module_address":"module.windowsservers-pass","mode":"managed","type":"azurerm_virtual_machine","name":"vm-windows","index":0,"provider_name":"azurerm","change":{"actions":["create"],"before":null,"after":{"additional_capabilities":[],"boot_diagnostics":[{"enabled":false,"storage_uri":""}],"delete_data_disks_on_termination":false,"delete_os_disk_on_termination":false,"name":"mywinvm-vmWindows-0","os_profile":[{"admin_password":"ComplxP@ssw0rd!","admin_username":"azureuser","computer_name":"mywinvm-0"}],"os_profile_linux_config":[],"os_profile_secrets":[],"os_profile_windows_config":[{"additional_unattend_config":[],"enable_automatic_upgrades":false,"provision_vm_agent":true,"timezone":"","winrm":[]}],"plan":[],"primary_network_interface_id":null,"proximity_placement_group_id":null,"resource_group_name":"tfctagcheck-rg","storage_image_reference":[{"id":"","offer":"WindowsServer","publisher":"MicrosoftWindowsServer","sku":"2016-Datacenter","version":"latest"}],"storage_os_disk":[{"caching":"ReadWrite","create_option":"FromImage","image_uri":null,"managed_disk_type":"Premium_LRS","name":"mywinvm-osdisk-0","vhd_uri":null,"write_accelerator_enabled":false}],"tags":{"backmeup":"false","customer":"foo","environment":"dev","foo":"bar","project":"bar","terraform":"true"},"timeouts":null,"vm_size":"Standard_D2s_v3","zones":null},"after_unknown":{"additional_capabilities":[],"availability_set_id":true,"boot_diagnostics":[{}],"id":true,"identity":true,"license_type":true,"location":true,"network_interface_ids":true,"os_profile":[{"custom_data":true}],"os_profile_linux_config":[],"os_profile_secrets":[],"os_profile_windows_config":[{"additional_unattend_config":[],"winrm":[]}],"plan":[],"storage_data_disk":true,"storage_image_reference":[{}],"storage_os_disk":[{"disk_size_gb":true,"managed_disk_id":true,"os_type":true}],"tags":{}}}},{"address":"module.windowsservers-pass.data.azurerm_resource_group.vm","module_address":"module.windowsservers-pass","mode":"data","type":"azurerm_resource_group","name":"vm","provider_name":"azurerm","change":{"actions":["read"],"before":null,"after":{"name":"tfctagcheck-rg"},"after_unknown":{"id":true,"location":true,"tags":true,"timeouts":true}}},{"address":"module.windowsservers-pass.random_id.vm-sa","module_address":"module.windowsservers-pass","mode":"managed","type":"random_id","name":"vm-sa","provider_name":"random","change":{"actions":["create"],"before":null,"after":{"byte_length":6,"keepers":{"vm_hostname":"mywinvm"},"prefix":null},"after_unknown":{"b64":true,"b64_std":true,"b64_url":true,"dec":true,"hex":true,"id":true,"keepers":{}}}}],"configuration":{"provider_config":{"azurerm":{"name":"azurerm","version_constraint":"~\u003e 2.13","expressions":{"features":[{}],"skip_credentials_validation":{"constant_value":true},"skip_provider_registration":{"constant_value":false}}}},"root_module":{"resources":[{"address":"azurerm_resource_group.main","mode":"managed","type":"azurerm_resource_group","name":"main","provider_config_key":"azurerm","expressions":{"location":{"constant_value":"northeurope"},"name":{"references":["var.prefix"]}},"schema_version":0},{"address":"azurerm_subnet.internal","mode":"managed","type":"azurerm_subnet","name":"internal","provider_config_key":"azurerm","expressions":{"address_prefixes":{"constant_value":["10.0.2.0/24"]},"name":{"constant_value":"internal"},"resource_group_name":{"references":["azurerm_resource_group.main"]},"virtual_network_name":{"references":["azurerm_virtual_network.main"]}},"schema_version":0},{"address":"azurerm_virtual_network.main","mode":"managed","type":"azurerm_virtual_network","name":"main","provider_config_key":"azurerm","expressions":{"address_space":{"constant_value":["10.0.0.0/16"]},"location":{"references":["azurerm_resource_group.main"]},"name":{"references":["var.prefix"]},"resource_group_name":{"references":["azurerm_resource_group.main"]}},"schema_version":0}],"module_calls":{"linuxservers-fail":{"source":"../modules/az-compute","expressions":{"nb_public_ip":{"constant_value":0},"public_ip_dns":{"constant_value":["linsimplevmips"]},"resource_group_name":{"references":["azurerm_resource_group.main"]},"tags":{"references":["var.tags"]},"vm_os_simple":{"constant_value":"UbuntuServer"},"vnet_subnet_id":{"references":["azurerm_subnet.internal"]}},"module":{"outputs":{"availability_set_id":{"expression":{"references":["azurerm_availability_set.vm"]},"description":"id of the availability set where the vms are provisioned."},"network_interface_ids":{"expression":{"references":["azurerm_network_interface.vm"]},"description":"ids of the vm nics provisoned."},"network_interface_private_ip":{"expression":{"references":["azurerm_network_interface.vm"]},"description":"private ip addresses of the vm nics"},"network_security_group_id":{"expression":{"references":["azurerm_network_security_group.vm"]},"description":"id of the security group provisioned"},"network_security_group_name":{"expression":{"references":["azurerm_network_security_group.vm"]},"description":"name of the security group provisioned"},"public_ip_address":{"expression":{"references":["azurerm_public_ip.vm"]},"description":"The actual ip address allocated for the resource."},"public_ip_dns_name":{"expression":{"references":["azurerm_public_ip.vm"]},"description":"fqdn to connect to the first vm provisioned."},"public_ip_id":{"expression":{"references":["azurerm_public_ip.vm"]},"description":"id of the public ip address provisoned."},"vm_ids":{"expression":{"references":["azurerm_virtual_machine.vm-windows","azurerm_virtual_machine.vm-linux"]},"description":"Virtual machine ids created."}},"resources":[{"address":"azurerm_availability_set.vm","mode":"managed","type":"azurerm_availability_set","name":"vm","provider_config_key":"linuxservers-fail:azurerm","expressions":{"location":{"references":["data.azurerm_resource_group.vm"]},"managed":{"constant_value":true},"name":{"references":["var.vm_hostname"]},"platform_fault_domain_count":{"constant_value":2},"platform_update_domain_count":{"constant_value":2},"resource_group_name":{"references":["data.azurerm_resource_group.vm"]},"tags":{"references":["var.tags"]}},"schema_version":0},{"address":"azurerm_network_interface.vm","mode":"managed","type":"azurerm_network_interface","name":"vm","provider_config_key":"linuxservers-fail:azurerm","expressions":{"enable_accelerated_networking":{"references":["var.enable_accelerated_networking"]},"ip_configuration":[{"name":{"references":["var.vm_hostname","count.index"]},"private_ip_address_allocation":{"constant_value":"Dynamic"},"public_ip_address_id":{"references":["azurerm_public_ip.vm","azurerm_public_ip.vm","count.index"]},"subnet_id":{"references":["var.vnet_subnet_id"]}}],"location":{"references":["data.azurerm_resource_group.vm"]},"name":{"references":["var.vm_hostname","count.index"]},"resource_group_name":{"references":["data.azurerm_resource_group.vm"]},"tags":{"references":["var.tags"]}},"schema_version":0,"count_expression":{"references":["var.nb_instances"]}},{"address":"azurerm_network_interface_security_group_association.test","mode":"managed","type":"azurerm_network_interface_security_group_association","name":"test","provider_config_key":"linuxservers-fail:azurerm","expressions":{"network_interface_id":{"references":["azurerm_network_interface.vm","count.index"]},"network_security_group_id":{"references":["azurerm_network_security_group.vm"]}},"schema_version":0,"count_expression":{"references":["var.nb_instances"]}},{"address":"azurerm_network_security_group.vm","mode":"managed","type":"azurerm_network_security_group","name":"vm","provider_config_key":"linuxservers-fail:azurerm","expressions":{"location":{"references":["data.azurerm_resource_group.vm"]},"name":{"references":["var.vm_hostname"]},"resource_group_name":{"references":["data.azurerm_resource_group.vm"]},"tags":{"references":["var.tags"]}},"schema_version":0},{"address":"azurerm_network_security_rule.vm","mode":"managed","type":"azurerm_network_security_rule","name":"vm","provider_config_key":"linuxservers-fail:azurerm","expressions":{"access":{"constant_value":"Allow"},"description":{"constant_value":"Allow remote protocol in from all locations"},"destination_address_prefix":{"constant_value":"*"},"destination_port_range":{"references":["var.remote_port","local.calculated_remote_port"]},"direction":{"constant_value":"Inbound"},"name":{"references":["var.remote_port","local.calculated_remote_port"]},"network_security_group_name":{"references":["azurerm_network_security_group.vm"]},"priority":{"constant_value":100},"protocol":{"constant_value":"Tcp"},"resource_group_name":{"references":["data.azurerm_resource_group.vm"]},"source_address_prefix":{"constant_value":"*"},"source_port_range":{"constant_value":"*"}},"schema_version":0},{"address":"azurerm_public_ip.vm","mode":"managed","type":"azurerm_public_ip","name":"vm","provider_config_key":"linuxservers-fail:azurerm","expressions":{"allocation_method":{"references":["var.allocation_method"]},"domain_name_label":{"references":["var.public_ip_dns","count.index"]},"location":{"references":["data.azurerm_resource_group.vm"]},"name":{"references":["var.vm_hostname","count.index"]},"resource_group_name":{"references":["data.azurerm_resource_group.vm"]},"tags":{"references":["var.tags"]}},"schema_version":0,"count_expression":{"references":["var.nb_public_ip"]}},{"address":"azurerm_storage_account.vm-sa","mode":"managed","type":"azurerm_storage_account","name":"vm-sa","provider_config_key":"linuxservers-fail:azurerm","expressions":{"account_replication_type":{"references":["var.boot_diagnostics_sa_type"]},"account_tier":{"references":["var.boot_diagnostics_sa_type"]},"location":{"references":["data.azurerm_resource_group.vm"]},"name":{"references":["random_id.vm-sa"]},"resource_group_name":{"references":["data.azurerm_resource_group.vm"]},"tags":{"references":["var.tags"]}},"schema_version":2,"count_expression":{"references":["var.boot_diagnostics"]}},{"address":"azurerm_virtual_machine.vm-linux","mode":"managed","type":"azurerm_virtual_machine","name":"vm-linux","provider_config_key":"linuxservers-fail:azurerm","expressions":{"availability_set_id":{"references":["azurerm_availability_set.vm"]},"boot_diagnostics":[{"enabled":{"references":["var.boot_diagnostics"]},"storage_uri":{"references":["var.boot_diagnostics","azurerm_storage_account.vm-sa"]}}],"delete_os_disk_on_termination":{"references":["var.delete_os_disk_on_termination"]},"location":{"references":["data.azurerm_resource_group.vm"]},"name":{"references":["var.vm_hostname","count.index"]},"network_interface_ids":{"references":["azurerm_network_interface.vm","count.index"]},"os_profile":[{"admin_password":{"references":["var.admin_password"]},"admin_username":{"references":["var.admin_username"]},"computer_name":{"references":["var.vm_hostname","count.index"]},"custom_data":{"references":["var.custom_data"]}}],"os_profile_linux_config":[{"disable_password_authentication":{"references":["var.enable_ssh_key"]}}],"resource_group_name":{"references":["data.azurerm_resource_group.vm"]},"storage_image_reference":[{"id":{"references":["var.vm_os_id"]},"offer":{"references":["var.vm_os_id","var.vm_os_offer","local.calculated_value_os_offer"]},"publisher":{"references":["var.vm_os_id","var.vm_os_publisher","local.calculated_value_os_publisher"]},"sku":{"references":["var.vm_os_id","var.vm_os_sku","local.calculated_value_os_sku"]},"version":{"references":["var.vm_os_id","var.vm_os_version"]}}],"storage_os_disk":[{"caching":{"constant_value":"ReadWrite"},"create_option":{"constant_value":"FromImage"},"managed_disk_type":{"references":["var.storage_account_type"]},"name":{"references":["var.vm_hostname","count.index"]}}],"tags":{"references":["var.tags"]},"vm_size":{"references":["var.vm_size"]}},"schema_version":0,"count_expression":{"references":["var.vm_os_simple","var.vm_os_offer","var.is_windows_image","var.nb_instances"]}},{"address":"azurerm_virtual_machine.vm-windows","mode":"managed","type":"azurerm_virtual_machine","name":"vm-windows","provider_config_key":"linuxservers-fail:azurerm","expressions":{"availability_set_id":{"references":["azurerm_availability_set.vm"]},"boot_diagnostics":[{"enabled":{"references":["var.boot_diagnostics"]},"storage_uri":{"references":["var.boot_diagnostics","azurerm_storage_account.vm-sa"]}}],"delete_os_disk_on_termination":{"references":["var.delete_os_disk_on_termination"]},"location":{"references":["data.azurerm_resource_group.vm"]},"name":{"references":["var.vm_hostname","count.index"]},"network_interface_ids":{"references":["azurerm_network_interface.vm","count.index"]},"os_profile":[{"admin_password":{"references":["var.admin_password"]},"admin_username":{"references":["var.admin_username"]},"computer_name":{"references":["var.vm_hostname","count.index"]}}],"os_profile_windows_config":[{"provision_vm_agent":{"constant_value":true}}],"resource_group_name":{"references":["data.azurerm_resource_group.vm"]},"storage_image_reference":[{"id":{"references":["var.vm_os_id"]},"offer":{"references":["var.vm_os_id","var.vm_os_offer","local.calculated_value_os_offer"]},"publisher":{"references":["var.vm_os_id","var.vm_os_publisher","local.calculated_value_os_publisher"]},"sku":{"references":["var.vm_os_id","var.vm_os_sku","local.calculated_value_os_sku"]},"version":{"references":["var.vm_os_id","var.vm_os_version"]}}],"storage_os_disk":[{"caching":{"constant_value":"ReadWrite"},"create_option":{"constant_value":"FromImage"},"managed_disk_type":{"references":["var.storage_account_type"]},"name":{"references":["var.vm_hostname","count.index"]}}],"tags":{"references":["var.tags"]},"vm_size":{"references":["var.vm_size"]}},"schema_version":0,"count_expression":{"references":["var.is_windows_image","var.vm_os_simple","var.vm_os_offer","var.nb_instances"]}},{"address":"random_id.vm-sa","mode":"managed","type":"random_id","name":"vm-sa","provider_config_key":"linuxservers-fail:random","expressions":{"byte_length":{"constant_value":6},"keepers":{"references":["var.vm_hostname"]}},"schema_version":0},{"address":"data.azurerm_resource_group.vm","mode":"data","type":"azurerm_resource_group","name":"vm","provider_config_key":"linuxservers-fail:azurerm","expressions":{"name":{"references":["var.resource_group_name"]}},"schema_version":0}],"variables":{"admin_password":{"default":"","description":"The admin password to be used on the VMSS that will be deployed. The password must meet the complexity requirements of Azure"},"admin_username":{"default":"azureuser","description":"The admin username of the VM that will be deployed"},"allocation_method":{"default":"Dynamic","description":"Defines how an IP address is assigned. Options are Static or Dynamic."},"boot_diagnostics":{"default":false,"description":"(Optional) Enable or Disable boot diagnostics"},"boot_diagnostics_sa_type":{"default":"Standard_LRS","description":"(Optional) Storage account type for boot diagnostics"},"custom_data":{"default":"","description":"The custom data to supply to the machine. This can be used as a cloud-init for Linux systems."},"data_disk_size_gb":{"default":30,"description":"Storage data disk size size"},"data_sa_type":{"default":"Standard_LRS","description":"Data Disk Storage Account type"},"delete_os_disk_on_termination":{"default":false,"description":"Delete datadisk when machine is terminated"},"enable_accelerated_networking":{"default":false,"description":"(Optional) Enable accelerated networking on Network interface"},"enable_ssh_key":{"default":true,"description":"(Optional) Enable ssh key authentication in Linux virtual Machine"},"is_windows_image":{"default":false,"description":"Boolean flag to notify when the custom image is windows based."},"nb_data_disk":{"default":0,"description":"(Optional) Number of the data disks attached to each virtual machine"},"nb_instances":{"default":"1","description":"Specify the number of vm instances"},"nb_public_ip":{"default":"1","description":"Number of public IPs to assign corresponding to one IP per vm. Set to 0 to not assign any public IP addresses."},"public_ip_dns":{"default":[null],"description":"Optional globally unique per datacenter region domain name label to apply to each public ip address. e.g. thisvar.varlocation.cloudapp.azure.com where you specify only thisvar here. This is an array of names which will pair up sequentially to the number of public ips defined in var.nb_public_ip. One name or empty string is required for every public ip. If no public ip is desired, then set this to an array with a single empty string."},"remote_port":{"default":"","description":"Remote tcp port to be used for access to the vms created via the nsg applied to the nics."},"resource_group_name":{"description":"The name of the resource group in which the resources will be created"},"ssh_key":{"default":"~/.ssh/id_rsa.pub","description":"Path to the public key to be used for ssh access to the VM.  Only used with non-Windows vms and can be left as-is even if using Windows vms. If specifying a path to a certification on a Windows machine to provision a linux vm use the / in the path versus backslash. e.g. c:/home/id_rsa.pub"},"standard_os":{"default":{"CentOS":"OpenLogic,CentOS,7.6","CoreOS":"CoreOS,CoreOS,Stable","Debian":"credativ,Debian,8","RHEL":"RedHat,RHEL,7.5","SLES":"SUSE,SLES,12-SP2","UbuntuServer":"Canonical,UbuntuServer,16.04-LTS","WindowsServer":"MicrosoftWindowsServer,WindowsServer,2016-Datacenter","openSUSE-Leap":"SUSE,openSUSE-Leap,42.2"}},"storage_account_type":{"default":"Premium_LRS","description":"Defines the type of storage account to be created. Valid options are Standard_LRS, Standard_ZRS, Standard_GRS, Standard_RAGRS, Premium_LRS."},"tags":{"default":{"source":"terraform"},"description":"A map of the tags to use on the resources that are deployed with this module."},"vm_hostname":{"default":"myvm","description":"local name of the VM"},"vm_os_id":{"default":"","description":"The resource ID of the image that you want to deploy if you are using a custom image.Note, need to provide is_windows_image = true for windows custom images."},"vm_os_offer":{"default":"","description":"The name of the offer of the image that you want to deploy. This is ignored when vm_os_id or vm_os_simple are provided."},"vm_os_publisher":{"default":"","description":"The name of the publisher of the image that you want to deploy. This is ignored when vm_os_id or vm_os_simple are provided."},"vm_os_simple":{"default":"","description":"Specify UbuntuServer, WindowsServer, RHEL, openSUSE-Leap, CentOS, Debian, CoreOS and SLES to get the latest image version of the specified os.  Do not provide this value if a custom value is used for vm_os_publisher, vm_os_offer, and vm_os_sku."},"vm_os_sku":{"default":"","description":"The sku of the image that you want to deploy. This is ignored when vm_os_id or vm_os_simple are provided."},"vm_os_version":{"default":"latest","description":"The version of the image that you want to deploy. This is ignored when vm_os_id or vm_os_simple are provided."},"vm_size":{"default":"Standard_D2s_v3","description":"Specifies the size of the virtual machine."},"vnet_subnet_id":{"description":"The subnet id of the virtual network where the virtual machines will reside."}}}},"windowsservers-pass":{"source":"../modules/az-compute","expressions":{"admin_password":{"constant_value":"ComplxP@ssw0rd!"},"is_windows_image":{"constant_value":true},"public_ip_dns":{"constant_value":["winsimplevmips"]},"resource_group_name":{"references":["azurerm_resource_group.main"]},"tags":{"references":["var.tags"]},"vm_hostname":{"constant_value":"mywinvm"},"vm_os_simple":{"constant_value":"WindowsServer"},"vnet_subnet_id":{"references":["azurerm_subnet.internal"]}},"module":{"outputs":{"availability_set_id":{"expression":{"references":["azurerm_availability_set.vm"]},"description":"id of the availability set where the vms are provisioned."},"network_interface_ids":{"expression":{"references":["azurerm_network_interface.vm"]},"description":"ids of the vm nics provisoned."},"network_interface_private_ip":{"expression":{"references":["azurerm_network_interface.vm"]},"description":"private ip addresses of the vm nics"},"network_security_group_id":{"expression":{"references":["azurerm_network_security_group.vm"]},"description":"id of the security group provisioned"},"network_security_group_name":{"expression":{"references":["azurerm_network_security_group.vm"]},"description":"name of the security group provisioned"},"public_ip_address":{"expression":{"references":["azurerm_public_ip.vm"]},"description":"The actual ip address allocated for the resource."},"public_ip_dns_name":{"expression":{"references":["azurerm_public_ip.vm"]},"description":"fqdn to connect to the first vm provisioned."},"public_ip_id":{"expression":{"references":["azurerm_public_ip.vm"]},"description":"id of the public ip address provisoned."},"vm_ids":{"expression":{"references":["azurerm_virtual_machine.vm-windows","azurerm_virtual_machine.vm-linux"]},"description":"Virtual machine ids created."}},"resources":[{"address":"azurerm_availability_set.vm","mode":"managed","type":"azurerm_availability_set","name":"vm","provider_config_key":"windowsservers-pass:azurerm","expressions":{"location":{"references":["data.azurerm_resource_group.vm"]},"managed":{"constant_value":true},"name":{"references":["var.vm_hostname"]},"platform_fault_domain_count":{"constant_value":2},"platform_update_domain_count":{"constant_value":2},"resource_group_name":{"references":["data.azurerm_resource_group.vm"]},"tags":{"references":["var.tags"]}},"schema_version":0},{"address":"azurerm_network_interface.vm","mode":"managed","type":"azurerm_network_interface","name":"vm","provider_config_key":"windowsservers-pass:azurerm","expressions":{"enable_accelerated_networking":{"references":["var.enable_accelerated_networking"]},"ip_configuration":[{"name":{"references":["var.vm_hostname","count.index"]},"private_ip_address_allocation":{"constant_value":"Dynamic"},"public_ip_address_id":{"references":["azurerm_public_ip.vm","azurerm_public_ip.vm","count.index"]},"subnet_id":{"references":["var.vnet_subnet_id"]}}],"location":{"references":["data.azurerm_resource_group.vm"]},"name":{"references":["var.vm_hostname","count.index"]},"resource_group_name":{"references":["data.azurerm_resource_group.vm"]},"tags":{"references":["var.tags"]}},"schema_version":0,"count_expression":{"references":["var.nb_instances"]}},{"address":"azurerm_network_interface_security_group_association.test","mode":"managed","type":"azurerm_network_interface_security_group_association","name":"test","provider_config_key":"windowsservers-pass:azurerm","expressions":{"network_interface_id":{"references":["azurerm_network_interface.vm","count.index"]},"network_security_group_id":{"references":["azurerm_network_security_group.vm"]}},"schema_version":0,"count_expression":{"references":["var.nb_instances"]}},{"address":"azurerm_network_security_group.vm","mode":"managed","type":"azurerm_network_security_group","name":"vm","provider_config_key":"windowsservers-pass:azurerm","expressions":{"location":{"references":["data.azurerm_resource_group.vm"]},"name":{"references":["var.vm_hostname"]},"resource_group_name":{"references":["data.azurerm_resource_group.vm"]},"tags":{"references":["var.tags"]}},"schema_version":0},{"address":"azurerm_network_security_rule.vm","mode":"managed","type":"azurerm_network_security_rule","name":"vm","provider_config_key":"windowsservers-pass:azurerm","expressions":{"access":{"constant_value":"Allow"},"description":{"constant_value":"Allow remote protocol in from all locations"},"destination_address_prefix":{"constant_value":"*"},"destination_port_range":{"references":["var.remote_port","local.calculated_remote_port"]},"direction":{"constant_value":"Inbound"},"name":{"references":["var.remote_port","local.calculated_remote_port"]},"network_security_group_name":{"references":["azurerm_network_security_group.vm"]},"priority":{"constant_value":100},"protocol":{"constant_value":"Tcp"},"resource_group_name":{"references":["data.azurerm_resource_group.vm"]},"source_address_prefix":{"constant_value":"*"},"source_port_range":{"constant_value":"*"}},"schema_version":0},{"address":"azurerm_public_ip.vm","mode":"managed","type":"azurerm_public_ip","name":"vm","provider_config_key":"windowsservers-pass:azurerm","expressions":{"allocation_method":{"references":["var.allocation_method"]},"domain_name_label":{"references":["var.public_ip_dns","count.index"]},"location":{"references":["data.azurerm_resource_group.vm"]},"name":{"references":["var.vm_hostname","count.index"]},"resource_group_name":{"references":["data.azurerm_resource_group.vm"]},"tags":{"references":["var.tags"]}},"schema_version":0,"count_expression":{"references":["var.nb_public_ip"]}},{"address":"azurerm_storage_account.vm-sa","mode":"managed","type":"azurerm_storage_account","name":"vm-sa","provider_config_key":"windowsservers-pass:azurerm","expressions":{"account_replication_type":{"references":["var.boot_diagnostics_sa_type"]},"account_tier":{"references":["var.boot_diagnostics_sa_type"]},"location":{"references":["data.azurerm_resource_group.vm"]},"name":{"references":["random_id.vm-sa"]},"resource_group_name":{"references":["data.azurerm_resource_group.vm"]},"tags":{"references":["var.tags"]}},"schema_version":2,"count_expression":{"references":["var.boot_diagnostics"]}},{"address":"azurerm_virtual_machine.vm-linux","mode":"managed","type":"azurerm_virtual_machine","name":"vm-linux","provider_config_key":"windowsservers-pass:azurerm","expressions":{"availability_set_id":{"references":["azurerm_availability_set.vm"]},"boot_diagnostics":[{"enabled":{"references":["var.boot_diagnostics"]},"storage_uri":{"references":["var.boot_diagnostics","azurerm_storage_account.vm-sa"]}}],"delete_os_disk_on_termination":{"references":["var.delete_os_disk_on_termination"]},"location":{"references":["data.azurerm_resource_group.vm"]},"name":{"references":["var.vm_hostname","count.index"]},"network_interface_ids":{"references":["azurerm_network_interface.vm","count.index"]},"os_profile":[{"admin_password":{"references":["var.admin_password"]},"admin_username":{"references":["var.admin_username"]},"computer_name":{"references":["var.vm_hostname","count.index"]},"custom_data":{"references":["var.custom_data"]}}],"os_profile_linux_config":[{"disable_password_authentication":{"references":["var.enable_ssh_key"]}}],"resource_group_name":{"references":["data.azurerm_resource_group.vm"]},"storage_image_reference":[{"id":{"references":["var.vm_os_id"]},"offer":{"references":["var.vm_os_id","var.vm_os_offer","local.calculated_value_os_offer"]},"publisher":{"references":["var.vm_os_id","var.vm_os_publisher","local.calculated_value_os_publisher"]},"sku":{"references":["var.vm_os_id","var.vm_os_sku","local.calculated_value_os_sku"]},"version":{"references":["var.vm_os_id","var.vm_os_version"]}}],"storage_os_disk":[{"caching":{"constant_value":"ReadWrite"},"create_option":{"constant_value":"FromImage"},"managed_disk_type":{"references":["var.storage_account_type"]},"name":{"references":["var.vm_hostname","count.index"]}}],"tags":{"references":["var.tags"]},"vm_size":{"references":["var.vm_size"]}},"schema_version":0,"count_expression":{"references":["var.vm_os_simple","var.vm_os_offer","var.is_windows_image","var.nb_instances"]}},{"address":"azurerm_virtual_machine.vm-windows","mode":"managed","type":"azurerm_virtual_machine","name":"vm-windows","provider_config_key":"windowsservers-pass:azurerm","expressions":{"availability_set_id":{"references":["azurerm_availability_set.vm"]},"boot_diagnostics":[{"enabled":{"references":["var.boot_diagnostics"]},"storage_uri":{"references":["var.boot_diagnostics","azurerm_storage_account.vm-sa"]}}],"delete_os_disk_on_termination":{"references":["var.delete_os_disk_on_termination"]},"location":{"references":["data.azurerm_resource_group.vm"]},"name":{"references":["var.vm_hostname","count.index"]},"network_interface_ids":{"references":["azurerm_network_interface.vm","count.index"]},"os_profile":[{"admin_password":{"references":["var.admin_password"]},"admin_username":{"references":["var.admin_username"]},"computer_name":{"references":["var.vm_hostname","count.index"]}}],"os_profile_windows_config":[{"provision_vm_agent":{"constant_value":true}}],"resource_group_name":{"references":["data.azurerm_resource_group.vm"]},"storage_image_reference":[{"id":{"references":["var.vm_os_id"]},"offer":{"references":["var.vm_os_id","var.vm_os_offer","local.calculated_value_os_offer"]},"publisher":{"references":["var.vm_os_id","var.vm_os_publisher","local.calculated_value_os_publisher"]},"sku":{"references":["var.vm_os_id","var.vm_os_sku","local.calculated_value_os_sku"]},"version":{"references":["var.vm_os_id","var.vm_os_version"]}}],"storage_os_disk":[{"caching":{"constant_value":"ReadWrite"},"create_option":{"constant_value":"FromImage"},"managed_disk_type":{"references":["var.storage_account_type"]},"name":{"references":["var.vm_hostname","count.index"]}}],"tags":{"references":["var.tags"]},"vm_size":{"references":["var.vm_size"]}},"schema_version":0,"count_expression":{"references":["var.is_windows_image","var.vm_os_simple","var.vm_os_offer","var.nb_instances"]}},{"address":"random_id.vm-sa","mode":"managed","type":"random_id","name":"vm-sa","provider_config_key":"windowsservers-pass:random","expressions":{"byte_length":{"constant_value":6},"keepers":{"references":["var.vm_hostname"]}},"schema_version":0},{"address":"data.azurerm_resource_group.vm","mode":"data","type":"azurerm_resource_group","name":"vm","provider_config_key":"windowsservers-pass:azurerm","expressions":{"name":{"references":["var.resource_group_name"]}},"schema_version":0}],"variables":{"admin_password":{"default":"","description":"The admin password to be used on the VMSS that will be deployed. The password must meet the complexity requirements of Azure"},"admin_username":{"default":"azureuser","description":"The admin username of the VM that will be deployed"},"allocation_method":{"default":"Dynamic","description":"Defines how an IP address is assigned. Options are Static or Dynamic."},"boot_diagnostics":{"default":false,"description":"(Optional) Enable or Disable boot diagnostics"},"boot_diagnostics_sa_type":{"default":"Standard_LRS","description":"(Optional) Storage account type for boot diagnostics"},"custom_data":{"default":"","description":"The custom data to supply to the machine. This can be used as a cloud-init for Linux systems."},"data_disk_size_gb":{"default":30,"description":"Storage data disk size size"},"data_sa_type":{"default":"Standard_LRS","description":"Data Disk Storage Account type"},"delete_os_disk_on_termination":{"default":false,"description":"Delete datadisk when machine is terminated"},"enable_accelerated_networking":{"default":false,"description":"(Optional) Enable accelerated networking on Network interface"},"enable_ssh_key":{"default":true,"description":"(Optional) Enable ssh key authentication in Linux virtual Machine"},"is_windows_image":{"default":false,"description":"Boolean flag to notify when the custom image is windows based."},"nb_data_disk":{"default":0,"description":"(Optional) Number of the data disks attached to each virtual machine"},"nb_instances":{"default":"1","description":"Specify the number of vm instances"},"nb_public_ip":{"default":"1","description":"Number of public IPs to assign corresponding to one IP per vm. Set to 0 to not assign any public IP addresses."},"public_ip_dns":{"default":[null],"description":"Optional globally unique per datacenter region domain name label to apply to each public ip address. e.g. thisvar.varlocation.cloudapp.azure.com where you specify only thisvar here. This is an array of names which will pair up sequentially to the number of public ips defined in var.nb_public_ip. One name or empty string is required for every public ip. If no public ip is desired, then set this to an array with a single empty string."},"remote_port":{"default":"","description":"Remote tcp port to be used for access to the vms created via the nsg applied to the nics."},"resource_group_name":{"description":"The name of the resource group in which the resources will be created"},"ssh_key":{"default":"~/.ssh/id_rsa.pub","description":"Path to the public key to be used for ssh access to the VM.  Only used with non-Windows vms and can be left as-is even if using Windows vms. If specifying a path to a certification on a Windows machine to provision a linux vm use the / in the path versus backslash. e.g. c:/home/id_rsa.pub"},"standard_os":{"default":{"CentOS":"OpenLogic,CentOS,7.6","CoreOS":"CoreOS,CoreOS,Stable","Debian":"credativ,Debian,8","RHEL":"RedHat,RHEL,7.5","SLES":"SUSE,SLES,12-SP2","UbuntuServer":"Canonical,UbuntuServer,16.04-LTS","WindowsServer":"MicrosoftWindowsServer,WindowsServer,2016-Datacenter","openSUSE-Leap":"SUSE,openSUSE-Leap,42.2"}},"storage_account_type":{"default":"Premium_LRS","description":"Defines the type of storage account to be created. Valid options are Standard_LRS, Standard_ZRS, Standard_GRS, Standard_RAGRS, Premium_LRS."},"tags":{"default":{"source":"terraform"},"description":"A map of the tags to use on the resources that are deployed with this module."},"vm_hostname":{"default":"myvm","description":"local name of the VM"},"vm_os_id":{"default":"","description":"The resource ID of the image that you want to deploy if you are using a custom image.Note, need to provide is_windows_image = true for windows custom images."},"vm_os_offer":{"default":"","description":"The name of the offer of the image that you want to deploy. This is ignored when vm_os_id or vm_os_simple are provided."},"vm_os_publisher":{"default":"","description":"The name of the publisher of the image that you want to deploy. This is ignored when vm_os_id or vm_os_simple are provided."},"vm_os_simple":{"default":"","description":"Specify UbuntuServer, WindowsServer, RHEL, openSUSE-Leap, CentOS, Debian, CoreOS and SLES to get the latest image version of the specified os.  Do not provide this value if a custom value is used for vm_os_publisher, vm_os_offer, and vm_os_sku."},"vm_os_sku":{"default":"","description":"The sku of the image that you want to deploy. This is ignored when vm_os_id or vm_os_simple are provided."},"vm_os_version":{"default":"latest","description":"The version of the image that you want to deploy. This is ignored when vm_os_id or vm_os_simple are provided."},"vm_size":{"default":"Standard_D2s_v3","description":"Specifies the size of the virtual machine."},"vnet_subnet_id":{"description":"The subnet id of the virtual network where the virtual machines will reside."}}}}},"variables":{"prefix":{"default":"tfctagcheck"},"tags":{"default":{"foo":"bar"}}}}}}
