{"format_version":"0.1","terraform_version":"0.13.5","variables":{"ecr_repositories":{"value":{"repository_1":{"image_tag_mutability":"MUTABLE","name":"bar3","scan_on_push":false},"repository_2":{"image_tag_mutability":"MUTABLE","name":"bar2","scan_on_push":true}}}},"planned_values":{"root_module":{"resources":[{"address":"aws_ecr_repository.nonmodulerepository","mode":"managed","type":"aws_ecr_repository","name":"nonmodulerepository","provider_name":"registry.terraform.io/hashicorp/aws","schema_version":0,"values":{"encryption_configuration":[],"image_scanning_configuration":[{"scan_on_push":true}],"image_tag_mutability":"MUTABLE","name":"non_module_bar","tags":null,"timeouts":null}},{"address":"aws_iam_role.test_iam_role[\"repository_1\"]","mode":"managed","type":"aws_iam_role","name":"test_iam_role","index":"repository_1","provider_name":"registry.terraform.io/hashicorp/aws","schema_version":0,"values":{"assume_role_policy":"{\n  \"Version\": \"2012-10-17\",\n  \"Statement\": [\n    {\n      \"Action\": \"sts:AssumeRole\",\n      \"Principal\": {\n        \"Service\": \"ec2.amazonaws.com\"\n      },\n      \"Effect\": \"Allow\",\n      \"Sid\": \"\"\n    }\n  ]\n}\n","description":null,"force_detach_policies":false,"max_session_duration":3600,"name":"1234","name_prefix":null,"path":"/","permissions_boundary":null,"tags":null}},{"address":"aws_iam_role.test_iam_role[\"repository_2\"]","mode":"managed","type":"aws_iam_role","name":"test_iam_role","index":"repository_2","provider_name":"registry.terraform.io/hashicorp/aws","schema_version":0,"values":{"assume_role_policy":"{\n  \"Version\": \"2012-10-17\",\n  \"Statement\": [\n    {\n      \"Action\": \"sts:AssumeRole\",\n      \"Principal\": {\n        \"Service\": \"ec2.amazonaws.com\"\n      },\n      \"Effect\": \"Allow\",\n      \"Sid\": \"\"\n    }\n  ]\n}\n","description":null,"force_detach_policies":false,"max_session_duration":3600,"name":"1234","name_prefix":null,"path":"/","permissions_boundary":null,"tags":null}},{"address":"aws_s3_bucket.nonmodulebucket","mode":"managed","type":"aws_s3_bucket","name":"nonmodulebucket","provider_name":"registry.terraform.io/hashicorp/aws","schema_version":0,"values":{"acl":"private","bucket":"nonmodule-bucket","bucket_prefix":null,"cors_rule":[],"force_destroy":false,"grant":[],"lifecycle_rule":[],"logging":[],"object_lock_configuration":[],"policy":null,"replication_configuration":[],"server_side_encryption_configuration":[],"tags":{"Environment":"Dev","Name":"My bucket1"},"website":[]}}],"child_modules":[{"resources":[{"address":"module.ecr_repository[\"repository_1\"].aws_ecr_repository.ecr_repository","mode":"managed","type":"aws_ecr_repository","name":"ecr_repository","provider_name":"registry.terraform.io/hashicorp/aws","schema_version":0,"values":{"encryption_configuration":[],"image_scanning_configuration":[{"scan_on_push":false}],"image_tag_mutability":"IMMUTABLE","name":"repository_1","tags":null,"timeouts":null}},{"address":"module.ecr_repository[\"repository_1\"].aws_instance.ecr_repository","mode":"managed","type":"aws_instance","name":"ecr_repository","provider_name":"registry.terraform.io/hashicorp/aws","schema_version":1,"values":{"ami":"ami-0b08e71a81ba4200f","credit_specification":[],"disable_api_termination":null,"ebs_optimized":null,"get_password_data":false,"hibernation":null,"iam_instance_profile":null,"instance_initiated_shutdown_behavior":null,"instance_type":"t3.micro","monitoring":null,"source_dest_check":true,"tags":{"Name":"HelloWorld"},"timeouts":null,"user_data":null,"user_data_base64":null}}],"address":"module.ecr_repository[\"repository_1\"]"},{"resources":[{"address":"module.ecr_repository[\"repository_2\"].aws_ecr_repository.ecr_repository","mode":"managed","type":"aws_ecr_repository","name":"ecr_repository","provider_name":"registry.terraform.io/hashicorp/aws","schema_version":0,"values":{"encryption_configuration":[],"image_scanning_configuration":[{"scan_on_push":true}],"image_tag_mutability":"IMMUTABLE","name":"repository_2","tags":null,"timeouts":null}},{"address":"module.ecr_repository[\"repository_2\"].aws_instance.ecr_repository","mode":"managed","type":"aws_instance","name":"ecr_repository","provider_name":"registry.terraform.io/hashicorp/aws","schema_version":1,"values":{"ami":"ami-0b08e71a81ba4200f","credit_specification":[],"disable_api_termination":null,"ebs_optimized":null,"get_password_data":false,"hibernation":null,"iam_instance_profile":null,"instance_initiated_shutdown_behavior":null,"instance_type":"t3.micro","monitoring":null,"source_dest_check":true,"tags":{"Name":"HelloWorld"},"timeouts":null,"user_data":null,"user_data_base64":null}}],"address":"module.ecr_repository[\"repository_2\"]"},{"resources":[{"address":"module.other_ecr_repository.aws_ecr_repository.ecr_repository","mode":"managed","type":"aws_ecr_repository","name":"ecr_repository","provider_name":"registry.terraform.io/hashicorp/aws","schema_version":0,"values":{"encryption_configuration":[],"image_scanning_configuration":[{"scan_on_push":true}],"image_tag_mutability":"IMMUTABLE","name":"non_for_loop_bar","tags":null,"timeouts":null}},{"address":"module.other_ecr_repository.aws_instance.ecr_repository","mode":"managed","type":"aws_instance","name":"ecr_repository","provider_name":"registry.terraform.io/hashicorp/aws","schema_version":1,"values":{"ami":"ami-0b08e71a81ba4200f","credit_specification":[],"disable_api_termination":null,"ebs_optimized":null,"get_password_data":false,"hibernation":null,"iam_instance_profile":null,"instance_initiated_shutdown_behavior":null,"instance_type":"t3.micro","monitoring":null,"source_dest_check":true,"tags":{"Name":"HelloWorld"},"timeouts":null,"user_data":null,"user_data_base64":null}}],"address":"module.other_ecr_repository"}]}},"resource_changes":[{"address":"aws_ecr_repository.nonmodulerepository","mode":"managed","type":"aws_ecr_repository","name":"nonmodulerepository","provider_name":"registry.terraform.io/hashicorp/aws","change":{"actions":["create"],"before":null,"after":{"encryption_configuration":[],"image_scanning_configuration":[{"scan_on_push":true}],"image_tag_mutability":"MUTABLE","name":"non_module_bar","tags":null,"timeouts":null},"after_unknown":{"arn":true,"encryption_configuration":[],"id":true,"image_scanning_configuration":[{}],"registry_id":true,"repository_url":true}}},{"address":"aws_iam_role.test_iam_role[\"repository_1\"]","mode":"managed","type":"aws_iam_role","name":"test_iam_role","index":"repository_1","provider_name":"registry.terraform.io/hashicorp/aws","change":{"actions":["create"],"before":null,"after":{"assume_role_policy":"{\n  \"Version\": \"2012-10-17\",\n  \"Statement\": [\n    {\n      \"Action\": \"sts:AssumeRole\",\n      \"Principal\": {\n        \"Service\": \"ec2.amazonaws.com\"\n      },\n      \"Effect\": \"Allow\",\n      \"Sid\": \"\"\n    }\n  ]\n}\n","description":null,"force_detach_policies":false,"max_session_duration":3600,"name":"1234","name_prefix":null,"path":"/","permissions_boundary":null,"tags":null},"after_unknown":{"arn":true,"create_date":true,"id":true,"unique_id":true}}},{"address":"aws_iam_role.test_iam_role[\"repository_2\"]","mode":"managed","type":"aws_iam_role","name":"test_iam_role","index":"repository_2","provider_name":"registry.terraform.io/hashicorp/aws","change":{"actions":["create"],"before":null,"after":{"assume_role_policy":"{\n  \"Version\": \"2012-10-17\",\n  \"Statement\": [\n    {\n      \"Action\": \"sts:AssumeRole\",\n      \"Principal\": {\n        \"Service\": \"ec2.amazonaws.com\"\n      },\n      \"Effect\": \"Allow\",\n      \"Sid\": \"\"\n    }\n  ]\n}\n","description":null,"force_detach_policies":false,"max_session_duration":3600,"name":"1234","name_prefix":null,"path":"/","permissions_boundary":null,"tags":null},"after_unknown":{"arn":true,"create_date":true,"id":true,"unique_id":true}}},{"address":"aws_s3_bucket.nonmodulebucket","mode":"managed","type":"aws_s3_bucket","name":"nonmodulebucket","provider_name":"registry.terraform.io/hashicorp/aws","change":{"actions":["create"],"before":null,"after":{"acl":"private","bucket":"nonmodule-bucket","bucket_prefix":null,"cors_rule":[],"force_destroy":false,"grant":[],"lifecycle_rule":[],"logging":[],"object_lock_configuration":[],"policy":null,"replication_configuration":[],"server_side_encryption_configuration":[],"tags":{"Environment":"Dev","Name":"My bucket1"},"website":[]},"after_unknown":{"acceleration_status":true,"arn":true,"bucket_domain_name":true,"bucket_regional_domain_name":true,"cors_rule":[],"grant":[],"hosted_zone_id":true,"id":true,"lifecycle_rule":[],"logging":[],"object_lock_configuration":[],"region":true,"replication_configuration":[],"request_payer":true,"server_side_encryption_configuration":[],"tags":{},"versioning":true,"website":[],"website_domain":true,"website_endpoint":true}}},{"address":"module.ecr_repository[\"repository_1\"].aws_ecr_repository.ecr_repository","module_address":"module.ecr_repository[\"repository_1\"]","mode":"managed","type":"aws_ecr_repository","name":"ecr_repository","provider_name":"registry.terraform.io/hashicorp/aws","change":{"actions":["create"],"before":null,"after":{"encryption_configuration":[],"image_scanning_configuration":[{"scan_on_push":false}],"image_tag_mutability":"IMMUTABLE","name":"repository_1","tags":null,"timeouts":null},"after_unknown":{"arn":true,"encryption_configuration":[],"id":true,"image_scanning_configuration":[{}],"registry_id":true,"repository_url":true}}},{"address":"module.ecr_repository[\"repository_1\"].aws_instance.ecr_repository","module_address":"module.ecr_repository[\"repository_1\"]","mode":"managed","type":"aws_instance","name":"ecr_repository","provider_name":"registry.terraform.io/hashicorp/aws","change":{"actions":["create"],"before":null,"after":{"ami":"ami-0b08e71a81ba4200f","credit_specification":[],"disable_api_termination":null,"ebs_optimized":null,"get_password_data":false,"hibernation":null,"iam_instance_profile":null,"instance_initiated_shutdown_behavior":null,"instance_type":"t3.micro","monitoring":null,"source_dest_check":true,"tags":{"Name":"HelloWorld"},"timeouts":null,"user_data":null,"user_data_base64":null},"after_unknown":{"arn":true,"associate_public_ip_address":true,"availability_zone":true,"cpu_core_count":true,"cpu_threads_per_core":true,"credit_specification":[],"ebs_block_device":true,"enclave_options":true,"ephemeral_block_device":true,"host_id":true,"id":true,"instance_state":true,"ipv6_address_count":true,"ipv6_addresses":true,"key_name":true,"metadata_options":true,"network_interface":true,"outpost_arn":true,"password_data":true,"placement_group":true,"primary_network_interface_id":true,"private_dns":true,"private_ip":true,"public_dns":true,"public_ip":true,"root_block_device":true,"secondary_private_ips":true,"security_groups":true,"subnet_id":true,"tags":{},"tenancy":true,"volume_tags":true,"vpc_security_group_ids":true}}},{"address":"module.ecr_repository[\"repository_2\"].aws_ecr_repository.ecr_repository","module_address":"module.ecr_repository[\"repository_2\"]","mode":"managed","type":"aws_ecr_repository","name":"ecr_repository","provider_name":"registry.terraform.io/hashicorp/aws","change":{"actions":["create"],"before":null,"after":{"encryption_configuration":[],"image_scanning_configuration":[{"scan_on_push":true}],"image_tag_mutability":"IMMUTABLE","name":"repository_2","tags":null,"timeouts":null},"after_unknown":{"arn":true,"encryption_configuration":[],"id":true,"image_scanning_configuration":[{}],"registry_id":true,"repository_url":true}}},{"address":"module.ecr_repository[\"repository_2\"].aws_instance.ecr_repository","module_address":"module.ecr_repository[\"repository_2\"]","mode":"managed","type":"aws_instance","name":"ecr_repository","provider_name":"registry.terraform.io/hashicorp/aws","change":{"actions":["create"],"before":null,"after":{"ami":"ami-0b08e71a81ba4200f","credit_specification":[],"disable_api_termination":null,"ebs_optimized":null,"get_password_data":false,"hibernation":null,"iam_instance_profile":null,"instance_initiated_shutdown_behavior":null,"instance_type":"t3.micro","monitoring":null,"source_dest_check":true,"tags":{"Name":"HelloWorld"},"timeouts":null,"user_data":null,"user_data_base64":null},"after_unknown":{"arn":true,"associate_public_ip_address":true,"availability_zone":true,"cpu_core_count":true,"cpu_threads_per_core":true,"credit_specification":[],"ebs_block_device":true,"enclave_options":true,"ephemeral_block_device":true,"host_id":true,"id":true,"instance_state":true,"ipv6_address_count":true,"ipv6_addresses":true,"key_name":true,"metadata_options":true,"network_interface":true,"outpost_arn":true,"password_data":true,"placement_group":true,"primary_network_interface_id":true,"private_dns":true,"private_ip":true,"public_dns":true,"public_ip":true,"root_block_device":true,"secondary_private_ips":true,"security_groups":true,"subnet_id":true,"tags":{},"tenancy":true,"volume_tags":true,"vpc_security_group_ids":true}}},{"address":"module.other_ecr_repository.aws_ecr_repository.ecr_repository","module_address":"module.other_ecr_repository","mode":"managed","type":"aws_ecr_repository","name":"ecr_repository","provider_name":"registry.terraform.io/hashicorp/aws","change":{"actions":["create"],"before":null,"after":{"encryption_configuration":[],"image_scanning_configuration":[{"scan_on_push":true}],"image_tag_mutability":"IMMUTABLE","name":"non_for_loop_bar","tags":null,"timeouts":null},"after_unknown":{"arn":true,"encryption_configuration":[],"id":true,"image_scanning_configuration":[{}],"registry_id":true,"repository_url":true}}},{"address":"module.other_ecr_repository.aws_instance.ecr_repository","module_address":"module.other_ecr_repository","mode":"managed","type":"aws_instance","name":"ecr_repository","provider_name":"registry.terraform.io/hashicorp/aws","change":{"actions":["create"],"before":null,"after":{"ami":"ami-0b08e71a81ba4200f","credit_specification":[],"disable_api_termination":null,"ebs_optimized":null,"get_password_data":false,"hibernation":null,"iam_instance_profile":null,"instance_initiated_shutdown_behavior":null,"instance_type":"t3.micro","monitoring":null,"source_dest_check":true,"tags":{"Name":"HelloWorld"},"timeouts":null,"user_data":null,"user_data_base64":null},"after_unknown":{"arn":true,"associate_public_ip_address":true,"availability_zone":true,"cpu_core_count":true,"cpu_threads_per_core":true,"credit_specification":[],"ebs_block_device":true,"enclave_options":true,"ephemeral_block_device":true,"host_id":true,"id":true,"instance_state":true,"ipv6_address_count":true,"ipv6_addresses":true,"key_name":true,"metadata_options":true,"network_interface":true,"outpost_arn":true,"password_data":true,"placement_group":true,"primary_network_interface_id":true,"private_dns":true,"private_ip":true,"public_dns":true,"public_ip":true,"root_block_device":true,"secondary_private_ips":true,"security_groups":true,"subnet_id":true,"tags":{},"tenancy":true,"volume_tags":true,"vpc_security_group_ids":true}}}],"prior_state":{"format_version":"0.1","terraform_version":"0.13.5","values":{"root_module":{"child_modules":[{"resources":[{"address":"module.ecr_repository[\"repository_1\"].data.aws_ami.ubuntu","mode":"data","type":"aws_ami","name":"ubuntu","provider_name":"registry.terraform.io/hashicorp/aws","schema_version":0,"values":{"architecture":"x86_64","arn":"arn:aws:ec2:us-west-1::image/ami-0b08e71a81ba4200f","block_device_mappings":[{"device_name":"/dev/sda1","ebs":{"delete_on_termination":"true","encrypted":"false","iops":"0","snapshot_id":"snap-04d6b3ea888bf07a0","volume_size":"8","volume_type":"gp2"},"no_device":"","virtual_name":""},{"device_name":"/dev/sdb","ebs":{},"no_device":"","virtual_name":"ephemeral0"},{"device_name":"/dev/sdc","ebs":{},"no_device":"","virtual_name":"ephemeral1"}],"creation_date":"2021-07-21T13:27:31.000Z","description":"Canonical, Ubuntu, 20.04 LTS, amd64 focal image build on 2021-07-20","executable_users":null,"filter":[{"name":"name","values":["ubuntu/images/hvm-ssd/ubuntu-focal-20.04-amd64-server-*"]},{"name":"virtualization-type","values":["hvm"]}],"hypervisor":"xen","id":"ami-0b08e71a81ba4200f","image_id":"ami-0b08e71a81ba4200f","image_location":"099720109477/ubuntu/images/hvm-ssd/ubuntu-focal-20.04-amd64-server-20210720","image_owner_alias":null,"image_type":"machine","kernel_id":null,"most_recent":true,"name":"ubuntu/images/hvm-ssd/ubuntu-focal-20.04-amd64-server-20210720","name_regex":null,"owner_id":"099720109477","owners":["099720109477"],"platform":null,"product_codes":[],"public":true,"ramdisk_id":null,"root_device_name":"/dev/sda1","root_device_type":"ebs","root_snapshot_id":"snap-04d6b3ea888bf07a0","sriov_net_support":"simple","state":"available","state_reason":{"code":"UNSET","message":"UNSET"},"tags":{},"virtualization_type":"hvm"}}],"address":"module.ecr_repository[\"repository_1\"]"},{"resources":[{"address":"module.ecr_repository[\"repository_2\"].data.aws_ami.ubuntu","mode":"data","type":"aws_ami","name":"ubuntu","provider_name":"registry.terraform.io/hashicorp/aws","schema_version":0,"values":{"architecture":"x86_64","arn":"arn:aws:ec2:us-west-1::image/ami-0b08e71a81ba4200f","block_device_mappings":[{"device_name":"/dev/sda1","ebs":{"delete_on_termination":"true","encrypted":"false","iops":"0","snapshot_id":"snap-04d6b3ea888bf07a0","volume_size":"8","volume_type":"gp2"},"no_device":"","virtual_name":""},{"device_name":"/dev/sdb","ebs":{},"no_device":"","virtual_name":"ephemeral0"},{"device_name":"/dev/sdc","ebs":{},"no_device":"","virtual_name":"ephemeral1"}],"creation_date":"2021-07-21T13:27:31.000Z","description":"Canonical, Ubuntu, 20.04 LTS, amd64 focal image build on 2021-07-20","executable_users":null,"filter":[{"name":"name","values":["ubuntu/images/hvm-ssd/ubuntu-focal-20.04-amd64-server-*"]},{"name":"virtualization-type","values":["hvm"]}],"hypervisor":"xen","id":"ami-0b08e71a81ba4200f","image_id":"ami-0b08e71a81ba4200f","image_location":"099720109477/ubuntu/images/hvm-ssd/ubuntu-focal-20.04-amd64-server-20210720","image_owner_alias":null,"image_type":"machine","kernel_id":null,"most_recent":true,"name":"ubuntu/images/hvm-ssd/ubuntu-focal-20.04-amd64-server-20210720","name_regex":null,"owner_id":"099720109477","owners":["099720109477"],"platform":null,"product_codes":[],"public":true,"ramdisk_id":null,"root_device_name":"/dev/sda1","root_device_type":"ebs","root_snapshot_id":"snap-04d6b3ea888bf07a0","sriov_net_support":"simple","state":"available","state_reason":{"code":"UNSET","message":"UNSET"},"tags":{},"virtualization_type":"hvm"}}],"address":"module.ecr_repository[\"repository_2\"]"},{"resources":[{"address":"module.other_ecr_repository.data.aws_ami.ubuntu","mode":"data","type":"aws_ami","name":"ubuntu","provider_name":"registry.terraform.io/hashicorp/aws","schema_version":0,"values":{"architecture":"x86_64","arn":"arn:aws:ec2:us-west-1::image/ami-0b08e71a81ba4200f","block_device_mappings":[{"device_name":"/dev/sda1","ebs":{"delete_on_termination":"true","encrypted":"false","iops":"0","snapshot_id":"snap-04d6b3ea888bf07a0","volume_size":"8","volume_type":"gp2"},"no_device":"","virtual_name":""},{"device_name":"/dev/sdb","ebs":{},"no_device":"","virtual_name":"ephemeral0"},{"device_name":"/dev/sdc","ebs":{},"no_device":"","virtual_name":"ephemeral1"}],"creation_date":"2021-07-21T13:27:31.000Z","description":"Canonical, Ubuntu, 20.04 LTS, amd64 focal image build on 2021-07-20","executable_users":null,"filter":[{"name":"name","values":["ubuntu/images/hvm-ssd/ubuntu-focal-20.04-amd64-server-*"]},{"name":"virtualization-type","values":["hvm"]}],"hypervisor":"xen","id":"ami-0b08e71a81ba4200f","image_id":"ami-0b08e71a81ba4200f","image_location":"099720109477/ubuntu/images/hvm-ssd/ubuntu-focal-20.04-amd64-server-20210720","image_owner_alias":null,"image_type":"machine","kernel_id":null,"most_recent":true,"name":"ubuntu/images/hvm-ssd/ubuntu-focal-20.04-amd64-server-20210720","name_regex":null,"owner_id":"099720109477","owners":["099720109477"],"platform":null,"product_codes":[],"public":true,"ramdisk_id":null,"root_device_name":"/dev/sda1","root_device_type":"ebs","root_snapshot_id":"snap-04d6b3ea888bf07a0","sriov_net_support":"simple","state":"available","state_reason":{"code":"UNSET","message":"UNSET"},"tags":{},"virtualization_type":"hvm"}}],"address":"module.other_ecr_repository"}]}}},"configuration":{"root_module":{"resources":[{"address":"aws_ecr_repository.nonmodulerepository","mode":"managed","type":"aws_ecr_repository","name":"nonmodulerepository","provider_config_key":"aws","expressions":{"image_scanning_configuration":[{"scan_on_push":{"constant_value":true}}],"image_tag_mutability":{"constant_value":"MUTABLE"},"name":{"constant_value":"non_module_bar"}},"schema_version":0},{"address":"aws_iam_role.test_iam_role","mode":"managed","type":"aws_iam_role","name":"test_iam_role","provider_config_key":"aws","expressions":{"assume_role_policy":{"constant_value":"{\n  \"Version\": \"2012-10-17\",\n  \"Statement\": [\n    {\n      \"Action\": \"sts:AssumeRole\",\n      \"Principal\": {\n        \"Service\": \"ec2.amazonaws.com\"\n      },\n      \"Effect\": \"Allow\",\n      \"Sid\": \"\"\n    }\n  ]\n}\n"},"name":{"references":["module.ecr_repository","each.key"]}},"schema_version":0,"for_each_expression":{"references":["var.ecr_repositories"]}},{"address":"aws_s3_bucket.nonmodulebucket","mode":"managed","type":"aws_s3_bucket","name":"nonmodulebucket","provider_config_key":"aws","expressions":{"acl":{"constant_value":"private"},"bucket":{"constant_value":"nonmodule-bucket"},"tags":{"constant_value":{"Environment":"Dev","Name":"My bucket1"}}},"schema_version":0}],"module_calls":{"ecr_repository":{"source":"./modules/ecr_module","expressions":{"name":{"references":["each.key"]},"scan_on_push":{"references":["each.value"]}},"for_each_expression":{"references":["var.ecr_repositories"]},"module":{"outputs":{"ecr_name":{"expression":{"references":["aws_ecr_repository.ecr_repository"]}},"not_ecr_name":{"expression":{"constant_value":1234}}},"resources":[{"address":"aws_ecr_repository.ecr_repository","mode":"managed","type":"aws_ecr_repository","name":"ecr_repository","provider_config_key":"ecr_repository:aws","expressions":{"image_scanning_configuration":[{"scan_on_push":{"references":["var.scan_on_push"]}}],"image_tag_mutability":{"constant_value":"IMMUTABLE"},"name":{"references":["var.name"]}},"schema_version":0},{"address":"aws_instance.ecr_repository","mode":"managed","type":"aws_instance","name":"ecr_repository","provider_config_key":"ecr_repository:aws","expressions":{"ami":{"references":["data.aws_ami.ubuntu"]},"instance_type":{"constant_value":"t3.micro"},"tags":{"constant_value":{"Name":"HelloWorld"}}},"schema_version":1},{"address":"data.aws_ami.ubuntu","mode":"data","type":"aws_ami","name":"ubuntu","provider_config_key":"ecr_repository:aws","expressions":{"filter":[{"name":{"constant_value":"name"},"values":{"constant_value":["ubuntu/images/hvm-ssd/ubuntu-focal-20.04-amd64-server-*"]}},{"name":{"constant_value":"virtualization-type"},"values":{"constant_value":["hvm"]}}],"most_recent":{"constant_value":true},"owners":{"constant_value":["099720109477"]}},"schema_version":0}],"variables":{"name":{},"scan_on_push":{"default":"true"}}}},"other_ecr_repository":{"source":"./modules/other_ecr_module","expressions":{"name":{"constant_value":"non_for_loop_bar"},"scan_on_push":{"constant_value":true}},"module":{"outputs":{"ecr_name":{"expression":{"references":["aws_ecr_repository.ecr_repository"]}},"not_ecr_name":{"expression":{"constant_value":1234}}},"resources":[{"address":"aws_ecr_repository.ecr_repository","mode":"managed","type":"aws_ecr_repository","name":"ecr_repository","provider_config_key":"other_ecr_repository:aws","expressions":{"image_scanning_configuration":[{"scan_on_push":{"references":["var.scan_on_push"]}}],"image_tag_mutability":{"constant_value":"IMMUTABLE"},"name":{"references":["var.name"]}},"schema_version":0},{"address":"aws_instance.ecr_repository","mode":"managed","type":"aws_instance","name":"ecr_repository","provider_config_key":"other_ecr_repository:aws","expressions":{"ami":{"references":["data.aws_ami.ubuntu"]},"instance_type":{"constant_value":"t3.micro"},"tags":{"constant_value":{"Name":"HelloWorld"}}},"schema_version":1},{"address":"data.aws_ami.ubuntu","mode":"data","type":"aws_ami","name":"ubuntu","provider_config_key":"other_ecr_repository:aws","expressions":{"filter":[{"name":{"constant_value":"name"},"values":{"constant_value":["ubuntu/images/hvm-ssd/ubuntu-focal-20.04-amd64-server-*"]}},{"name":{"constant_value":"virtualization-type"},"values":{"constant_value":["hvm"]}}],"most_recent":{"constant_value":true},"owners":{"constant_value":["099720109477"]}},"schema_version":0}],"variables":{"name":{},"scan_on_push":{"default":"true"}}}}},"variables":{"ecr_repositories":{"default":{"repository_1":{"image_tag_mutability":"MUTABLE","name":"bar3","scan_on_push":false},"repository_2":{"image_tag_mutability":"MUTABLE","name":"bar2","scan_on_push":true}}}}}}}
